{
  "version": 4,
  "terraform_version": "1.5.7",
  "serial": 13,
  "lineage": "62ced47c-1243-d6a6-ad24-a8d900b18075",
  "outputs": {
    "acr_admin_password": {
      "value": "BGiCem3topKb4o6tLhUJ4yXXF1twZuinMdDbgUaltgTY12Bf2uyrJQQJ99CBACPV0roEqg7NAAACAZCRQSun",
      "type": "string",
      "sensitive": true
    },
    "acr_admin_username": {
      "value": "myappacrinv2026",
      "type": "string"
    },
    "acr_login_server": {
      "value": "myappacrinv2026.azurecr.io",
      "type": "string"
    },
    "aks_cluster_name": {
      "value": "myapp-aks-order-invoice",
      "type": "string"
    },
    "resource_group_name": {
      "value": "myapp-orders-invoices",
      "type": "string"
    },
    "storage_account_key": {
      "value": "yW5rcYTEJNn4sFKUCO1p70yz3RYX3wXqkanMt2PmU6k3ZWuePdv9nesy0Bj+DSafKzOVq0gOVkDt+ASta7KaEQ==",
      "type": "string",
      "sensitive": true
    },
    "storage_account_name": {
      "value": "myappstorageinvoivce2026",
      "type": "string"
    },
    "storage_connection_string": {
      "value": "DefaultEndpointsProtocol=https;AccountName=myappstorageinvoivce2026;AccountKey=yW5rcYTEJNn4sFKUCO1p70yz3RYX3wXqkanMt2PmU6k3ZWuePdv9nesy0Bj+DSafKzOVq0gOVkDt+ASta7KaEQ==;EndpointSuffix=core.windows.net",
      "type": "string",
      "sensitive": true
    }
  },
  "resources": [
    {
      "mode": "managed",
      "type": "azurerm_container_app_environment",
      "name": "env",
      "provider": "provider[\"registry.terraform.io/hashicorp/azurerm\"]",
      "instances": [
        {
          "schema_version": 0,
          "attributes": {
            "custom_domain_verification_id": "D62ABD1DB2587B74FB41E8B0CFEA1F5884CC4588DD969BCA4980E04A5B123AFE",
            "dapr_application_insights_connection_string": "",
            "default_domain": "nicetree-c610285f.germanywestcentral.azurecontainerapps.io",
            "docker_bridge_cidr": "",
            "id": "/subscriptions/84f19c42-fe0d-4412-90f0-aaf3d6fced80/resourceGroups/myapp-orders-invoices/providers/Microsoft.App/managedEnvironments/myapp-env",
            "identity": [],
            "infrastructure_resource_group_name": "",
            "infrastructure_subnet_id": "",
            "internal_load_balancer_enabled": false,
            "location": "germanywestcentral",
            "log_analytics_workspace_id": "",
            "logs_destination": "",
            "mutual_tls_enabled": false,
            "name": "myapp-env",
            "platform_reserved_cidr": "",
            "platform_reserved_dns_ip_address": "",
            "public_network_access": "Enabled",
            "resource_group_name": "myapp-orders-invoices",
            "static_ip_address": "20.79.114.236",
            "tags": null,
            "timeouts": null,
            "workload_profile": [],
            "zone_redundancy_enabled": false
          },
          "sensitive_attributes": [],
          "private": "eyJlMmJmYjczMC1lY2FhLTExZTYtOGY4OC0zNDM2M2JjN2M0YzAiOnsiY3JlYXRlIjoxODAwMDAwMDAwMDAwLCJkZWxldGUiOjE4MDAwMDAwMDAwMDAsInJlYWQiOjMwMDAwMDAwMDAwMCwidXBkYXRlIjoxODAwMDAwMDAwMDAwfX0=",
          "dependencies": [
            "azurerm_resource_group.main"
          ]
        }
      ]
    },
    {
      "mode": "managed",
      "type": "azurerm_container_registry",
      "name": "acr",
      "provider": "provider[\"registry.terraform.io/hashicorp/azurerm\"]",
      "instances": [
        {
          "schema_version": 2,
          "attributes": {
            "admin_enabled": true,
            "admin_password": "BGiCem3topKb4o6tLhUJ4yXXF1twZuinMdDbgUaltgTY12Bf2uyrJQQJ99CBACPV0roEqg7NAAACAZCRQSun",
            "admin_username": "myappacrinv2026",
            "anonymous_pull_enabled": false,
            "data_endpoint_enabled": false,
            "data_endpoint_host_names": [],
            "encryption": [],
            "export_policy_enabled": true,
            "georeplications": [],
            "id": "/subscriptions/84f19c42-fe0d-4412-90f0-aaf3d6fced80/resourceGroups/myapp-orders-invoices/providers/Microsoft.ContainerRegistry/registries/myappacrinv2026",
            "identity": [],
            "location": "germanywestcentral",
            "login_server": "myappacrinv2026.azurecr.io",
            "name": "myappacrinv2026",
            "network_rule_bypass_option": "AzureServices",
            "network_rule_set": [],
            "public_network_access_enabled": true,
            "quarantine_policy_enabled": false,
            "resource_group_name": "myapp-orders-invoices",
            "retention_policy_in_days": 0,
            "sku": "Basic",
            "tags": {},
            "timeouts": null,
            "trust_policy_enabled": false,
            "zone_redundancy_enabled": false
          },
          "sensitive_attributes": [],
          "private": "eyJlMmJmYjczMC1lY2FhLTExZTYtOGY4OC0zNDM2M2JjN2M0YzAiOnsiY3JlYXRlIjoxODAwMDAwMDAwMDAwLCJkZWxldGUiOjE4MDAwMDAwMDAwMDAsInJlYWQiOjMwMDAwMDAwMDAwMCwidXBkYXRlIjoxODAwMDAwMDAwMDAwfSwic2NoZW1hX3ZlcnNpb24iOiIyIn0=",
          "dependencies": [
            "azurerm_resource_group.main"
          ]
        }
      ]
    },
    {
      "mode": "managed",
      "type": "azurerm_kubernetes_cluster",
      "name": "aks",
      "provider": "provider[\"registry.terraform.io/hashicorp/azurerm\"]",
      "instances": [
        {
          "schema_version": 2,
          "attributes": {
            "aci_connector_linux": [],
            "ai_toolchain_operator_enabled": false,
            "api_server_access_profile": [],
            "auto_scaler_profile": [],
            "automatic_upgrade_channel": "",
            "azure_active_directory_role_based_access_control": [],
            "azure_policy_enabled": false,
            "bootstrap_profile": [
              {
                "artifact_source": "Direct",
                "container_registry_id": ""
              }
            ],
            "confidential_computing": [],
            "cost_analysis_enabled": false,
            "current_kubernetes_version": "1.33.6",
            "custom_ca_trust_certificates_base64": [],
            "default_node_pool": [
              {
                "auto_scaling_enabled": false,
                "capacity_reservation_group_id": "",
                "fips_enabled": false,
                "gpu_driver": "",
                "gpu_instance": "",
                "host_encryption_enabled": false,
                "host_group_id": "",
                "kubelet_config": [],
                "kubelet_disk_type": "OS",
                "linux_os_config": [],
                "max_count": 0,
                "max_pods": 110,
                "min_count": 0,
                "name": "default",
                "node_count": 1,
                "node_labels": {},
                "node_network_profile": [],
                "node_public_ip_enabled": false,
                "node_public_ip_prefix_id": "",
                "only_critical_addons_enabled": false,
                "orchestrator_version": "1.33",
                "os_disk_size_gb": 128,
                "os_disk_type": "Managed",
                "os_sku": "Ubuntu",
                "pod_subnet_id": "",
                "proximity_placement_group_id": "",
                "scale_down_mode": "Delete",
                "snapshot_id": "",
                "tags": {},
                "temporary_name_for_rotation": "",
                "type": "VirtualMachineScaleSets",
                "ultra_ssd_enabled": false,
                "upgrade_settings": [
                  {
                    "drain_timeout_in_minutes": 0,
                    "max_surge": "10%",
                    "node_soak_duration_in_minutes": 0,
                    "undrainable_node_behavior": ""
                  }
                ],
                "vm_size": "Standard_D2pds_v6",
                "vnet_subnet_id": "",
                "workload_runtime": "",
                "zones": []
              }
            ],
            "disk_encryption_set_id": "",
            "dns_prefix": "myapp",
            "dns_prefix_private_cluster": "",
            "edge_zone": "",
            "fqdn": "myapp-fe7t6qs5.hcp.germanywestcentral.azmk8s.io",
            "http_application_routing_enabled": false,
            "http_application_routing_zone_name": "",
            "http_proxy_config": [],
            "id": "/subscriptions/84f19c42-fe0d-4412-90f0-aaf3d6fced80/resourceGroups/myapp-orders-invoices/providers/Microsoft.ContainerService/managedClusters/myapp-aks-order-invoice",
            "identity": [
              {
                "identity_ids": [],
                "principal_id": "b42a07b1-e6f4-4624-ae17-781b499a600d",
                "tenant_id": "e59904a0-6de5-4829-900a-c94dc9f9705d",
                "type": "SystemAssigned"
              }
            ],
            "image_cleaner_enabled": null,
            "image_cleaner_interval_hours": null,
            "ingress_application_gateway": [],
            "key_management_service": [],
            "key_vault_secrets_provider": [],
            "kube_admin_config": [],
            "kube_admin_config_raw": "",
            "kube_config": [
              {
                "client_certificate": "LS0tLS1CRUdJTiBDRVJUSUZJQ0FURS0tLS0tCk1JSUZIakNDQXdhZ0F3SUJBZ0lSQVAwMG5iUyswYnNubFZrVmx3eUVNMmN3RFFZSktvWklodmNOQVFFTEJRQXcKRFRFTE1Ba0dBMVVFQXhNQ1kyRXdIaGNOTWpZd01qQXhNVEV5TnpJd1doY05Namd3TWpBeE1URXpOekl3V2pBdwpNUmN3RlFZRFZRUUtFdzV6ZVhOMFpXMDZiV0Z6ZEdWeWN6RVZNQk1HQTFVRUF4TU1iV0Z6ZEdWeVkyeHBaVzUwCk1JSUNJakFOQmdrcWhraUc5dzBCQVFFRkFBT0NBZzhBTUlJQ0NnS0NBZ0VBMk94dlFLWEZLMVhUYWJ2enB1anoKa1hFSHhkT1ZmaHhEZVNlbjhVcXRhcElYNFQ5dmJqWnllNk1RVzV5bEczdWlLU1VmWUs5S21acXNhSllsb1NJMAprV2RKUzY5citmUWF3aEJqYUtyU3JsbzI0SWNsMUZjTkp1dGpoaTJBb3BvMGVBY2t4WGQwd2xKcllkU25NRnlDCm02TklmQ0RVWC9WQVcrTUduSFhwV085QVVvbkZDV0N3ZWdLL3Y1Wll2bEdCeTF0c1EyZ1ZyV094bDk5SDRmWTgKcE9Tb3d0TFNaZCtHcGRrU0h5SURwMGJRTGlYVU1za2ZEV3VKQll3Z3ZPeXBETEpxK0JJcGd1ckF2UCtYWGZhZwpDNHZtN01DL3lSSjVPZDFZVGpDTEpGMWFTRGJOMVFsWTZlMnViQ2pUcW81L3dSNEdRSnZncVJvRVpUQ2svZlEzCkxFWEhSNE5nY2RVWmRKVEJCV285Q1ZTMVN1emdueHhOY1l2YnA5clJkbFdsOStXT0FCNCtyN1ZEOEc4ZkdqVWYKZ0ljNlg5U3Y4NFp1ZDNaTHF5eVRnditRQjd5UmFZanZ3VHBHSm00dkF4eUlQWm9TS1hvU3lPdE5XN0VpZ1JHTApySWhteDlGOUFNS3MzdUgvM3EvREw2MjB5dE5wZUlySExFdmJPVXlzemRZdU9uUGszclkzeEFKeHU0NXc1ZERSCmNZODBhUHVRWlp6TE1QSXVvQmw0RmpnVEFqYmF0WVpJMXRPdjdUeXBYTEIrbTlobTh6NUlralJmaEYwZWFIQ2QKM2pjVDJ0RGhISkFoSUg2T2VoOHBXU3owQmdyUk9NR29JZXdZUURaaDcyempJbHVlUXArcE5DK0dtbnBaekN6cQpuNFFodVd4eWRHZnVZNENzQmRudDdZRUNBd0VBQWFOV01GUXdEZ1lEVlIwUEFRSC9CQVFEQWdXZ01CTUdBMVVkCkpRUU1NQW9HQ0NzR0FRVUZCd01DTUF3R0ExVWRFd0VCL3dRQ01BQXdId1lEVlIwakJCZ3dGb0FVbVVIYVNjSzYKbSs1S2poNmxsRklJTTR4eWZXRXdEUVlKS29aSWh2Y05BUUVMQlFBRGdnSUJBRmZtTi9MYUlMM2hoWVN0elNpVgpJc1I0aXY2TXAycW5TaThUUzljWi9kanpuNkV2VDR2SXRRZG9TWnhpR2Q4RDB6ZVRlQk9BLzlOQ3ZTUlBvbkFUCjRYdGcxcnhac0lCMDh6MHdiWjFTM3o1VnhXcDlLN2drSXdFdXlPelMybXNpR3dNTFNtNlgxUkZlTWxSbm9meTIKcTI0QmlsUXl0b29qZVYvSEQ1YzZEZHV2UW1YZkFkNlAwaEpYOXlXQXhEdEp1NU9vU2RXVUwzU1ZYNHZpK2xjYwpnd3RVUmhqdDdiUzZBb3owTHBrbGl0U3JZVHVvOU5qbEJ6SzV1Ry94Zk1ZcnNNVTduRmk5RXhlZm80bFJLNU95CmE0TDBuNlk5a0lkZFpEQUxIVnZDWjF6SWpUOERad2huSzlSQzNHNEpQaEx6dEdpeVlobW9GRHU1cHNLQnZLV2sKb2cyNVh2VTlrb1RVYnBBeWlyVklHMWRjTzRUbUM0ZnhRWWJpcUhXc1hsUjZwM2FFOXl3bjFpTVp5cUVpK1NQOQo4U2hvanQxWWZjclRtQzFoOUR5VjJVci9Jbmpqd3ZvRmh3SmFFaXhGSEg4K1JLU3NZUlFiVk1OZXFOVUdKbGNMClZQT3dtallBVUlzL1NwRWMxU2JFVDVxWDN6YVpXYmpHWjV6ME5BRjZTNVprVWRsMWNsaUhGbHR6bW5jWEVqb1YKeHpSOXhWVVRpODNvaU5sTE5FZ01WZUJ5YS9POE1ISGZIYVFibDBQaTAvd0ZFa2NJQmlBL0MyTFhzcjZBTlpHSQpFcnd2TUVMdVRxVEJ2L0hvenQzZW5ielR2blBHZU8rQVlDMEhDanAvY1paWU5RU1dlbTJhQkJmN2oyTXF5b05PCmxKanUwc1d5My9LbFQ4MTZtNDM5Yit5RgotLS0tLUVORCBDRVJUSUZJQ0FURS0tLS0tCg==",
                "client_key": "LS0tLS1CRUdJTiBSU0EgUFJJVkFURSBLRVktLS0tLQpNSUlKS0FJQkFBS0NBZ0VBMk94dlFLWEZLMVhUYWJ2enB1anprWEVIeGRPVmZoeERlU2VuOFVxdGFwSVg0VDl2CmJqWnllNk1RVzV5bEczdWlLU1VmWUs5S21acXNhSllsb1NJMGtXZEpTNjlyK2ZRYXdoQmphS3JTcmxvMjRJY2wKMUZjTkp1dGpoaTJBb3BvMGVBY2t4WGQwd2xKcllkU25NRnlDbTZOSWZDRFVYL1ZBVytNR25IWHBXTzlBVW9uRgpDV0N3ZWdLL3Y1Wll2bEdCeTF0c1EyZ1ZyV094bDk5SDRmWThwT1Nvd3RMU1pkK0dwZGtTSHlJRHAwYlFMaVhVCk1za2ZEV3VKQll3Z3ZPeXBETEpxK0JJcGd1ckF2UCtYWGZhZ0M0dm03TUMveVJKNU9kMVlUakNMSkYxYVNEYk4KMVFsWTZlMnViQ2pUcW81L3dSNEdRSnZncVJvRVpUQ2svZlEzTEVYSFI0TmdjZFVaZEpUQkJXbzlDVlMxU3V6ZwpueHhOY1l2YnA5clJkbFdsOStXT0FCNCtyN1ZEOEc4ZkdqVWZnSWM2WDlTdjg0WnVkM1pMcXl5VGd2K1FCN3lSCmFZanZ3VHBHSm00dkF4eUlQWm9TS1hvU3lPdE5XN0VpZ1JHTHJJaG14OUY5QU1LczN1SC8zcS9ETDYyMHl0TnAKZUlySExFdmJPVXlzemRZdU9uUGszclkzeEFKeHU0NXc1ZERSY1k4MGFQdVFaWnpMTVBJdW9CbDRGamdUQWpiYQp0WVpJMXRPdjdUeXBYTEIrbTlobTh6NUlralJmaEYwZWFIQ2QzamNUMnREaEhKQWhJSDZPZWg4cFdTejBCZ3JSCk9NR29JZXdZUURaaDcyempJbHVlUXArcE5DK0dtbnBaekN6cW40UWh1V3h5ZEdmdVk0Q3NCZG50N1lFQ0F3RUEKQVFLQ0FnQVV2aGtPVHJ1cG51bWFIdmVYd29kRjVVL0h0aW1CbDF6SldVWXBIOG13MnRydk5rUm12c3lZTDNuSgpOTk9oNnVMUStlU0Q5NGNUNUpNdlpnb2ZuQmg0UGU3bmpwVHQ0QTV0OTZpMTBiM1hIN2ZISlEwMFBvVzZyc0FECnpOYVQxZGlHRUxMT3NoTkhZSisxaVdMYVVFSko5U1ZoZnpjbm5ObEVZQk5hQXpsbXdHdi9hSDZmbkxBTFhyZHMKcjhqNUcreWtJREFjU3ZmbHJsYUZUZnUrNnUrV0dlcGNSTklMSFVKd0dlOXViQzk2djUzNUI3T0FqclJLTVhuMgovcFVEMDhKL2ZSRVcrdytlbmVtRHVSSUZrV2R3NnpZUDlnZHd4L1F4R1E0UVhmcDBKZndUMHkrLyt3YVdTZHpICnFXakNFcUc3T3U2QW41Y3VQRmRtd0szS1BkL0hqZ2g5NS9UV0tERUp6WDJVNmIxWENtU0NDb1gvZW5tSW9LVy8KOXgrUWtpOGJ6NmpHU3JBL3FjS3RuUWI4dzhWcG0wMHB2VDdCdkhLaDgxQTUza0lvSXlMbzh0VDVpdDFyNlowdAp6T080VkkwRnp3elp0U0c3R09GeWg1RHJnTldVcmlDWVQyRTFKamZuaUpaTGJGRUQ5amFsWWlVZFFIcXhad3Q4ClprRk56MFNYLzhKMjlNOFN0ZUxDQ1pSMXNnSWdwRmRzbjd0QUlGT3o3ZmtoendHY1Rabk1BcmUwWXFJYkxyMVgKcC81WmZ0ek9SSncrZkdUYmZXRkh5cW5iMFNVd2NSRyt5cUJzZzdWOTRPTnN5SFBDdG1Xb1VpMWRmQjlPS1ltaQpqUlVTQ3dRN0s2ODFPWGFmL0dDWVFQcFJhYm9TNUNIaHNweWREWTdSV2ZhNDNqUHJoUUtDQVFFQS92TWVGcjh1Cmo5b3J3dDM1VHBSU1ZUM2xNY3dtWnY4cWJHeTZ4ak9EaXpkZlhTbDRkajVvSUp5eE1aQzRsZStKajk3bWl2WmgKQUFSNysrT1FxZkhBNmRCS2dxclJGVEZwTFlFMUdtclRBSmxmUE9MeXVueDRDeWpKQ3QzSzJpWit4VmtDcjN2ZApnVUZEYzdoY0JXRDV5RDBDYnlXbjVlVzdjRWNXL29HTDVmVm8rZlJ3OHIxU0FKZXFrV2d2RFFLaTR5c203YmM1ClYvTmZYTVROQXpEZEo3bUtrLy9aRWRYQUpGK3NUZ1FwNHlkajUxbHRQVXQxeTFodE1FYW92ZE1SbHpPbllTa3oKekxVZk8vcFczSmJNK0Q2WHBYbmJMOUg4UkpYMmZXb0hZL25OeURnYStvQ0VFSFc5SSt0ZU11elcxa3h3dnIyawpER1IxOUk0NzRkSXVwUUtDQVFFQTJkRTJmUWdlcURXM0ordytHeTNOK2grS2RFRDN4bDdlZ2VYMXZGNVExc0x6CnpXVmI3LytjbEh4MkZZZGRFUStvTFdHZXdHMHNKVEh6SlpnQTZ3WTcrSTh4NzdyRW5qckRaMUlxbTJnNWMrdS8KMEtieVNKelA0QkhPUXBNa1Zza1JZZnRSZ2FlOE0vS2JtdEE4bDVoTG85RVQrOThhTG0vUjZLcGp2Ty9qajMzcQpqZWdHY1FLVzBMTWc5UmEyNDRQY1k0dFJPVVJ4Sm1MQVJCdXRIRjVGTiszMjhqcVpzUHJza3dESWdGbEIvV1kwCmtJMmQxYUhkcWhUUnl2Z1ArREpzWHNDZWN4Y0l1OUxOTzB0OUFPSU9kaWdVVzV4NlhBNGZBSXBzZjNUQ3lTbkkKNitnYXBjNzQyd2xJRG9BNWRoc2hVNUt2SHlmcDZheFpJdGR3NWM1SXJRS0NBUUFvb2Z6QXFWVzFiWk1kNnB6SwpUazlVOEpsdnQxYkRnWlYwVkZ2c0xOZWhQNEQrYXhhYzJkTmtwelNDYnN0TWNqSGRjU3dUSjdOTCttcjhPVWVjCkhrQ2R3eW1zNjZhSkZ5ZnBMYmVWNzBLVHpOM2w2VkhBTVFnODF4STduaCt2WndVN1ZMVmQzSUx3RDhPOVZMdXQKeThmamh2MjFVeTRRTU80UHRmVFBPVHhmdVI0ekFDZGtPSkl5TC9ucVZNMXk2R0dualFBV1VPWmR3eGNHeFFMYgpxRlVHK01aQ1VqdDVZVFRQVjBReDV1MzZHeFFNRWkrYjNrUDIxYkFKU3Ftb0gxU2xZWUVpdGh0Z1c5bVBpSldCCmNMTllPVG1ZRVBURENWZUlZdEkzS01mbXdqQnU0YXBERkdwMzZSdnM5cDA3eG8xeStCbmIvSU9CeWgwV2pmaXoKUS9sVkFvSUJBRGo4YlY4RTB0QjdUVEhhc3R6MWZPQWxoRm1wN2FrdWhOUkRUNms2bTdlMFJZakZMZXA2VzRMVgpsU2RJeE9hRHpDSWpXaDlKOExUQ2ZyU2xNZ2hMRjBHT1pTZ3RHdWV5eEJDeUJJZW9HdS9qQzhvUkEyNVA2R3JjCi9iT1pQM2FkSURrY1FWVEVoNDZudUdJbWZOUEVlbldmYTdVSHg1ZkNsWTVqbGJpR29taVdMdGwxak1uZ1BZalkKZEpUcW5tcWp3dk1nTGQzbnRCcXcxMUI2VlM0STA5OHdHTjJDeTFic0x4eStwYlkrbys4aDREcTVja1BFRjNRNgpBakV4K1N1Y05aSU1udWZKYlBXR3p6N21Id3d1R0U1OWFlWVY2RVZSUkhjbHdBRVFrUzJFQ3hiOUlJdWt2S0xCCnFPSnlWWlk2dnR0WWt3eDVxczhCMGtnMVNVbzJUL2tDZ2dFQkFPcTBvVWdXWExkL1BQSyswbzNFbVM0OG9oR0YKdnBUQS9xN0dMOXN0dTd4K3FLT0tHeEFhdXlrUWhTNXM4QThEQ09vNzlUSGhpdURmcWNpRWFDR0FxVXRmRTNZMgo0akU3RmJQNkhOMnlHUlRYZ0tvQ2tXS1pmUFlwNUJ1RzZGR3lvRnpaV0Jnb2ZySVFFdkRLeFFKbzdycjdzb1FaClBFMzBaK1pHb1E2QkJuT2JNNUZNMTB2SGl0Q01vTmdnd0UycS9PRlRJYk5sc1FDOEh0VllLWm16Tms1RGlQUTAKTWNYMUxCaHN2c2QyU2wrbHliWUdKL09aT1BSWVVRSXhiSUtyM3ZEcFdOY2pINi9oMTlpbzNYSm1BakpkVW9lRwozOEU3bGVHRjIwSlNIUmxmRDRFaEcrMWduZEJzVW9QNDdVZkhOa2RIZ0ZXT3FPYnN4TTVXaHVqeTIrTT0KLS0tLS1FTkQgUlNBIFBSSVZBVEUgS0VZLS0tLS0K",
                "cluster_ca_certificate": "LS0tLS1CRUdJTiBDRVJUSUZJQ0FURS0tLS0tCk1JSUU2VENDQXRHZ0F3SUJBZ0lSQU1ZZU92bm4zbUJaVmNtaCtUb2Q0SEl3RFFZSktvWklodmNOQVFFTEJRQXcKRFRFTE1Ba0dBMVVFQXhNQ1kyRXdJQmNOTWpZd01qQXhNVEV5TnpJd1doZ1BNakExTmpBeU1ERXhNVE0zTWpCYQpNQTB4Q3pBSkJnTlZCQU1UQW1OaE1JSUNJakFOQmdrcWhraUc5dzBCQVFFRkFBT0NBZzhBTUlJQ0NnS0NBZ0VBCnRiQTNiWVRLdm50b1BGeEp0NStQUk9QNUY3RE9SZmJBanNnMlB5Vlk0UDY5KzVhR1RTMElkVXpkT1lRdTgxQW8KOWp1cDBScmVBRUU0Q0Yzc3FDdGcrL0UwVE8xbG1haWxFVlh5eDJiY2V3Tm10MnN6MExVYW00UUdEVFpyK3h4TgpjU3kza2JzaVllR1phUmdNYXB4WGo0TjNyNEFIZ3d4UWxUMitIVUdxRUJVdXpXcXdvOGc1amkvZjh4WWg1RWcyCnBRRmsvdVdrUzNrKzJhY3NlajZvdEJpeDFCTUUwY1MvUkpIQU1BYlJ6UmZEaWduK1dUcERTRVlYZDBnUmFXNTAKcExWbHI2RG96aEI4eDU1dVU1ZWxwc21CcjRGeEFsM3B0UjJrc3NZV1lLTm1IVHFQb2tXclY1SzFYNXliczlYRwpKWjdKMzEzQVdFTHJ6TU9ySjZTdGFZUDV1dFVYQm1OM3d1QjNXRDZISDV0dGNsbkxteDVja3ArdHJoNWR4Tnc0Cm9oN3RvMHFpUUpSMytERUQxRjlzY2dJM2NRVmdGaVc3emRqdWd6a3ZhcVg3QTdMdHg1OXlBY3Z1aUcrZXdhaW0Kbml5MFRXVzZkUWxXSUwvVHBFbTdSNW1LNWtWNmFqNW5id1dyK2EyczBBSjVGc01QRjNXYk1MTWEwY2cvZWE5dgoyZzg1d0trWUNmcUdpNVVkYU95T3FSbFEyZkpNK2MrSlJ4VXpCbmN0QlZuMTBTc1E0UjJWb3E4d0hvZUpUdWxRCnU3TDIydjVBQW4vUzUrdnpKY0xCS0FaejdIWm90Wno0YWk5dmVINzRqWDRtVjJ3bFNsb3J6eFRBS0ZkTmRiZGYKWFkyYk9GSy9YckNEb09sczBZQ0tPWkRsZGYwY3ltaXF3eUl3ZEgxQ3NTY0NBd0VBQWFOQ01FQXdEZ1lEVlIwUApBUUgvQkFRREFnS2tNQThHQTFVZEV3RUIvd1FGTUFNQkFmOHdIUVlEVlIwT0JCWUVGSmxCMmtuQ3VwdnVTbzRlCnBaUlNDRE9NY24xaE1BMEdDU3FHU0liM0RRRUJDd1VBQTRJQ0FRQStPTlFwYlZ0WnhDWSsweVVhd1hTMWZsMTAKTGQwN2Y1R0hCRnQ5cTZKdEV6RVo5eW9zUUU1VUV1bVd6NHdtT2RQc09ydS92S25zYW5sRk1OS3NpLy9EdVIvSwpzSGNIbU81anRFaCtqSXh6Nm9LM1JqNTF1cEdKbDFlM1JZYUg2TDY1bU5jWXdzNnZOeUxxenp5MU11SXVuMlZOCi9nejl1SHRvUVBaNGJ0YVJSNEJsbzViOFdRYnkrWE9RWEpNbFNudFhLMDZHeEFLdzl2UkU1Nk5qK3pLVm1VZnQKNmRkQUhKWGVEejlHaCt6NlVJNHBSWWFkOElxMm5KNDRPVU5zTXRyTEMxQUJka0tzUjd2MlVTQUtiRjFvOFRaZgpOVXBzVXltcEdHYU5laWFMa21kSDhVV1ZFT2Q1RDJJbVMyY1BZMXBGZ0htTVdjaDVTKzRKQkpRUFE0KzIyQW0xCjkydDI4YzA3aTF3c3QwbFc5YTJkNFVZVXptRGtWTzE0Zldwem5JRGVQbWlvMGJOV0RjMTdZZkhBd0VKaHcxSzEKdVl6cWJVWVFyV1BCZUNxN1EvNzFnZ0ZuMUlDR3hGdlc3TDJDNGJIQkJkVDZuelo5bWo0MmRRU2tNOHRBVjBBZQo0c1kvdkUwc01iWEgrTEZqc3NhZ0RRczM3TytuRThDdERrSEdRMmRwcEtpeVRlcXdZVWtVVDExeFlIZkFOZTBICnRBTDl0S0RBQWpvYWl1TUpBV0ZMK0xpZXExVDI1azkrbFI2ZXN0RWx5eVpESjcrQTZITGFsaHJWQWV5Q0E5SUEKMEJseTdPak5IMTMySS9wR0dQcWp5QXgrTnZNYlJ0UVNiRnQxSVZHQVNnNWJ6MGZpUlJIMmRSUXRLbzBEYnMxdgpFT2RLK2tjNkVXam45V0lJSkE9PQotLS0tLUVORCBDRVJUSUZJQ0FURS0tLS0tCg==",
                "host": "https://myapp-fe7t6qs5.hcp.germanywestcentral.azmk8s.io:443",
                "password": "ja2n5ovaxqybg4vj0mxs8zzvecf6za1jmimc8a0s0xkzexi38qml64nq9weg6oty2fdjdcp1qvagpa926iw12k1siqg0l2amjye13yhznzmglbx44murqjeh4or531y1",
                "username": "clusterUser_myapp-orders-invoices_myapp-aks-order-invoice"
              }
            ],
            "kube_config_raw": "apiVersion: v1\nclusters:\n- cluster:\n    certificate-authority-data: LS0tLS1CRUdJTiBDRVJUSUZJQ0FURS0tLS0tCk1JSUU2VENDQXRHZ0F3SUJBZ0lSQU1ZZU92bm4zbUJaVmNtaCtUb2Q0SEl3RFFZSktvWklodmNOQVFFTEJRQXcKRFRFTE1Ba0dBMVVFQXhNQ1kyRXdJQmNOTWpZd01qQXhNVEV5TnpJd1doZ1BNakExTmpBeU1ERXhNVE0zTWpCYQpNQTB4Q3pBSkJnTlZCQU1UQW1OaE1JSUNJakFOQmdrcWhraUc5dzBCQVFFRkFBT0NBZzhBTUlJQ0NnS0NBZ0VBCnRiQTNiWVRLdm50b1BGeEp0NStQUk9QNUY3RE9SZmJBanNnMlB5Vlk0UDY5KzVhR1RTMElkVXpkT1lRdTgxQW8KOWp1cDBScmVBRUU0Q0Yzc3FDdGcrL0UwVE8xbG1haWxFVlh5eDJiY2V3Tm10MnN6MExVYW00UUdEVFpyK3h4TgpjU3kza2JzaVllR1phUmdNYXB4WGo0TjNyNEFIZ3d4UWxUMitIVUdxRUJVdXpXcXdvOGc1amkvZjh4WWg1RWcyCnBRRmsvdVdrUzNrKzJhY3NlajZvdEJpeDFCTUUwY1MvUkpIQU1BYlJ6UmZEaWduK1dUcERTRVlYZDBnUmFXNTAKcExWbHI2RG96aEI4eDU1dVU1ZWxwc21CcjRGeEFsM3B0UjJrc3NZV1lLTm1IVHFQb2tXclY1SzFYNXliczlYRwpKWjdKMzEzQVdFTHJ6TU9ySjZTdGFZUDV1dFVYQm1OM3d1QjNXRDZISDV0dGNsbkxteDVja3ArdHJoNWR4Tnc0Cm9oN3RvMHFpUUpSMytERUQxRjlzY2dJM2NRVmdGaVc3emRqdWd6a3ZhcVg3QTdMdHg1OXlBY3Z1aUcrZXdhaW0Kbml5MFRXVzZkUWxXSUwvVHBFbTdSNW1LNWtWNmFqNW5id1dyK2EyczBBSjVGc01QRjNXYk1MTWEwY2cvZWE5dgoyZzg1d0trWUNmcUdpNVVkYU95T3FSbFEyZkpNK2MrSlJ4VXpCbmN0QlZuMTBTc1E0UjJWb3E4d0hvZUpUdWxRCnU3TDIydjVBQW4vUzUrdnpKY0xCS0FaejdIWm90Wno0YWk5dmVINzRqWDRtVjJ3bFNsb3J6eFRBS0ZkTmRiZGYKWFkyYk9GSy9YckNEb09sczBZQ0tPWkRsZGYwY3ltaXF3eUl3ZEgxQ3NTY0NBd0VBQWFOQ01FQXdEZ1lEVlIwUApBUUgvQkFRREFnS2tNQThHQTFVZEV3RUIvd1FGTUFNQkFmOHdIUVlEVlIwT0JCWUVGSmxCMmtuQ3VwdnVTbzRlCnBaUlNDRE9NY24xaE1BMEdDU3FHU0liM0RRRUJDd1VBQTRJQ0FRQStPTlFwYlZ0WnhDWSsweVVhd1hTMWZsMTAKTGQwN2Y1R0hCRnQ5cTZKdEV6RVo5eW9zUUU1VUV1bVd6NHdtT2RQc09ydS92S25zYW5sRk1OS3NpLy9EdVIvSwpzSGNIbU81anRFaCtqSXh6Nm9LM1JqNTF1cEdKbDFlM1JZYUg2TDY1bU5jWXdzNnZOeUxxenp5MU11SXVuMlZOCi9nejl1SHRvUVBaNGJ0YVJSNEJsbzViOFdRYnkrWE9RWEpNbFNudFhLMDZHeEFLdzl2UkU1Nk5qK3pLVm1VZnQKNmRkQUhKWGVEejlHaCt6NlVJNHBSWWFkOElxMm5KNDRPVU5zTXRyTEMxQUJka0tzUjd2MlVTQUtiRjFvOFRaZgpOVXBzVXltcEdHYU5laWFMa21kSDhVV1ZFT2Q1RDJJbVMyY1BZMXBGZ0htTVdjaDVTKzRKQkpRUFE0KzIyQW0xCjkydDI4YzA3aTF3c3QwbFc5YTJkNFVZVXptRGtWTzE0Zldwem5JRGVQbWlvMGJOV0RjMTdZZkhBd0VKaHcxSzEKdVl6cWJVWVFyV1BCZUNxN1EvNzFnZ0ZuMUlDR3hGdlc3TDJDNGJIQkJkVDZuelo5bWo0MmRRU2tNOHRBVjBBZQo0c1kvdkUwc01iWEgrTEZqc3NhZ0RRczM3TytuRThDdERrSEdRMmRwcEtpeVRlcXdZVWtVVDExeFlIZkFOZTBICnRBTDl0S0RBQWpvYWl1TUpBV0ZMK0xpZXExVDI1azkrbFI2ZXN0RWx5eVpESjcrQTZITGFsaHJWQWV5Q0E5SUEKMEJseTdPak5IMTMySS9wR0dQcWp5QXgrTnZNYlJ0UVNiRnQxSVZHQVNnNWJ6MGZpUlJIMmRSUXRLbzBEYnMxdgpFT2RLK2tjNkVXam45V0lJSkE9PQotLS0tLUVORCBDRVJUSUZJQ0FURS0tLS0tCg==\n    server: https://myapp-fe7t6qs5.hcp.germanywestcentral.azmk8s.io:443\n  name: myapp-aks-order-invoice\ncontexts:\n- context:\n    cluster: myapp-aks-order-invoice\n    user: clusterUser_myapp-orders-invoices_myapp-aks-order-invoice\n  name: myapp-aks-order-invoice\ncurrent-context: myapp-aks-order-invoice\nkind: Config\nusers:\n- name: clusterUser_myapp-orders-invoices_myapp-aks-order-invoice\n  user:\n    client-certificate-data: LS0tLS1CRUdJTiBDRVJUSUZJQ0FURS0tLS0tCk1JSUZIakNDQXdhZ0F3SUJBZ0lSQVAwMG5iUyswYnNubFZrVmx3eUVNMmN3RFFZSktvWklodmNOQVFFTEJRQXcKRFRFTE1Ba0dBMVVFQXhNQ1kyRXdIaGNOTWpZd01qQXhNVEV5TnpJd1doY05Namd3TWpBeE1URXpOekl3V2pBdwpNUmN3RlFZRFZRUUtFdzV6ZVhOMFpXMDZiV0Z6ZEdWeWN6RVZNQk1HQTFVRUF4TU1iV0Z6ZEdWeVkyeHBaVzUwCk1JSUNJakFOQmdrcWhraUc5dzBCQVFFRkFBT0NBZzhBTUlJQ0NnS0NBZ0VBMk94dlFLWEZLMVhUYWJ2enB1anoKa1hFSHhkT1ZmaHhEZVNlbjhVcXRhcElYNFQ5dmJqWnllNk1RVzV5bEczdWlLU1VmWUs5S21acXNhSllsb1NJMAprV2RKUzY5citmUWF3aEJqYUtyU3JsbzI0SWNsMUZjTkp1dGpoaTJBb3BvMGVBY2t4WGQwd2xKcllkU25NRnlDCm02TklmQ0RVWC9WQVcrTUduSFhwV085QVVvbkZDV0N3ZWdLL3Y1Wll2bEdCeTF0c1EyZ1ZyV094bDk5SDRmWTgKcE9Tb3d0TFNaZCtHcGRrU0h5SURwMGJRTGlYVU1za2ZEV3VKQll3Z3ZPeXBETEpxK0JJcGd1ckF2UCtYWGZhZwpDNHZtN01DL3lSSjVPZDFZVGpDTEpGMWFTRGJOMVFsWTZlMnViQ2pUcW81L3dSNEdRSnZncVJvRVpUQ2svZlEzCkxFWEhSNE5nY2RVWmRKVEJCV285Q1ZTMVN1emdueHhOY1l2YnA5clJkbFdsOStXT0FCNCtyN1ZEOEc4ZkdqVWYKZ0ljNlg5U3Y4NFp1ZDNaTHF5eVRnditRQjd5UmFZanZ3VHBHSm00dkF4eUlQWm9TS1hvU3lPdE5XN0VpZ1JHTApySWhteDlGOUFNS3MzdUgvM3EvREw2MjB5dE5wZUlySExFdmJPVXlzemRZdU9uUGszclkzeEFKeHU0NXc1ZERSCmNZODBhUHVRWlp6TE1QSXVvQmw0RmpnVEFqYmF0WVpJMXRPdjdUeXBYTEIrbTlobTh6NUlralJmaEYwZWFIQ2QKM2pjVDJ0RGhISkFoSUg2T2VoOHBXU3owQmdyUk9NR29JZXdZUURaaDcyempJbHVlUXArcE5DK0dtbnBaekN6cQpuNFFodVd4eWRHZnVZNENzQmRudDdZRUNBd0VBQWFOV01GUXdEZ1lEVlIwUEFRSC9CQVFEQWdXZ01CTUdBMVVkCkpRUU1NQW9HQ0NzR0FRVUZCd01DTUF3R0ExVWRFd0VCL3dRQ01BQXdId1lEVlIwakJCZ3dGb0FVbVVIYVNjSzYKbSs1S2poNmxsRklJTTR4eWZXRXdEUVlKS29aSWh2Y05BUUVMQlFBRGdnSUJBRmZtTi9MYUlMM2hoWVN0elNpVgpJc1I0aXY2TXAycW5TaThUUzljWi9kanpuNkV2VDR2SXRRZG9TWnhpR2Q4RDB6ZVRlQk9BLzlOQ3ZTUlBvbkFUCjRYdGcxcnhac0lCMDh6MHdiWjFTM3o1VnhXcDlLN2drSXdFdXlPelMybXNpR3dNTFNtNlgxUkZlTWxSbm9meTIKcTI0QmlsUXl0b29qZVYvSEQ1YzZEZHV2UW1YZkFkNlAwaEpYOXlXQXhEdEp1NU9vU2RXVUwzU1ZYNHZpK2xjYwpnd3RVUmhqdDdiUzZBb3owTHBrbGl0U3JZVHVvOU5qbEJ6SzV1Ry94Zk1ZcnNNVTduRmk5RXhlZm80bFJLNU95CmE0TDBuNlk5a0lkZFpEQUxIVnZDWjF6SWpUOERad2huSzlSQzNHNEpQaEx6dEdpeVlobW9GRHU1cHNLQnZLV2sKb2cyNVh2VTlrb1RVYnBBeWlyVklHMWRjTzRUbUM0ZnhRWWJpcUhXc1hsUjZwM2FFOXl3bjFpTVp5cUVpK1NQOQo4U2hvanQxWWZjclRtQzFoOUR5VjJVci9Jbmpqd3ZvRmh3SmFFaXhGSEg4K1JLU3NZUlFiVk1OZXFOVUdKbGNMClZQT3dtallBVUlzL1NwRWMxU2JFVDVxWDN6YVpXYmpHWjV6ME5BRjZTNVprVWRsMWNsaUhGbHR6bW5jWEVqb1YKeHpSOXhWVVRpODNvaU5sTE5FZ01WZUJ5YS9POE1ISGZIYVFibDBQaTAvd0ZFa2NJQmlBL0MyTFhzcjZBTlpHSQpFcnd2TUVMdVRxVEJ2L0hvenQzZW5ielR2blBHZU8rQVlDMEhDanAvY1paWU5RU1dlbTJhQkJmN2oyTXF5b05PCmxKanUwc1d5My9LbFQ4MTZtNDM5Yit5RgotLS0tLUVORCBDRVJUSUZJQ0FURS0tLS0tCg==\n    client-key-data: LS0tLS1CRUdJTiBSU0EgUFJJVkFURSBLRVktLS0tLQpNSUlKS0FJQkFBS0NBZ0VBMk94dlFLWEZLMVhUYWJ2enB1anprWEVIeGRPVmZoeERlU2VuOFVxdGFwSVg0VDl2CmJqWnllNk1RVzV5bEczdWlLU1VmWUs5S21acXNhSllsb1NJMGtXZEpTNjlyK2ZRYXdoQmphS3JTcmxvMjRJY2wKMUZjTkp1dGpoaTJBb3BvMGVBY2t4WGQwd2xKcllkU25NRnlDbTZOSWZDRFVYL1ZBVytNR25IWHBXTzlBVW9uRgpDV0N3ZWdLL3Y1Wll2bEdCeTF0c1EyZ1ZyV094bDk5SDRmWThwT1Nvd3RMU1pkK0dwZGtTSHlJRHAwYlFMaVhVCk1za2ZEV3VKQll3Z3ZPeXBETEpxK0JJcGd1ckF2UCtYWGZhZ0M0dm03TUMveVJKNU9kMVlUakNMSkYxYVNEYk4KMVFsWTZlMnViQ2pUcW81L3dSNEdRSnZncVJvRVpUQ2svZlEzTEVYSFI0TmdjZFVaZEpUQkJXbzlDVlMxU3V6ZwpueHhOY1l2YnA5clJkbFdsOStXT0FCNCtyN1ZEOEc4ZkdqVWZnSWM2WDlTdjg0WnVkM1pMcXl5VGd2K1FCN3lSCmFZanZ3VHBHSm00dkF4eUlQWm9TS1hvU3lPdE5XN0VpZ1JHTHJJaG14OUY5QU1LczN1SC8zcS9ETDYyMHl0TnAKZUlySExFdmJPVXlzemRZdU9uUGszclkzeEFKeHU0NXc1ZERSY1k4MGFQdVFaWnpMTVBJdW9CbDRGamdUQWpiYQp0WVpJMXRPdjdUeXBYTEIrbTlobTh6NUlralJmaEYwZWFIQ2QzamNUMnREaEhKQWhJSDZPZWg4cFdTejBCZ3JSCk9NR29JZXdZUURaaDcyempJbHVlUXArcE5DK0dtbnBaekN6cW40UWh1V3h5ZEdmdVk0Q3NCZG50N1lFQ0F3RUEKQVFLQ0FnQVV2aGtPVHJ1cG51bWFIdmVYd29kRjVVL0h0aW1CbDF6SldVWXBIOG13MnRydk5rUm12c3lZTDNuSgpOTk9oNnVMUStlU0Q5NGNUNUpNdlpnb2ZuQmg0UGU3bmpwVHQ0QTV0OTZpMTBiM1hIN2ZISlEwMFBvVzZyc0FECnpOYVQxZGlHRUxMT3NoTkhZSisxaVdMYVVFSko5U1ZoZnpjbm5ObEVZQk5hQXpsbXdHdi9hSDZmbkxBTFhyZHMKcjhqNUcreWtJREFjU3ZmbHJsYUZUZnUrNnUrV0dlcGNSTklMSFVKd0dlOXViQzk2djUzNUI3T0FqclJLTVhuMgovcFVEMDhKL2ZSRVcrdytlbmVtRHVSSUZrV2R3NnpZUDlnZHd4L1F4R1E0UVhmcDBKZndUMHkrLyt3YVdTZHpICnFXakNFcUc3T3U2QW41Y3VQRmRtd0szS1BkL0hqZ2g5NS9UV0tERUp6WDJVNmIxWENtU0NDb1gvZW5tSW9LVy8KOXgrUWtpOGJ6NmpHU3JBL3FjS3RuUWI4dzhWcG0wMHB2VDdCdkhLaDgxQTUza0lvSXlMbzh0VDVpdDFyNlowdAp6T080VkkwRnp3elp0U0c3R09GeWg1RHJnTldVcmlDWVQyRTFKamZuaUpaTGJGRUQ5amFsWWlVZFFIcXhad3Q4ClprRk56MFNYLzhKMjlNOFN0ZUxDQ1pSMXNnSWdwRmRzbjd0QUlGT3o3ZmtoendHY1Rabk1BcmUwWXFJYkxyMVgKcC81WmZ0ek9SSncrZkdUYmZXRkh5cW5iMFNVd2NSRyt5cUJzZzdWOTRPTnN5SFBDdG1Xb1VpMWRmQjlPS1ltaQpqUlVTQ3dRN0s2ODFPWGFmL0dDWVFQcFJhYm9TNUNIaHNweWREWTdSV2ZhNDNqUHJoUUtDQVFFQS92TWVGcjh1Cmo5b3J3dDM1VHBSU1ZUM2xNY3dtWnY4cWJHeTZ4ak9EaXpkZlhTbDRkajVvSUp5eE1aQzRsZStKajk3bWl2WmgKQUFSNysrT1FxZkhBNmRCS2dxclJGVEZwTFlFMUdtclRBSmxmUE9MeXVueDRDeWpKQ3QzSzJpWit4VmtDcjN2ZApnVUZEYzdoY0JXRDV5RDBDYnlXbjVlVzdjRWNXL29HTDVmVm8rZlJ3OHIxU0FKZXFrV2d2RFFLaTR5c203YmM1ClYvTmZYTVROQXpEZEo3bUtrLy9aRWRYQUpGK3NUZ1FwNHlkajUxbHRQVXQxeTFodE1FYW92ZE1SbHpPbllTa3oKekxVZk8vcFczSmJNK0Q2WHBYbmJMOUg4UkpYMmZXb0hZL25OeURnYStvQ0VFSFc5SSt0ZU11elcxa3h3dnIyawpER1IxOUk0NzRkSXVwUUtDQVFFQTJkRTJmUWdlcURXM0ordytHeTNOK2grS2RFRDN4bDdlZ2VYMXZGNVExc0x6CnpXVmI3LytjbEh4MkZZZGRFUStvTFdHZXdHMHNKVEh6SlpnQTZ3WTcrSTh4NzdyRW5qckRaMUlxbTJnNWMrdS8KMEtieVNKelA0QkhPUXBNa1Zza1JZZnRSZ2FlOE0vS2JtdEE4bDVoTG85RVQrOThhTG0vUjZLcGp2Ty9qajMzcQpqZWdHY1FLVzBMTWc5UmEyNDRQY1k0dFJPVVJ4Sm1MQVJCdXRIRjVGTiszMjhqcVpzUHJza3dESWdGbEIvV1kwCmtJMmQxYUhkcWhUUnl2Z1ArREpzWHNDZWN4Y0l1OUxOTzB0OUFPSU9kaWdVVzV4NlhBNGZBSXBzZjNUQ3lTbkkKNitnYXBjNzQyd2xJRG9BNWRoc2hVNUt2SHlmcDZheFpJdGR3NWM1SXJRS0NBUUFvb2Z6QXFWVzFiWk1kNnB6SwpUazlVOEpsdnQxYkRnWlYwVkZ2c0xOZWhQNEQrYXhhYzJkTmtwelNDYnN0TWNqSGRjU3dUSjdOTCttcjhPVWVjCkhrQ2R3eW1zNjZhSkZ5ZnBMYmVWNzBLVHpOM2w2VkhBTVFnODF4STduaCt2WndVN1ZMVmQzSUx3RDhPOVZMdXQKeThmamh2MjFVeTRRTU80UHRmVFBPVHhmdVI0ekFDZGtPSkl5TC9ucVZNMXk2R0dualFBV1VPWmR3eGNHeFFMYgpxRlVHK01aQ1VqdDVZVFRQVjBReDV1MzZHeFFNRWkrYjNrUDIxYkFKU3Ftb0gxU2xZWUVpdGh0Z1c5bVBpSldCCmNMTllPVG1ZRVBURENWZUlZdEkzS01mbXdqQnU0YXBERkdwMzZSdnM5cDA3eG8xeStCbmIvSU9CeWgwV2pmaXoKUS9sVkFvSUJBRGo4YlY4RTB0QjdUVEhhc3R6MWZPQWxoRm1wN2FrdWhOUkRUNms2bTdlMFJZakZMZXA2VzRMVgpsU2RJeE9hRHpDSWpXaDlKOExUQ2ZyU2xNZ2hMRjBHT1pTZ3RHdWV5eEJDeUJJZW9HdS9qQzhvUkEyNVA2R3JjCi9iT1pQM2FkSURrY1FWVEVoNDZudUdJbWZOUEVlbldmYTdVSHg1ZkNsWTVqbGJpR29taVdMdGwxak1uZ1BZalkKZEpUcW5tcWp3dk1nTGQzbnRCcXcxMUI2VlM0STA5OHdHTjJDeTFic0x4eStwYlkrbys4aDREcTVja1BFRjNRNgpBakV4K1N1Y05aSU1udWZKYlBXR3p6N21Id3d1R0U1OWFlWVY2RVZSUkhjbHdBRVFrUzJFQ3hiOUlJdWt2S0xCCnFPSnlWWlk2dnR0WWt3eDVxczhCMGtnMVNVbzJUL2tDZ2dFQkFPcTBvVWdXWExkL1BQSyswbzNFbVM0OG9oR0YKdnBUQS9xN0dMOXN0dTd4K3FLT0tHeEFhdXlrUWhTNXM4QThEQ09vNzlUSGhpdURmcWNpRWFDR0FxVXRmRTNZMgo0akU3RmJQNkhOMnlHUlRYZ0tvQ2tXS1pmUFlwNUJ1RzZGR3lvRnpaV0Jnb2ZySVFFdkRLeFFKbzdycjdzb1FaClBFMzBaK1pHb1E2QkJuT2JNNUZNMTB2SGl0Q01vTmdnd0UycS9PRlRJYk5sc1FDOEh0VllLWm16Tms1RGlQUTAKTWNYMUxCaHN2c2QyU2wrbHliWUdKL09aT1BSWVVRSXhiSUtyM3ZEcFdOY2pINi9oMTlpbzNYSm1BakpkVW9lRwozOEU3bGVHRjIwSlNIUmxmRDRFaEcrMWduZEJzVW9QNDdVZkhOa2RIZ0ZXT3FPYnN4TTVXaHVqeTIrTT0KLS0tLS1FTkQgUlNBIFBSSVZBVEUgS0VZLS0tLS0K\n    token: ja2n5ovaxqybg4vj0mxs8zzvecf6za1jmimc8a0s0xkzexi38qml64nq9weg6oty2fdjdcp1qvagpa926iw12k1siqg0l2amjye13yhznzmglbx44murqjeh4or531y1\n",
            "kubelet_identity": [
              {
                "client_id": "29cf50eb-4cd3-4370-bd54-da6af2cb283c",
                "object_id": "93a6f31c-aa1c-4dba-b5c5-6e48d0d19c98",
                "user_assigned_identity_id": "/subscriptions/84f19c42-fe0d-4412-90f0-aaf3d6fced80/resourceGroups/MC_myapp-orders-invoices_myapp-aks-order-invoice_germanywestcentral/providers/Microsoft.ManagedIdentity/userAssignedIdentities/myapp-aks-order-invoice-agentpool"
              }
            ],
            "kubernetes_version": "1.33",
            "linux_profile": [],
            "local_account_disabled": false,
            "location": "germanywestcentral",
            "maintenance_window": [],
            "maintenance_window_auto_upgrade": [],
            "maintenance_window_node_os": [],
            "microsoft_defender": [],
            "monitor_metrics": [],
            "name": "myapp-aks-order-invoice",
            "network_profile": [
              {
                "advanced_networking": [],
                "dns_service_ip": "10.0.0.10",
                "ip_versions": [
                  "IPv4"
                ],
                "load_balancer_profile": [
                  {
                    "backend_pool_type": "NodeIPConfiguration",
                    "effective_outbound_ips": [
                      "/subscriptions/84f19c42-fe0d-4412-90f0-aaf3d6fced80/resourceGroups/MC_myapp-orders-invoices_myapp-aks-order-invoice_germanywestcentral/providers/Microsoft.Network/publicIPAddresses/acd6d278-f461-4653-aba3-2b8a5e2153c9"
                    ],
                    "idle_timeout_in_minutes": 0,
                    "managed_outbound_ip_count": 1,
                    "managed_outbound_ipv6_count": 0,
                    "outbound_ip_address_ids": [],
                    "outbound_ip_prefix_ids": [],
                    "outbound_ports_allocated": 0
                  }
                ],
                "load_balancer_sku": "standard",
                "nat_gateway_profile": [],
                "network_data_plane": "azure",
                "network_mode": "",
                "network_plugin": "kubenet",
                "network_plugin_mode": "",
                "network_policy": "",
                "outbound_type": "loadBalancer",
                "pod_cidr": "10.244.0.0/16",
                "pod_cidrs": [
                  "10.244.0.0/16"
                ],
                "service_cidr": "10.0.0.0/16",
                "service_cidrs": [
                  "10.0.0.0/16"
                ]
              }
            ],
            "node_os_upgrade_channel": "NodeImage",
            "node_provisioning_profile": [
              {
                "default_node_pools": "Auto",
                "mode": "Manual"
              }
            ],
            "node_resource_group": "MC_myapp-orders-invoices_myapp-aks-order-invoice_germanywestcentral",
            "node_resource_group_id": "/subscriptions/84f19c42-fe0d-4412-90f0-aaf3d6fced80/resourceGroups/MC_myapp-orders-invoices_myapp-aks-order-invoice_germanywestcentral",
            "oidc_issuer_enabled": false,
            "oidc_issuer_url": "",
            "oms_agent": [],
            "open_service_mesh_enabled": false,
            "portal_fqdn": "myapp-fe7t6qs5.portal.hcp.germanywestcentral.azmk8s.io",
            "private_cluster_enabled": false,
            "private_cluster_public_fqdn_enabled": false,
            "private_dns_zone_id": "",
            "private_fqdn": "",
            "resource_group_name": "myapp-orders-invoices",
            "role_based_access_control_enabled": true,
            "run_command_enabled": true,
            "service_mesh_profile": [],
            "service_principal": [],
            "sku_tier": "Free",
            "storage_profile": [],
            "support_plan": "KubernetesOfficial",
            "tags": {},
            "timeouts": null,
            "upgrade_override": [],
            "web_app_routing": [],
            "windows_profile": [],
            "workload_autoscaler_profile": [],
            "workload_identity_enabled": false
          },
          "sensitive_attributes": [],
          "private": "eyJlMmJmYjczMC1lY2FhLTExZTYtOGY4OC0zNDM2M2JjN2M0YzAiOnsiY3JlYXRlIjo1NDAwMDAwMDAwMDAwLCJkZWxldGUiOjU0MDAwMDAwMDAwMDAsInJlYWQiOjMwMDAwMDAwMDAwMCwidXBkYXRlIjo1NDAwMDAwMDAwMDAwfSwic2NoZW1hX3ZlcnNpb24iOiIyIn0=",
          "dependencies": [
            "azurerm_resource_group.main"
          ]
        }
      ]
    },
    {
      "mode": "managed",
      "type": "azurerm_resource_group",
      "name": "main",
      "provider": "provider[\"registry.terraform.io/hashicorp/azurerm\"]",
      "instances": [
        {
          "schema_version": 0,
          "attributes": {
            "id": "/subscriptions/84f19c42-fe0d-4412-90f0-aaf3d6fced80/resourceGroups/myapp-orders-invoices",
            "location": "germanywestcentral",
            "managed_by": "",
            "name": "myapp-orders-invoices",
            "tags": {},
            "timeouts": null
          },
          "sensitive_attributes": [],
          "private": "eyJlMmJmYjczMC1lY2FhLTExZTYtOGY4OC0zNDM2M2JjN2M0YzAiOnsiY3JlYXRlIjo1NDAwMDAwMDAwMDAwLCJkZWxldGUiOjU0MDAwMDAwMDAwMDAsInJlYWQiOjMwMDAwMDAwMDAwMCwidXBkYXRlIjo1NDAwMDAwMDAwMDAwfX0="
        }
      ]
    },
    {
      "mode": "managed",
      "type": "azurerm_role_assignment",
      "name": "aks_acr",
      "provider": "provider[\"registry.terraform.io/hashicorp/azurerm\"]",
      "instances": [
        {
          "schema_version": 0,
          "attributes": {
            "condition": "",
            "condition_version": "",
            "delegated_managed_identity_resource_id": "",
            "description": "",
            "id": "/subscriptions/84f19c42-fe0d-4412-90f0-aaf3d6fced80/resourceGroups/myapp-orders-invoices/providers/Microsoft.ContainerRegistry/registries/myappacrinv2026/providers/Microsoft.Authorization/roleAssignments/f627cd43-4ec9-162b-848f-cb6cb1359122",
            "name": "f627cd43-4ec9-162b-848f-cb6cb1359122",
            "principal_id": "93a6f31c-aa1c-4dba-b5c5-6e48d0d19c98",
            "principal_type": "ServicePrincipal",
            "role_definition_id": "/subscriptions/84f19c42-fe0d-4412-90f0-aaf3d6fced80/providers/Microsoft.Authorization/roleDefinitions/7f951dda-4ed3-4680-a7ca-43fe172d538d",
            "role_definition_name": "AcrPull",
            "scope": "/subscriptions/84f19c42-fe0d-4412-90f0-aaf3d6fced80/resourceGroups/myapp-orders-invoices/providers/Microsoft.ContainerRegistry/registries/myappacrinv2026",
            "skip_service_principal_aad_check": true,
            "timeouts": null
          },
          "sensitive_attributes": [],
          "private": "eyJlMmJmYjczMC1lY2FhLTExZTYtOGY4OC0zNDM2M2JjN2M0YzAiOnsiY3JlYXRlIjoxODAwMDAwMDAwMDAwLCJkZWxldGUiOjE4MDAwMDAwMDAwMDAsInJlYWQiOjMwMDAwMDAwMDAwMH19",
          "dependencies": [
            "azurerm_container_registry.acr",
            "azurerm_kubernetes_cluster.aks",
            "azurerm_resource_group.main"
          ]
        }
      ]
    },
    {
      "mode": "managed",
      "type": "azurerm_storage_account",
      "name": "storage",
      "provider": "provider[\"registry.terraform.io/hashicorp/azurerm\"]",
      "instances": [
        {
          "schema_version": 4,
          "attributes": {
            "access_tier": "Hot",
            "account_kind": "StorageV2",
            "account_replication_type": "LRS",
            "account_tier": "Standard",
            "allow_nested_items_to_be_public": true,
            "allowed_copy_scope": "",
            "azure_files_authentication": [],
            "blob_properties": [
              {
                "change_feed_enabled": false,
                "change_feed_retention_in_days": 0,
                "container_delete_retention_policy": [],
                "cors_rule": [],
                "default_service_version": "",
                "delete_retention_policy": [],
                "last_access_time_enabled": false,
                "restore_policy": [],
                "versioning_enabled": false
              }
            ],
            "cross_tenant_replication_enabled": false,
            "custom_domain": [],
            "customer_managed_key": [],
            "default_to_oauth_authentication": false,
            "dns_endpoint_type": "Standard",
            "edge_zone": "",
            "https_traffic_only_enabled": true,
            "id": "/subscriptions/84f19c42-fe0d-4412-90f0-aaf3d6fced80/resourceGroups/myapp-orders-invoices/providers/Microsoft.Storage/storageAccounts/myappstorageinvoivce2026",
            "identity": [],
            "immutability_policy": [],
            "infrastructure_encryption_enabled": false,
            "is_hns_enabled": false,
            "large_file_share_enabled": false,
            "local_user_enabled": true,
            "location": "germanywestcentral",
            "min_tls_version": "TLS1_2",
            "name": "myappstorageinvoivce2026",
            "network_rules": [],
            "nfsv3_enabled": false,
            "primary_access_key": "yW5rcYTEJNn4sFKUCO1p70yz3RYX3wXqkanMt2PmU6k3ZWuePdv9nesy0Bj+DSafKzOVq0gOVkDt+ASta7KaEQ==",
            "primary_blob_connection_string": "DefaultEndpointsProtocol=https;BlobEndpoint=https://myappstorageinvoivce2026.blob.core.windows.net/;AccountName=myappstorageinvoivce2026;AccountKey=yW5rcYTEJNn4sFKUCO1p70yz3RYX3wXqkanMt2PmU6k3ZWuePdv9nesy0Bj+DSafKzOVq0gOVkDt+ASta7KaEQ==",
            "primary_blob_endpoint": "https://myappstorageinvoivce2026.blob.core.windows.net/",
            "primary_blob_host": "myappstorageinvoivce2026.blob.core.windows.net",
            "primary_blob_internet_endpoint": "",
            "primary_blob_internet_host": "",
            "primary_blob_microsoft_endpoint": "",
            "primary_blob_microsoft_host": "",
            "primary_connection_string": "DefaultEndpointsProtocol=https;AccountName=myappstorageinvoivce2026;AccountKey=yW5rcYTEJNn4sFKUCO1p70yz3RYX3wXqkanMt2PmU6k3ZWuePdv9nesy0Bj+DSafKzOVq0gOVkDt+ASta7KaEQ==;EndpointSuffix=core.windows.net",
            "primary_dfs_endpoint": "https://myappstorageinvoivce2026.dfs.core.windows.net/",
            "primary_dfs_host": "myappstorageinvoivce2026.dfs.core.windows.net",
            "primary_dfs_internet_endpoint": "",
            "primary_dfs_internet_host": "",
            "primary_dfs_microsoft_endpoint": "",
            "primary_dfs_microsoft_host": "",
            "primary_file_endpoint": "https://myappstorageinvoivce2026.file.core.windows.net/",
            "primary_file_host": "myappstorageinvoivce2026.file.core.windows.net",
            "primary_file_internet_endpoint": "",
            "primary_file_internet_host": "",
            "primary_file_microsoft_endpoint": "",
            "primary_file_microsoft_host": "",
            "primary_location": "germanywestcentral",
            "primary_queue_endpoint": "https://myappstorageinvoivce2026.queue.core.windows.net/",
            "primary_queue_host": "myappstorageinvoivce2026.queue.core.windows.net",
            "primary_queue_microsoft_endpoint": "",
            "primary_queue_microsoft_host": "",
            "primary_table_endpoint": "https://myappstorageinvoivce2026.table.core.windows.net/",
            "primary_table_host": "myappstorageinvoivce2026.table.core.windows.net",
            "primary_table_microsoft_endpoint": "",
            "primary_table_microsoft_host": "",
            "primary_web_endpoint": "https://myappstorageinvoivce2026.z1.web.core.windows.net/",
            "primary_web_host": "myappstorageinvoivce2026.z1.web.core.windows.net",
            "primary_web_internet_endpoint": "",
            "primary_web_internet_host": "",
            "primary_web_microsoft_endpoint": "",
            "primary_web_microsoft_host": "",
            "provisioned_billing_model_version": "",
            "public_network_access_enabled": true,
            "queue_encryption_key_type": "Service",
            "queue_properties": [
              {
                "cors_rule": [],
                "hour_metrics": [
                  {
                    "enabled": false,
                    "include_apis": false,
                    "retention_policy_days": 0,
                    "version": "1.0"
                  }
                ],
                "logging": [
                  {
                    "delete": false,
                    "read": false,
                    "retention_policy_days": 0,
                    "version": "1.0",
                    "write": false
                  }
                ],
                "minute_metrics": [
                  {
                    "enabled": false,
                    "include_apis": false,
                    "retention_policy_days": 0,
                    "version": "1.0"
                  }
                ]
              }
            ],
            "resource_group_name": "myapp-orders-invoices",
            "routing": [],
            "sas_policy": [],
            "secondary_access_key": "+5LhcvdetuHf1Mi9kq45VSc3PmXLfrpQCUrgRRJJBw+3Gg6wf2ZIR2BdWtDsb1/0DvUt1T2wQbKh+AStLMup/A==",
            "secondary_blob_connection_string": "",
            "secondary_blob_endpoint": "",
            "secondary_blob_host": "",
            "secondary_blob_internet_endpoint": "",
            "secondary_blob_internet_host": "",
            "secondary_blob_microsoft_endpoint": "",
            "secondary_blob_microsoft_host": "",
            "secondary_connection_string": "DefaultEndpointsProtocol=https;AccountName=myappstorageinvoivce2026;AccountKey=+5LhcvdetuHf1Mi9kq45VSc3PmXLfrpQCUrgRRJJBw+3Gg6wf2ZIR2BdWtDsb1/0DvUt1T2wQbKh+AStLMup/A==;EndpointSuffix=core.windows.net",
            "secondary_dfs_endpoint": "",
            "secondary_dfs_host": "",
            "secondary_dfs_internet_endpoint": "",
            "secondary_dfs_internet_host": "",
            "secondary_dfs_microsoft_endpoint": "",
            "secondary_dfs_microsoft_host": "",
            "secondary_file_endpoint": "",
            "secondary_file_host": "",
            "secondary_file_internet_endpoint": "",
            "secondary_file_internet_host": "",
            "secondary_file_microsoft_endpoint": "",
            "secondary_file_microsoft_host": "",
            "secondary_location": "",
            "secondary_queue_endpoint": "",
            "secondary_queue_host": "",
            "secondary_queue_microsoft_endpoint": "",
            "secondary_queue_microsoft_host": "",
            "secondary_table_endpoint": "",
            "secondary_table_host": "",
            "secondary_table_microsoft_endpoint": "",
            "secondary_table_microsoft_host": "",
            "secondary_web_endpoint": "",
            "secondary_web_host": "",
            "secondary_web_internet_endpoint": "",
            "secondary_web_internet_host": "",
            "secondary_web_microsoft_endpoint": "",
            "secondary_web_microsoft_host": "",
            "sftp_enabled": false,
            "share_properties": [
              {
                "cors_rule": [],
                "retention_policy": [
                  {
                    "days": 7
                  }
                ],
                "smb": []
              }
            ],
            "shared_access_key_enabled": true,
            "static_website": [],
            "table_encryption_key_type": "Service",
            "tags": null,
            "timeouts": null
          },
          "sensitive_attributes": [],
          "private": "eyJlMmJmYjczMC1lY2FhLTExZTYtOGY4OC0zNDM2M2JjN2M0YzAiOnsiY3JlYXRlIjozNjAwMDAwMDAwMDAwLCJkZWxldGUiOjM2MDAwMDAwMDAwMDAsInJlYWQiOjMwMDAwMDAwMDAwMCwidXBkYXRlIjozNjAwMDAwMDAwMDAwfSwic2NoZW1hX3ZlcnNpb24iOiI0In0=",
          "dependencies": [
            "azurerm_resource_group.main"
          ]
        }
      ]
    },
    {
      "mode": "managed",
      "type": "azurerm_storage_container",
      "name": "invoices",
      "provider": "provider[\"registry.terraform.io/hashicorp/azurerm\"]",
      "instances": [
        {
          "schema_version": 1,
          "attributes": {
            "container_access_type": "private",
            "default_encryption_scope": "$account-encryption-key",
            "encryption_scope_override_enabled": true,
            "has_immutability_policy": false,
            "has_legal_hold": false,
            "id": "/subscriptions/84f19c42-fe0d-4412-90f0-aaf3d6fced80/resourceGroups/myapp-orders-invoices/providers/Microsoft.Storage/storageAccounts/myappstorageinvoivce2026/blobServices/default/containers/invoices",
            "metadata": {},
            "name": "invoices",
            "resource_manager_id": "/subscriptions/84f19c42-fe0d-4412-90f0-aaf3d6fced80/resourceGroups/myapp-orders-invoices/providers/Microsoft.Storage/storageAccounts/myappstorageinvoivce2026/blobServices/default/containers/invoices",
            "storage_account_id": "/subscriptions/84f19c42-fe0d-4412-90f0-aaf3d6fced80/resourceGroups/myapp-orders-invoices/providers/Microsoft.Storage/storageAccounts/myappstorageinvoivce2026",
            "storage_account_name": "",
            "timeouts": null
          },
          "sensitive_attributes": [],
          "private": "eyJlMmJmYjczMC1lY2FhLTExZTYtOGY4OC0zNDM2M2JjN2M0YzAiOnsiY3JlYXRlIjoxODAwMDAwMDAwMDAwLCJkZWxldGUiOjE4MDAwMDAwMDAwMDAsInJlYWQiOjMwMDAwMDAwMDAwMCwidXBkYXRlIjoxODAwMDAwMDAwMDAwfSwic2NoZW1hX3ZlcnNpb24iOiIxIn0=",
          "dependencies": [
            "azurerm_resource_group.main",
            "azurerm_storage_account.storage"
          ]
        }
      ]
    },
    {
      "mode": "managed",
      "type": "azurerm_storage_queue",
      "name": "invoice_queue",
      "provider": "provider[\"registry.terraform.io/hashicorp/azurerm\"]",
      "instances": [
        {
          "schema_version": 1,
          "attributes": {
            "id": "/subscriptions/84f19c42-fe0d-4412-90f0-aaf3d6fced80/resourceGroups/myapp-orders-invoices/providers/Microsoft.Storage/storageAccounts/myappstorageinvoivce2026/queueServices/default/queues/invoice-queue",
            "metadata": null,
            "name": "invoice-queue",
            "resource_manager_id": "/subscriptions/84f19c42-fe0d-4412-90f0-aaf3d6fced80/resourceGroups/myapp-orders-invoices/providers/Microsoft.Storage/storageAccounts/myappstorageinvoivce2026/queueServices/default/queues/invoice-queue",
            "storage_account_id": "/subscriptions/84f19c42-fe0d-4412-90f0-aaf3d6fced80/resourceGroups/myapp-orders-invoices/providers/Microsoft.Storage/storageAccounts/myappstorageinvoivce2026",
            "storage_account_name": "",
            "timeouts": null,
            "url": "https://myappstorageinvoivce2026.queue.core.windows.net/invoice-queue"
          },
          "sensitive_attributes": [],
          "private": "eyJlMmJmYjczMC1lY2FhLTExZTYtOGY4OC0zNDM2M2JjN2M0YzAiOnsiY3JlYXRlIjoxODAwMDAwMDAwMDAwLCJkZWxldGUiOjE4MDAwMDAwMDAwMDAsInJlYWQiOjMwMDAwMDAwMDAwMCwidXBkYXRlIjoxODAwMDAwMDAwMDAwfSwic2NoZW1hX3ZlcnNpb24iOiIxIn0=",
          "dependencies": [
            "azurerm_resource_group.main",
            "azurerm_storage_account.storage"
          ]
        }
      ]
    }
  ],
  "check_results": null
}
