{
  "version": 4,
  "terraform_version": "1.5.7",
  "serial": 98,
  "lineage": "37d8bd48-b2b5-3c6e-1647-527be9e75981",
  "outputs": {
    "acr_admin_password": {
      "value": "CvWarHkt9ENmgIidhi1Q6W5DowtwzDlnmhVWE9e0Jhmh0gKNx5fwJQQJ99CBACgEuAYEqg7NAAACAZCRiqPb",
      "type": "string",
      "sensitive": true
    },
    "acr_admin_username": {
      "value": "myappacrinv2026",
      "type": "string"
    },
    "acr_login_server": {
      "value": "myappacrinv2026.azurecr.io",
      "type": "string"
    },
    "aks_cluster_name": {
      "value": "myapp-aks-order-invoice",
      "type": "string"
    },
    "resource_group_name": {
      "value": "myapp-orders-invoices",
      "type": "string"
    },
    "storage_account_key": {
      "value": "4F9UPSicu/JOvpUW3CSmakra7S4ta2dThzxDPzYkGYuGD+X17eI8Y8sU1t68G0LfiliHiHZhy05v+AStQZsZGg==",
      "type": "string",
      "sensitive": true
    },
    "storage_account_name": {
      "value": "myappstorageinvoice2026",
      "type": "string"
    },
    "storage_connection_string": {
      "value": "DefaultEndpointsProtocol=https;AccountName=myappstorageinvoice2026;AccountKey=4F9UPSicu/JOvpUW3CSmakra7S4ta2dThzxDPzYkGYuGD+X17eI8Y8sU1t68G0LfiliHiHZhy05v+AStQZsZGg==;EndpointSuffix=core.windows.net",
      "type": "string",
      "sensitive": true
    }
  },
  "resources": [
    {
      "mode": "data",
      "type": "azurerm_client_config",
      "name": "current",
      "provider": "provider[\"registry.terraform.io/hashicorp/azurerm\"]",
      "instances": [
        {
          "schema_version": 0,
          "attributes": {
            "client_id": "04b07795-8ddb-461a-bbee-02f9e1bf7b46",
            "id": "Y2xpZW50Q29uZmlncy9jbGllbnRJZD0wNGIwNzc5NS04ZGRiLTQ2MWEtYmJlZS0wMmY5ZTFiZjdiNDY7b2JqZWN0SWQ9MzMyNTUxNDMtYzM0ZS00MDEwLWE0YzEtMWU4M2I0M2ZkMTE2O3N1YnNjcmlwdGlvbklkPTVkNGQ3OGRjLTdkZjYtNGY3Ni1iNDc2LWY0NzdiMzRlNTFlYjt0ZW5hbnRJZD1hZGE1NzVmNi00ZTkxLTRkMWQtYWE4OS05YjJkOWY1ODEwZTM=",
            "object_id": "33255143-c34e-4010-a4c1-1e83b43fd116",
            "subscription_id": "5d4d78dc-7df6-4f76-b476-f477b34e51eb",
            "tenant_id": "ada575f6-4e91-4d1d-aa89-9b2d9f5810e3",
            "timeouts": null
          },
          "sensitive_attributes": []
        }
      ]
    },
    {
      "mode": "managed",
      "type": "azurerm_container_app",
      "name": "app",
      "provider": "provider[\"registry.terraform.io/hashicorp/azurerm\"]",
      "instances": [
        {
          "schema_version": 0,
          "attributes": {
            "container_app_environment_id": "/subscriptions/5d4d78dc-7df6-4f76-b476-f477b34e51eb/resourceGroups/myapp-orders-invoices/providers/Microsoft.App/managedEnvironments/myapp-env",
            "custom_domain_verification_id": "16473AB492D3575A2A89FF0CAE62351CF281CBF9B07E843C2C3DF7AB62643016",
            "dapr": [],
            "id": "/subscriptions/5d4d78dc-7df6-4f76-b476-f477b34e51eb/resourceGroups/myapp-orders-invoices/providers/Microsoft.App/containerApps/invoice-worker",
            "identity": [
              {
                "identity_ids": [
                  "/subscriptions/5d4d78dc-7df6-4f76-b476-f477b34e51eb/resourceGroups/myapp-orders-invoices/providers/Microsoft.ManagedIdentity/userAssignedIdentities/myapp-aca-identity"
                ],
                "principal_id": "",
                "tenant_id": "",
                "type": "UserAssigned"
              }
            ],
            "ingress": [],
            "latest_revision_fqdn": "",
            "latest_revision_name": "invoice-worker--lm47t1z",
            "location": "italynorth",
            "max_inactive_revisions": 0,
            "name": "invoice-worker",
            "outbound_ip_addresses": [
              "4.232.216.223",
              "4.232.216.232",
              "4.232.216.240",
              "4.232.216.233",
              "172.213.194.172",
              "172.213.194.150",
              "172.213.194.184",
              "172.213.194.148",
              "172.213.194.157",
              "172.213.194.146",
              "4.232.216.124",
              "4.232.216.181",
              "4.232.216.239",
              "4.232.216.96",
              "172.213.196.51",
              "172.213.196.82",
              "172.213.196.79",
              "172.213.196.80",
              "172.213.196.77",
              "172.213.196.65",
              "4.232.189.182",
              "172.213.216.24",
              "72.146.29.76",
              "72.146.14.133",
              "72.146.14.138",
              "172.213.210.149",
              "4.232.189.91",
              "4.232.189.225",
              "172.213.216.88",
              "172.213.226.119",
              "4.232.6.38"
            ],
            "registry": [
              {
                "identity": "/subscriptions/5d4d78dc-7df6-4f76-b476-f477b34e51eb/resourceGroups/myapp-orders-invoices/providers/Microsoft.ManagedIdentity/userAssignedIdentities/myapp-aca-identity",
                "password_secret_name": "",
                "server": "myappacrinv2026.azurecr.io",
                "username": ""
              }
            ],
            "resource_group_name": "myapp-orders-invoices",
            "revision_mode": "Single",
            "secret": [
              {
                "identity": "/subscriptions/5d4d78dc-7df6-4f76-b476-f477b34e51eb/resourceGroups/myapp-orders-invoices/providers/Microsoft.ManagedIdentity/userAssignedIdentities/myapp-aca-identity",
                "key_vault_secret_id": "https://myapp-kv-inv2026.vault.azure.net/secrets/postgres-db/1aba0075a08c459f9d0deb491e6250f0",
                "name": "postgres-db",
                "value": ""
              },
              {
                "identity": "/subscriptions/5d4d78dc-7df6-4f76-b476-f477b34e51eb/resourceGroups/myapp-orders-invoices/providers/Microsoft.ManagedIdentity/userAssignedIdentities/myapp-aca-identity",
                "key_vault_secret_id": "https://myapp-kv-inv2026.vault.azure.net/secrets/postgres-password/94007488f6f142fa82c8e4f45b524650",
                "name": "postgres-password",
                "value": ""
              },
              {
                "identity": "/subscriptions/5d4d78dc-7df6-4f76-b476-f477b34e51eb/resourceGroups/myapp-orders-invoices/providers/Microsoft.ManagedIdentity/userAssignedIdentities/myapp-aca-identity",
                "key_vault_secret_id": "https://myapp-kv-inv2026.vault.azure.net/secrets/postgres-user/e2540ff9abdc4938a8cf1d8e6c35001c",
                "name": "postgres-user",
                "value": ""
              },
              {
                "identity": "/subscriptions/5d4d78dc-7df6-4f76-b476-f477b34e51eb/resourceGroups/myapp-orders-invoices/providers/Microsoft.ManagedIdentity/userAssignedIdentities/myapp-aca-identity",
                "key_vault_secret_id": "https://myapp-kv-inv2026.vault.azure.net/secrets/storage-connection-string/ba4aa1eac09e4527b2ec218da36bdbea",
                "name": "storage-connection-string",
                "value": ""
              }
            ],
            "tags": null,
            "template": [
              {
                "azure_queue_scale_rule": [],
                "container": [
                  {
                    "args": null,
                    "command": null,
                    "cpu": 0.25,
                    "env": [
                      {
                        "name": "DB_USER",
                        "secret_name": "postgres-user",
                        "value": ""
                      },
                      {
                        "name": "DB_PASSWORD",
                        "secret_name": "postgres-password",
                        "value": ""
                      },
                      {
                        "name": "DB_NAME",
                        "secret_name": "postgres-db",
                        "value": ""
                      },
                      {
                        "name": "AZURE_STORAGE_CONNECTION_STRING",
                        "secret_name": "storage-connection-string",
                        "value": ""
                      },
                      {
                        "name": "DB_HOST",
                        "secret_name": "",
                        "value": "postgres.default.svc.cluster.local"
                      },
                      {
                        "name": "DB_PORT",
                        "secret_name": "",
                        "value": "5432"
                      },
                      {
                        "name": "DB_SSLMODE",
                        "secret_name": "",
                        "value": "disable"
                      },
                      {
                        "name": "BLOB_CONTAINER_NAME",
                        "secret_name": "",
                        "value": "invoices"
                      },
                      {
                        "name": "QUEUE_NAME",
                        "secret_name": "",
                        "value": "invoice-queue"
                      },
                      {
                        "name": "ENV",
                        "secret_name": "",
                        "value": "dev"
                      },
                      {
                        "name": "LOG_LEVEL",
                        "secret_name": "",
                        "value": "debug"
                      }
                    ],
                    "ephemeral_storage": "1Gi",
                    "image": "myappacrinv2026.azurecr.io/invoice-worker:latest",
                    "liveness_probe": [],
                    "memory": "0.5Gi",
                    "name": "invoice-worker",
                    "readiness_probe": [],
                    "startup_probe": [],
                    "volume_mounts": []
                  }
                ],
                "cooldown_period_in_seconds": 300,
                "custom_scale_rule": [],
                "http_scale_rule": [],
                "init_container": [],
                "max_replicas": 5,
                "min_replicas": 0,
                "polling_interval_in_seconds": 30,
                "revision_suffix": "",
                "tcp_scale_rule": [],
                "termination_grace_period_seconds": 0,
                "volume": []
              }
            ],
            "timeouts": null,
            "workload_profile_name": "Consumption"
          },
          "sensitive_attributes": [],
          "private": "eyJlMmJmYjczMC1lY2FhLTExZTYtOGY4OC0zNDM2M2JjN2M0YzAiOnsiY3JlYXRlIjoxODAwMDAwMDAwMDAwLCJkZWxldGUiOjE4MDAwMDAwMDAwMDAsInJlYWQiOjMwMDAwMDAwMDAwMCwidXBkYXRlIjoxODAwMDAwMDAwMDAwfX0=",
          "dependencies": [
            "azurerm_container_app_environment.env",
            "azurerm_container_registry.acr",
            "azurerm_key_vault_secret.postgres_db",
            "azurerm_key_vault_secret.postgres_password",
            "azurerm_key_vault_secret.postgres_user",
            "azurerm_key_vault_secret.storage_connection_string",
            "azurerm_resource_group.main",
            "azurerm_storage_container.invoices",
            "azurerm_storage_queue.invoice_queue",
            "azurerm_subnet.aca_subnet",
            "azurerm_user_assigned_identity.aca_identity",
            "azurerm_virtual_network.aca_vnet"
          ]
        }
      ]
    },
    {
      "mode": "managed",
      "type": "azurerm_container_app_environment",
      "name": "env",
      "provider": "provider[\"registry.terraform.io/hashicorp/azurerm\"]",
      "instances": [
        {
          "schema_version": 0,
          "attributes": {
            "custom_domain_verification_id": "16473AB492D3575A2A89FF0CAE62351CF281CBF9B07E843C2C3DF7AB62643016",
            "dapr_application_insights_connection_string": "",
            "default_domain": "blackcoast-d1fdd685.italynorth.azurecontainerapps.io",
            "docker_bridge_cidr": "",
            "id": "/subscriptions/5d4d78dc-7df6-4f76-b476-f477b34e51eb/resourceGroups/myapp-orders-invoices/providers/Microsoft.App/managedEnvironments/myapp-env",
            "identity": [],
            "infrastructure_resource_group_name": "ME_myapp-env_myapp-orders-invoices_italynorth",
            "infrastructure_subnet_id": "/subscriptions/5d4d78dc-7df6-4f76-b476-f477b34e51eb/resourceGroups/myapp-orders-invoices/providers/Microsoft.Network/virtualNetworks/aca-vnet/subnets/aca-subnet",
            "internal_load_balancer_enabled": false,
            "location": "italynorth",
            "log_analytics_workspace_id": "",
            "logs_destination": "",
            "mutual_tls_enabled": false,
            "name": "myapp-env",
            "platform_reserved_cidr": "",
            "platform_reserved_dns_ip_address": "",
            "public_network_access": "Enabled",
            "resource_group_name": "myapp-orders-invoices",
            "static_ip_address": "9.235.8.250",
            "tags": {
              "environment": "dev",
              "managed_by": "terraform",
              "project": "order-invoice-system"
            },
            "timeouts": null,
            "workload_profile": [],
            "zone_redundancy_enabled": false
          },
          "sensitive_attributes": [],
          "private": "eyJlMmJmYjczMC1lY2FhLTExZTYtOGY4OC0zNDM2M2JjN2M0YzAiOnsiY3JlYXRlIjoxODAwMDAwMDAwMDAwLCJkZWxldGUiOjE4MDAwMDAwMDAwMDAsInJlYWQiOjMwMDAwMDAwMDAwMCwidXBkYXRlIjoxODAwMDAwMDAwMDAwfX0=",
          "dependencies": [
            "azurerm_resource_group.main",
            "azurerm_subnet.aca_subnet",
            "azurerm_virtual_network.aca_vnet"
          ]
        }
      ]
    },
    {
      "mode": "managed",
      "type": "azurerm_container_registry",
      "name": "acr",
      "provider": "provider[\"registry.terraform.io/hashicorp/azurerm\"]",
      "instances": [
        {
          "schema_version": 2,
          "attributes": {
            "admin_enabled": true,
            "admin_password": "CvWarHkt9ENmgIidhi1Q6W5DowtwzDlnmhVWE9e0Jhmh0gKNx5fwJQQJ99CBACgEuAYEqg7NAAACAZCRiqPb",
            "admin_username": "myappacrinv2026",
            "anonymous_pull_enabled": false,
            "data_endpoint_enabled": false,
            "data_endpoint_host_names": [],
            "encryption": [],
            "export_policy_enabled": true,
            "georeplications": [],
            "id": "/subscriptions/5d4d78dc-7df6-4f76-b476-f477b34e51eb/resourceGroups/myapp-orders-invoices/providers/Microsoft.ContainerRegistry/registries/myappacrinv2026",
            "identity": [],
            "location": "italynorth",
            "login_server": "myappacrinv2026.azurecr.io",
            "name": "myappacrinv2026",
            "network_rule_bypass_option": "AzureServices",
            "network_rule_set": [],
            "public_network_access_enabled": true,
            "quarantine_policy_enabled": false,
            "resource_group_name": "myapp-orders-invoices",
            "retention_policy_in_days": 0,
            "sku": "Basic",
            "tags": {
              "environment": "dev",
              "managed_by": "terraform",
              "project": "order-invoice-system"
            },
            "timeouts": null,
            "trust_policy_enabled": false,
            "zone_redundancy_enabled": false
          },
          "sensitive_attributes": [],
          "private": "eyJlMmJmYjczMC1lY2FhLTExZTYtOGY4OC0zNDM2M2JjN2M0YzAiOnsiY3JlYXRlIjoxODAwMDAwMDAwMDAwLCJkZWxldGUiOjE4MDAwMDAwMDAwMDAsInJlYWQiOjMwMDAwMDAwMDAwMCwidXBkYXRlIjoxODAwMDAwMDAwMDAwfSwic2NoZW1hX3ZlcnNpb24iOiIyIn0=",
          "dependencies": [
            "azurerm_resource_group.main"
          ]
        }
      ]
    },
    {
      "mode": "managed",
      "type": "azurerm_key_vault",
      "name": "main",
      "provider": "provider[\"registry.terraform.io/hashicorp/azurerm\"]",
      "instances": [
        {
          "schema_version": 2,
          "attributes": {
            "access_policy": [
              {
                "application_id": "",
                "certificate_permissions": [],
                "key_permissions": [],
                "object_id": "524dadb1-3cc1-4f48-a97a-ee8d40a91175",
                "secret_permissions": [
                  "Get",
                  "List"
                ],
                "storage_permissions": [],
                "tenant_id": "ada575f6-4e91-4d1d-aa89-9b2d9f5810e3"
              },
              {
                "application_id": "",
                "certificate_permissions": [],
                "key_permissions": [],
                "object_id": "33255143-c34e-4010-a4c1-1e83b43fd116",
                "secret_permissions": [
                  "Get",
                  "List",
                  "Set",
                  "Delete",
                  "Purge"
                ],
                "storage_permissions": [],
                "tenant_id": "ada575f6-4e91-4d1d-aa89-9b2d9f5810e3"
              },
              {
                "application_id": "",
                "certificate_permissions": [],
                "key_permissions": [],
                "object_id": "6a3136a3-aded-417f-9771-4b31f8e5a54c",
                "secret_permissions": [
                  "Get",
                  "List"
                ],
                "storage_permissions": [],
                "tenant_id": "ada575f6-4e91-4d1d-aa89-9b2d9f5810e3"
              }
            ],
            "contact": [],
            "enable_rbac_authorization": false,
            "enabled_for_deployment": false,
            "enabled_for_disk_encryption": false,
            "enabled_for_template_deployment": false,
            "id": "/subscriptions/5d4d78dc-7df6-4f76-b476-f477b34e51eb/resourceGroups/myapp-orders-invoices/providers/Microsoft.KeyVault/vaults/myapp-kv-inv2026",
            "location": "italynorth",
            "name": "myapp-kv-inv2026",
            "network_acls": [
              {
                "bypass": "AzureServices",
                "default_action": "Allow",
                "ip_rules": [],
                "virtual_network_subnet_ids": []
              }
            ],
            "public_network_access_enabled": true,
            "purge_protection_enabled": false,
            "rbac_authorization_enabled": false,
            "resource_group_name": "myapp-orders-invoices",
            "sku_name": "standard",
            "soft_delete_retention_days": 7,
            "tags": {
              "environment": "dev",
              "managed_by": "terraform",
              "project": "order-invoice-system"
            },
            "tenant_id": "ada575f6-4e91-4d1d-aa89-9b2d9f5810e3",
            "timeouts": null,
            "vault_uri": "https://myapp-kv-inv2026.vault.azure.net/"
          },
          "sensitive_attributes": [],
          "private": "eyJlMmJmYjczMC1lY2FhLTExZTYtOGY4OC0zNDM2M2JjN2M0YzAiOnsiY3JlYXRlIjoxODAwMDAwMDAwMDAwLCJkZWxldGUiOjE4MDAwMDAwMDAwMDAsInJlYWQiOjMwMDAwMDAwMDAwMCwidXBkYXRlIjoxODAwMDAwMDAwMDAwfSwic2NoZW1hX3ZlcnNpb24iOiIyIn0=",
          "dependencies": [
            "azurerm_resource_group.main",
            "data.azurerm_client_config.current"
          ]
        }
      ]
    },
    {
      "mode": "managed",
      "type": "azurerm_key_vault_access_policy",
      "name": "aca",
      "provider": "provider[\"registry.terraform.io/hashicorp/azurerm\"]",
      "instances": [
        {
          "schema_version": 0,
          "attributes": {
            "application_id": "",
            "certificate_permissions": [],
            "id": "/subscriptions/5d4d78dc-7df6-4f76-b476-f477b34e51eb/resourceGroups/myapp-orders-invoices/providers/Microsoft.KeyVault/vaults/myapp-kv-inv2026/objectId/524dadb1-3cc1-4f48-a97a-ee8d40a91175",
            "key_permissions": [],
            "key_vault_id": "/subscriptions/5d4d78dc-7df6-4f76-b476-f477b34e51eb/resourceGroups/myapp-orders-invoices/providers/Microsoft.KeyVault/vaults/myapp-kv-inv2026",
            "object_id": "524dadb1-3cc1-4f48-a97a-ee8d40a91175",
            "secret_permissions": [
              "Get",
              "List"
            ],
            "storage_permissions": [],
            "tenant_id": "ada575f6-4e91-4d1d-aa89-9b2d9f5810e3",
            "timeouts": null
          },
          "sensitive_attributes": [],
          "private": "eyJlMmJmYjczMC1lY2FhLTExZTYtOGY4OC0zNDM2M2JjN2M0YzAiOnsiY3JlYXRlIjoxODAwMDAwMDAwMDAwLCJkZWxldGUiOjE4MDAwMDAwMDAwMDAsInJlYWQiOjMwMDAwMDAwMDAwMCwidXBkYXRlIjoxODAwMDAwMDAwMDAwfX0=",
          "dependencies": [
            "azurerm_key_vault.main",
            "azurerm_resource_group.main",
            "azurerm_user_assigned_identity.aca_identity",
            "data.azurerm_client_config.current"
          ]
        }
      ]
    },
    {
      "mode": "managed",
      "type": "azurerm_key_vault_access_policy",
      "name": "aks",
      "provider": "provider[\"registry.terraform.io/hashicorp/azurerm\"]",
      "instances": [
        {
          "schema_version": 0,
          "attributes": {
            "application_id": "",
            "certificate_permissions": [],
            "id": "/subscriptions/5d4d78dc-7df6-4f76-b476-f477b34e51eb/resourceGroups/myapp-orders-invoices/providers/Microsoft.KeyVault/vaults/myapp-kv-inv2026/objectId/6a3136a3-aded-417f-9771-4b31f8e5a54c",
            "key_permissions": [],
            "key_vault_id": "/subscriptions/5d4d78dc-7df6-4f76-b476-f477b34e51eb/resourceGroups/myapp-orders-invoices/providers/Microsoft.KeyVault/vaults/myapp-kv-inv2026",
            "object_id": "6a3136a3-aded-417f-9771-4b31f8e5a54c",
            "secret_permissions": [
              "Get",
              "List"
            ],
            "storage_permissions": [],
            "tenant_id": "ada575f6-4e91-4d1d-aa89-9b2d9f5810e3",
            "timeouts": null
          },
          "sensitive_attributes": [],
          "private": "eyJlMmJmYjczMC1lY2FhLTExZTYtOGY4OC0zNDM2M2JjN2M0YzAiOnsiY3JlYXRlIjoxODAwMDAwMDAwMDAwLCJkZWxldGUiOjE4MDAwMDAwMDAwMDAsInJlYWQiOjMwMDAwMDAwMDAwMCwidXBkYXRlIjoxODAwMDAwMDAwMDAwfX0=",
          "dependencies": [
            "azurerm_key_vault.main",
            "azurerm_kubernetes_cluster.aks",
            "azurerm_resource_group.main",
            "azurerm_subnet.aks_subnet",
            "azurerm_virtual_network.aks_vnet",
            "data.azurerm_client_config.current"
          ]
        }
      ]
    },
    {
      "mode": "managed",
      "type": "azurerm_key_vault_access_policy",
      "name": "terraform",
      "provider": "provider[\"registry.terraform.io/hashicorp/azurerm\"]",
      "instances": [
        {
          "schema_version": 0,
          "attributes": {
            "application_id": "",
            "certificate_permissions": [],
            "id": "/subscriptions/5d4d78dc-7df6-4f76-b476-f477b34e51eb/resourceGroups/myapp-orders-invoices/providers/Microsoft.KeyVault/vaults/myapp-kv-inv2026/objectId/33255143-c34e-4010-a4c1-1e83b43fd116",
            "key_permissions": [],
            "key_vault_id": "/subscriptions/5d4d78dc-7df6-4f76-b476-f477b34e51eb/resourceGroups/myapp-orders-invoices/providers/Microsoft.KeyVault/vaults/myapp-kv-inv2026",
            "object_id": "33255143-c34e-4010-a4c1-1e83b43fd116",
            "secret_permissions": [
              "Get",
              "List",
              "Set",
              "Delete",
              "Purge"
            ],
            "storage_permissions": [],
            "tenant_id": "ada575f6-4e91-4d1d-aa89-9b2d9f5810e3",
            "timeouts": null
          },
          "sensitive_attributes": [],
          "private": "eyJlMmJmYjczMC1lY2FhLTExZTYtOGY4OC0zNDM2M2JjN2M0YzAiOnsiY3JlYXRlIjoxODAwMDAwMDAwMDAwLCJkZWxldGUiOjE4MDAwMDAwMDAwMDAsInJlYWQiOjMwMDAwMDAwMDAwMCwidXBkYXRlIjoxODAwMDAwMDAwMDAwfX0=",
          "dependencies": [
            "azurerm_key_vault.main",
            "azurerm_resource_group.main",
            "data.azurerm_client_config.current"
          ]
        }
      ]
    },
    {
      "mode": "managed",
      "type": "azurerm_key_vault_secret",
      "name": "postgres_db",
      "provider": "provider[\"registry.terraform.io/hashicorp/azurerm\"]",
      "instances": [
        {
          "schema_version": 0,
          "attributes": {
            "content_type": "",
            "expiration_date": "",
            "id": "https://myapp-kv-inv2026.vault.azure.net/secrets/postgres-db/1aba0075a08c459f9d0deb491e6250f0",
            "key_vault_id": "/subscriptions/5d4d78dc-7df6-4f76-b476-f477b34e51eb/resourceGroups/myapp-orders-invoices/providers/Microsoft.KeyVault/vaults/myapp-kv-inv2026",
            "name": "postgres-db",
            "not_before_date": "",
            "resource_id": "/subscriptions/5d4d78dc-7df6-4f76-b476-f477b34e51eb/resourceGroups/myapp-orders-invoices/providers/Microsoft.KeyVault/vaults/myapp-kv-inv2026/secrets/postgres-db/versions/1aba0075a08c459f9d0deb491e6250f0",
            "resource_versionless_id": "/subscriptions/5d4d78dc-7df6-4f76-b476-f477b34e51eb/resourceGroups/myapp-orders-invoices/providers/Microsoft.KeyVault/vaults/myapp-kv-inv2026/secrets/postgres-db",
            "tags": {},
            "timeouts": null,
            "value": "orders",
            "value_wo": null,
            "value_wo_version": 0,
            "version": "1aba0075a08c459f9d0deb491e6250f0",
            "versionless_id": "https://myapp-kv-inv2026.vault.azure.net/secrets/postgres-db"
          },
          "sensitive_attributes": [],
          "private": "eyJlMmJmYjczMC1lY2FhLTExZTYtOGY4OC0zNDM2M2JjN2M0YzAiOnsiY3JlYXRlIjoxODAwMDAwMDAwMDAwLCJkZWxldGUiOjE4MDAwMDAwMDAwMDAsInJlYWQiOjE4MDAwMDAwMDAwMDAsInVwZGF0ZSI6MTgwMDAwMDAwMDAwMH19",
          "dependencies": [
            "azurerm_key_vault.main",
            "azurerm_resource_group.main",
            "data.azurerm_client_config.current"
          ]
        }
      ]
    },
    {
      "mode": "managed",
      "type": "azurerm_key_vault_secret",
      "name": "postgres_password",
      "provider": "provider[\"registry.terraform.io/hashicorp/azurerm\"]",
      "instances": [
        {
          "schema_version": 0,
          "attributes": {
            "content_type": "",
            "expiration_date": "",
            "id": "https://myapp-kv-inv2026.vault.azure.net/secrets/postgres-password/94007488f6f142fa82c8e4f45b524650",
            "key_vault_id": "/subscriptions/5d4d78dc-7df6-4f76-b476-f477b34e51eb/resourceGroups/myapp-orders-invoices/providers/Microsoft.KeyVault/vaults/myapp-kv-inv2026",
            "name": "postgres-password",
            "not_before_date": "",
            "resource_id": "/subscriptions/5d4d78dc-7df6-4f76-b476-f477b34e51eb/resourceGroups/myapp-orders-invoices/providers/Microsoft.KeyVault/vaults/myapp-kv-inv2026/secrets/postgres-password/versions/94007488f6f142fa82c8e4f45b524650",
            "resource_versionless_id": "/subscriptions/5d4d78dc-7df6-4f76-b476-f477b34e51eb/resourceGroups/myapp-orders-invoices/providers/Microsoft.KeyVault/vaults/myapp-kv-inv2026/secrets/postgres-password",
            "tags": {},
            "timeouts": null,
            "value": "SecurePassword123!",
            "value_wo": null,
            "value_wo_version": 0,
            "version": "94007488f6f142fa82c8e4f45b524650",
            "versionless_id": "https://myapp-kv-inv2026.vault.azure.net/secrets/postgres-password"
          },
          "sensitive_attributes": [
            [
              {
                "type": "get_attr",
                "value": "value"
              }
            ]
          ],
          "private": "eyJlMmJmYjczMC1lY2FhLTExZTYtOGY4OC0zNDM2M2JjN2M0YzAiOnsiY3JlYXRlIjoxODAwMDAwMDAwMDAwLCJkZWxldGUiOjE4MDAwMDAwMDAwMDAsInJlYWQiOjE4MDAwMDAwMDAwMDAsInVwZGF0ZSI6MTgwMDAwMDAwMDAwMH19",
          "dependencies": [
            "azurerm_key_vault.main",
            "azurerm_resource_group.main",
            "data.azurerm_client_config.current"
          ]
        }
      ]
    },
    {
      "mode": "managed",
      "type": "azurerm_key_vault_secret",
      "name": "postgres_user",
      "provider": "provider[\"registry.terraform.io/hashicorp/azurerm\"]",
      "instances": [
        {
          "schema_version": 0,
          "attributes": {
            "content_type": "",
            "expiration_date": "",
            "id": "https://myapp-kv-inv2026.vault.azure.net/secrets/postgres-user/e2540ff9abdc4938a8cf1d8e6c35001c",
            "key_vault_id": "/subscriptions/5d4d78dc-7df6-4f76-b476-f477b34e51eb/resourceGroups/myapp-orders-invoices/providers/Microsoft.KeyVault/vaults/myapp-kv-inv2026",
            "name": "postgres-user",
            "not_before_date": "",
            "resource_id": "/subscriptions/5d4d78dc-7df6-4f76-b476-f477b34e51eb/resourceGroups/myapp-orders-invoices/providers/Microsoft.KeyVault/vaults/myapp-kv-inv2026/secrets/postgres-user/versions/e2540ff9abdc4938a8cf1d8e6c35001c",
            "resource_versionless_id": "/subscriptions/5d4d78dc-7df6-4f76-b476-f477b34e51eb/resourceGroups/myapp-orders-invoices/providers/Microsoft.KeyVault/vaults/myapp-kv-inv2026/secrets/postgres-user",
            "tags": {},
            "timeouts": null,
            "value": "postgres",
            "value_wo": null,
            "value_wo_version": 0,
            "version": "e2540ff9abdc4938a8cf1d8e6c35001c",
            "versionless_id": "https://myapp-kv-inv2026.vault.azure.net/secrets/postgres-user"
          },
          "sensitive_attributes": [],
          "private": "eyJlMmJmYjczMC1lY2FhLTExZTYtOGY4OC0zNDM2M2JjN2M0YzAiOnsiY3JlYXRlIjoxODAwMDAwMDAwMDAwLCJkZWxldGUiOjE4MDAwMDAwMDAwMDAsInJlYWQiOjE4MDAwMDAwMDAwMDAsInVwZGF0ZSI6MTgwMDAwMDAwMDAwMH19",
          "dependencies": [
            "azurerm_key_vault.main",
            "azurerm_resource_group.main",
            "data.azurerm_client_config.current"
          ]
        }
      ]
    },
    {
      "mode": "managed",
      "type": "azurerm_key_vault_secret",
      "name": "storage_connection_string",
      "provider": "provider[\"registry.terraform.io/hashicorp/azurerm\"]",
      "instances": [
        {
          "schema_version": 0,
          "attributes": {
            "content_type": "",
            "expiration_date": "",
            "id": "https://myapp-kv-inv2026.vault.azure.net/secrets/storage-connection-string/ba4aa1eac09e4527b2ec218da36bdbea",
            "key_vault_id": "/subscriptions/5d4d78dc-7df6-4f76-b476-f477b34e51eb/resourceGroups/myapp-orders-invoices/providers/Microsoft.KeyVault/vaults/myapp-kv-inv2026",
            "name": "storage-connection-string",
            "not_before_date": "",
            "resource_id": "/subscriptions/5d4d78dc-7df6-4f76-b476-f477b34e51eb/resourceGroups/myapp-orders-invoices/providers/Microsoft.KeyVault/vaults/myapp-kv-inv2026/secrets/storage-connection-string/versions/ba4aa1eac09e4527b2ec218da36bdbea",
            "resource_versionless_id": "/subscriptions/5d4d78dc-7df6-4f76-b476-f477b34e51eb/resourceGroups/myapp-orders-invoices/providers/Microsoft.KeyVault/vaults/myapp-kv-inv2026/secrets/storage-connection-string",
            "tags": {},
            "timeouts": null,
            "value": "DefaultEndpointsProtocol=https;AccountName=myappstorageinvoice2026;AccountKey=4F9UPSicu/JOvpUW3CSmakra7S4ta2dThzxDPzYkGYuGD+X17eI8Y8sU1t68G0LfiliHiHZhy05v+AStQZsZGg==;EndpointSuffix=core.windows.net",
            "value_wo": null,
            "value_wo_version": 0,
            "version": "ba4aa1eac09e4527b2ec218da36bdbea",
            "versionless_id": "https://myapp-kv-inv2026.vault.azure.net/secrets/storage-connection-string"
          },
          "sensitive_attributes": [
            [
              {
                "type": "get_attr",
                "value": "value"
              }
            ]
          ],
          "private": "eyJlMmJmYjczMC1lY2FhLTExZTYtOGY4OC0zNDM2M2JjN2M0YzAiOnsiY3JlYXRlIjoxODAwMDAwMDAwMDAwLCJkZWxldGUiOjE4MDAwMDAwMDAwMDAsInJlYWQiOjE4MDAwMDAwMDAwMDAsInVwZGF0ZSI6MTgwMDAwMDAwMDAwMH19",
          "dependencies": [
            "azurerm_key_vault.main",
            "azurerm_resource_group.main",
            "azurerm_storage_account.storage",
            "data.azurerm_client_config.current"
          ]
        }
      ]
    },
    {
      "mode": "managed",
      "type": "azurerm_kubernetes_cluster",
      "name": "aks",
      "provider": "provider[\"registry.terraform.io/hashicorp/azurerm\"]",
      "instances": [
        {
          "schema_version": 2,
          "attributes": {
            "aci_connector_linux": [],
            "ai_toolchain_operator_enabled": false,
            "api_server_access_profile": [],
            "auto_scaler_profile": [],
            "automatic_upgrade_channel": "",
            "azure_active_directory_role_based_access_control": [],
            "azure_policy_enabled": false,
            "bootstrap_profile": [
              {
                "artifact_source": "Direct",
                "container_registry_id": ""
              }
            ],
            "confidential_computing": [],
            "cost_analysis_enabled": false,
            "current_kubernetes_version": "1.33.6",
            "custom_ca_trust_certificates_base64": [],
            "default_node_pool": [
              {
                "auto_scaling_enabled": false,
                "capacity_reservation_group_id": "",
                "fips_enabled": false,
                "gpu_driver": "",
                "gpu_instance": "",
                "host_encryption_enabled": false,
                "host_group_id": "",
                "kubelet_config": [],
                "kubelet_disk_type": "OS",
                "linux_os_config": [],
                "max_count": 0,
                "max_pods": 30,
                "min_count": 0,
                "name": "default",
                "node_count": 1,
                "node_labels": {},
                "node_network_profile": [],
                "node_public_ip_enabled": false,
                "node_public_ip_prefix_id": "",
                "only_critical_addons_enabled": false,
                "orchestrator_version": "1.33",
                "os_disk_size_gb": 128,
                "os_disk_type": "Managed",
                "os_sku": "Ubuntu",
                "pod_subnet_id": "",
                "proximity_placement_group_id": "",
                "scale_down_mode": "Delete",
                "snapshot_id": "",
                "tags": {},
                "temporary_name_for_rotation": "",
                "type": "VirtualMachineScaleSets",
                "ultra_ssd_enabled": false,
                "upgrade_settings": [
                  {
                    "drain_timeout_in_minutes": 0,
                    "max_surge": "10%",
                    "node_soak_duration_in_minutes": 0,
                    "undrainable_node_behavior": ""
                  }
                ],
                "vm_size": "Standard_D2S_v3",
                "vnet_subnet_id": "/subscriptions/5d4d78dc-7df6-4f76-b476-f477b34e51eb/resourceGroups/myapp-orders-invoices/providers/Microsoft.Network/virtualNetworks/aks-vnet/subnets/aks-subnet",
                "workload_runtime": "",
                "zones": []
              }
            ],
            "disk_encryption_set_id": "",
            "dns_prefix": "myapp",
            "dns_prefix_private_cluster": "",
            "edge_zone": "",
            "fqdn": "myapp-40kjaltd.hcp.italynorth.azmk8s.io",
            "http_application_routing_enabled": false,
            "http_application_routing_zone_name": "",
            "http_proxy_config": [],
            "id": "/subscriptions/5d4d78dc-7df6-4f76-b476-f477b34e51eb/resourceGroups/myapp-orders-invoices/providers/Microsoft.ContainerService/managedClusters/myapp-aks-order-invoice",
            "identity": [
              {
                "identity_ids": [],
                "principal_id": "e0a3f138-a42a-413c-9279-ac8e7092005b",
                "tenant_id": "ada575f6-4e91-4d1d-aa89-9b2d9f5810e3",
                "type": "SystemAssigned"
              }
            ],
            "image_cleaner_enabled": null,
            "image_cleaner_interval_hours": null,
            "ingress_application_gateway": [],
            "key_management_service": [],
            "key_vault_secrets_provider": [
              {
                "secret_identity": [
                  {
                    "client_id": "3515123a-e99f-4ae8-b7b4-3c9d8fa22361",
                    "object_id": "384914b4-16d3-4930-b8c4-9c5f448ae024",
                    "user_assigned_identity_id": "/subscriptions/5d4d78dc-7df6-4f76-b476-f477b34e51eb/resourcegroups/MC_myapp-orders-invoices_myapp-aks-order-invoice_italynorth/providers/Microsoft.ManagedIdentity/userAssignedIdentities/azurekeyvaultsecretsprovider-myapp-aks-order-invoice"
                  }
                ],
                "secret_rotation_enabled": true,
                "secret_rotation_interval": "2m"
              }
            ],
            "kube_admin_config": [],
            "kube_admin_config_raw": "",
            "kube_config": [
              {
                "client_certificate": "LS0tLS1CRUdJTiBDRVJUSUZJQ0FURS0tLS0tCk1JSUZIVENDQXdXZ0F3SUJBZ0lRZUJiRjNmNFZuMjR1R2MrL0s3QVpVakFOQmdrcWhraUc5dzBCQVFzRkFEQU4KTVFzd0NRWURWUVFERXdKallUQWVGdzB5TmpBeU1EZ3hNVE16TURkYUZ3MHlPREF5TURneE1UUXpNRGRhTURBeApGekFWQmdOVkJBb1REbk41YzNSbGJUcHRZWE4wWlhKek1SVXdFd1lEVlFRREV3eHRZWE4wWlhKamJHbGxiblF3CmdnSWlNQTBHQ1NxR1NJYjNEUUVCQVFVQUE0SUNEd0F3Z2dJS0FvSUNBUURMSS9IZ21oaWNoMzdiMzF5d2p2ZnEKNC8rdEJ4bmQvWFVENVlSVGlJMm5WbHNtVzJ4WTJsSVF2aEZTWXZGL052Z20xRzd6WmpDS0pjbXE3MXQ3UjRaZgpYdHovYUgybGhQcDlWWXNDbUtLd2Q3QzZDQ1c5cEhPRUFqNzNTUUpURnIxa0IwWFdORFFnQ0xsbUUvNmVWK0V5CnEwa2lkUDVyckxjaG9xVFE2V1JTckxBd2hCMkZPUGNBSnY3SldndXJYWVY3c3FLMUV6Vmo3RTZsOE4zQmhTd3kKSTRoNUF1UC9qUlZZUTRMSG1WaHRrMDBHZENkK2VMQnA4MjcyL3graXNyK04raFF4VC9ER2IyQTFKR2lBempBUwpCSHBxRUphYkNUb3JFK2hJQjQweFQ0bVhuN1BrWktXT28zR0xONUZ3bEdrV1F2Z3NUNjVyNkVOQmNrc3BnWFNQCnVnK0lrZlZ3L2x0Zm40dkxMdEVqdklxRUQySG56TnhQazhRMDEzamxFd0RYRm1SYkpXVC9UNjNSWENpQ1M5ZlgKREo2RkV1Q1RjNFFndXV6TEpYdTFqRmh3UVFmR0gzTGszbEdmTHF5ZzBValk2N08yZFVLYTYxek12OG16S0lpRQpZQUp2ZUZjbUM0RE5VdXI4Y29EU0V3ajVOOUY3VE54ZDA4M2w3M1AwL1owMHRnemFyRHpiOHEyYjlUNzgzbWQ5Ck1WWVp4cVRoYS9TbWRuL1lJN0k0d05CNHBaM0lTZisvWkttSUlUaWw2L1FxTXZXZGZCSy9LUTluc0ZoLzViQnEKZFljT0I4U0Q5eHlzRS8zWVBOUnJiNXlpdjFFckVHbTFOb005VlZFclZVY1JHZXhIL0FJWHZ0b3BjOTZFcUJXZApGSDY5d25LaTFjMm9pUG1RbDlWWTlRSURBUUFCbzFZd1ZEQU9CZ05WSFE4QkFmOEVCQU1DQmFBd0V3WURWUjBsCkJBd3dDZ1lJS3dZQkJRVUhBd0l3REFZRFZSMFRBUUgvQkFJd0FEQWZCZ05WSFNNRUdEQVdnQlFSNllDaVBMYkUKaEdYRjV0TjdudFVsV2V1cStqQU5CZ2txaGtpRzl3MEJBUXNGQUFPQ0FnRUFpanFJMWloOUFBYXdYMTg1NEZ3bApzVFR3djVnT0l0TWhjODVUVUtuOXRldldOaWVTUHNlQ2lZcTB4WHE0YmkzS2lGdTA3bGlKY2Jwd3B6ZVNONTJWCnZVcnNDREJMMFVDZ2dOY004S0dvVGFhZE5FRzVjYTZOQ0FWTlNMRy9YUG9iVDFKRGd1a3FZencxOUs5QzBKQ24KemJibkszOGFYMk5WSStpV25oYkVvNkYvQXRHc096TG9DNmVOdDl0MHMyZFEzOGVnVHNWUDhIbkZYcit5dCtBUAp3Slg3OEx4cVlIK0d4UTRycnVrQmlselEzaE45VUhRYmVzWFBVeHEyZmVjcEVHSkMyRFNQUDNvMDlqdnV2dW0xCm95UWZ5Y3pCZW9lODM3R3NuUTdvR2JvaStlRmZMcE1wL0t0MDFINU1tUklmbzdSeWtHTjFIYURYaDFaQmQ0T3AKdGFSZ3BlcjFIK09NLzJaek5lUVI4WHpQUkVXb2ZXS1BoSTNDOENaQlMyRWFUMGdENTVWeGNUODJUd1lXL2xudgptS1FOMHlhOHhFSFZTNlhXZFFvMnkzSzMzM1ZnTDZJUjg4V25nT0JPZURHOFVTV1hab2Vwbk1uS2xOMXRXNDJkClg2amNiejRtRlRrTXBDMzkzZ3JpK3VLMkszTWF2cHp2RE5Ta1lLdGl0alQvQWxTdUh5M2JaQ3ZpNGw3djNrbnkKNWdQaHJMcEtld2NkZ3phdXJkUUdsODlJRUtrOEIrRDRFWm5teENFLzF1aHFGOC9nblZ2SVUvNWJVRSswbWw5bgp1emNGOFNKTVNtRERPWU1Bb0ZnRVVvUjMvVlg3YTdaMGpPL005L05VZENWTEJNeDA5S05ZaDZScmpUWWlDU3I3Ck5ZSWtHY3lDeEdhOHI5aVhTZzY2d3JRPQotLS0tLUVORCBDRVJUSUZJQ0FURS0tLS0tCg==",
                "client_key": "LS0tLS1CRUdJTiBSU0EgUFJJVkFURSBLRVktLS0tLQpNSUlKS1FJQkFBS0NBZ0VBeXlQeDRKb1luSWQrMjk5Y3NJNzM2dVAvclFjWjNmMTFBK1dFVTRpTnAxWmJKbHRzCldOcFNFTDRSVW1MeGZ6YjRKdFJ1ODJZd2lpWEpxdTliZTBlR1gxN2MvMmg5cFlUNmZWV0xBcGlpc0hld3VnZ2wKdmFSemhBSSs5MGtDVXhhOVpBZEYxalEwSUFpNVpoUCtubGZoTXF0SkluVCthNnkzSWFLazBPbGtVcXl3TUlRZApoVGozQUNiK3lWb0xxMTJGZTdLaXRSTTFZK3hPcGZEZHdZVXNNaU9JZVFMai80MFZXRU9DeDVsWWJaTk5CblFuCmZuaXdhZk51OXY4Zm9ySy9qZm9VTVUvd3htOWdOU1JvZ000d0VnUjZhaENXbXdrNkt4UG9TQWVOTVUrSmw1K3oKNUdTbGpxTnhpemVSY0pScEZrTDRMRSt1YStoRFFYSkxLWUYwajdvUGlKSDFjUDViWDUrTHl5N1JJN3lLaEE5aAo1OHpjVDVQRU5OZDQ1Uk1BMXhaa1d5VmsvMCt0MFZ3b2drdlgxd3llaFJMZ2szT0VJTHJzeXlWN3RZeFljRUVICnhoOXk1TjVSbnk2c29ORkkyT3V6dG5WQ211dGN6TC9Kc3lpSWhHQUNiM2hYSmd1QXpWTHEvSEtBMGhNSStUZlIKZTB6Y1hkUE41ZTl6OVAyZE5MWU0ycXc4Mi9LdG0vVSsvTjVuZlRGV0djYWs0V3YwcG5aLzJDT3lPTURRZUtXZAp5RW4vdjJTcGlDRTRwZXYwS2pMMW5Yd1N2eWtQWjdCWWYrV3dhbldIRGdmRWcvY2NyQlA5MkR6VWEyK2NvcjlSCkt4QnB0VGFEUFZWUksxVkhFUm5zUi93Q0Y3N2FLWFBlaEtnVm5SUit2Y0p5b3RYTnFJajVrSmZWV1BVQ0F3RUEKQVFLQ0FnQmNWYmxTNnhnMnhndnVxeWQ1aFhMQkRPT2haWEhuaXBhT3I5dW5FSkc2dHpEMVRXY0JPRE5ITXUyeQpzaEN0VDNJYVRFTW1WWlBJcDRaME1SbzIvZnJoRE1DTlE1U2hFTUcvQ0l3SUlSTUovVTJTTWJQZDhJc2xQTlFjCkdNNTZzQUprSGo0ck1FMWxKaklIYVIwNkloM1ZweSsxL3RIS1paWlVMcGFWOHhCTDEveTZBTU5lVTlkSjlXK28KWEVxam1QM2NqUVVTSTJvSVFsZzVhek9SREJSYnNmVU5kRGZvWjl1RTVDTGswUm4xckplOVVEekhhdHBkUG01NAp6TnczV3VKaENZUDJLaXo2TlpQWWMvVWdYeGhRaUVLUVJYdi9lb0U3SlhCV2xVQWpZdERhMzVlb1ArdFUyNHYzCnlNbE9EOWQ0YS9aY1JkZTFhcnh2V2lFNSs0TGNKV3V3S3o3N0VhWFAwYkEzUm1UdC9RTnNLb2dhQ0JZOCttbVYKMUFFTFJvT3hjeUtUb1hzSE1IU3VXYkw1Ymp5L3FldUZrLzZVTmwxaG0vN2ZMektHdDM3RXZwZVpsS09VWDFYbgpnOWVMa0thWjBqVWRwT3ovakNOejFoNGZkM3JFS3ZsMUNFeG01R1FqVy96UTllbXU4YTJKUjVJTmpSejNaVEJpCkpEZm9nL3kzTnJkQnh4WWZkZE5PNjBEMkw3WHNIRGNheG05QzVVOTNKbU95MldmanVYWGFRQ3J3QWdxSGVHRkwKa2pqcnZsNE9UR3BwV0dFeGdaMlROWnBnNWxPdWE5bFpZSkh0bzFuYVVCRkhudFVib2d2aXBuNGxrak9ZeEVmdQpsSW9pWDhRZTFOSkM1VVJuQUR5QW9BWnFhR04xL2NDZkdvWVVzZFpWZEU3eGJGRWQvUUtDQVFFQStxOStIRUQwClVBVm13aEpTWVkvVUNKSTEzMEFiNE5RZnk4QnpDM2xOSXIwcE1FTDJUbncyR2tCdTNzWHZ1UXh2bERiS0VEZWQKRDVjaDJZejB1Nmc2LytISmxuMWorbEFhU3BoUzZoMmlHdURDMVI4UDFqR1F6bjN3WmFFV1NUSnNtUDV2YWpPVQoxREd1NHZqQUVpbFptb1VNcVc3RTIrWno1YjFFNGNoTXhibjNWZWY5eGVwUkk5b3R1Y2sxWElhV25qUWlmUEVMCjdmMURIZmIwTEN1VEduRmZwOTlETm9VcDlxOUg2ZTB2ak9VMUlDSWtXd2pUdnk2cG1sQWFpQWxUd1pNZk9JcUcKanFObGkvK3gzcHhDRFFZd1RsbHF0aCs2K0g3b2xGWFpNVXdzcTZBRkVyOW95MkVZdlNXWFZUWFdwYUN1U21HMAozOG1EL3hpMTE3akd1d0tDQVFFQXozSnEraUFQckJGdXlOM0hYRi9GNHBad0hkditPblRhdVIzbjQxVGtseGg2CmkwU3FMcU0wZXd2c285dEp5RVdteUpWaWpOcnN4ajMzWm9vVlFCOTdtTkV4YU5yNWJZZExvV2xNdStyQmZTQ3QKTWJocExPMVdQbTNqSG9KMHFDM3Y2L1IwT2w0TDE2ajZRYVEyb1NJYXZuS0ZvdDdNRWdNWjBseExZcTREbXYwMQpXcGFmZ0xnVTRuS09IbkxSdkp1QjZpYkM2YXpnOWJldjRoMGhqcjZLTlByd2pIZlJPL3c3ems2a1k2SnFIVGJ5CmNKWXZOUXBacWk4MnU0a0lLUWNyVlFDUVVsU2V4V0tyRGFXTS9FQ3V4STFpR2V4VVp6MEVzN0d2bURjZCtpaVMKV2lseEcxVjNrMnl1enhYYlBuMmw2OFhQWGVXQTJMWU9vdGt6SXB2Y0R3S0NBUUJHZEZvYU1MczVYanRDSWdvYgpOMlFkUUpKNWV6Z2FtU09TalRVSUxZQmJXaFNnWnNGNHozb1pLTERBVlpzSlJCQjc5R1lYNXJseXIwUXBNMjk0CjZsQWlxRitTdHcwSlJjZ04zUCs0b3Jsem1tWEhwaUk2VGRYbjR3ZFVXTkM5bzdsWHluS2Z3MzE1b2JrSU8yY24KODQwbVcyeHlsaG9udjM0bFBHdUdsVmZXWG16QUxTSnFwRzlIaDBOQXF1Y2ZhUWdkMElNODREWTlIZWZtSFFrRQovUDRyK1Y4ci9CaVUweG8zSlk0dGxhYStqNUM5eGpxM2h5U1QzOVowOHp4eHJVVm42eVJrTExLaWxoT3RKQ0RtCmNyNHhrT0swc25iR1Z1YWlmbkI1ZUNOQnNxbi9Wa3IydU9zSDlmTVEvZWFwWVNkQmg0WlVpMTlkWWZLQ0dIeksKOHppUEFvSUJBUURJWkRMSzVHVy9SaWZLaWRLbmZTemZNWXVrakhzTlpReFVmbnNlczBjT1htc2lWWFpBRHhBSApQUUdmVjVueWlMWVFWWjRaaXZIbW5yMTZwRERhL0k2Y2xKZ3lQalZzaEtHZWp1VzlNWTB2bm4wdjVvQlRFZ0daCjFQVHM2QUJnNWQ4NkE2NnpJMTQxT2RwbHhvZXZLQTdGb2tOTmpnTjc4dHJpeHAxYitkVXB4eWZmRmxtR01reWEKWXlhK2F4UUlLZ0JaZkpBVXd4ZWN4WkIxME1ZMTZnSUFJOWh6R050YUl0SnkvS3o0UWxCWFlGamFRWG5ndHRyZQo5elRiL0FlUitvYjFXZElRZGdYWmp2TEdBQUl0T3g2WWFDczM5MytoS3VSNzRVMUtzUk9ZTDlFUW42L1BROFI2CitTWDBqWng0eFUrZWJqdGU3UENHWjNmRUFDVFJiZFlwQW9JQkFRRDI5L1YxdW1KMXo5eXdQQ3FaaDJzdVNITGkKUThQdmJjdEh4R2Rvdk9IV0Mzb20xbkFySzhnZ084ZmJZdHFtUEt0MXNRam0xUlNiNGVmbFF2L1MwVFhlOERFbwpiVEdyKzgvTWZ3Lzd0Z1pKM01uaE12RmtzY3lHWFBmZUNnZ2hlYWJiYXFQZmZjOU0vL2JFV3dCK25zd09Qd3J4CkVNNXJhekloT2ZKUTdMTmx0blBLc1U3cndLaDVNblpBQncxU0t4Wk84NjBUUkxNd05FWDdPTWFrUS9ZZlFZVVgKcEJKdFhhUnJGdXVJRWhHTUFtRkFXL3ZTcklrRHI0RjJNbmhjZjY1VzBpUjcyb0hpWFVLS1JVOStEZ1Jxam5HWgpVNXYwMEVWSFNvQ21mb0hrME9DcXEzV3pRcEZleDNCcjBpVzNBZ1V4VW9HbVlrYlhlRGI1cGxLN0dxTXYKLS0tLS1FTkQgUlNBIFBSSVZBVEUgS0VZLS0tLS0K",
                "cluster_ca_certificate": "LS0tLS1CRUdJTiBDRVJUSUZJQ0FURS0tLS0tCk1JSUU2VENDQXRHZ0F3SUJBZ0lSQU1xR1lERmFTbzF5V3J5enV4c1RaYll3RFFZSktvWklodmNOQVFFTEJRQXcKRFRFTE1Ba0dBMVVFQXhNQ1kyRXdJQmNOTWpZd01qQTRNVEV6TXpBM1doZ1BNakExTmpBeU1EZ3hNVFF6TURkYQpNQTB4Q3pBSkJnTlZCQU1UQW1OaE1JSUNJakFOQmdrcWhraUc5dzBCQVFFRkFBT0NBZzhBTUlJQ0NnS0NBZ0VBCnA3aU9HZlJVR2NBemROR2M0YU8walFWUlNKU2FmTERxOXgwejZ1c0tBbm14K2ExT2tHaGNZWmw4RzNKdUQwRFcKTGdsb3BBNUx0VEVXRlNpN1lMaEVzWk9aRVZ5WVdsV0NkcVh2bGw2Z25PVW9YejVTOFBXcEl0M2hMUlJQb0hNRwpDSkYzbGNnWnZvc092V3JLYVBORTRhbXZlbTZxRTg1UXlIempmSnk1TzJCY3h2WUNVRWNCZmZIZGErdVltVjRTCmZ0Vyt5MUZmLzYrUEpwMWFISW1jYnN5alhOMWJ2Q3I3blBGQ0N0dTFpZ1JybEw1bExtVVpUaGhaeWJoVW9LVXIKOUVGSVB2dVhNalhFTEpBd09lMDRCU1ZheHRFTXlMUUZBKzRPR1FXYlBES2RiQUt3M3hBYWp0RThQS0pINmtqOQpIYVRDUjQyNzZGd0ZvemNDV3c1WXpybGo4MVBCbFBEazZOQ29TS0gxYjdJbWlYbDJsdVlqcHBnY1g1d1FZR2ltCm94TFFjWlpQY08rQ1ZQajA2RXNTVThEZlcxVG1aakJMM3BSSE5pTXFnaWhQM04zUzR4QVFYZDUrc0ozYStTUWEKTnpQNUx1OFdZaTZqc3gxWkJGSExMM0w0cnBxM0tTc0p1ai95V1g2Rm90d0tiQUJUa1h4ZWF6ZFpZZWE1dnF0bQp0TGR0TkkwdzN5c0RYNWtPVjN3MmZLZkZwcG5sQmRWNkorbUxiMGsrMUFxQUFTdVE2WEU2akkwakRVZ2I3azdtCkFLYm9vS1VtYUdFM1NOMlN6VGQreDEvbHZWUjBCZVVIemt1bG1Fa2NxTnkxM0k1RUNhYnBNeDdoRTBuOGhVQ3EKVGFMVkVNQzVWSUZQOGpPNjQ2cnd0MlI2YkpEVUIzQnlQc280dEk2U2tqVUNBd0VBQWFOQ01FQXdEZ1lEVlIwUApBUUgvQkFRREFnS2tNQThHQTFVZEV3RUIvd1FGTUFNQkFmOHdIUVlEVlIwT0JCWUVGQkhwZ0tJOHRzU0VaY1htCjAzdWUxU1ZaNjZyNk1BMEdDU3FHU0liM0RRRUJDd1VBQTRJQ0FRQlhuNG1sWSttTk0wbVdpVldNc1BzL1Z6RVAKbG11NGZJdDF5Q3BKVnp2anY0TjEvUWRMblJndHRQVUJiRTMrNGNtVHZrbjAxNng3MllXTGIrMmVqcTUzWjRDagpCNkZmeTNHZjQydEJrbzhuNXllWkhnMHJqaU9MT3o4Mzc3TWdjUFI0T255SzZJVGFKOTVLNGt1Q2JHN21tcEQyCmpZZUpHRkt4VEZleVFjeXRrNVB4MUNtd3VVQTFjNFF3YmtwMkpmOWpacWR5bmlyb1JRNVNTRFR5WERGdjBYSEQKSWtrY3dERmhzdHVvV082S2ZWS1hCZ29xbUtWMGROOWNqUjNsNmNnRWtNb3RRajhha0VJOEM0TmJGakNRak56NQpiVkx4S3J3eXFVanRLL0l5aExOWHhYak51S21sd0dvYWhOamQ2Q1phR0NBVC95RUsya3JrRE92c0dCbDlhM3VPCm41OU5nbmNHaHZtVkNyZkR1MWszQU1nbFRZdzl6ZC9jVm9hYklsWWxkRnQxdDJ4RGdhMEoyN0lwRy9ldDR4bk4KdXpHbS9kMGRQUkhnc1A1U1dodUF5U0tKcytBekdZQWgyVlNuOU41Wm1aSWw3emhjZjBuQjBHTUtiMFd0K2FiRgpROXcwanJKb1IrZ0M5djdTWWJZSXpKSXlCZ0hhWExNUXRuWVlkS3VUcURUY2dmZ0tBSWdRVXpLQXd2M1QwWHEvCmEwY3dyMkp3cUtVMzh1WXZONzFCTk52TW9EZXB6Q1EvblFFQkQ4SFN1QjdPclFmckphSkdRNmg2b21acitac20KdktrMWN0RE9XNWNyeTRycUh1c05ERU14RUdyTDVzVUhnRnhGZUNTK1RtOTdvaG4vc1RGZ3A2TW9UY3Z4UWdvbwpsYUJNZmhhVXJOb1FWeE0vNlE9PQotLS0tLUVORCBDRVJUSUZJQ0FURS0tLS0tCg==",
                "host": "https://myapp-40kjaltd.hcp.italynorth.azmk8s.io:443",
                "password": "3jzpeghi1u0d4rwcrdqnbsihphidlrkmzyubtp1b2qpr8ywxtcqqfymgdieavf3y78hwah1y141o87azkg2mtk79qvcc03y322zfcybb4eigaq36ls8w96n5oij6pb9i",
                "username": "clusterUser_myapp-orders-invoices_myapp-aks-order-invoice"
              }
            ],
            "kube_config_raw": "apiVersion: v1\nclusters:\n- cluster:\n    certificate-authority-data: LS0tLS1CRUdJTiBDRVJUSUZJQ0FURS0tLS0tCk1JSUU2VENDQXRHZ0F3SUJBZ0lSQU1xR1lERmFTbzF5V3J5enV4c1RaYll3RFFZSktvWklodmNOQVFFTEJRQXcKRFRFTE1Ba0dBMVVFQXhNQ1kyRXdJQmNOTWpZd01qQTRNVEV6TXpBM1doZ1BNakExTmpBeU1EZ3hNVFF6TURkYQpNQTB4Q3pBSkJnTlZCQU1UQW1OaE1JSUNJakFOQmdrcWhraUc5dzBCQVFFRkFBT0NBZzhBTUlJQ0NnS0NBZ0VBCnA3aU9HZlJVR2NBemROR2M0YU8walFWUlNKU2FmTERxOXgwejZ1c0tBbm14K2ExT2tHaGNZWmw4RzNKdUQwRFcKTGdsb3BBNUx0VEVXRlNpN1lMaEVzWk9aRVZ5WVdsV0NkcVh2bGw2Z25PVW9YejVTOFBXcEl0M2hMUlJQb0hNRwpDSkYzbGNnWnZvc092V3JLYVBORTRhbXZlbTZxRTg1UXlIempmSnk1TzJCY3h2WUNVRWNCZmZIZGErdVltVjRTCmZ0Vyt5MUZmLzYrUEpwMWFISW1jYnN5alhOMWJ2Q3I3blBGQ0N0dTFpZ1JybEw1bExtVVpUaGhaeWJoVW9LVXIKOUVGSVB2dVhNalhFTEpBd09lMDRCU1ZheHRFTXlMUUZBKzRPR1FXYlBES2RiQUt3M3hBYWp0RThQS0pINmtqOQpIYVRDUjQyNzZGd0ZvemNDV3c1WXpybGo4MVBCbFBEazZOQ29TS0gxYjdJbWlYbDJsdVlqcHBnY1g1d1FZR2ltCm94TFFjWlpQY08rQ1ZQajA2RXNTVThEZlcxVG1aakJMM3BSSE5pTXFnaWhQM04zUzR4QVFYZDUrc0ozYStTUWEKTnpQNUx1OFdZaTZqc3gxWkJGSExMM0w0cnBxM0tTc0p1ai95V1g2Rm90d0tiQUJUa1h4ZWF6ZFpZZWE1dnF0bQp0TGR0TkkwdzN5c0RYNWtPVjN3MmZLZkZwcG5sQmRWNkorbUxiMGsrMUFxQUFTdVE2WEU2akkwakRVZ2I3azdtCkFLYm9vS1VtYUdFM1NOMlN6VGQreDEvbHZWUjBCZVVIemt1bG1Fa2NxTnkxM0k1RUNhYnBNeDdoRTBuOGhVQ3EKVGFMVkVNQzVWSUZQOGpPNjQ2cnd0MlI2YkpEVUIzQnlQc280dEk2U2tqVUNBd0VBQWFOQ01FQXdEZ1lEVlIwUApBUUgvQkFRREFnS2tNQThHQTFVZEV3RUIvd1FGTUFNQkFmOHdIUVlEVlIwT0JCWUVGQkhwZ0tJOHRzU0VaY1htCjAzdWUxU1ZaNjZyNk1BMEdDU3FHU0liM0RRRUJDd1VBQTRJQ0FRQlhuNG1sWSttTk0wbVdpVldNc1BzL1Z6RVAKbG11NGZJdDF5Q3BKVnp2anY0TjEvUWRMblJndHRQVUJiRTMrNGNtVHZrbjAxNng3MllXTGIrMmVqcTUzWjRDagpCNkZmeTNHZjQydEJrbzhuNXllWkhnMHJqaU9MT3o4Mzc3TWdjUFI0T255SzZJVGFKOTVLNGt1Q2JHN21tcEQyCmpZZUpHRkt4VEZleVFjeXRrNVB4MUNtd3VVQTFjNFF3YmtwMkpmOWpacWR5bmlyb1JRNVNTRFR5WERGdjBYSEQKSWtrY3dERmhzdHVvV082S2ZWS1hCZ29xbUtWMGROOWNqUjNsNmNnRWtNb3RRajhha0VJOEM0TmJGakNRak56NQpiVkx4S3J3eXFVanRLL0l5aExOWHhYak51S21sd0dvYWhOamQ2Q1phR0NBVC95RUsya3JrRE92c0dCbDlhM3VPCm41OU5nbmNHaHZtVkNyZkR1MWszQU1nbFRZdzl6ZC9jVm9hYklsWWxkRnQxdDJ4RGdhMEoyN0lwRy9ldDR4bk4KdXpHbS9kMGRQUkhnc1A1U1dodUF5U0tKcytBekdZQWgyVlNuOU41Wm1aSWw3emhjZjBuQjBHTUtiMFd0K2FiRgpROXcwanJKb1IrZ0M5djdTWWJZSXpKSXlCZ0hhWExNUXRuWVlkS3VUcURUY2dmZ0tBSWdRVXpLQXd2M1QwWHEvCmEwY3dyMkp3cUtVMzh1WXZONzFCTk52TW9EZXB6Q1EvblFFQkQ4SFN1QjdPclFmckphSkdRNmg2b21acitac20KdktrMWN0RE9XNWNyeTRycUh1c05ERU14RUdyTDVzVUhnRnhGZUNTK1RtOTdvaG4vc1RGZ3A2TW9UY3Z4UWdvbwpsYUJNZmhhVXJOb1FWeE0vNlE9PQotLS0tLUVORCBDRVJUSUZJQ0FURS0tLS0tCg==\n    server: https://myapp-40kjaltd.hcp.italynorth.azmk8s.io:443\n  name: myapp-aks-order-invoice\ncontexts:\n- context:\n    cluster: myapp-aks-order-invoice\n    user: clusterUser_myapp-orders-invoices_myapp-aks-order-invoice\n  name: myapp-aks-order-invoice\ncurrent-context: myapp-aks-order-invoice\nkind: Config\nusers:\n- name: clusterUser_myapp-orders-invoices_myapp-aks-order-invoice\n  user:\n    client-certificate-data: LS0tLS1CRUdJTiBDRVJUSUZJQ0FURS0tLS0tCk1JSUZIVENDQXdXZ0F3SUJBZ0lRZUJiRjNmNFZuMjR1R2MrL0s3QVpVakFOQmdrcWhraUc5dzBCQVFzRkFEQU4KTVFzd0NRWURWUVFERXdKallUQWVGdzB5TmpBeU1EZ3hNVE16TURkYUZ3MHlPREF5TURneE1UUXpNRGRhTURBeApGekFWQmdOVkJBb1REbk41YzNSbGJUcHRZWE4wWlhKek1SVXdFd1lEVlFRREV3eHRZWE4wWlhKamJHbGxiblF3CmdnSWlNQTBHQ1NxR1NJYjNEUUVCQVFVQUE0SUNEd0F3Z2dJS0FvSUNBUURMSS9IZ21oaWNoMzdiMzF5d2p2ZnEKNC8rdEJ4bmQvWFVENVlSVGlJMm5WbHNtVzJ4WTJsSVF2aEZTWXZGL052Z20xRzd6WmpDS0pjbXE3MXQ3UjRaZgpYdHovYUgybGhQcDlWWXNDbUtLd2Q3QzZDQ1c5cEhPRUFqNzNTUUpURnIxa0IwWFdORFFnQ0xsbUUvNmVWK0V5CnEwa2lkUDVyckxjaG9xVFE2V1JTckxBd2hCMkZPUGNBSnY3SldndXJYWVY3c3FLMUV6Vmo3RTZsOE4zQmhTd3kKSTRoNUF1UC9qUlZZUTRMSG1WaHRrMDBHZENkK2VMQnA4MjcyL3graXNyK04raFF4VC9ER2IyQTFKR2lBempBUwpCSHBxRUphYkNUb3JFK2hJQjQweFQ0bVhuN1BrWktXT28zR0xONUZ3bEdrV1F2Z3NUNjVyNkVOQmNrc3BnWFNQCnVnK0lrZlZ3L2x0Zm40dkxMdEVqdklxRUQySG56TnhQazhRMDEzamxFd0RYRm1SYkpXVC9UNjNSWENpQ1M5ZlgKREo2RkV1Q1RjNFFndXV6TEpYdTFqRmh3UVFmR0gzTGszbEdmTHF5ZzBValk2N08yZFVLYTYxek12OG16S0lpRQpZQUp2ZUZjbUM0RE5VdXI4Y29EU0V3ajVOOUY3VE54ZDA4M2w3M1AwL1owMHRnemFyRHpiOHEyYjlUNzgzbWQ5Ck1WWVp4cVRoYS9TbWRuL1lJN0k0d05CNHBaM0lTZisvWkttSUlUaWw2L1FxTXZXZGZCSy9LUTluc0ZoLzViQnEKZFljT0I4U0Q5eHlzRS8zWVBOUnJiNXlpdjFFckVHbTFOb005VlZFclZVY1JHZXhIL0FJWHZ0b3BjOTZFcUJXZApGSDY5d25LaTFjMm9pUG1RbDlWWTlRSURBUUFCbzFZd1ZEQU9CZ05WSFE4QkFmOEVCQU1DQmFBd0V3WURWUjBsCkJBd3dDZ1lJS3dZQkJRVUhBd0l3REFZRFZSMFRBUUgvQkFJd0FEQWZCZ05WSFNNRUdEQVdnQlFSNllDaVBMYkUKaEdYRjV0TjdudFVsV2V1cStqQU5CZ2txaGtpRzl3MEJBUXNGQUFPQ0FnRUFpanFJMWloOUFBYXdYMTg1NEZ3bApzVFR3djVnT0l0TWhjODVUVUtuOXRldldOaWVTUHNlQ2lZcTB4WHE0YmkzS2lGdTA3bGlKY2Jwd3B6ZVNONTJWCnZVcnNDREJMMFVDZ2dOY004S0dvVGFhZE5FRzVjYTZOQ0FWTlNMRy9YUG9iVDFKRGd1a3FZencxOUs5QzBKQ24KemJibkszOGFYMk5WSStpV25oYkVvNkYvQXRHc096TG9DNmVOdDl0MHMyZFEzOGVnVHNWUDhIbkZYcit5dCtBUAp3Slg3OEx4cVlIK0d4UTRycnVrQmlselEzaE45VUhRYmVzWFBVeHEyZmVjcEVHSkMyRFNQUDNvMDlqdnV2dW0xCm95UWZ5Y3pCZW9lODM3R3NuUTdvR2JvaStlRmZMcE1wL0t0MDFINU1tUklmbzdSeWtHTjFIYURYaDFaQmQ0T3AKdGFSZ3BlcjFIK09NLzJaek5lUVI4WHpQUkVXb2ZXS1BoSTNDOENaQlMyRWFUMGdENTVWeGNUODJUd1lXL2xudgptS1FOMHlhOHhFSFZTNlhXZFFvMnkzSzMzM1ZnTDZJUjg4V25nT0JPZURHOFVTV1hab2Vwbk1uS2xOMXRXNDJkClg2amNiejRtRlRrTXBDMzkzZ3JpK3VLMkszTWF2cHp2RE5Ta1lLdGl0alQvQWxTdUh5M2JaQ3ZpNGw3djNrbnkKNWdQaHJMcEtld2NkZ3phdXJkUUdsODlJRUtrOEIrRDRFWm5teENFLzF1aHFGOC9nblZ2SVUvNWJVRSswbWw5bgp1emNGOFNKTVNtRERPWU1Bb0ZnRVVvUjMvVlg3YTdaMGpPL005L05VZENWTEJNeDA5S05ZaDZScmpUWWlDU3I3Ck5ZSWtHY3lDeEdhOHI5aVhTZzY2d3JRPQotLS0tLUVORCBDRVJUSUZJQ0FURS0tLS0tCg==\n    client-key-data: LS0tLS1CRUdJTiBSU0EgUFJJVkFURSBLRVktLS0tLQpNSUlKS1FJQkFBS0NBZ0VBeXlQeDRKb1luSWQrMjk5Y3NJNzM2dVAvclFjWjNmMTFBK1dFVTRpTnAxWmJKbHRzCldOcFNFTDRSVW1MeGZ6YjRKdFJ1ODJZd2lpWEpxdTliZTBlR1gxN2MvMmg5cFlUNmZWV0xBcGlpc0hld3VnZ2wKdmFSemhBSSs5MGtDVXhhOVpBZEYxalEwSUFpNVpoUCtubGZoTXF0SkluVCthNnkzSWFLazBPbGtVcXl3TUlRZApoVGozQUNiK3lWb0xxMTJGZTdLaXRSTTFZK3hPcGZEZHdZVXNNaU9JZVFMai80MFZXRU9DeDVsWWJaTk5CblFuCmZuaXdhZk51OXY4Zm9ySy9qZm9VTVUvd3htOWdOU1JvZ000d0VnUjZhaENXbXdrNkt4UG9TQWVOTVUrSmw1K3oKNUdTbGpxTnhpemVSY0pScEZrTDRMRSt1YStoRFFYSkxLWUYwajdvUGlKSDFjUDViWDUrTHl5N1JJN3lLaEE5aAo1OHpjVDVQRU5OZDQ1Uk1BMXhaa1d5VmsvMCt0MFZ3b2drdlgxd3llaFJMZ2szT0VJTHJzeXlWN3RZeFljRUVICnhoOXk1TjVSbnk2c29ORkkyT3V6dG5WQ211dGN6TC9Kc3lpSWhHQUNiM2hYSmd1QXpWTHEvSEtBMGhNSStUZlIKZTB6Y1hkUE41ZTl6OVAyZE5MWU0ycXc4Mi9LdG0vVSsvTjVuZlRGV0djYWs0V3YwcG5aLzJDT3lPTURRZUtXZAp5RW4vdjJTcGlDRTRwZXYwS2pMMW5Yd1N2eWtQWjdCWWYrV3dhbldIRGdmRWcvY2NyQlA5MkR6VWEyK2NvcjlSCkt4QnB0VGFEUFZWUksxVkhFUm5zUi93Q0Y3N2FLWFBlaEtnVm5SUit2Y0p5b3RYTnFJajVrSmZWV1BVQ0F3RUEKQVFLQ0FnQmNWYmxTNnhnMnhndnVxeWQ1aFhMQkRPT2haWEhuaXBhT3I5dW5FSkc2dHpEMVRXY0JPRE5ITXUyeQpzaEN0VDNJYVRFTW1WWlBJcDRaME1SbzIvZnJoRE1DTlE1U2hFTUcvQ0l3SUlSTUovVTJTTWJQZDhJc2xQTlFjCkdNNTZzQUprSGo0ck1FMWxKaklIYVIwNkloM1ZweSsxL3RIS1paWlVMcGFWOHhCTDEveTZBTU5lVTlkSjlXK28KWEVxam1QM2NqUVVTSTJvSVFsZzVhek9SREJSYnNmVU5kRGZvWjl1RTVDTGswUm4xckplOVVEekhhdHBkUG01NAp6TnczV3VKaENZUDJLaXo2TlpQWWMvVWdYeGhRaUVLUVJYdi9lb0U3SlhCV2xVQWpZdERhMzVlb1ArdFUyNHYzCnlNbE9EOWQ0YS9aY1JkZTFhcnh2V2lFNSs0TGNKV3V3S3o3N0VhWFAwYkEzUm1UdC9RTnNLb2dhQ0JZOCttbVYKMUFFTFJvT3hjeUtUb1hzSE1IU3VXYkw1Ymp5L3FldUZrLzZVTmwxaG0vN2ZMektHdDM3RXZwZVpsS09VWDFYbgpnOWVMa0thWjBqVWRwT3ovakNOejFoNGZkM3JFS3ZsMUNFeG01R1FqVy96UTllbXU4YTJKUjVJTmpSejNaVEJpCkpEZm9nL3kzTnJkQnh4WWZkZE5PNjBEMkw3WHNIRGNheG05QzVVOTNKbU95MldmanVYWGFRQ3J3QWdxSGVHRkwKa2pqcnZsNE9UR3BwV0dFeGdaMlROWnBnNWxPdWE5bFpZSkh0bzFuYVVCRkhudFVib2d2aXBuNGxrak9ZeEVmdQpsSW9pWDhRZTFOSkM1VVJuQUR5QW9BWnFhR04xL2NDZkdvWVVzZFpWZEU3eGJGRWQvUUtDQVFFQStxOStIRUQwClVBVm13aEpTWVkvVUNKSTEzMEFiNE5RZnk4QnpDM2xOSXIwcE1FTDJUbncyR2tCdTNzWHZ1UXh2bERiS0VEZWQKRDVjaDJZejB1Nmc2LytISmxuMWorbEFhU3BoUzZoMmlHdURDMVI4UDFqR1F6bjN3WmFFV1NUSnNtUDV2YWpPVQoxREd1NHZqQUVpbFptb1VNcVc3RTIrWno1YjFFNGNoTXhibjNWZWY5eGVwUkk5b3R1Y2sxWElhV25qUWlmUEVMCjdmMURIZmIwTEN1VEduRmZwOTlETm9VcDlxOUg2ZTB2ak9VMUlDSWtXd2pUdnk2cG1sQWFpQWxUd1pNZk9JcUcKanFObGkvK3gzcHhDRFFZd1RsbHF0aCs2K0g3b2xGWFpNVXdzcTZBRkVyOW95MkVZdlNXWFZUWFdwYUN1U21HMAozOG1EL3hpMTE3akd1d0tDQVFFQXozSnEraUFQckJGdXlOM0hYRi9GNHBad0hkditPblRhdVIzbjQxVGtseGg2CmkwU3FMcU0wZXd2c285dEp5RVdteUpWaWpOcnN4ajMzWm9vVlFCOTdtTkV4YU5yNWJZZExvV2xNdStyQmZTQ3QKTWJocExPMVdQbTNqSG9KMHFDM3Y2L1IwT2w0TDE2ajZRYVEyb1NJYXZuS0ZvdDdNRWdNWjBseExZcTREbXYwMQpXcGFmZ0xnVTRuS09IbkxSdkp1QjZpYkM2YXpnOWJldjRoMGhqcjZLTlByd2pIZlJPL3c3ems2a1k2SnFIVGJ5CmNKWXZOUXBacWk4MnU0a0lLUWNyVlFDUVVsU2V4V0tyRGFXTS9FQ3V4STFpR2V4VVp6MEVzN0d2bURjZCtpaVMKV2lseEcxVjNrMnl1enhYYlBuMmw2OFhQWGVXQTJMWU9vdGt6SXB2Y0R3S0NBUUJHZEZvYU1MczVYanRDSWdvYgpOMlFkUUpKNWV6Z2FtU09TalRVSUxZQmJXaFNnWnNGNHozb1pLTERBVlpzSlJCQjc5R1lYNXJseXIwUXBNMjk0CjZsQWlxRitTdHcwSlJjZ04zUCs0b3Jsem1tWEhwaUk2VGRYbjR3ZFVXTkM5bzdsWHluS2Z3MzE1b2JrSU8yY24KODQwbVcyeHlsaG9udjM0bFBHdUdsVmZXWG16QUxTSnFwRzlIaDBOQXF1Y2ZhUWdkMElNODREWTlIZWZtSFFrRQovUDRyK1Y4ci9CaVUweG8zSlk0dGxhYStqNUM5eGpxM2h5U1QzOVowOHp4eHJVVm42eVJrTExLaWxoT3RKQ0RtCmNyNHhrT0swc25iR1Z1YWlmbkI1ZUNOQnNxbi9Wa3IydU9zSDlmTVEvZWFwWVNkQmg0WlVpMTlkWWZLQ0dIeksKOHppUEFvSUJBUURJWkRMSzVHVy9SaWZLaWRLbmZTemZNWXVrakhzTlpReFVmbnNlczBjT1htc2lWWFpBRHhBSApQUUdmVjVueWlMWVFWWjRaaXZIbW5yMTZwRERhL0k2Y2xKZ3lQalZzaEtHZWp1VzlNWTB2bm4wdjVvQlRFZ0daCjFQVHM2QUJnNWQ4NkE2NnpJMTQxT2RwbHhvZXZLQTdGb2tOTmpnTjc4dHJpeHAxYitkVXB4eWZmRmxtR01reWEKWXlhK2F4UUlLZ0JaZkpBVXd4ZWN4WkIxME1ZMTZnSUFJOWh6R050YUl0SnkvS3o0UWxCWFlGamFRWG5ndHRyZQo5elRiL0FlUitvYjFXZElRZGdYWmp2TEdBQUl0T3g2WWFDczM5MytoS3VSNzRVMUtzUk9ZTDlFUW42L1BROFI2CitTWDBqWng0eFUrZWJqdGU3UENHWjNmRUFDVFJiZFlwQW9JQkFRRDI5L1YxdW1KMXo5eXdQQ3FaaDJzdVNITGkKUThQdmJjdEh4R2Rvdk9IV0Mzb20xbkFySzhnZ084ZmJZdHFtUEt0MXNRam0xUlNiNGVmbFF2L1MwVFhlOERFbwpiVEdyKzgvTWZ3Lzd0Z1pKM01uaE12RmtzY3lHWFBmZUNnZ2hlYWJiYXFQZmZjOU0vL2JFV3dCK25zd09Qd3J4CkVNNXJhekloT2ZKUTdMTmx0blBLc1U3cndLaDVNblpBQncxU0t4Wk84NjBUUkxNd05FWDdPTWFrUS9ZZlFZVVgKcEJKdFhhUnJGdXVJRWhHTUFtRkFXL3ZTcklrRHI0RjJNbmhjZjY1VzBpUjcyb0hpWFVLS1JVOStEZ1Jxam5HWgpVNXYwMEVWSFNvQ21mb0hrME9DcXEzV3pRcEZleDNCcjBpVzNBZ1V4VW9HbVlrYlhlRGI1cGxLN0dxTXYKLS0tLS1FTkQgUlNBIFBSSVZBVEUgS0VZLS0tLS0K\n    token: 3jzpeghi1u0d4rwcrdqnbsihphidlrkmzyubtp1b2qpr8ywxtcqqfymgdieavf3y78hwah1y141o87azkg2mtk79qvcc03y322zfcybb4eigaq36ls8w96n5oij6pb9i\n",
            "kubelet_identity": [
              {
                "client_id": "67fa22f8-866d-45e3-9f72-b3054acc24e6",
                "object_id": "6a3136a3-aded-417f-9771-4b31f8e5a54c",
                "user_assigned_identity_id": "/subscriptions/5d4d78dc-7df6-4f76-b476-f477b34e51eb/resourceGroups/MC_myapp-orders-invoices_myapp-aks-order-invoice_italynorth/providers/Microsoft.ManagedIdentity/userAssignedIdentities/myapp-aks-order-invoice-agentpool"
              }
            ],
            "kubernetes_version": "1.33",
            "linux_profile": [],
            "local_account_disabled": false,
            "location": "italynorth",
            "maintenance_window": [],
            "maintenance_window_auto_upgrade": [],
            "maintenance_window_node_os": [],
            "microsoft_defender": [],
            "monitor_metrics": [],
            "name": "myapp-aks-order-invoice",
            "network_profile": [
              {
                "advanced_networking": [],
                "dns_service_ip": "10.2.0.10",
                "ip_versions": [
                  "IPv4"
                ],
                "load_balancer_profile": [
                  {
                    "backend_pool_type": "NodeIPConfiguration",
                    "effective_outbound_ips": [
                      "/subscriptions/5d4d78dc-7df6-4f76-b476-f477b34e51eb/resourceGroups/MC_myapp-orders-invoices_myapp-aks-order-invoice_italynorth/providers/Microsoft.Network/publicIPAddresses/15d67e12-b270-423e-a61f-59779c46ad85"
                    ],
                    "idle_timeout_in_minutes": 0,
                    "managed_outbound_ip_count": 1,
                    "managed_outbound_ipv6_count": 0,
                    "outbound_ip_address_ids": [],
                    "outbound_ip_prefix_ids": [],
                    "outbound_ports_allocated": 0
                  }
                ],
                "load_balancer_sku": "standard",
                "nat_gateway_profile": [],
                "network_data_plane": "azure",
                "network_mode": "",
                "network_plugin": "azure",
                "network_plugin_mode": "",
                "network_policy": "",
                "outbound_type": "loadBalancer",
                "pod_cidr": "",
                "pod_cidrs": [],
                "service_cidr": "10.2.0.0/16",
                "service_cidrs": [
                  "10.2.0.0/16"
                ]
              }
            ],
            "node_os_upgrade_channel": "NodeImage",
            "node_provisioning_profile": [
              {
                "default_node_pools": "Auto",
                "mode": "Manual"
              }
            ],
            "node_resource_group": "MC_myapp-orders-invoices_myapp-aks-order-invoice_italynorth",
            "node_resource_group_id": "/subscriptions/5d4d78dc-7df6-4f76-b476-f477b34e51eb/resourceGroups/MC_myapp-orders-invoices_myapp-aks-order-invoice_italynorth",
            "oidc_issuer_enabled": false,
            "oidc_issuer_url": "",
            "oms_agent": [],
            "open_service_mesh_enabled": false,
            "portal_fqdn": "myapp-40kjaltd.portal.hcp.italynorth.azmk8s.io",
            "private_cluster_enabled": false,
            "private_cluster_public_fqdn_enabled": false,
            "private_dns_zone_id": "",
            "private_fqdn": "",
            "resource_group_name": "myapp-orders-invoices",
            "role_based_access_control_enabled": true,
            "run_command_enabled": true,
            "service_mesh_profile": [],
            "service_principal": [],
            "sku_tier": "Free",
            "storage_profile": [],
            "support_plan": "KubernetesOfficial",
            "tags": {
              "environment": "dev",
              "managed_by": "terraform",
              "project": "order-invoice-system"
            },
            "timeouts": null,
            "upgrade_override": [],
            "web_app_routing": [],
            "windows_profile": [
              {
                "admin_password": "",
                "admin_username": "azureuser",
                "gmsa": [],
                "license": ""
              }
            ],
            "workload_autoscaler_profile": [],
            "workload_identity_enabled": false
          },
          "sensitive_attributes": [],
          "private": "eyJlMmJmYjczMC1lY2FhLTExZTYtOGY4OC0zNDM2M2JjN2M0YzAiOnsiY3JlYXRlIjo1NDAwMDAwMDAwMDAwLCJkZWxldGUiOjU0MDAwMDAwMDAwMDAsInJlYWQiOjMwMDAwMDAwMDAwMCwidXBkYXRlIjo1NDAwMDAwMDAwMDAwfSwic2NoZW1hX3ZlcnNpb24iOiIyIn0=",
          "dependencies": [
            "azurerm_resource_group.main",
            "azurerm_subnet.aks_subnet"
          ]
        }
      ]
    },
    {
      "mode": "managed",
      "type": "azurerm_resource_group",
      "name": "main",
      "provider": "provider[\"registry.terraform.io/hashicorp/azurerm\"]",
      "instances": [
        {
          "schema_version": 0,
          "attributes": {
            "id": "/subscriptions/5d4d78dc-7df6-4f76-b476-f477b34e51eb/resourceGroups/myapp-orders-invoices",
            "location": "italynorth",
            "managed_by": "",
            "name": "myapp-orders-invoices",
            "tags": {
              "environment": "dev",
              "managed_by": "terraform",
              "project": "order-invoice-system"
            },
            "timeouts": null
          },
          "sensitive_attributes": [],
          "private": "eyJlMmJmYjczMC1lY2FhLTExZTYtOGY4OC0zNDM2M2JjN2M0YzAiOnsiY3JlYXRlIjo1NDAwMDAwMDAwMDAwLCJkZWxldGUiOjU0MDAwMDAwMDAwMDAsInJlYWQiOjMwMDAwMDAwMDAwMCwidXBkYXRlIjo1NDAwMDAwMDAwMDAwfX0="
        }
      ]
    },
    {
      "mode": "managed",
      "type": "azurerm_role_assignment",
      "name": "aca_acr_pull",
      "provider": "provider[\"registry.terraform.io/hashicorp/azurerm\"]",
      "instances": [
        {
          "schema_version": 0,
          "attributes": {
            "condition": "",
            "condition_version": "",
            "delegated_managed_identity_resource_id": "",
            "description": "",
            "id": "/subscriptions/5d4d78dc-7df6-4f76-b476-f477b34e51eb/resourceGroups/myapp-orders-invoices/providers/Microsoft.ContainerRegistry/registries/myappacrinv2026/providers/Microsoft.Authorization/roleAssignments/3b2012ab-1c15-20f9-4c3b-b8eb1a689755",
            "name": "3b2012ab-1c15-20f9-4c3b-b8eb1a689755",
            "principal_id": "524dadb1-3cc1-4f48-a97a-ee8d40a91175",
            "principal_type": "ServicePrincipal",
            "role_definition_id": "/subscriptions/5d4d78dc-7df6-4f76-b476-f477b34e51eb/providers/Microsoft.Authorization/roleDefinitions/7f951dda-4ed3-4680-a7ca-43fe172d538d",
            "role_definition_name": "AcrPull",
            "scope": "/subscriptions/5d4d78dc-7df6-4f76-b476-f477b34e51eb/resourceGroups/myapp-orders-invoices/providers/Microsoft.ContainerRegistry/registries/myappacrinv2026",
            "skip_service_principal_aad_check": null,
            "timeouts": null
          },
          "sensitive_attributes": [],
          "private": "eyJlMmJmYjczMC1lY2FhLTExZTYtOGY4OC0zNDM2M2JjN2M0YzAiOnsiY3JlYXRlIjoxODAwMDAwMDAwMDAwLCJkZWxldGUiOjE4MDAwMDAwMDAwMDAsInJlYWQiOjMwMDAwMDAwMDAwMH19",
          "dependencies": [
            "azurerm_container_registry.acr",
            "azurerm_resource_group.main",
            "azurerm_user_assigned_identity.aca_identity"
          ]
        }
      ]
    },
    {
      "mode": "managed",
      "type": "azurerm_role_assignment",
      "name": "aks_acr",
      "provider": "provider[\"registry.terraform.io/hashicorp/azurerm\"]",
      "instances": [
        {
          "schema_version": 0,
          "attributes": {
            "condition": "",
            "condition_version": "",
            "delegated_managed_identity_resource_id": "",
            "description": "",
            "id": "/subscriptions/5d4d78dc-7df6-4f76-b476-f477b34e51eb/resourceGroups/myapp-orders-invoices/providers/Microsoft.ContainerRegistry/registries/myappacrinv2026/providers/Microsoft.Authorization/roleAssignments/6dbdfb5f-cd8f-31dd-9a2a-18ceeb6f9cd3",
            "name": "6dbdfb5f-cd8f-31dd-9a2a-18ceeb6f9cd3",
            "principal_id": "6a3136a3-aded-417f-9771-4b31f8e5a54c",
            "principal_type": "ServicePrincipal",
            "role_definition_id": "/subscriptions/5d4d78dc-7df6-4f76-b476-f477b34e51eb/providers/Microsoft.Authorization/roleDefinitions/7f951dda-4ed3-4680-a7ca-43fe172d538d",
            "role_definition_name": "AcrPull",
            "scope": "/subscriptions/5d4d78dc-7df6-4f76-b476-f477b34e51eb/resourceGroups/myapp-orders-invoices/providers/Microsoft.ContainerRegistry/registries/myappacrinv2026",
            "skip_service_principal_aad_check": true,
            "timeouts": null
          },
          "sensitive_attributes": [],
          "private": "eyJlMmJmYjczMC1lY2FhLTExZTYtOGY4OC0zNDM2M2JjN2M0YzAiOnsiY3JlYXRlIjoxODAwMDAwMDAwMDAwLCJkZWxldGUiOjE4MDAwMDAwMDAwMDAsInJlYWQiOjMwMDAwMDAwMDAwMH19",
          "dependencies": [
            "azurerm_container_registry.acr",
            "azurerm_kubernetes_cluster.aks",
            "azurerm_resource_group.main",
            "azurerm_subnet.aks_subnet",
            "azurerm_virtual_network.aks_vnet"
          ]
        }
      ]
    },
    {
      "mode": "managed",
      "type": "azurerm_storage_account",
      "name": "storage",
      "provider": "provider[\"registry.terraform.io/hashicorp/azurerm\"]",
      "instances": [
        {
          "schema_version": 4,
          "attributes": {
            "access_tier": "Hot",
            "account_kind": "StorageV2",
            "account_replication_type": "LRS",
            "account_tier": "Standard",
            "allow_nested_items_to_be_public": true,
            "allowed_copy_scope": "",
            "azure_files_authentication": [],
            "blob_properties": [
              {
                "change_feed_enabled": false,
                "change_feed_retention_in_days": 0,
                "container_delete_retention_policy": [],
                "cors_rule": [],
                "default_service_version": "",
                "delete_retention_policy": [],
                "last_access_time_enabled": false,
                "restore_policy": [],
                "versioning_enabled": false
              }
            ],
            "cross_tenant_replication_enabled": false,
            "custom_domain": [],
            "customer_managed_key": [],
            "default_to_oauth_authentication": false,
            "dns_endpoint_type": "Standard",
            "edge_zone": "",
            "https_traffic_only_enabled": true,
            "id": "/subscriptions/5d4d78dc-7df6-4f76-b476-f477b34e51eb/resourceGroups/myapp-orders-invoices/providers/Microsoft.Storage/storageAccounts/myappstorageinvoice2026",
            "identity": [],
            "immutability_policy": [],
            "infrastructure_encryption_enabled": false,
            "is_hns_enabled": false,
            "large_file_share_enabled": false,
            "local_user_enabled": true,
            "location": "italynorth",
            "min_tls_version": "TLS1_2",
            "name": "myappstorageinvoice2026",
            "network_rules": [],
            "nfsv3_enabled": false,
            "primary_access_key": "4F9UPSicu/JOvpUW3CSmakra7S4ta2dThzxDPzYkGYuGD+X17eI8Y8sU1t68G0LfiliHiHZhy05v+AStQZsZGg==",
            "primary_blob_connection_string": "DefaultEndpointsProtocol=https;BlobEndpoint=https://myappstorageinvoice2026.blob.core.windows.net/;AccountName=myappstorageinvoice2026;AccountKey=4F9UPSicu/JOvpUW3CSmakra7S4ta2dThzxDPzYkGYuGD+X17eI8Y8sU1t68G0LfiliHiHZhy05v+AStQZsZGg==",
            "primary_blob_endpoint": "https://myappstorageinvoice2026.blob.core.windows.net/",
            "primary_blob_host": "myappstorageinvoice2026.blob.core.windows.net",
            "primary_blob_internet_endpoint": "",
            "primary_blob_internet_host": "",
            "primary_blob_microsoft_endpoint": "",
            "primary_blob_microsoft_host": "",
            "primary_connection_string": "DefaultEndpointsProtocol=https;AccountName=myappstorageinvoice2026;AccountKey=4F9UPSicu/JOvpUW3CSmakra7S4ta2dThzxDPzYkGYuGD+X17eI8Y8sU1t68G0LfiliHiHZhy05v+AStQZsZGg==;EndpointSuffix=core.windows.net",
            "primary_dfs_endpoint": "https://myappstorageinvoice2026.dfs.core.windows.net/",
            "primary_dfs_host": "myappstorageinvoice2026.dfs.core.windows.net",
            "primary_dfs_internet_endpoint": "",
            "primary_dfs_internet_host": "",
            "primary_dfs_microsoft_endpoint": "",
            "primary_dfs_microsoft_host": "",
            "primary_file_endpoint": "https://myappstorageinvoice2026.file.core.windows.net/",
            "primary_file_host": "myappstorageinvoice2026.file.core.windows.net",
            "primary_file_internet_endpoint": "",
            "primary_file_internet_host": "",
            "primary_file_microsoft_endpoint": "",
            "primary_file_microsoft_host": "",
            "primary_location": "italynorth",
            "primary_queue_endpoint": "https://myappstorageinvoice2026.queue.core.windows.net/",
            "primary_queue_host": "myappstorageinvoice2026.queue.core.windows.net",
            "primary_queue_microsoft_endpoint": "",
            "primary_queue_microsoft_host": "",
            "primary_table_endpoint": "https://myappstorageinvoice2026.table.core.windows.net/",
            "primary_table_host": "myappstorageinvoice2026.table.core.windows.net",
            "primary_table_microsoft_endpoint": "",
            "primary_table_microsoft_host": "",
            "primary_web_endpoint": "https://myappstorageinvoice2026.z38.web.core.windows.net/",
            "primary_web_host": "myappstorageinvoice2026.z38.web.core.windows.net",
            "primary_web_internet_endpoint": "",
            "primary_web_internet_host": "",
            "primary_web_microsoft_endpoint": "",
            "primary_web_microsoft_host": "",
            "provisioned_billing_model_version": "",
            "public_network_access_enabled": true,
            "queue_encryption_key_type": "Service",
            "queue_properties": [
              {
                "cors_rule": [],
                "hour_metrics": [
                  {
                    "enabled": false,
                    "include_apis": false,
                    "retention_policy_days": 0,
                    "version": "1.0"
                  }
                ],
                "logging": [
                  {
                    "delete": false,
                    "read": false,
                    "retention_policy_days": 0,
                    "version": "1.0",
                    "write": false
                  }
                ],
                "minute_metrics": [
                  {
                    "enabled": false,
                    "include_apis": false,
                    "retention_policy_days": 0,
                    "version": "1.0"
                  }
                ]
              }
            ],
            "resource_group_name": "myapp-orders-invoices",
            "routing": [],
            "sas_policy": [],
            "secondary_access_key": "QFUhIymgqKoXicUdsj9n4HH90AA/hfF6kYgpkK1f9iSZKj9zTZSzBwddWbIy1MPgXhK8TgYYwjJx+ASt4WEhxQ==",
            "secondary_blob_connection_string": "",
            "secondary_blob_endpoint": "",
            "secondary_blob_host": "",
            "secondary_blob_internet_endpoint": "",
            "secondary_blob_internet_host": "",
            "secondary_blob_microsoft_endpoint": "",
            "secondary_blob_microsoft_host": "",
            "secondary_connection_string": "DefaultEndpointsProtocol=https;AccountName=myappstorageinvoice2026;AccountKey=QFUhIymgqKoXicUdsj9n4HH90AA/hfF6kYgpkK1f9iSZKj9zTZSzBwddWbIy1MPgXhK8TgYYwjJx+ASt4WEhxQ==;EndpointSuffix=core.windows.net",
            "secondary_dfs_endpoint": "",
            "secondary_dfs_host": "",
            "secondary_dfs_internet_endpoint": "",
            "secondary_dfs_internet_host": "",
            "secondary_dfs_microsoft_endpoint": "",
            "secondary_dfs_microsoft_host": "",
            "secondary_file_endpoint": "",
            "secondary_file_host": "",
            "secondary_file_internet_endpoint": "",
            "secondary_file_internet_host": "",
            "secondary_file_microsoft_endpoint": "",
            "secondary_file_microsoft_host": "",
            "secondary_location": "",
            "secondary_queue_endpoint": "",
            "secondary_queue_host": "",
            "secondary_queue_microsoft_endpoint": "",
            "secondary_queue_microsoft_host": "",
            "secondary_table_endpoint": "",
            "secondary_table_host": "",
            "secondary_table_microsoft_endpoint": "",
            "secondary_table_microsoft_host": "",
            "secondary_web_endpoint": "",
            "secondary_web_host": "",
            "secondary_web_internet_endpoint": "",
            "secondary_web_internet_host": "",
            "secondary_web_microsoft_endpoint": "",
            "secondary_web_microsoft_host": "",
            "sftp_enabled": false,
            "share_properties": [
              {
                "cors_rule": [],
                "retention_policy": [
                  {
                    "days": 7
                  }
                ],
                "smb": []
              }
            ],
            "shared_access_key_enabled": true,
            "static_website": [],
            "table_encryption_key_type": "Service",
            "tags": {
              "environment": "dev",
              "managed_by": "terraform",
              "project": "order-invoice-system"
            },
            "timeouts": null
          },
          "sensitive_attributes": [],
          "private": "eyJlMmJmYjczMC1lY2FhLTExZTYtOGY4OC0zNDM2M2JjN2M0YzAiOnsiY3JlYXRlIjozNjAwMDAwMDAwMDAwLCJkZWxldGUiOjM2MDAwMDAwMDAwMDAsInJlYWQiOjMwMDAwMDAwMDAwMCwidXBkYXRlIjozNjAwMDAwMDAwMDAwfSwic2NoZW1hX3ZlcnNpb24iOiI0In0=",
          "dependencies": [
            "azurerm_resource_group.main"
          ]
        }
      ]
    },
    {
      "mode": "managed",
      "type": "azurerm_storage_container",
      "name": "invoices",
      "provider": "provider[\"registry.terraform.io/hashicorp/azurerm\"]",
      "instances": [
        {
          "schema_version": 1,
          "attributes": {
            "container_access_type": "private",
            "default_encryption_scope": "$account-encryption-key",
            "encryption_scope_override_enabled": true,
            "has_immutability_policy": false,
            "has_legal_hold": false,
            "id": "/subscriptions/5d4d78dc-7df6-4f76-b476-f477b34e51eb/resourceGroups/myapp-orders-invoices/providers/Microsoft.Storage/storageAccounts/myappstorageinvoice2026/blobServices/default/containers/invoices",
            "metadata": {},
            "name": "invoices",
            "resource_manager_id": "/subscriptions/5d4d78dc-7df6-4f76-b476-f477b34e51eb/resourceGroups/myapp-orders-invoices/providers/Microsoft.Storage/storageAccounts/myappstorageinvoice2026/blobServices/default/containers/invoices",
            "storage_account_id": "/subscriptions/5d4d78dc-7df6-4f76-b476-f477b34e51eb/resourceGroups/myapp-orders-invoices/providers/Microsoft.Storage/storageAccounts/myappstorageinvoice2026",
            "storage_account_name": "",
            "timeouts": null
          },
          "sensitive_attributes": [],
          "private": "eyJlMmJmYjczMC1lY2FhLTExZTYtOGY4OC0zNDM2M2JjN2M0YzAiOnsiY3JlYXRlIjoxODAwMDAwMDAwMDAwLCJkZWxldGUiOjE4MDAwMDAwMDAwMDAsInJlYWQiOjMwMDAwMDAwMDAwMCwidXBkYXRlIjoxODAwMDAwMDAwMDAwfSwic2NoZW1hX3ZlcnNpb24iOiIxIn0=",
          "dependencies": [
            "azurerm_resource_group.main",
            "azurerm_storage_account.storage"
          ]
        }
      ]
    },
    {
      "mode": "managed",
      "type": "azurerm_storage_queue",
      "name": "invoice_queue",
      "provider": "provider[\"registry.terraform.io/hashicorp/azurerm\"]",
      "instances": [
        {
          "schema_version": 1,
          "attributes": {
            "id": "/subscriptions/5d4d78dc-7df6-4f76-b476-f477b34e51eb/resourceGroups/myapp-orders-invoices/providers/Microsoft.Storage/storageAccounts/myappstorageinvoice2026/queueServices/default/queues/invoice-queue",
            "metadata": {},
            "name": "invoice-queue",
            "resource_manager_id": "/subscriptions/5d4d78dc-7df6-4f76-b476-f477b34e51eb/resourceGroups/myapp-orders-invoices/providers/Microsoft.Storage/storageAccounts/myappstorageinvoice2026/queueServices/default/queues/invoice-queue",
            "storage_account_id": "/subscriptions/5d4d78dc-7df6-4f76-b476-f477b34e51eb/resourceGroups/myapp-orders-invoices/providers/Microsoft.Storage/storageAccounts/myappstorageinvoice2026",
            "storage_account_name": "",
            "timeouts": null,
            "url": "https://myappstorageinvoice2026.queue.core.windows.net/invoice-queue"
          },
          "sensitive_attributes": [],
          "private": "eyJlMmJmYjczMC1lY2FhLTExZTYtOGY4OC0zNDM2M2JjN2M0YzAiOnsiY3JlYXRlIjoxODAwMDAwMDAwMDAwLCJkZWxldGUiOjE4MDAwMDAwMDAwMDAsInJlYWQiOjMwMDAwMDAwMDAwMCwidXBkYXRlIjoxODAwMDAwMDAwMDAwfSwic2NoZW1hX3ZlcnNpb24iOiIxIn0=",
          "dependencies": [
            "azurerm_resource_group.main",
            "azurerm_storage_account.storage"
          ]
        }
      ]
    },
    {
      "mode": "managed",
      "type": "azurerm_subnet",
      "name": "aca_subnet",
      "provider": "provider[\"registry.terraform.io/hashicorp/azurerm\"]",
      "instances": [
        {
          "schema_version": 0,
          "attributes": {
            "address_prefixes": [
              "10.1.0.0/23"
            ],
            "default_outbound_access_enabled": true,
            "delegation": [
              {
                "name": "aca-delegation",
                "service_delegation": [
                  {
                    "actions": [
                      "Microsoft.Network/virtualNetworks/subnets/action"
                    ],
                    "name": "Microsoft.App/environments"
                  }
                ]
              }
            ],
            "id": "/subscriptions/5d4d78dc-7df6-4f76-b476-f477b34e51eb/resourceGroups/myapp-orders-invoices/providers/Microsoft.Network/virtualNetworks/aca-vnet/subnets/aca-subnet",
            "ip_address_pool": [],
            "name": "aca-subnet",
            "private_endpoint_network_policies": "Disabled",
            "private_link_service_network_policies_enabled": true,
            "resource_group_name": "myapp-orders-invoices",
            "service_endpoint_policy_ids": [],
            "service_endpoints": [],
            "sharing_scope": "",
            "timeouts": null,
            "virtual_network_name": "aca-vnet"
          },
          "sensitive_attributes": [],
          "private": "eyJlMmJmYjczMC1lY2FhLTExZTYtOGY4OC0zNDM2M2JjN2M0YzAiOnsiY3JlYXRlIjoxODAwMDAwMDAwMDAwLCJkZWxldGUiOjE4MDAwMDAwMDAwMDAsInJlYWQiOjMwMDAwMDAwMDAwMCwidXBkYXRlIjoxODAwMDAwMDAwMDAwfX0=",
          "dependencies": [
            "azurerm_resource_group.main",
            "azurerm_virtual_network.aca_vnet"
          ]
        }
      ]
    },
    {
      "mode": "managed",
      "type": "azurerm_subnet",
      "name": "aks_subnet",
      "provider": "provider[\"registry.terraform.io/hashicorp/azurerm\"]",
      "instances": [
        {
          "schema_version": 0,
          "attributes": {
            "address_prefixes": [
              "10.0.1.0/24"
            ],
            "default_outbound_access_enabled": true,
            "delegation": [],
            "id": "/subscriptions/5d4d78dc-7df6-4f76-b476-f477b34e51eb/resourceGroups/myapp-orders-invoices/providers/Microsoft.Network/virtualNetworks/aks-vnet/subnets/aks-subnet",
            "ip_address_pool": [],
            "name": "aks-subnet",
            "private_endpoint_network_policies": "Disabled",
            "private_link_service_network_policies_enabled": true,
            "resource_group_name": "myapp-orders-invoices",
            "service_endpoint_policy_ids": [],
            "service_endpoints": [],
            "sharing_scope": "",
            "timeouts": null,
            "virtual_network_name": "aks-vnet"
          },
          "sensitive_attributes": [],
          "private": "eyJlMmJmYjczMC1lY2FhLTExZTYtOGY4OC0zNDM2M2JjN2M0YzAiOnsiY3JlYXRlIjoxODAwMDAwMDAwMDAwLCJkZWxldGUiOjE4MDAwMDAwMDAwMDAsInJlYWQiOjMwMDAwMDAwMDAwMCwidXBkYXRlIjoxODAwMDAwMDAwMDAwfX0=",
          "dependencies": [
            "azurerm_resource_group.main",
            "azurerm_virtual_network.aks_vnet"
          ]
        }
      ]
    },
    {
      "mode": "managed",
      "type": "azurerm_user_assigned_identity",
      "name": "aca_identity",
      "provider": "provider[\"registry.terraform.io/hashicorp/azurerm\"]",
      "instances": [
        {
          "schema_version": 1,
          "attributes": {
            "client_id": "89c66cf7-9995-4634-8aef-cc944fdeb2f3",
            "id": "/subscriptions/5d4d78dc-7df6-4f76-b476-f477b34e51eb/resourceGroups/myapp-orders-invoices/providers/Microsoft.ManagedIdentity/userAssignedIdentities/myapp-aca-identity",
            "location": "italynorth",
            "name": "myapp-aca-identity",
            "principal_id": "524dadb1-3cc1-4f48-a97a-ee8d40a91175",
            "resource_group_name": "myapp-orders-invoices",
            "tags": {
              "environment": "dev",
              "managed_by": "terraform",
              "project": "order-invoice-system"
            },
            "tenant_id": "ada575f6-4e91-4d1d-aa89-9b2d9f5810e3",
            "timeouts": null
          },
          "sensitive_attributes": [],
          "private": "eyJlMmJmYjczMC1lY2FhLTExZTYtOGY4OC0zNDM2M2JjN2M0YzAiOnsiY3JlYXRlIjoxODAwMDAwMDAwMDAwLCJkZWxldGUiOjE4MDAwMDAwMDAwMDAsInJlYWQiOjMwMDAwMDAwMDAwMCwidXBkYXRlIjoxODAwMDAwMDAwMDAwfSwic2NoZW1hX3ZlcnNpb24iOiIxIn0=",
          "dependencies": [
            "azurerm_resource_group.main"
          ]
        }
      ]
    },
    {
      "mode": "managed",
      "type": "azurerm_virtual_network",
      "name": "aca_vnet",
      "provider": "provider[\"registry.terraform.io/hashicorp/azurerm\"]",
      "instances": [
        {
          "schema_version": 0,
          "attributes": {
            "address_space": [
              "10.1.0.0/16"
            ],
            "bgp_community": "",
            "ddos_protection_plan": [],
            "dns_servers": [],
            "edge_zone": "",
            "encryption": [],
            "flow_timeout_in_minutes": 0,
            "guid": "832c501e-96db-40bd-abf7-6a5e8e294760",
            "id": "/subscriptions/5d4d78dc-7df6-4f76-b476-f477b34e51eb/resourceGroups/myapp-orders-invoices/providers/Microsoft.Network/virtualNetworks/aca-vnet",
            "ip_address_pool": [],
            "location": "italynorth",
            "name": "aca-vnet",
            "private_endpoint_vnet_policies": "Disabled",
            "resource_group_name": "myapp-orders-invoices",
            "subnet": [
              {
                "address_prefixes": [
                  "10.1.0.0/23"
                ],
                "default_outbound_access_enabled": true,
                "delegation": [],
                "id": "/subscriptions/5d4d78dc-7df6-4f76-b476-f477b34e51eb/resourceGroups/myapp-orders-invoices/providers/Microsoft.Network/virtualNetworks/aca-vnet/subnets/aca-subnet",
                "name": "aca-subnet",
                "private_endpoint_network_policies": "Disabled",
                "private_link_service_network_policies_enabled": true,
                "route_table_id": "",
                "security_group": "",
                "service_endpoint_policy_ids": [],
                "service_endpoints": []
              }
            ],
            "tags": {},
            "timeouts": null
          },
          "sensitive_attributes": [],
          "private": "eyJlMmJmYjczMC1lY2FhLTExZTYtOGY4OC0zNDM2M2JjN2M0YzAiOnsiY3JlYXRlIjoxODAwMDAwMDAwMDAwLCJkZWxldGUiOjE4MDAwMDAwMDAwMDAsInJlYWQiOjMwMDAwMDAwMDAwMCwidXBkYXRlIjoxODAwMDAwMDAwMDAwfX0=",
          "dependencies": [
            "azurerm_resource_group.main"
          ]
        }
      ]
    },
    {
      "mode": "managed",
      "type": "azurerm_virtual_network",
      "name": "aks_vnet",
      "provider": "provider[\"registry.terraform.io/hashicorp/azurerm\"]",
      "instances": [
        {
          "schema_version": 0,
          "attributes": {
            "address_space": [
              "10.0.0.0/16"
            ],
            "bgp_community": "",
            "ddos_protection_plan": [],
            "dns_servers": [],
            "edge_zone": "",
            "encryption": [],
            "flow_timeout_in_minutes": 0,
            "guid": "0f2c9208-6a12-4306-a436-d5799d0d5745",
            "id": "/subscriptions/5d4d78dc-7df6-4f76-b476-f477b34e51eb/resourceGroups/myapp-orders-invoices/providers/Microsoft.Network/virtualNetworks/aks-vnet",
            "ip_address_pool": [],
            "location": "italynorth",
            "name": "aks-vnet",
            "private_endpoint_vnet_policies": "Disabled",
            "resource_group_name": "myapp-orders-invoices",
            "subnet": [
              {
                "address_prefixes": [
                  "10.0.1.0/24"
                ],
                "default_outbound_access_enabled": true,
                "delegation": [],
                "id": "/subscriptions/5d4d78dc-7df6-4f76-b476-f477b34e51eb/resourceGroups/myapp-orders-invoices/providers/Microsoft.Network/virtualNetworks/aks-vnet/subnets/aks-subnet",
                "name": "aks-subnet",
                "private_endpoint_network_policies": "Disabled",
                "private_link_service_network_policies_enabled": true,
                "route_table_id": "",
                "security_group": "",
                "service_endpoint_policy_ids": [],
                "service_endpoints": []
              }
            ],
            "tags": {},
            "timeouts": null
          },
          "sensitive_attributes": [],
          "private": "eyJlMmJmYjczMC1lY2FhLTExZTYtOGY4OC0zNDM2M2JjN2M0YzAiOnsiY3JlYXRlIjoxODAwMDAwMDAwMDAwLCJkZWxldGUiOjE4MDAwMDAwMDAwMDAsInJlYWQiOjMwMDAwMDAwMDAwMCwidXBkYXRlIjoxODAwMDAwMDAwMDAwfX0=",
          "dependencies": [
            "azurerm_resource_group.main"
          ]
        }
      ]
    },
    {
      "mode": "managed",
      "type": "azurerm_virtual_network_peering",
      "name": "aca_to_aks",
      "provider": "provider[\"registry.terraform.io/hashicorp/azurerm\"]",
      "instances": [
        {
          "schema_version": 0,
          "attributes": {
            "allow_forwarded_traffic": true,
            "allow_gateway_transit": false,
            "allow_virtual_network_access": true,
            "id": "/subscriptions/5d4d78dc-7df6-4f76-b476-f477b34e51eb/resourceGroups/myapp-orders-invoices/providers/Microsoft.Network/virtualNetworks/aca-vnet/virtualNetworkPeerings/aca-to-aks",
            "local_subnet_names": [],
            "name": "aca-to-aks",
            "only_ipv6_peering_enabled": false,
            "peer_complete_virtual_networks_enabled": true,
            "remote_subnet_names": [],
            "remote_virtual_network_id": "/subscriptions/5d4d78dc-7df6-4f76-b476-f477b34e51eb/resourceGroups/myapp-orders-invoices/providers/Microsoft.Network/virtualNetworks/aks-vnet",
            "resource_group_name": "myapp-orders-invoices",
            "timeouts": null,
            "triggers": null,
            "use_remote_gateways": false,
            "virtual_network_name": "aca-vnet"
          },
          "sensitive_attributes": [],
          "private": "eyJlMmJmYjczMC1lY2FhLTExZTYtOGY4OC0zNDM2M2JjN2M0YzAiOnsiY3JlYXRlIjoxODAwMDAwMDAwMDAwLCJkZWxldGUiOjE4MDAwMDAwMDAwMDAsInJlYWQiOjMwMDAwMDAwMDAwMCwidXBkYXRlIjoxODAwMDAwMDAwMDAwfX0=",
          "dependencies": [
            "azurerm_resource_group.main",
            "azurerm_virtual_network.aca_vnet",
            "azurerm_virtual_network.aks_vnet"
          ]
        }
      ]
    },
    {
      "mode": "managed",
      "type": "azurerm_virtual_network_peering",
      "name": "aks_to_aca",
      "provider": "provider[\"registry.terraform.io/hashicorp/azurerm\"]",
      "instances": [
        {
          "schema_version": 0,
          "attributes": {
            "allow_forwarded_traffic": true,
            "allow_gateway_transit": false,
            "allow_virtual_network_access": true,
            "id": "/subscriptions/5d4d78dc-7df6-4f76-b476-f477b34e51eb/resourceGroups/myapp-orders-invoices/providers/Microsoft.Network/virtualNetworks/aks-vnet/virtualNetworkPeerings/aks-to-aca",
            "local_subnet_names": [],
            "name": "aks-to-aca",
            "only_ipv6_peering_enabled": false,
            "peer_complete_virtual_networks_enabled": true,
            "remote_subnet_names": [],
            "remote_virtual_network_id": "/subscriptions/5d4d78dc-7df6-4f76-b476-f477b34e51eb/resourceGroups/myapp-orders-invoices/providers/Microsoft.Network/virtualNetworks/aca-vnet",
            "resource_group_name": "myapp-orders-invoices",
            "timeouts": null,
            "triggers": null,
            "use_remote_gateways": false,
            "virtual_network_name": "aks-vnet"
          },
          "sensitive_attributes": [],
          "private": "eyJlMmJmYjczMC1lY2FhLTExZTYtOGY4OC0zNDM2M2JjN2M0YzAiOnsiY3JlYXRlIjoxODAwMDAwMDAwMDAwLCJkZWxldGUiOjE4MDAwMDAwMDAwMDAsInJlYWQiOjMwMDAwMDAwMDAwMCwidXBkYXRlIjoxODAwMDAwMDAwMDAwfX0=",
          "dependencies": [
            "azurerm_resource_group.main",
            "azurerm_virtual_network.aca_vnet",
            "azurerm_virtual_network.aks_vnet"
          ]
        }
      ]
    }
  ],
  "check_results": null
}
