{
  "version": 4,
  "terraform_version": "1.5.7",
  "serial": 83,
  "lineage": "ac1b7499-db43-3956-d50e-75f6ce1c1b3e",
  "outputs": {
    "acr_admin_password": {
      "value": "2DOilu3jUeOhrqgriBFaQVYghA9i4RF7j41cfLAUMA7VhjSynGk3JQQJ99CAACPV0roEqg7NAAACAZCR5BD5",
      "type": "string",
      "sensitive": true
    },
    "acr_admin_username": {
      "value": "myappstorageinv2026",
      "type": "string"
    },
    "acr_login_server": {
      "value": "myappstorageinv2026.azurecr.io",
      "type": "string"
    },
    "aks_cluster_name": {
      "value": "myapp-aks-order-invoice",
      "type": "string"
    },
    "resource_group_name": {
      "value": "myapp-orders-invoices",
      "type": "string"
    },
    "storage_account_key": {
      "value": "gpXeuGW/LK6j9xjq02NaovM1pbLLqhrPlophFqqb5yrOxrzb9JN9n4Tosa8DQm32NnJjanyxh0kN+AStyIqTcQ==",
      "type": "string",
      "sensitive": true
    },
    "storage_account_name": {
      "value": "myappstorageinv2026",
      "type": "string"
    },
    "storage_connection_string": {
      "value": "DefaultEndpointsProtocol=https;AccountName=myappstorageinv2026;AccountKey=gpXeuGW/LK6j9xjq02NaovM1pbLLqhrPlophFqqb5yrOxrzb9JN9n4Tosa8DQm32NnJjanyxh0kN+AStyIqTcQ==;EndpointSuffix=core.windows.net",
      "type": "string",
      "sensitive": true
    }
  },
  "resources": [
    {
      "mode": "managed",
      "type": "azurerm_container_app_environment",
      "name": "env",
      "provider": "provider[\"registry.terraform.io/hashicorp/azurerm\"]",
      "instances": [
        {
          "schema_version": 0,
          "attributes": {
            "custom_domain_verification_id": "16473AB492D3575A2A89FF0CAE62351CF281CBF9B07E843C2C3DF7AB62643016",
            "dapr_application_insights_connection_string": "",
            "default_domain": "purpleforest-627200dc.germanywestcentral.azurecontainerapps.io",
            "docker_bridge_cidr": "",
            "id": "/subscriptions/5d4d78dc-7df6-4f76-b476-f477b34e51eb/resourceGroups/myapp-orders-invoices/providers/Microsoft.App/managedEnvironments/myapp-env",
            "identity": [],
            "infrastructure_resource_group_name": "",
            "infrastructure_subnet_id": "",
            "internal_load_balancer_enabled": false,
            "location": "germanywestcentral",
            "log_analytics_workspace_id": "",
            "logs_destination": "",
            "mutual_tls_enabled": false,
            "name": "myapp-env",
            "platform_reserved_cidr": "",
            "platform_reserved_dns_ip_address": "",
            "public_network_access": "Enabled",
            "resource_group_name": "myapp-orders-invoices",
            "static_ip_address": "20.113.6.77",
            "tags": {},
            "timeouts": null,
            "workload_profile": [],
            "zone_redundancy_enabled": false
          },
          "sensitive_attributes": [],
          "private": "eyJlMmJmYjczMC1lY2FhLTExZTYtOGY4OC0zNDM2M2JjN2M0YzAiOnsiY3JlYXRlIjoxODAwMDAwMDAwMDAwLCJkZWxldGUiOjE4MDAwMDAwMDAwMDAsInJlYWQiOjMwMDAwMDAwMDAwMCwidXBkYXRlIjoxODAwMDAwMDAwMDAwfX0=",
          "dependencies": [
            "azurerm_resource_group.main"
          ]
        }
      ]
    },
    {
      "mode": "managed",
      "type": "azurerm_container_registry",
      "name": "acr",
      "provider": "provider[\"registry.terraform.io/hashicorp/azurerm\"]",
      "instances": [
        {
          "schema_version": 2,
          "attributes": {
            "admin_enabled": true,
            "admin_password": "2DOilu3jUeOhrqgriBFaQVYghA9i4RF7j41cfLAUMA7VhjSynGk3JQQJ99CAACPV0roEqg7NAAACAZCR5BD5",
            "admin_username": "myappstorageinv2026",
            "anonymous_pull_enabled": false,
            "data_endpoint_enabled": false,
            "data_endpoint_host_names": [],
            "encryption": [],
            "export_policy_enabled": true,
            "georeplications": [],
            "id": "/subscriptions/5d4d78dc-7df6-4f76-b476-f477b34e51eb/resourceGroups/myapp-orders-invoices/providers/Microsoft.ContainerRegistry/registries/myappstorageinv2026",
            "identity": [],
            "location": "germanywestcentral",
            "login_server": "myappstorageinv2026.azurecr.io",
            "name": "myappstorageinv2026",
            "network_rule_bypass_option": "AzureServices",
            "network_rule_set": [],
            "public_network_access_enabled": true,
            "quarantine_policy_enabled": false,
            "resource_group_name": "myapp-orders-invoices",
            "retention_policy_in_days": 0,
            "sku": "Basic",
            "tags": {},
            "timeouts": null,
            "trust_policy_enabled": false,
            "zone_redundancy_enabled": false
          },
          "sensitive_attributes": [],
          "private": "eyJlMmJmYjczMC1lY2FhLTExZTYtOGY4OC0zNDM2M2JjN2M0YzAiOnsiY3JlYXRlIjoxODAwMDAwMDAwMDAwLCJkZWxldGUiOjE4MDAwMDAwMDAwMDAsInJlYWQiOjMwMDAwMDAwMDAwMCwidXBkYXRlIjoxODAwMDAwMDAwMDAwfSwic2NoZW1hX3ZlcnNpb24iOiIyIn0=",
          "dependencies": [
            "azurerm_resource_group.main"
          ]
        }
      ]
    },
    {
      "mode": "managed",
      "type": "azurerm_resource_group",
      "name": "main",
      "provider": "provider[\"registry.terraform.io/hashicorp/azurerm\"]",
      "instances": [
        {
          "schema_version": 0,
          "attributes": {
            "id": "/subscriptions/5d4d78dc-7df6-4f76-b476-f477b34e51eb/resourceGroups/myapp-orders-invoices",
            "location": "germanywestcentral",
            "managed_by": "",
            "name": "myapp-orders-invoices",
            "tags": {},
            "timeouts": null
          },
          "sensitive_attributes": [],
          "private": "eyJlMmJmYjczMC1lY2FhLTExZTYtOGY4OC0zNDM2M2JjN2M0YzAiOnsiY3JlYXRlIjo1NDAwMDAwMDAwMDAwLCJkZWxldGUiOjU0MDAwMDAwMDAwMDAsInJlYWQiOjMwMDAwMDAwMDAwMCwidXBkYXRlIjo1NDAwMDAwMDAwMDAwfX0="
        }
      ]
    },
    {
      "mode": "managed",
      "type": "azurerm_role_assignment",
      "name": "aks_acr",
      "provider": "provider[\"registry.terraform.io/hashicorp/azurerm\"]",
      "instances": []
    },
    {
      "mode": "managed",
      "type": "azurerm_storage_account",
      "name": "storage",
      "provider": "provider[\"registry.terraform.io/hashicorp/azurerm\"]",
      "instances": [
        {
          "schema_version": 4,
          "attributes": {
            "access_tier": "Hot",
            "account_kind": "StorageV2",
            "account_replication_type": "LRS",
            "account_tier": "Standard",
            "allow_nested_items_to_be_public": true,
            "allowed_copy_scope": "",
            "azure_files_authentication": [],
            "blob_properties": [
              {
                "change_feed_enabled": false,
                "change_feed_retention_in_days": 0,
                "container_delete_retention_policy": [],
                "cors_rule": [],
                "default_service_version": "",
                "delete_retention_policy": [],
                "last_access_time_enabled": false,
                "restore_policy": [],
                "versioning_enabled": false
              }
            ],
            "cross_tenant_replication_enabled": false,
            "custom_domain": [],
            "customer_managed_key": [],
            "default_to_oauth_authentication": false,
            "dns_endpoint_type": "Standard",
            "edge_zone": "",
            "https_traffic_only_enabled": true,
            "id": "/subscriptions/5d4d78dc-7df6-4f76-b476-f477b34e51eb/resourceGroups/myapp-orders-invoices/providers/Microsoft.Storage/storageAccounts/myappstorageinv2026",
            "identity": [],
            "immutability_policy": [],
            "infrastructure_encryption_enabled": false,
            "is_hns_enabled": false,
            "large_file_share_enabled": false,
            "local_user_enabled": true,
            "location": "germanywestcentral",
            "min_tls_version": "TLS1_2",
            "name": "myappstorageinv2026",
            "network_rules": [],
            "nfsv3_enabled": false,
            "primary_access_key": "gpXeuGW/LK6j9xjq02NaovM1pbLLqhrPlophFqqb5yrOxrzb9JN9n4Tosa8DQm32NnJjanyxh0kN+AStyIqTcQ==",
            "primary_blob_connection_string": "DefaultEndpointsProtocol=https;BlobEndpoint=https://myappstorageinv2026.blob.core.windows.net/;AccountName=myappstorageinv2026;AccountKey=gpXeuGW/LK6j9xjq02NaovM1pbLLqhrPlophFqqb5yrOxrzb9JN9n4Tosa8DQm32NnJjanyxh0kN+AStyIqTcQ==",
            "primary_blob_endpoint": "https://myappstorageinv2026.blob.core.windows.net/",
            "primary_blob_host": "myappstorageinv2026.blob.core.windows.net",
            "primary_blob_internet_endpoint": "",
            "primary_blob_internet_host": "",
            "primary_blob_microsoft_endpoint": "",
            "primary_blob_microsoft_host": "",
            "primary_connection_string": "DefaultEndpointsProtocol=https;AccountName=myappstorageinv2026;AccountKey=gpXeuGW/LK6j9xjq02NaovM1pbLLqhrPlophFqqb5yrOxrzb9JN9n4Tosa8DQm32NnJjanyxh0kN+AStyIqTcQ==;EndpointSuffix=core.windows.net",
            "primary_dfs_endpoint": "https://myappstorageinv2026.dfs.core.windows.net/",
            "primary_dfs_host": "myappstorageinv2026.dfs.core.windows.net",
            "primary_dfs_internet_endpoint": "",
            "primary_dfs_internet_host": "",
            "primary_dfs_microsoft_endpoint": "",
            "primary_dfs_microsoft_host": "",
            "primary_file_endpoint": "https://myappstorageinv2026.file.core.windows.net/",
            "primary_file_host": "myappstorageinv2026.file.core.windows.net",
            "primary_file_internet_endpoint": "",
            "primary_file_internet_host": "",
            "primary_file_microsoft_endpoint": "",
            "primary_file_microsoft_host": "",
            "primary_location": "germanywestcentral",
            "primary_queue_endpoint": "https://myappstorageinv2026.queue.core.windows.net/",
            "primary_queue_host": "myappstorageinv2026.queue.core.windows.net",
            "primary_queue_microsoft_endpoint": "",
            "primary_queue_microsoft_host": "",
            "primary_table_endpoint": "https://myappstorageinv2026.table.core.windows.net/",
            "primary_table_host": "myappstorageinv2026.table.core.windows.net",
            "primary_table_microsoft_endpoint": "",
            "primary_table_microsoft_host": "",
            "primary_web_endpoint": "https://myappstorageinv2026.z1.web.core.windows.net/",
            "primary_web_host": "myappstorageinv2026.z1.web.core.windows.net",
            "primary_web_internet_endpoint": "",
            "primary_web_internet_host": "",
            "primary_web_microsoft_endpoint": "",
            "primary_web_microsoft_host": "",
            "provisioned_billing_model_version": "",
            "public_network_access_enabled": true,
            "queue_encryption_key_type": "Service",
            "queue_properties": [
              {
                "cors_rule": [],
                "hour_metrics": [
                  {
                    "enabled": false,
                    "include_apis": false,
                    "retention_policy_days": 0,
                    "version": "1.0"
                  }
                ],
                "logging": [
                  {
                    "delete": false,
                    "read": false,
                    "retention_policy_days": 0,
                    "version": "1.0",
                    "write": false
                  }
                ],
                "minute_metrics": [
                  {
                    "enabled": false,
                    "include_apis": false,
                    "retention_policy_days": 0,
                    "version": "1.0"
                  }
                ]
              }
            ],
            "resource_group_name": "myapp-orders-invoices",
            "routing": [],
            "sas_policy": [],
            "secondary_access_key": "ZzHdctXv8f58eKZQGHdloyOBxlDJ4lW8ryyaugYWcUkrIXgXF6mYxTgxn4OvWEJ7eajy586UuBko+AStOBdMvw==",
            "secondary_blob_connection_string": "",
            "secondary_blob_endpoint": "",
            "secondary_blob_host": "",
            "secondary_blob_internet_endpoint": "",
            "secondary_blob_internet_host": "",
            "secondary_blob_microsoft_endpoint": "",
            "secondary_blob_microsoft_host": "",
            "secondary_connection_string": "DefaultEndpointsProtocol=https;AccountName=myappstorageinv2026;AccountKey=ZzHdctXv8f58eKZQGHdloyOBxlDJ4lW8ryyaugYWcUkrIXgXF6mYxTgxn4OvWEJ7eajy586UuBko+AStOBdMvw==;EndpointSuffix=core.windows.net",
            "secondary_dfs_endpoint": "",
            "secondary_dfs_host": "",
            "secondary_dfs_internet_endpoint": "",
            "secondary_dfs_internet_host": "",
            "secondary_dfs_microsoft_endpoint": "",
            "secondary_dfs_microsoft_host": "",
            "secondary_file_endpoint": "",
            "secondary_file_host": "",
            "secondary_file_internet_endpoint": "",
            "secondary_file_internet_host": "",
            "secondary_file_microsoft_endpoint": "",
            "secondary_file_microsoft_host": "",
            "secondary_location": "",
            "secondary_queue_endpoint": "",
            "secondary_queue_host": "",
            "secondary_queue_microsoft_endpoint": "",
            "secondary_queue_microsoft_host": "",
            "secondary_table_endpoint": "",
            "secondary_table_host": "",
            "secondary_table_microsoft_endpoint": "",
            "secondary_table_microsoft_host": "",
            "secondary_web_endpoint": "",
            "secondary_web_host": "",
            "secondary_web_internet_endpoint": "",
            "secondary_web_internet_host": "",
            "secondary_web_microsoft_endpoint": "",
            "secondary_web_microsoft_host": "",
            "sftp_enabled": false,
            "share_properties": [
              {
                "cors_rule": [],
                "retention_policy": [
                  {
                    "days": 7
                  }
                ],
                "smb": []
              }
            ],
            "shared_access_key_enabled": true,
            "static_website": [],
            "table_encryption_key_type": "Service",
            "tags": {},
            "timeouts": null
          },
          "sensitive_attributes": [],
          "private": "eyJlMmJmYjczMC1lY2FhLTExZTYtOGY4OC0zNDM2M2JjN2M0YzAiOnsiY3JlYXRlIjozNjAwMDAwMDAwMDAwLCJkZWxldGUiOjM2MDAwMDAwMDAwMDAsInJlYWQiOjMwMDAwMDAwMDAwMCwidXBkYXRlIjozNjAwMDAwMDAwMDAwfSwic2NoZW1hX3ZlcnNpb24iOiI0In0=",
          "dependencies": [
            "azurerm_resource_group.main"
          ]
        }
      ]
    },
    {
      "mode": "managed",
      "type": "azurerm_storage_container",
      "name": "invoices",
      "provider": "provider[\"registry.terraform.io/hashicorp/azurerm\"]",
      "instances": [
        {
          "schema_version": 1,
          "attributes": {
            "container_access_type": "private",
            "default_encryption_scope": "$account-encryption-key",
            "encryption_scope_override_enabled": true,
            "has_immutability_policy": false,
            "has_legal_hold": false,
            "id": "/subscriptions/5d4d78dc-7df6-4f76-b476-f477b34e51eb/resourceGroups/myapp-orders-invoices/providers/Microsoft.Storage/storageAccounts/myappstorageinv2026/blobServices/default/containers/invoices",
            "metadata": {},
            "name": "invoices",
            "resource_manager_id": "/subscriptions/5d4d78dc-7df6-4f76-b476-f477b34e51eb/resourceGroups/myapp-orders-invoices/providers/Microsoft.Storage/storageAccounts/myappstorageinv2026/blobServices/default/containers/invoices",
            "storage_account_id": "/subscriptions/5d4d78dc-7df6-4f76-b476-f477b34e51eb/resourceGroups/myapp-orders-invoices/providers/Microsoft.Storage/storageAccounts/myappstorageinv2026",
            "storage_account_name": "",
            "timeouts": null
          },
          "sensitive_attributes": [],
          "private": "eyJlMmJmYjczMC1lY2FhLTExZTYtOGY4OC0zNDM2M2JjN2M0YzAiOnsiY3JlYXRlIjoxODAwMDAwMDAwMDAwLCJkZWxldGUiOjE4MDAwMDAwMDAwMDAsInJlYWQiOjMwMDAwMDAwMDAwMCwidXBkYXRlIjoxODAwMDAwMDAwMDAwfSwic2NoZW1hX3ZlcnNpb24iOiIxIn0=",
          "dependencies": [
            "azurerm_resource_group.main",
            "azurerm_storage_account.storage"
          ]
        }
      ]
    },
    {
      "mode": "managed",
      "type": "azurerm_storage_queue",
      "name": "invoice_queue",
      "provider": "provider[\"registry.terraform.io/hashicorp/azurerm\"]",
      "instances": [
        {
          "schema_version": 1,
          "attributes": {
            "id": "/subscriptions/5d4d78dc-7df6-4f76-b476-f477b34e51eb/resourceGroups/myapp-orders-invoices/providers/Microsoft.Storage/storageAccounts/myappstorageinv2026/queueServices/default/queues/invoice-queue",
            "metadata": {},
            "name": "invoice-queue",
            "resource_manager_id": "/subscriptions/5d4d78dc-7df6-4f76-b476-f477b34e51eb/resourceGroups/myapp-orders-invoices/providers/Microsoft.Storage/storageAccounts/myappstorageinv2026/queueServices/default/queues/invoice-queue",
            "storage_account_id": "/subscriptions/5d4d78dc-7df6-4f76-b476-f477b34e51eb/resourceGroups/myapp-orders-invoices/providers/Microsoft.Storage/storageAccounts/myappstorageinv2026",
            "storage_account_name": "",
            "timeouts": null,
            "url": "https://myappstorageinv2026.queue.core.windows.net/invoice-queue"
          },
          "sensitive_attributes": [],
          "private": "eyJlMmJmYjczMC1lY2FhLTExZTYtOGY4OC0zNDM2M2JjN2M0YzAiOnsiY3JlYXRlIjoxODAwMDAwMDAwMDAwLCJkZWxldGUiOjE4MDAwMDAwMDAwMDAsInJlYWQiOjMwMDAwMDAwMDAwMCwidXBkYXRlIjoxODAwMDAwMDAwMDAwfSwic2NoZW1hX3ZlcnNpb24iOiIxIn0=",
          "dependencies": [
            "azurerm_resource_group.main",
            "azurerm_storage_account.storage"
          ]
        }
      ]
    }
  ],
  "check_results": null
}
