{
  "version": 4,
  "terraform_version": "1.5.7",
  "serial": 130,
  "lineage": "37d8bd48-b2b5-3c6e-1647-527be9e75981",
  "outputs": {
    "acr_admin_password": {
      "value": "CvWarHkt9ENmgIidhi1Q6W5DowtwzDlnmhVWE9e0Jhmh0gKNx5fwJQQJ99CBACgEuAYEqg7NAAACAZCRiqPb",
      "type": "string",
      "sensitive": true
    },
    "acr_admin_username": {
      "value": "myappacrinv2026",
      "type": "string"
    },
    "acr_login_server": {
      "value": "myappacrinv2026.azurecr.io",
      "type": "string"
    },
    "aks_cluster_name": {
      "value": "myapp-aks-order-invoice",
      "type": "string"
    },
    "resource_group_name": {
      "value": "myapp-orders-invoices",
      "type": "string"
    },
    "storage_account_key": {
      "value": "4F9UPSicu/JOvpUW3CSmakra7S4ta2dThzxDPzYkGYuGD+X17eI8Y8sU1t68G0LfiliHiHZhy05v+AStQZsZGg==",
      "type": "string",
      "sensitive": true
    },
    "storage_account_name": {
      "value": "myappstorageinvoice2026",
      "type": "string"
    },
    "storage_connection_string": {
      "value": "DefaultEndpointsProtocol=https;AccountName=myappstorageinvoice2026;AccountKey=4F9UPSicu/JOvpUW3CSmakra7S4ta2dThzxDPzYkGYuGD+X17eI8Y8sU1t68G0LfiliHiHZhy05v+AStQZsZGg==;EndpointSuffix=core.windows.net",
      "type": "string",
      "sensitive": true
    }
  },
  "resources": [
    {
      "mode": "data",
      "type": "azurerm_client_config",
      "name": "current",
      "provider": "provider[\"registry.terraform.io/hashicorp/azurerm\"]",
      "instances": [
        {
          "schema_version": 0,
          "attributes": {
            "client_id": "04b07795-8ddb-461a-bbee-02f9e1bf7b46",
            "id": "Y2xpZW50Q29uZmlncy9jbGllbnRJZD0wNGIwNzc5NS04ZGRiLTQ2MWEtYmJlZS0wMmY5ZTFiZjdiNDY7b2JqZWN0SWQ9MzMyNTUxNDMtYzM0ZS00MDEwLWE0YzEtMWU4M2I0M2ZkMTE2O3N1YnNjcmlwdGlvbklkPTVkNGQ3OGRjLTdkZjYtNGY3Ni1iNDc2LWY0NzdiMzRlNTFlYjt0ZW5hbnRJZD1hZGE1NzVmNi00ZTkxLTRkMWQtYWE4OS05YjJkOWY1ODEwZTM=",
            "object_id": "33255143-c34e-4010-a4c1-1e83b43fd116",
            "subscription_id": "5d4d78dc-7df6-4f76-b476-f477b34e51eb",
            "tenant_id": "ada575f6-4e91-4d1d-aa89-9b2d9f5810e3",
            "timeouts": null
          },
          "sensitive_attributes": []
        }
      ]
    },
    {
      "mode": "managed",
      "type": "azurerm_container_app",
      "name": "app",
      "provider": "provider[\"registry.terraform.io/hashicorp/azurerm\"]",
      "instances": [
        {
          "schema_version": 0,
          "attributes": {
            "container_app_environment_id": "/subscriptions/5d4d78dc-7df6-4f76-b476-f477b34e51eb/resourceGroups/myapp-orders-invoices/providers/Microsoft.App/managedEnvironments/myapp-env",
            "custom_domain_verification_id": "16473AB492D3575A2A89FF0CAE62351CF281CBF9B07E843C2C3DF7AB62643016",
            "dapr": [],
            "id": "/subscriptions/5d4d78dc-7df6-4f76-b476-f477b34e51eb/resourceGroups/myapp-orders-invoices/providers/Microsoft.App/containerApps/invoice-worker",
            "identity": [
              {
                "identity_ids": [
                  "/subscriptions/5d4d78dc-7df6-4f76-b476-f477b34e51eb/resourceGroups/myapp-orders-invoices/providers/Microsoft.ManagedIdentity/userAssignedIdentities/myapp-aca-identity"
                ],
                "principal_id": "",
                "tenant_id": "",
                "type": "UserAssigned"
              }
            ],
            "ingress": [],
            "latest_revision_fqdn": "",
            "latest_revision_name": "invoice-worker--0000003",
            "location": "italynorth",
            "max_inactive_revisions": 0,
            "name": "invoice-worker",
            "outbound_ip_addresses": [
              "9.235.97.125"
            ],
            "registry": [
              {
                "identity": "/subscriptions/5d4d78dc-7df6-4f76-b476-f477b34e51eb/resourceGroups/myapp-orders-invoices/providers/Microsoft.ManagedIdentity/userAssignedIdentities/myapp-aca-identity",
                "password_secret_name": "",
                "server": "myappacrinv2026.azurecr.io",
                "username": ""
              }
            ],
            "resource_group_name": "myapp-orders-invoices",
            "revision_mode": "Single",
            "secret": [
              {
                "identity": "/subscriptions/5d4d78dc-7df6-4f76-b476-f477b34e51eb/resourceGroups/myapp-orders-invoices/providers/Microsoft.ManagedIdentity/userAssignedIdentities/myapp-aca-identity",
                "key_vault_secret_id": "https://myapp-kv-inv2026.vault.azure.net/secrets/postgres-db/1aba0075a08c459f9d0deb491e6250f0",
                "name": "postgres-db",
                "value": ""
              },
              {
                "identity": "/subscriptions/5d4d78dc-7df6-4f76-b476-f477b34e51eb/resourceGroups/myapp-orders-invoices/providers/Microsoft.ManagedIdentity/userAssignedIdentities/myapp-aca-identity",
                "key_vault_secret_id": "https://myapp-kv-inv2026.vault.azure.net/secrets/postgres-password/94007488f6f142fa82c8e4f45b524650",
                "name": "postgres-password",
                "value": ""
              },
              {
                "identity": "/subscriptions/5d4d78dc-7df6-4f76-b476-f477b34e51eb/resourceGroups/myapp-orders-invoices/providers/Microsoft.ManagedIdentity/userAssignedIdentities/myapp-aca-identity",
                "key_vault_secret_id": "https://myapp-kv-inv2026.vault.azure.net/secrets/postgres-user/e2540ff9abdc4938a8cf1d8e6c35001c",
                "name": "postgres-user",
                "value": ""
              },
              {
                "identity": "/subscriptions/5d4d78dc-7df6-4f76-b476-f477b34e51eb/resourceGroups/myapp-orders-invoices/providers/Microsoft.ManagedIdentity/userAssignedIdentities/myapp-aca-identity",
                "key_vault_secret_id": "https://myapp-kv-inv2026.vault.azure.net/secrets/storage-connection-string/ba4aa1eac09e4527b2ec218da36bdbea",
                "name": "storage-connection-string",
                "value": ""
              }
            ],
            "tags": {},
            "template": [
              {
                "azure_queue_scale_rule": [],
                "container": [
                  {
                    "args": [],
                    "command": [],
                    "cpu": 0.25,
                    "env": [
                      {
                        "name": "DB_USER",
                        "secret_name": "postgres-user",
                        "value": ""
                      },
                      {
                        "name": "DB_PASSWORD",
                        "secret_name": "postgres-password",
                        "value": ""
                      },
                      {
                        "name": "DB_NAME",
                        "secret_name": "postgres-db",
                        "value": ""
                      },
                      {
                        "name": "AZURE_STORAGE_CONNECTION_STRING",
                        "secret_name": "storage-connection-string",
                        "value": ""
                      },
                      {
                        "name": "DB_HOST",
                        "secret_name": "",
                        "value": "postgres.default.svc.cluster.local"
                      },
                      {
                        "name": "DB_PORT",
                        "secret_name": "",
                        "value": "5432"
                      },
                      {
                        "name": "DB_SSLMODE",
                        "secret_name": "",
                        "value": "disable"
                      },
                      {
                        "name": "BLOB_CONTAINER_NAME",
                        "secret_name": "",
                        "value": "invoices"
                      },
                      {
                        "name": "QUEUE_NAME",
                        "secret_name": "",
                        "value": "invoice-queue"
                      },
                      {
                        "name": "ENV",
                        "secret_name": "",
                        "value": "dev"
                      },
                      {
                        "name": "LOG_LEVEL",
                        "secret_name": "",
                        "value": "debug"
                      }
                    ],
                    "ephemeral_storage": "1Gi",
                    "image": "myappacrinv2026.azurecr.io/invoice-worker:latest",
                    "liveness_probe": [],
                    "memory": "0.5Gi",
                    "name": "invoice-worker",
                    "readiness_probe": [],
                    "startup_probe": [],
                    "volume_mounts": []
                  }
                ],
                "cooldown_period_in_seconds": 300,
                "custom_scale_rule": [],
                "http_scale_rule": [],
                "init_container": [],
                "max_replicas": 5,
                "min_replicas": 0,
                "polling_interval_in_seconds": 30,
                "revision_suffix": "",
                "tcp_scale_rule": [],
                "termination_grace_period_seconds": 0,
                "volume": []
              }
            ],
            "timeouts": null,
            "workload_profile_name": ""
          },
          "sensitive_attributes": [],
          "private": "eyJlMmJmYjczMC1lY2FhLTExZTYtOGY4OC0zNDM2M2JjN2M0YzAiOnsiY3JlYXRlIjoxODAwMDAwMDAwMDAwLCJkZWxldGUiOjE4MDAwMDAwMDAwMDAsInJlYWQiOjMwMDAwMDAwMDAwMCwidXBkYXRlIjoxODAwMDAwMDAwMDAwfX0=",
          "dependencies": [
            "azurerm_container_app_environment.env",
            "azurerm_container_registry.acr",
            "azurerm_key_vault_secret.postgres_db",
            "azurerm_key_vault_secret.postgres_password",
            "azurerm_key_vault_secret.postgres_user",
            "azurerm_key_vault_secret.storage_connection_string",
            "azurerm_resource_group.main",
            "azurerm_storage_container.invoices",
            "azurerm_storage_queue.invoice_queue",
            "azurerm_user_assigned_identity.aca_identity"
          ]
        }
      ]
    },
    {
      "mode": "managed",
      "type": "azurerm_container_app_environment",
      "name": "env",
      "provider": "provider[\"registry.terraform.io/hashicorp/azurerm\"]",
      "instances": [
        {
          "schema_version": 0,
          "attributes": {
            "custom_domain_verification_id": "16473AB492D3575A2A89FF0CAE62351CF281CBF9B07E843C2C3DF7AB62643016",
            "dapr_application_insights_connection_string": "",
            "default_domain": "calmsmoke-bbee145e.italynorth.azurecontainerapps.io",
            "docker_bridge_cidr": "",
            "id": "/subscriptions/5d4d78dc-7df6-4f76-b476-f477b34e51eb/resourceGroups/myapp-orders-invoices/providers/Microsoft.App/managedEnvironments/myapp-env",
            "identity": [],
            "infrastructure_resource_group_name": "",
            "infrastructure_subnet_id": "",
            "internal_load_balancer_enabled": false,
            "location": "italynorth",
            "log_analytics_workspace_id": "",
            "logs_destination": "",
            "mutual_tls_enabled": false,
            "name": "myapp-env",
            "platform_reserved_cidr": "",
            "platform_reserved_dns_ip_address": "",
            "public_network_access": "Enabled",
            "resource_group_name": "myapp-orders-invoices",
            "static_ip_address": "9.235.123.144",
            "tags": {
              "environment": "dev",
              "managed_by": "terraform",
              "project": "order-invoice-system"
            },
            "timeouts": null,
            "workload_profile": [],
            "zone_redundancy_enabled": false
          },
          "sensitive_attributes": [],
          "private": "eyJlMmJmYjczMC1lY2FhLTExZTYtOGY4OC0zNDM2M2JjN2M0YzAiOnsiY3JlYXRlIjoxODAwMDAwMDAwMDAwLCJkZWxldGUiOjE4MDAwMDAwMDAwMDAsInJlYWQiOjMwMDAwMDAwMDAwMCwidXBkYXRlIjoxODAwMDAwMDAwMDAwfX0=",
          "dependencies": [
            "azurerm_resource_group.main"
          ]
        }
      ]
    },
    {
      "mode": "managed",
      "type": "azurerm_container_registry",
      "name": "acr",
      "provider": "provider[\"registry.terraform.io/hashicorp/azurerm\"]",
      "instances": [
        {
          "schema_version": 2,
          "attributes": {
            "admin_enabled": true,
            "admin_password": "CvWarHkt9ENmgIidhi1Q6W5DowtwzDlnmhVWE9e0Jhmh0gKNx5fwJQQJ99CBACgEuAYEqg7NAAACAZCRiqPb",
            "admin_username": "myappacrinv2026",
            "anonymous_pull_enabled": false,
            "data_endpoint_enabled": false,
            "data_endpoint_host_names": [],
            "encryption": [],
            "export_policy_enabled": true,
            "georeplications": [],
            "id": "/subscriptions/5d4d78dc-7df6-4f76-b476-f477b34e51eb/resourceGroups/myapp-orders-invoices/providers/Microsoft.ContainerRegistry/registries/myappacrinv2026",
            "identity": [],
            "location": "italynorth",
            "login_server": "myappacrinv2026.azurecr.io",
            "name": "myappacrinv2026",
            "network_rule_bypass_option": "AzureServices",
            "network_rule_set": [],
            "public_network_access_enabled": true,
            "quarantine_policy_enabled": false,
            "resource_group_name": "myapp-orders-invoices",
            "retention_policy_in_days": 0,
            "sku": "Basic",
            "tags": {
              "environment": "dev",
              "managed_by": "terraform",
              "project": "order-invoice-system"
            },
            "timeouts": null,
            "trust_policy_enabled": false,
            "zone_redundancy_enabled": false
          },
          "sensitive_attributes": [],
          "private": "eyJlMmJmYjczMC1lY2FhLTExZTYtOGY4OC0zNDM2M2JjN2M0YzAiOnsiY3JlYXRlIjoxODAwMDAwMDAwMDAwLCJkZWxldGUiOjE4MDAwMDAwMDAwMDAsInJlYWQiOjMwMDAwMDAwMDAwMCwidXBkYXRlIjoxODAwMDAwMDAwMDAwfSwic2NoZW1hX3ZlcnNpb24iOiIyIn0=",
          "dependencies": [
            "azurerm_resource_group.main"
          ]
        }
      ]
    },
    {
      "mode": "managed",
      "type": "azurerm_key_vault",
      "name": "main",
      "provider": "provider[\"registry.terraform.io/hashicorp/azurerm\"]",
      "instances": [
        {
          "schema_version": 2,
          "attributes": {
            "access_policy": [
              {
                "application_id": "",
                "certificate_permissions": [],
                "key_permissions": [],
                "object_id": "524dadb1-3cc1-4f48-a97a-ee8d40a91175",
                "secret_permissions": [
                  "Get",
                  "List"
                ],
                "storage_permissions": [],
                "tenant_id": "ada575f6-4e91-4d1d-aa89-9b2d9f5810e3"
              },
              {
                "application_id": "",
                "certificate_permissions": [],
                "key_permissions": [],
                "object_id": "33255143-c34e-4010-a4c1-1e83b43fd116",
                "secret_permissions": [
                  "Get",
                  "List",
                  "Set",
                  "Delete",
                  "Purge"
                ],
                "storage_permissions": [],
                "tenant_id": "ada575f6-4e91-4d1d-aa89-9b2d9f5810e3"
              },
              {
                "application_id": "",
                "certificate_permissions": [],
                "key_permissions": [],
                "object_id": "ad651339-16a6-420d-a572-84e097b05614",
                "secret_permissions": [
                  "Get",
                  "List"
                ],
                "storage_permissions": [],
                "tenant_id": "ada575f6-4e91-4d1d-aa89-9b2d9f5810e3"
              }
            ],
            "contact": [],
            "enable_rbac_authorization": false,
            "enabled_for_deployment": false,
            "enabled_for_disk_encryption": false,
            "enabled_for_template_deployment": false,
            "id": "/subscriptions/5d4d78dc-7df6-4f76-b476-f477b34e51eb/resourceGroups/myapp-orders-invoices/providers/Microsoft.KeyVault/vaults/myapp-kv-inv2026",
            "location": "italynorth",
            "name": "myapp-kv-inv2026",
            "network_acls": [
              {
                "bypass": "AzureServices",
                "default_action": "Allow",
                "ip_rules": [],
                "virtual_network_subnet_ids": []
              }
            ],
            "public_network_access_enabled": true,
            "purge_protection_enabled": false,
            "rbac_authorization_enabled": false,
            "resource_group_name": "myapp-orders-invoices",
            "sku_name": "standard",
            "soft_delete_retention_days": 7,
            "tags": {
              "environment": "dev",
              "managed_by": "terraform",
              "project": "order-invoice-system"
            },
            "tenant_id": "ada575f6-4e91-4d1d-aa89-9b2d9f5810e3",
            "timeouts": null,
            "vault_uri": "https://myapp-kv-inv2026.vault.azure.net/"
          },
          "sensitive_attributes": [],
          "private": "eyJlMmJmYjczMC1lY2FhLTExZTYtOGY4OC0zNDM2M2JjN2M0YzAiOnsiY3JlYXRlIjoxODAwMDAwMDAwMDAwLCJkZWxldGUiOjE4MDAwMDAwMDAwMDAsInJlYWQiOjMwMDAwMDAwMDAwMCwidXBkYXRlIjoxODAwMDAwMDAwMDAwfSwic2NoZW1hX3ZlcnNpb24iOiIyIn0=",
          "dependencies": [
            "azurerm_resource_group.main",
            "data.azurerm_client_config.current"
          ]
        }
      ]
    },
    {
      "mode": "managed",
      "type": "azurerm_key_vault_access_policy",
      "name": "aca",
      "provider": "provider[\"registry.terraform.io/hashicorp/azurerm\"]",
      "instances": [
        {
          "schema_version": 0,
          "attributes": {
            "application_id": "",
            "certificate_permissions": [],
            "id": "/subscriptions/5d4d78dc-7df6-4f76-b476-f477b34e51eb/resourceGroups/myapp-orders-invoices/providers/Microsoft.KeyVault/vaults/myapp-kv-inv2026/objectId/524dadb1-3cc1-4f48-a97a-ee8d40a91175",
            "key_permissions": [],
            "key_vault_id": "/subscriptions/5d4d78dc-7df6-4f76-b476-f477b34e51eb/resourceGroups/myapp-orders-invoices/providers/Microsoft.KeyVault/vaults/myapp-kv-inv2026",
            "object_id": "524dadb1-3cc1-4f48-a97a-ee8d40a91175",
            "secret_permissions": [
              "Get",
              "List"
            ],
            "storage_permissions": [],
            "tenant_id": "ada575f6-4e91-4d1d-aa89-9b2d9f5810e3",
            "timeouts": null
          },
          "sensitive_attributes": [],
          "private": "eyJlMmJmYjczMC1lY2FhLTExZTYtOGY4OC0zNDM2M2JjN2M0YzAiOnsiY3JlYXRlIjoxODAwMDAwMDAwMDAwLCJkZWxldGUiOjE4MDAwMDAwMDAwMDAsInJlYWQiOjMwMDAwMDAwMDAwMCwidXBkYXRlIjoxODAwMDAwMDAwMDAwfX0=",
          "dependencies": [
            "azurerm_key_vault.main",
            "azurerm_resource_group.main",
            "azurerm_user_assigned_identity.aca_identity",
            "data.azurerm_client_config.current"
          ]
        }
      ]
    },
    {
      "mode": "managed",
      "type": "azurerm_key_vault_access_policy",
      "name": "aks",
      "provider": "provider[\"registry.terraform.io/hashicorp/azurerm\"]",
      "instances": [
        {
          "schema_version": 0,
          "attributes": {
            "application_id": "",
            "certificate_permissions": [],
            "id": "/subscriptions/5d4d78dc-7df6-4f76-b476-f477b34e51eb/resourceGroups/myapp-orders-invoices/providers/Microsoft.KeyVault/vaults/myapp-kv-inv2026/objectId/ad651339-16a6-420d-a572-84e097b05614",
            "key_permissions": [],
            "key_vault_id": "/subscriptions/5d4d78dc-7df6-4f76-b476-f477b34e51eb/resourceGroups/myapp-orders-invoices/providers/Microsoft.KeyVault/vaults/myapp-kv-inv2026",
            "object_id": "ad651339-16a6-420d-a572-84e097b05614",
            "secret_permissions": [
              "Get",
              "List"
            ],
            "storage_permissions": [],
            "tenant_id": "ada575f6-4e91-4d1d-aa89-9b2d9f5810e3",
            "timeouts": null
          },
          "sensitive_attributes": [],
          "private": "eyJlMmJmYjczMC1lY2FhLTExZTYtOGY4OC0zNDM2M2JjN2M0YzAiOnsiY3JlYXRlIjoxODAwMDAwMDAwMDAwLCJkZWxldGUiOjE4MDAwMDAwMDAwMDAsInJlYWQiOjMwMDAwMDAwMDAwMCwidXBkYXRlIjoxODAwMDAwMDAwMDAwfX0=",
          "dependencies": [
            "azurerm_key_vault.main",
            "azurerm_kubernetes_cluster.aks",
            "azurerm_resource_group.main",
            "data.azurerm_client_config.current"
          ]
        }
      ]
    },
    {
      "mode": "managed",
      "type": "azurerm_key_vault_access_policy",
      "name": "terraform",
      "provider": "provider[\"registry.terraform.io/hashicorp/azurerm\"]",
      "instances": [
        {
          "schema_version": 0,
          "attributes": {
            "application_id": "",
            "certificate_permissions": [],
            "id": "/subscriptions/5d4d78dc-7df6-4f76-b476-f477b34e51eb/resourceGroups/myapp-orders-invoices/providers/Microsoft.KeyVault/vaults/myapp-kv-inv2026/objectId/33255143-c34e-4010-a4c1-1e83b43fd116",
            "key_permissions": [],
            "key_vault_id": "/subscriptions/5d4d78dc-7df6-4f76-b476-f477b34e51eb/resourceGroups/myapp-orders-invoices/providers/Microsoft.KeyVault/vaults/myapp-kv-inv2026",
            "object_id": "33255143-c34e-4010-a4c1-1e83b43fd116",
            "secret_permissions": [
              "Get",
              "List",
              "Set",
              "Delete",
              "Purge"
            ],
            "storage_permissions": [],
            "tenant_id": "ada575f6-4e91-4d1d-aa89-9b2d9f5810e3",
            "timeouts": null
          },
          "sensitive_attributes": [],
          "private": "eyJlMmJmYjczMC1lY2FhLTExZTYtOGY4OC0zNDM2M2JjN2M0YzAiOnsiY3JlYXRlIjoxODAwMDAwMDAwMDAwLCJkZWxldGUiOjE4MDAwMDAwMDAwMDAsInJlYWQiOjMwMDAwMDAwMDAwMCwidXBkYXRlIjoxODAwMDAwMDAwMDAwfX0=",
          "dependencies": [
            "azurerm_key_vault.main",
            "azurerm_resource_group.main",
            "data.azurerm_client_config.current"
          ]
        }
      ]
    },
    {
      "mode": "managed",
      "type": "azurerm_key_vault_secret",
      "name": "images_blob_name",
      "provider": "provider[\"registry.terraform.io/hashicorp/azurerm\"]",
      "instances": [
        {
          "schema_version": 0,
          "attributes": {
            "content_type": "",
            "expiration_date": "",
            "id": "https://myapp-kv-inv2026.vault.azure.net/secrets/images-blob-name/3d65a3b71e614620b2b08648b09cd940",
            "key_vault_id": "/subscriptions/5d4d78dc-7df6-4f76-b476-f477b34e51eb/resourceGroups/myapp-orders-invoices/providers/Microsoft.KeyVault/vaults/myapp-kv-inv2026",
            "name": "images-blob-name",
            "not_before_date": "",
            "resource_id": "/subscriptions/5d4d78dc-7df6-4f76-b476-f477b34e51eb/resourceGroups/myapp-orders-invoices/providers/Microsoft.KeyVault/vaults/myapp-kv-inv2026/secrets/images-blob-name/versions/3d65a3b71e614620b2b08648b09cd940",
            "resource_versionless_id": "/subscriptions/5d4d78dc-7df6-4f76-b476-f477b34e51eb/resourceGroups/myapp-orders-invoices/providers/Microsoft.KeyVault/vaults/myapp-kv-inv2026/secrets/images-blob-name",
            "tags": null,
            "timeouts": null,
            "value": "images",
            "value_wo": null,
            "value_wo_version": 0,
            "version": "3d65a3b71e614620b2b08648b09cd940",
            "versionless_id": "https://myapp-kv-inv2026.vault.azure.net/secrets/images-blob-name"
          },
          "sensitive_attributes": [],
          "private": "eyJlMmJmYjczMC1lY2FhLTExZTYtOGY4OC0zNDM2M2JjN2M0YzAiOnsiY3JlYXRlIjoxODAwMDAwMDAwMDAwLCJkZWxldGUiOjE4MDAwMDAwMDAwMDAsInJlYWQiOjE4MDAwMDAwMDAwMDAsInVwZGF0ZSI6MTgwMDAwMDAwMDAwMH19",
          "dependencies": [
            "azurerm_key_vault.main"
          ]
        }
      ]
    },
    {
      "mode": "managed",
      "type": "azurerm_key_vault_secret",
      "name": "invoices_blob_name",
      "provider": "provider[\"registry.terraform.io/hashicorp/azurerm\"]",
      "instances": [
        {
          "schema_version": 0,
          "attributes": {
            "content_type": "",
            "expiration_date": "",
            "id": "https://myapp-kv-inv2026.vault.azure.net/secrets/invoices-blob-name/07e442662a8d4538b53ba778d998762b",
            "key_vault_id": "/subscriptions/5d4d78dc-7df6-4f76-b476-f477b34e51eb/resourceGroups/myapp-orders-invoices/providers/Microsoft.KeyVault/vaults/myapp-kv-inv2026",
            "name": "invoices-blob-name",
            "not_before_date": "",
            "resource_id": "/subscriptions/5d4d78dc-7df6-4f76-b476-f477b34e51eb/resourceGroups/myapp-orders-invoices/providers/Microsoft.KeyVault/vaults/myapp-kv-inv2026/secrets/invoices-blob-name/versions/07e442662a8d4538b53ba778d998762b",
            "resource_versionless_id": "/subscriptions/5d4d78dc-7df6-4f76-b476-f477b34e51eb/resourceGroups/myapp-orders-invoices/providers/Microsoft.KeyVault/vaults/myapp-kv-inv2026/secrets/invoices-blob-name",
            "tags": null,
            "timeouts": null,
            "value": "invoices",
            "value_wo": null,
            "value_wo_version": 0,
            "version": "07e442662a8d4538b53ba778d998762b",
            "versionless_id": "https://myapp-kv-inv2026.vault.azure.net/secrets/invoices-blob-name"
          },
          "sensitive_attributes": [],
          "private": "eyJlMmJmYjczMC1lY2FhLTExZTYtOGY4OC0zNDM2M2JjN2M0YzAiOnsiY3JlYXRlIjoxODAwMDAwMDAwMDAwLCJkZWxldGUiOjE4MDAwMDAwMDAwMDAsInJlYWQiOjE4MDAwMDAwMDAwMDAsInVwZGF0ZSI6MTgwMDAwMDAwMDAwMH19",
          "dependencies": [
            "azurerm_key_vault.main"
          ]
        }
      ]
    },
    {
      "mode": "managed",
      "type": "azurerm_key_vault_secret",
      "name": "postgres_db",
      "provider": "provider[\"registry.terraform.io/hashicorp/azurerm\"]",
      "instances": [
        {
          "schema_version": 0,
          "attributes": {
            "content_type": "",
            "expiration_date": "",
            "id": "https://myapp-kv-inv2026.vault.azure.net/secrets/postgres-db/1aba0075a08c459f9d0deb491e6250f0",
            "key_vault_id": "/subscriptions/5d4d78dc-7df6-4f76-b476-f477b34e51eb/resourceGroups/myapp-orders-invoices/providers/Microsoft.KeyVault/vaults/myapp-kv-inv2026",
            "name": "postgres-db",
            "not_before_date": "",
            "resource_id": "/subscriptions/5d4d78dc-7df6-4f76-b476-f477b34e51eb/resourceGroups/myapp-orders-invoices/providers/Microsoft.KeyVault/vaults/myapp-kv-inv2026/secrets/postgres-db/versions/1aba0075a08c459f9d0deb491e6250f0",
            "resource_versionless_id": "/subscriptions/5d4d78dc-7df6-4f76-b476-f477b34e51eb/resourceGroups/myapp-orders-invoices/providers/Microsoft.KeyVault/vaults/myapp-kv-inv2026/secrets/postgres-db",
            "tags": {},
            "timeouts": null,
            "value": "orders",
            "value_wo": null,
            "value_wo_version": 0,
            "version": "1aba0075a08c459f9d0deb491e6250f0",
            "versionless_id": "https://myapp-kv-inv2026.vault.azure.net/secrets/postgres-db"
          },
          "sensitive_attributes": [],
          "private": "eyJlMmJmYjczMC1lY2FhLTExZTYtOGY4OC0zNDM2M2JjN2M0YzAiOnsiY3JlYXRlIjoxODAwMDAwMDAwMDAwLCJkZWxldGUiOjE4MDAwMDAwMDAwMDAsInJlYWQiOjE4MDAwMDAwMDAwMDAsInVwZGF0ZSI6MTgwMDAwMDAwMDAwMH19",
          "dependencies": [
            "azurerm_key_vault.main",
            "azurerm_resource_group.main",
            "data.azurerm_client_config.current"
          ]
        }
      ]
    },
    {
      "mode": "managed",
      "type": "azurerm_key_vault_secret",
      "name": "postgres_password",
      "provider": "provider[\"registry.terraform.io/hashicorp/azurerm\"]",
      "instances": [
        {
          "schema_version": 0,
          "attributes": {
            "content_type": "",
            "expiration_date": "",
            "id": "https://myapp-kv-inv2026.vault.azure.net/secrets/postgres-password/94007488f6f142fa82c8e4f45b524650",
            "key_vault_id": "/subscriptions/5d4d78dc-7df6-4f76-b476-f477b34e51eb/resourceGroups/myapp-orders-invoices/providers/Microsoft.KeyVault/vaults/myapp-kv-inv2026",
            "name": "postgres-password",
            "not_before_date": "",
            "resource_id": "/subscriptions/5d4d78dc-7df6-4f76-b476-f477b34e51eb/resourceGroups/myapp-orders-invoices/providers/Microsoft.KeyVault/vaults/myapp-kv-inv2026/secrets/postgres-password/versions/94007488f6f142fa82c8e4f45b524650",
            "resource_versionless_id": "/subscriptions/5d4d78dc-7df6-4f76-b476-f477b34e51eb/resourceGroups/myapp-orders-invoices/providers/Microsoft.KeyVault/vaults/myapp-kv-inv2026/secrets/postgres-password",
            "tags": {},
            "timeouts": null,
            "value": "SecurePassword123!",
            "value_wo": null,
            "value_wo_version": 0,
            "version": "94007488f6f142fa82c8e4f45b524650",
            "versionless_id": "https://myapp-kv-inv2026.vault.azure.net/secrets/postgres-password"
          },
          "sensitive_attributes": [
            [
              {
                "type": "get_attr",
                "value": "value"
              }
            ]
          ],
          "private": "eyJlMmJmYjczMC1lY2FhLTExZTYtOGY4OC0zNDM2M2JjN2M0YzAiOnsiY3JlYXRlIjoxODAwMDAwMDAwMDAwLCJkZWxldGUiOjE4MDAwMDAwMDAwMDAsInJlYWQiOjE4MDAwMDAwMDAwMDAsInVwZGF0ZSI6MTgwMDAwMDAwMDAwMH19",
          "dependencies": [
            "azurerm_key_vault.main",
            "azurerm_resource_group.main",
            "data.azurerm_client_config.current"
          ]
        }
      ]
    },
    {
      "mode": "managed",
      "type": "azurerm_key_vault_secret",
      "name": "postgres_user",
      "provider": "provider[\"registry.terraform.io/hashicorp/azurerm\"]",
      "instances": [
        {
          "schema_version": 0,
          "attributes": {
            "content_type": "",
            "expiration_date": "",
            "id": "https://myapp-kv-inv2026.vault.azure.net/secrets/postgres-user/e2540ff9abdc4938a8cf1d8e6c35001c",
            "key_vault_id": "/subscriptions/5d4d78dc-7df6-4f76-b476-f477b34e51eb/resourceGroups/myapp-orders-invoices/providers/Microsoft.KeyVault/vaults/myapp-kv-inv2026",
            "name": "postgres-user",
            "not_before_date": "",
            "resource_id": "/subscriptions/5d4d78dc-7df6-4f76-b476-f477b34e51eb/resourceGroups/myapp-orders-invoices/providers/Microsoft.KeyVault/vaults/myapp-kv-inv2026/secrets/postgres-user/versions/e2540ff9abdc4938a8cf1d8e6c35001c",
            "resource_versionless_id": "/subscriptions/5d4d78dc-7df6-4f76-b476-f477b34e51eb/resourceGroups/myapp-orders-invoices/providers/Microsoft.KeyVault/vaults/myapp-kv-inv2026/secrets/postgres-user",
            "tags": {},
            "timeouts": null,
            "value": "postgres",
            "value_wo": null,
            "value_wo_version": 0,
            "version": "e2540ff9abdc4938a8cf1d8e6c35001c",
            "versionless_id": "https://myapp-kv-inv2026.vault.azure.net/secrets/postgres-user"
          },
          "sensitive_attributes": [],
          "private": "eyJlMmJmYjczMC1lY2FhLTExZTYtOGY4OC0zNDM2M2JjN2M0YzAiOnsiY3JlYXRlIjoxODAwMDAwMDAwMDAwLCJkZWxldGUiOjE4MDAwMDAwMDAwMDAsInJlYWQiOjE4MDAwMDAwMDAwMDAsInVwZGF0ZSI6MTgwMDAwMDAwMDAwMH19",
          "dependencies": [
            "azurerm_key_vault.main",
            "azurerm_resource_group.main",
            "data.azurerm_client_config.current"
          ]
        }
      ]
    },
    {
      "mode": "managed",
      "type": "azurerm_key_vault_secret",
      "name": "queue_name",
      "provider": "provider[\"registry.terraform.io/hashicorp/azurerm\"]",
      "instances": [
        {
          "schema_version": 0,
          "attributes": {
            "content_type": "",
            "expiration_date": "",
            "id": "https://myapp-kv-inv2026.vault.azure.net/secrets/queue-name/e9160bcd2f084c7f8ccc892b98c5dbe8",
            "key_vault_id": "/subscriptions/5d4d78dc-7df6-4f76-b476-f477b34e51eb/resourceGroups/myapp-orders-invoices/providers/Microsoft.KeyVault/vaults/myapp-kv-inv2026",
            "name": "queue-name",
            "not_before_date": "",
            "resource_id": "/subscriptions/5d4d78dc-7df6-4f76-b476-f477b34e51eb/resourceGroups/myapp-orders-invoices/providers/Microsoft.KeyVault/vaults/myapp-kv-inv2026/secrets/queue-name/versions/e9160bcd2f084c7f8ccc892b98c5dbe8",
            "resource_versionless_id": "/subscriptions/5d4d78dc-7df6-4f76-b476-f477b34e51eb/resourceGroups/myapp-orders-invoices/providers/Microsoft.KeyVault/vaults/myapp-kv-inv2026/secrets/queue-name",
            "tags": null,
            "timeouts": null,
            "value": "invoice-queue",
            "value_wo": null,
            "value_wo_version": 0,
            "version": "e9160bcd2f084c7f8ccc892b98c5dbe8",
            "versionless_id": "https://myapp-kv-inv2026.vault.azure.net/secrets/queue-name"
          },
          "sensitive_attributes": [],
          "private": "eyJlMmJmYjczMC1lY2FhLTExZTYtOGY4OC0zNDM2M2JjN2M0YzAiOnsiY3JlYXRlIjoxODAwMDAwMDAwMDAwLCJkZWxldGUiOjE4MDAwMDAwMDAwMDAsInJlYWQiOjE4MDAwMDAwMDAwMDAsInVwZGF0ZSI6MTgwMDAwMDAwMDAwMH19",
          "dependencies": [
            "azurerm_key_vault.main"
          ]
        }
      ]
    },
    {
      "mode": "managed",
      "type": "azurerm_key_vault_secret",
      "name": "storage_connection_string",
      "provider": "provider[\"registry.terraform.io/hashicorp/azurerm\"]",
      "instances": [
        {
          "schema_version": 0,
          "attributes": {
            "content_type": "",
            "expiration_date": "",
            "id": "https://myapp-kv-inv2026.vault.azure.net/secrets/storage-connection-string/ba4aa1eac09e4527b2ec218da36bdbea",
            "key_vault_id": "/subscriptions/5d4d78dc-7df6-4f76-b476-f477b34e51eb/resourceGroups/myapp-orders-invoices/providers/Microsoft.KeyVault/vaults/myapp-kv-inv2026",
            "name": "storage-connection-string",
            "not_before_date": "",
            "resource_id": "/subscriptions/5d4d78dc-7df6-4f76-b476-f477b34e51eb/resourceGroups/myapp-orders-invoices/providers/Microsoft.KeyVault/vaults/myapp-kv-inv2026/secrets/storage-connection-string/versions/ba4aa1eac09e4527b2ec218da36bdbea",
            "resource_versionless_id": "/subscriptions/5d4d78dc-7df6-4f76-b476-f477b34e51eb/resourceGroups/myapp-orders-invoices/providers/Microsoft.KeyVault/vaults/myapp-kv-inv2026/secrets/storage-connection-string",
            "tags": {},
            "timeouts": null,
            "value": "DefaultEndpointsProtocol=https;AccountName=myappstorageinvoice2026;AccountKey=4F9UPSicu/JOvpUW3CSmakra7S4ta2dThzxDPzYkGYuGD+X17eI8Y8sU1t68G0LfiliHiHZhy05v+AStQZsZGg==;EndpointSuffix=core.windows.net",
            "value_wo": null,
            "value_wo_version": 0,
            "version": "ba4aa1eac09e4527b2ec218da36bdbea",
            "versionless_id": "https://myapp-kv-inv2026.vault.azure.net/secrets/storage-connection-string"
          },
          "sensitive_attributes": [
            [
              {
                "type": "get_attr",
                "value": "value"
              }
            ]
          ],
          "private": "eyJlMmJmYjczMC1lY2FhLTExZTYtOGY4OC0zNDM2M2JjN2M0YzAiOnsiY3JlYXRlIjoxODAwMDAwMDAwMDAwLCJkZWxldGUiOjE4MDAwMDAwMDAwMDAsInJlYWQiOjE4MDAwMDAwMDAwMDAsInVwZGF0ZSI6MTgwMDAwMDAwMDAwMH19",
          "dependencies": [
            "azurerm_key_vault.main",
            "azurerm_resource_group.main",
            "azurerm_storage_account.storage",
            "data.azurerm_client_config.current"
          ]
        }
      ]
    },
    {
      "mode": "managed",
      "type": "azurerm_kubernetes_cluster",
      "name": "aks",
      "provider": "provider[\"registry.terraform.io/hashicorp/azurerm\"]",
      "instances": [
        {
          "schema_version": 2,
          "attributes": {
            "aci_connector_linux": [],
            "ai_toolchain_operator_enabled": false,
            "api_server_access_profile": [],
            "auto_scaler_profile": [],
            "automatic_upgrade_channel": "",
            "azure_active_directory_role_based_access_control": [],
            "azure_policy_enabled": false,
            "bootstrap_profile": [
              {
                "artifact_source": "Direct",
                "container_registry_id": ""
              }
            ],
            "confidential_computing": [],
            "cost_analysis_enabled": false,
            "current_kubernetes_version": "1.33.6",
            "custom_ca_trust_certificates_base64": [],
            "default_node_pool": [
              {
                "auto_scaling_enabled": false,
                "capacity_reservation_group_id": "",
                "fips_enabled": false,
                "gpu_driver": "",
                "gpu_instance": "",
                "host_encryption_enabled": false,
                "host_group_id": "",
                "kubelet_config": [],
                "kubelet_disk_type": "OS",
                "linux_os_config": [],
                "max_count": 0,
                "max_pods": 110,
                "min_count": 0,
                "name": "default",
                "node_count": 1,
                "node_labels": {},
                "node_network_profile": [],
                "node_public_ip_enabled": false,
                "node_public_ip_prefix_id": "",
                "only_critical_addons_enabled": false,
                "orchestrator_version": "1.33",
                "os_disk_size_gb": 128,
                "os_disk_type": "Managed",
                "os_sku": "Ubuntu",
                "pod_subnet_id": "",
                "proximity_placement_group_id": "",
                "scale_down_mode": "Delete",
                "snapshot_id": "",
                "tags": {},
                "temporary_name_for_rotation": "",
                "type": "VirtualMachineScaleSets",
                "ultra_ssd_enabled": false,
                "upgrade_settings": [
                  {
                    "drain_timeout_in_minutes": 0,
                    "max_surge": "10%",
                    "node_soak_duration_in_minutes": 0,
                    "undrainable_node_behavior": ""
                  }
                ],
                "vm_size": "Standard_D2S_v3",
                "vnet_subnet_id": "",
                "workload_runtime": "",
                "zones": []
              }
            ],
            "disk_encryption_set_id": "",
            "dns_prefix": "myapp",
            "dns_prefix_private_cluster": "",
            "edge_zone": "",
            "fqdn": "myapp-z58xp9al.hcp.italynorth.azmk8s.io",
            "http_application_routing_enabled": false,
            "http_application_routing_zone_name": "",
            "http_proxy_config": [],
            "id": "/subscriptions/5d4d78dc-7df6-4f76-b476-f477b34e51eb/resourceGroups/myapp-orders-invoices/providers/Microsoft.ContainerService/managedClusters/myapp-aks-order-invoice",
            "identity": [
              {
                "identity_ids": [],
                "principal_id": "e0a3f138-a42a-413c-9279-ac8e7092005b",
                "tenant_id": "ada575f6-4e91-4d1d-aa89-9b2d9f5810e3",
                "type": "SystemAssigned"
              }
            ],
            "image_cleaner_enabled": null,
            "image_cleaner_interval_hours": null,
            "ingress_application_gateway": [],
            "key_management_service": [],
            "key_vault_secrets_provider": [
              {
                "secret_identity": [
                  {
                    "client_id": "84603f43-d1be-4e91-8463-15e25c226c10",
                    "object_id": "c341368d-1282-4733-9f05-e03ae932c0fd",
                    "user_assigned_identity_id": "/subscriptions/5d4d78dc-7df6-4f76-b476-f477b34e51eb/resourcegroups/MC_myapp-orders-invoices_myapp-aks-order-invoice_italynorth/providers/Microsoft.ManagedIdentity/userAssignedIdentities/azurekeyvaultsecretsprovider-myapp-aks-order-invoice"
                  }
                ],
                "secret_rotation_enabled": true,
                "secret_rotation_interval": "2m"
              }
            ],
            "kube_admin_config": [],
            "kube_admin_config_raw": "",
            "kube_config": [
              {
                "client_certificate": "LS0tLS1CRUdJTiBDRVJUSUZJQ0FURS0tLS0tCk1JSUZIVENDQXdXZ0F3SUJBZ0lRSVluM0JhdGFBSGtLTm5kdnlYT1FsekFOQmdrcWhraUc5dzBCQVFzRkFEQU4KTVFzd0NRWURWUVFERXdKallUQWVGdzB5TmpBeU1EZ3hNalF5TURKYUZ3MHlPREF5TURneE1qVXlNREphTURBeApGekFWQmdOVkJBb1REbk41YzNSbGJUcHRZWE4wWlhKek1SVXdFd1lEVlFRREV3eHRZWE4wWlhKamJHbGxiblF3CmdnSWlNQTBHQ1NxR1NJYjNEUUVCQVFVQUE0SUNEd0F3Z2dJS0FvSUNBUURLS0U4VXJVeG1GVmxjWC82Kytzc3YKZ1N6WWZhVi9zcld4cCtFczBPalFMMlovNlFvV2JqenZ1R3Y0Z0ttc3NmMVk4WDF0ZW0zRGh6SUZQeWN4YzFLMwpuUHBLQklZZTJBMG1NaHdzb21SVU5qZHBnNEZHU21XVmpOcnRZTjNFRUduNHV2emNsYXJIeU8zb0dOR2dpdTNaCnZDbzdtVEpxZFVEekorTHBrUzdRUTBZMC9tT0VsZU5hK2VaYnF5OHU3d2FVYW15Ry9FblFXS3ljbTI0Tmwwa3kKZklWVzRBSGlGNlMzQUpYNENpRXZRMTFFTmVST2FUSHM4UStEcDViNXhIS1NnUGdLKzNvK3grS1NBN1Z0N3pDVgpqU0JDKzRlNGNxQ2Q4VjJLUTNHa0dBTDFyL3ovc01zckZGcUFBa2tWVWFpVldSbHg3dnErbDF1cjVUYlFKeVlICjJrUENNVlFJK2E2Z09wdVV6bXFQWGoxYTNQTlRrajMvdlU2SVRoSVBqTG5nN2huVGJ6dStNT0VRaDVHaDloWEgKYzNvWmNFbEh6UWtxcllSMEk0bWZJTy9SUXNmcmYxMTRyeGVuYlZxSldvc2drRUtzRHV5eGMyS0MvcEs2TnJjdgp6LzhlQjdvUHZzeVhZVGhpL1g0L08vY1VNZXQwVXNoVU9OUDF3L3hVUXNYamxTOSt3SHJWZytCTkZWUSt5a1c0CnQyUWMyNy9ENXU0QThhNXU3SW96WFFQbTlTRnNVM3Z0LzF0ZmtkeTJjMjhsY3dJV1BjSWFVdG9OU2t2aFdwRkIKcnI1blN6V1dsaVB1UERhcTF0MnJEOGZlK1JrRm5FSzRpeCttcjhXendldXF6NDU4elFZZWNtdDhLZGJEeVYvNApkV3ZzSWxnV0dCSStJTzRrQnpoZ0ZRSURBUUFCbzFZd1ZEQU9CZ05WSFE4QkFmOEVCQU1DQmFBd0V3WURWUjBsCkJBd3dDZ1lJS3dZQkJRVUhBd0l3REFZRFZSMFRBUUgvQkFJd0FEQWZCZ05WSFNNRUdEQVdnQlI0UVRsTmxJczMKb0hlZE1hSkliVlhhR1RTTW56QU5CZ2txaGtpRzl3MEJBUXNGQUFPQ0FnRUFtd1V1TkhTV0ozcmNQV29IK0pOdgpqcjIzTlNXQmxSTUVBT29HZkZRb1FnckViSXp3aTBFa21iWjFWd0RtbEJ2d0NDM0xQMjZ5NTBQeG5xTHl2UVhGCmZSWlE4dmljN21YZ1p5UXhscmVJaFAvR0FWTkN2YjAzYkVqbkpPdTRrU1RmRndmamZQNURoVkl5MlNDWHgrYW4KM1FmajJWalFxRVJZZStReHIyNEdvdCtDKzhTZy96c2YzNUJaYncyVXc3WU8rbVJrbVhUSVJQZlYwb1hFUUJlSQpXb3pCWWI5dTFwdkNwTGx4WE11bHFFMnRkZWtjSEVOaTJlN1VnM0oxWU1XdVVrSjFsUHZJd0FTay92WHI1ZnlzClNxMGlZUUMyZzE0cDRwelYxczF6TlJRdVZSQnpBUVE4Mll0SHlOM3krZkVjTGIrbG92dGwrUTlNbEExWlgwOXIKMGk2VHJoRDNobDFKTjNlTmJ3NmFHT2YvVkFRK1o3NlRQSTBLUmhUbjF1RExvSnZtbGJ6b28yQ3VROGd1SGJZYwp3aTIwdkN0ejkvTDZ1aWZ2Nko3SmZ1U2NVeExhL0xkL0JsczBvcUp3N05ubENYeWZtRFFxNnBla2RjKzlZRzVqCno0VVFuSm16aDhSMndUVmFIUERpMFNOZGhrL2NHMzhtMlZsVDdFb0pOZXJiN1F3cU5Uei9lWkYweWNUeDByNWgKTkhLZGZyZUNPaHVaTnZPNkd1MElDMHA4Njhsb0VPdjh2ZTk1TnZLVmZYSjU2d1ROTVJVcEFKNjBKSHhIME1oZQpXOXQ5eFQ0OXl1ejRvQXcvUUxsY2o0aVU3NHdhcnVkVW1KdnFXVGptNEo4cnA3RmxJNmFKK1dRMVd0dUJwc0NiCmprNURjMk9jNkJLeTQ5VittVGV0clUwPQotLS0tLUVORCBDRVJUSUZJQ0FURS0tLS0tCg==",
                "client_key": "LS0tLS1CRUdJTiBSU0EgUFJJVkFURSBLRVktLS0tLQpNSUlKS0FJQkFBS0NBZ0VBeWloUEZLMU1aaFZaWEYvK3Z2ckxMNEVzMkgybGY3SzFzYWZoTE5EbzBDOW1mK2tLCkZtNDg3N2hyK0lDcHJMSDlXUEY5YlhwdHc0Y3lCVDhuTVhOU3Q1ejZTZ1NHSHRnTkpqSWNMS0prVkRZM2FZT0IKUmtwbGxZemE3V0RkeEJCcCtMcjgzSldxeDhqdDZCalJvSXJ0MmJ3cU81a3lhblZBOHlmaTZaRXUwRU5HTlA1agpoSlhqV3ZubVc2c3ZMdThHbEdwc2h2eEowRmlzbkp0dURaZEpNbnlGVnVBQjRoZWt0d0NWK0FvaEwwTmRSRFhrClRta3g3UEVQZzZlVytjUnlrb0Q0Q3Z0NlBzZmlrZ08xYmU4d2xZMGdRdnVIdUhLZ25mRmRpa054cEJnQzlhLzgKLzdETEt4UmFnQUpKRlZHb2xWa1pjZTc2dnBkYnErVTIwQ2NtQjlwRHdqRlVDUG11b0RxYmxNNXFqMTQ5V3R6egpVNUk5LzcxT2lFNFNENHk1NE80WjAyODd2akRoRUllUm9mWVZ4M042R1hCSlI4MEpLcTJFZENPSm55RHYwVUxICjYzOWRlSzhYcDIxYWlWcUxJSkJDckE3c3NYTmlndjZTdWphM0w4Ly9IZ2U2RDc3TWwyRTRZdjErUHp2M0ZESHIKZEZMSVZEalQ5Y1A4VkVMRjQ1VXZmc0I2MVlQZ1RSVlVQc3BGdUxka0hOdS93K2J1QVBHdWJ1eUtNMTBENXZVaApiRk43N2Y5Ylg1SGN0bk52SlhNQ0ZqM0NHbExhRFVwTDRWcVJRYTYrWjBzMWxwWWo3ancycXRiZHF3L0gzdmtaCkJaeEN1SXNmcHEvRnM4SHJxcytPZk0wR0huSnJmQ25XdzhsZitIVnI3Q0pZRmhnU1BpRHVKQWM0WUJVQ0F3RUEKQVFLQ0FnQUYxUTloQXBYdGJRakF0a0ZJZTc1UWJzcmZMUkxSQWhRbFhibE1uSE5YREVNS0JpeGxGTVdieWVlTgppaEs3R1lCOGFDMHM4eWNIQ05lNzJJUldOQ1JMQ1ZPY1BwQ3JBNk12ZXFzZTY0bDI5NEIyUWhYQTlDVUZvVVJ3CnJFYUJvVktaV3pXdjNINkttSVNxbVVxMDljVWlic0FPSzUrTmZEZ0ZPOTJiVFBXN2l2RlQxcElDOFhzWGRSVzkKQjgySzdsanpmN1dGV0hKOXVRMHowSFVtbmJwK0l5TUtyRmhKa0ZLUGVBd2JsWms2L3BmS2Y3NklONWM1NVlPRAowaG8wTndOeU1CZlg0MFQxMmpqeWF2cDVRemtVMjNjMmo0Q3RKTnQyNnc5K2pXOFNJNkkwT2VGVDlDTU1hV0FxCkNNYllmMXhjZ0s5UC91dkxnMXpnOHZJM282V0FiOTJqNW0yNk5yYmlCU0prWFZ6MllIbHVKTWF3K2kvRVNJQUYKbUtYSmpwaSt4ODI4NHBKS2s3ZFdVMVFBS0Y3V0IyandieExVLzdFSTVnTW1DWUM3WG91YkdIRVZIU04vazF3VAp6NzdKUmNqc2c4YTd5VFQrZ2ZadGxYTUc0dU5aRGF5MVVSMDR1aWxQcVFJRmVBYklqc0dlSllYWWs5YS9XaVRSClE3QnRzVmxnUWVub0ZIQnhKQWtZTG91bG9pcEUxS3Z0Rno0dHJwNEV2SVpZbEdTRlNuSjQrYTBkcUF1QjI4NVcKUnlUb1NxYTZuZlNzNlpybVRuZHFZRlRJaDhMenF3bE1aNVBnNDVIMEZ4THRBUUlxR2dhbjlqUTNwVUZxYXloQgoxcVdjNzJEZGtqUDBYKzVnbjZ6Y0h2SzRlSTdvRDRDS3B1SE1za3JkSW9CU2RieHZZUUtDQVFFQTZKNWk1YjAyCnJ6WjB5dUtlTGF4cUhqbjJsaUt2a2hCcGVRSm52RERCcjNYZkZpQzk1Ym9KY2tFSXFKcVFjYjZhRTkwRWZBWmoKeGt3bFJNb2lEU0Evb1ZWbTlTVmdKRWFSZXZrL2tzT3pQNmVzOTl5RjZndzRaWk1UNzVPdGY0WVdOTWJ3L3c2UgpnZTErcWIxS015NjFUd1pCSWxZcmFXdXhhbFcxdXk1MFcxSU51TktZK05UWTQrUEVXNlVDN1B6YUFJMTJERDFRCkcxc0J1SUVDWnFMV1gxTWlnMStxY211dGlzZlVzSHVvTnFIRGtRQVcxanVSTFUrKzE2bW5TWDFqL0pmR0VCYksKSlBwN3o1RVdWSWt6YTBVQ1h5RjhQRnl0ZGQwS3NnSG1hYkFFUkRTNUZsMFQrSGgzYi8zbldVeWptMU54Q3Z6cwpJU043Q0l6TjJNeWk5UUtDQVFFQTNub2NieVd0eHBTamg4Um5qQ2J4Z09UZ3RpSURYcTl2a3puTlIwSkErOHBXCk1GRC9qNlN2a0pGNFZDeUVsbEN4SFVZY2J0dzNoMU9BYVBWWXZEdzhYQWYvenMvKy9PZ0c4SGUrYmdXd2ZUb2gKMHFkRUc4UnpYNGZObE9OUTFNL1RieTRvWXdIM0J1Q0syS0RYZElsNkZDNkxXWUtuZnBlS2pUV1d1SVdvSnF4UQpvRERsRGxzaXhwdzBTWGJpaDBtZGZzaWFRM2xCYS9VY2RvalYvNEozNThFcEtLb2Vtb2lxYlpPelRIUElaaW00ClR1VHdjR0t6bklYMkVZaDhpa0pxKzdXVkJ6bXQ0aU1weDk0aG1jTzIwQnVPWlRTNDNsRDdpVmFtQmdmVDJFYmwKTUlmQk9XS0dxVVc5T3FGVGFjTXBNdmdpV1hoRGNMOC9lWWhlcTJmVW9RS0NBUUI1VU5rZEhjQWVRdFZJVmtYTwpaaVAxM1o3bmovRm15TjVvK01NbkYzcDd5b3B0SE9oTW5laDlTTU4rUXhYZjdGcW96MVNlWmlxMDZWTnFlOHlrCmNkUWRqTStrUERqVzBtTGU4b3lnT3lZSnBhWUVvbUxJdkZUUlRKSlNHUCtjQ1U4ZGVUK0lsWTEzYUdmdG1FWFIKU2FQUE1lRFlTbjViZlluS2ZpYklGeU1oMlRwRTBMaHMxWHpENVM2cjZQUU1xcFg3UWN0MStLZ0ZqRUhxZW9YSgpCMVdyNDB5Vm5WZmtVcG53VGVWem9Sb0tXL1VGY3psMXd4MGt0M2s5T2tKL2hrQ1dKSVZzTUtaK0FKQi9vUmczClFGS3J1QkxUa0VBZHJ1dmNFMHFYcVh3RVZJTDFHMVlIL3NVQ2lia29sQStLdC9oL2NsWDdPQXJpQVlJUjVIVWEKZ3liZEFvSUJBUUNGb2FsVXBiZzBzSEZ0aW01OEE2UktQTEF4RmtzWjQ1ek1QUXJ0ZzRGTy9HRTYwbHcvSnJlQgp5YThTT0U5SGpwNWtMQW5HR1NhTmRYMkxEZHZIN1JLQVlSbXBXc3daa3pFZjNYMFh6dmtNcnc5RDNjNk9Nemp0CnA3KzNiN2JNclN5ZCtvYXR1YTlzaFJGQlA1TkszNHpoZEhlbFExSmlPcG94YVgvbncvaVZpaWsvbno3bW1aMVEKMk9DYlEvcWJNbitVZU9BWUtVdy9rVklRYk83RmM5T2I5QzFKeksxbk96SExjYzFmM2FnQW5ZeWtidVZ4VEFnQQp1NEpyVTZVaTB2UTV6djcrQVFwTjY3c2IzM1FsVFNhUTZBeG5BLzBMSkcrQ05mYXhacUE3cDVIZ3pab2xZdVhwCjVRYmRvYXRkdXFrVGdYSDRkY0ZraHF1VXozRzEyVDhoQW9JQkFES05hTGxkVHlnWFVWd21qQ3BIWTQxRjJkRUwKajYzWS9yczBLbjVDTDhwM2VoLzVURXhEaWtPUGlVNVdBaTV2TzZ3SXVlRHdHMDVtTUtZVFQyVUxTYlNqUlRnTgorVC9TMFg5ekhaVDRvYk5WcHlURGdiQ3FkN1pvZVN2RzlUaDI1OVVDRXZyY1h2Wm1jSU1jVTN5aUUyK0k1OHJLCjd3cUd5czdqd3gyMWR6VjFubEtvcWhCUXczaGV3N1dvaHlraVRIeWhBem13SWhoQ3dDVjBGZVZaZmo1aVNWVGwKaThrM28wWjVpVVRaMFdwQVE3RE1OVGxsTlhrZEZZdkIwTTkyZFFwRXA0ZjBiNWlWRytOa1NxMDljcGpVUFRZMgpRcE5vQTJYWUIrbWZzSWpOdUFrSnJnc0txSjNyMzNMbDZEcmVhUC9VbGJuSzdiY3dyUy92NE9BNmVhQT0KLS0tLS1FTkQgUlNBIFBSSVZBVEUgS0VZLS0tLS0K",
                "cluster_ca_certificate": "LS0tLS1CRUdJTiBDRVJUSUZJQ0FURS0tLS0tCk1JSUU2RENDQXRDZ0F3SUJBZ0lRQ1BEYWRuQ2FtZHdrY1NHTE1kQVlwekFOQmdrcWhraUc5dzBCQVFzRkFEQU4KTVFzd0NRWURWUVFERXdKallUQWdGdzB5TmpBeU1EZ3hNalF5TURKYUdBOHlNRFUyTURJd09ERXlOVEl3TWxvdwpEVEVMTUFrR0ExVUVBeE1DWTJFd2dnSWlNQTBHQ1NxR1NJYjNEUUVCQVFVQUE0SUNEd0F3Z2dJS0FvSUNBUUNuCk9MN3VhQklwa1NyWWhzYkNQWndGT0J1Y0NUNUMwYkZ0M2twREE0YnJZZEFkTVMySENHN21KQ3JUcFZJRDBYQzUKbm40aTc0WFIzTmtyT1Bnc1h2QnhiL2hsSGNiWFc3Q1hOZVZINkZCU3pIM1hubjI4WjAvWlZQdkZkQ3dzY2xlSQpsVHpBNE9QYlVneXlrR1NRc3hONTNqYlpqZUVVd0hiaWd2R1J3bzdyVXUvalFmYVExUWNPaWZGQTVtcWFNUWVNCmZVNnlnWWUrQmNRM3BPeDgrb0VUZE5QcVFSWlM2OGZERkNFZjY4eExvT213dTdkRzlOcWEyaUh6MElnSHZJZHgKelRFT3owUURibTI0S1A4Zm9ZN1QyaTVMdnZ1dUppS2krelh0VnAwcjVFV3ZGVXN6QkdnUU0xQUNPWmJZT0VSWgp1aFZPdkVBSnhjSnlsRnlHL2JEQ09aanFJZnlrSUpOR25tUVJLNmI4d2M4TEJRVWxuOTh4ZVIwNUx4SFZSOUdxCjdxSUR3cG9uQm0yQm9lTEI4cUNEanNMeWhVK080TzV4U2VGNXdTUnhaVVRySUNvbFJJNDZ5NUh1OXBhc1VMOVkKZkthSkNtODhySDJiRGZzaURYZS96N1JXSi9NTnMwSWVTMWdQWUw0TVFyWEE3Yit0c0lLQUR2dFFPbytSRXh6Wgp1Ui9OS3R4TDgrd3pJOG43R0Z2Y2htTzNyL3crOUcwRG5WRVF3Rnhrc2hIWlYzTWdQbnl4Q1REYUVyaXFGT1N4CldOWSt0SmRTVzBEQ3J6d1V3bW5aZzd6K3docjBsa1dDbTRnMUg5bFJ6QldZY3hKbVRuNTVEemJXY3kzNzFEQk4KRFN4K3llU0FBanRDRndPR2VFOEhDK1hTWVg4cTNyOGtFNXhkT1ZlWkR3SURBUUFCbzBJd1FEQU9CZ05WSFE4QgpBZjhFQkFNQ0FxUXdEd1lEVlIwVEFRSC9CQVV3QXdFQi96QWRCZ05WSFE0RUZnUVVlRUU1VFpTTE42QjNuVEdpClNHMVYyaGswako4d0RRWUpLb1pJaHZjTkFRRUxCUUFEZ2dJQkFBbjlZUTRyYWpuVTlrYWR2dnQ2Q3c2SFdmMDkKbUYzNlp5amduMlh6SFMvUnVVZmd2NzV5clh0MElVKzl6UllZNTk3Y2x3RVE1ck9BRVpOUUVqNWM3ZHJTYmZmNgpjWWMxUnVxWEtwNmduQlFWaGFrdkFpUUpTblNIWkJtOE9rVktXRnNVdXE5Tk8vbGJLTFBWMlhBc0l3WVpUYkVxCmpmL25hWFQ5U1V4aHdVbmQ4TmNNRkQ4ZFJyaWtYbmEvRitkYkhCTS9tMjZIZEp2Zis1RkloOGVaQ0k5OHkrWDcKbEpYRzA3ZnRGRGRWZUx6WGc5aUE1Q2N5VUdBVFo0U3BidGFvSTlrOS9MazRZWUNZNWUrQVVKL1doR25YbGN6SQo2ZTBlK1N6ek1mMWFHRkRZdWNaUUlPdm00dHdLVkhOdlEvUC9qNmVON0VhNlpxd0VFMzVxMjhMQ0swVXEzbkd2Cmk4VlMvTG5GQVk0Q01yZVlhYmdkREJyNHUyVU9NdDYweEUyRmNPUzVDZnY2RlpTV0d5RWxVL1p5UzJrblQ5bkkKOS9VRWx4MTJodGVHOFZSSTVCVldpK0NYamZJcE44NzFoeFRSOEdFWWcvZyt2eU04SVRXV3JUY1NsUHhmaWRsMwpzOFNUelBucitvdEZnZDFpaGQ0R3ZON051OTBwUUo5YTczNVRjNEdEdFFkOGh3MHBYTU5GR3FWYi9qdnBmdnRvCjZwcVI1b01IUlpWK1g2YVJRQlUzb2UxSVdOczVSVTNmcFp3eDBna3h2ZlVFc21kV3VhOHFpRXpyNG01ejVUeW8KQTRKcVBmRzVKbCtOc0h6WDVka0M1d3U3Ymo3VW1BNE1sR0VxUVVDM3dQTEhmYTNjQ3BOdFpZU0NwSmw0S2FEZApYbHB1YkszcnNjY0I5TzZsCi0tLS0tRU5EIENFUlRJRklDQVRFLS0tLS0K",
                "host": "https://myapp-z58xp9al.hcp.italynorth.azmk8s.io:443",
                "password": "c885msbxbfr2dw5v2zzk6haw40q1kxbqjsy4im4ups0wasjaqinw3bkxqqdvdfc0oo92rt8up6krnkn0x8c4oeoi3qhz8n2g5b5ucedihtqqzo09gjvtbevu1ftxhur5",
                "username": "clusterUser_myapp-orders-invoices_myapp-aks-order-invoice"
              }
            ],
            "kube_config_raw": "apiVersion: v1\nclusters:\n- cluster:\n    certificate-authority-data: LS0tLS1CRUdJTiBDRVJUSUZJQ0FURS0tLS0tCk1JSUU2RENDQXRDZ0F3SUJBZ0lRQ1BEYWRuQ2FtZHdrY1NHTE1kQVlwekFOQmdrcWhraUc5dzBCQVFzRkFEQU4KTVFzd0NRWURWUVFERXdKallUQWdGdzB5TmpBeU1EZ3hNalF5TURKYUdBOHlNRFUyTURJd09ERXlOVEl3TWxvdwpEVEVMTUFrR0ExVUVBeE1DWTJFd2dnSWlNQTBHQ1NxR1NJYjNEUUVCQVFVQUE0SUNEd0F3Z2dJS0FvSUNBUUNuCk9MN3VhQklwa1NyWWhzYkNQWndGT0J1Y0NUNUMwYkZ0M2twREE0YnJZZEFkTVMySENHN21KQ3JUcFZJRDBYQzUKbm40aTc0WFIzTmtyT1Bnc1h2QnhiL2hsSGNiWFc3Q1hOZVZINkZCU3pIM1hubjI4WjAvWlZQdkZkQ3dzY2xlSQpsVHpBNE9QYlVneXlrR1NRc3hONTNqYlpqZUVVd0hiaWd2R1J3bzdyVXUvalFmYVExUWNPaWZGQTVtcWFNUWVNCmZVNnlnWWUrQmNRM3BPeDgrb0VUZE5QcVFSWlM2OGZERkNFZjY4eExvT213dTdkRzlOcWEyaUh6MElnSHZJZHgKelRFT3owUURibTI0S1A4Zm9ZN1QyaTVMdnZ1dUppS2krelh0VnAwcjVFV3ZGVXN6QkdnUU0xQUNPWmJZT0VSWgp1aFZPdkVBSnhjSnlsRnlHL2JEQ09aanFJZnlrSUpOR25tUVJLNmI4d2M4TEJRVWxuOTh4ZVIwNUx4SFZSOUdxCjdxSUR3cG9uQm0yQm9lTEI4cUNEanNMeWhVK080TzV4U2VGNXdTUnhaVVRySUNvbFJJNDZ5NUh1OXBhc1VMOVkKZkthSkNtODhySDJiRGZzaURYZS96N1JXSi9NTnMwSWVTMWdQWUw0TVFyWEE3Yit0c0lLQUR2dFFPbytSRXh6Wgp1Ui9OS3R4TDgrd3pJOG43R0Z2Y2htTzNyL3crOUcwRG5WRVF3Rnhrc2hIWlYzTWdQbnl4Q1REYUVyaXFGT1N4CldOWSt0SmRTVzBEQ3J6d1V3bW5aZzd6K3docjBsa1dDbTRnMUg5bFJ6QldZY3hKbVRuNTVEemJXY3kzNzFEQk4KRFN4K3llU0FBanRDRndPR2VFOEhDK1hTWVg4cTNyOGtFNXhkT1ZlWkR3SURBUUFCbzBJd1FEQU9CZ05WSFE4QgpBZjhFQkFNQ0FxUXdEd1lEVlIwVEFRSC9CQVV3QXdFQi96QWRCZ05WSFE0RUZnUVVlRUU1VFpTTE42QjNuVEdpClNHMVYyaGswako4d0RRWUpLb1pJaHZjTkFRRUxCUUFEZ2dJQkFBbjlZUTRyYWpuVTlrYWR2dnQ2Q3c2SFdmMDkKbUYzNlp5amduMlh6SFMvUnVVZmd2NzV5clh0MElVKzl6UllZNTk3Y2x3RVE1ck9BRVpOUUVqNWM3ZHJTYmZmNgpjWWMxUnVxWEtwNmduQlFWaGFrdkFpUUpTblNIWkJtOE9rVktXRnNVdXE5Tk8vbGJLTFBWMlhBc0l3WVpUYkVxCmpmL25hWFQ5U1V4aHdVbmQ4TmNNRkQ4ZFJyaWtYbmEvRitkYkhCTS9tMjZIZEp2Zis1RkloOGVaQ0k5OHkrWDcKbEpYRzA3ZnRGRGRWZUx6WGc5aUE1Q2N5VUdBVFo0U3BidGFvSTlrOS9MazRZWUNZNWUrQVVKL1doR25YbGN6SQo2ZTBlK1N6ek1mMWFHRkRZdWNaUUlPdm00dHdLVkhOdlEvUC9qNmVON0VhNlpxd0VFMzVxMjhMQ0swVXEzbkd2Cmk4VlMvTG5GQVk0Q01yZVlhYmdkREJyNHUyVU9NdDYweEUyRmNPUzVDZnY2RlpTV0d5RWxVL1p5UzJrblQ5bkkKOS9VRWx4MTJodGVHOFZSSTVCVldpK0NYamZJcE44NzFoeFRSOEdFWWcvZyt2eU04SVRXV3JUY1NsUHhmaWRsMwpzOFNUelBucitvdEZnZDFpaGQ0R3ZON051OTBwUUo5YTczNVRjNEdEdFFkOGh3MHBYTU5GR3FWYi9qdnBmdnRvCjZwcVI1b01IUlpWK1g2YVJRQlUzb2UxSVdOczVSVTNmcFp3eDBna3h2ZlVFc21kV3VhOHFpRXpyNG01ejVUeW8KQTRKcVBmRzVKbCtOc0h6WDVka0M1d3U3Ymo3VW1BNE1sR0VxUVVDM3dQTEhmYTNjQ3BOdFpZU0NwSmw0S2FEZApYbHB1YkszcnNjY0I5TzZsCi0tLS0tRU5EIENFUlRJRklDQVRFLS0tLS0K\n    server: https://myapp-z58xp9al.hcp.italynorth.azmk8s.io:443\n  name: myapp-aks-order-invoice\ncontexts:\n- context:\n    cluster: myapp-aks-order-invoice\n    user: clusterUser_myapp-orders-invoices_myapp-aks-order-invoice\n  name: myapp-aks-order-invoice\ncurrent-context: myapp-aks-order-invoice\nkind: Config\nusers:\n- name: clusterUser_myapp-orders-invoices_myapp-aks-order-invoice\n  user:\n    client-certificate-data: LS0tLS1CRUdJTiBDRVJUSUZJQ0FURS0tLS0tCk1JSUZIVENDQXdXZ0F3SUJBZ0lRSVluM0JhdGFBSGtLTm5kdnlYT1FsekFOQmdrcWhraUc5dzBCQVFzRkFEQU4KTVFzd0NRWURWUVFERXdKallUQWVGdzB5TmpBeU1EZ3hNalF5TURKYUZ3MHlPREF5TURneE1qVXlNREphTURBeApGekFWQmdOVkJBb1REbk41YzNSbGJUcHRZWE4wWlhKek1SVXdFd1lEVlFRREV3eHRZWE4wWlhKamJHbGxiblF3CmdnSWlNQTBHQ1NxR1NJYjNEUUVCQVFVQUE0SUNEd0F3Z2dJS0FvSUNBUURLS0U4VXJVeG1GVmxjWC82Kytzc3YKZ1N6WWZhVi9zcld4cCtFczBPalFMMlovNlFvV2JqenZ1R3Y0Z0ttc3NmMVk4WDF0ZW0zRGh6SUZQeWN4YzFLMwpuUHBLQklZZTJBMG1NaHdzb21SVU5qZHBnNEZHU21XVmpOcnRZTjNFRUduNHV2emNsYXJIeU8zb0dOR2dpdTNaCnZDbzdtVEpxZFVEekorTHBrUzdRUTBZMC9tT0VsZU5hK2VaYnF5OHU3d2FVYW15Ry9FblFXS3ljbTI0Tmwwa3kKZklWVzRBSGlGNlMzQUpYNENpRXZRMTFFTmVST2FUSHM4UStEcDViNXhIS1NnUGdLKzNvK3grS1NBN1Z0N3pDVgpqU0JDKzRlNGNxQ2Q4VjJLUTNHa0dBTDFyL3ovc01zckZGcUFBa2tWVWFpVldSbHg3dnErbDF1cjVUYlFKeVlICjJrUENNVlFJK2E2Z09wdVV6bXFQWGoxYTNQTlRrajMvdlU2SVRoSVBqTG5nN2huVGJ6dStNT0VRaDVHaDloWEgKYzNvWmNFbEh6UWtxcllSMEk0bWZJTy9SUXNmcmYxMTRyeGVuYlZxSldvc2drRUtzRHV5eGMyS0MvcEs2TnJjdgp6LzhlQjdvUHZzeVhZVGhpL1g0L08vY1VNZXQwVXNoVU9OUDF3L3hVUXNYamxTOSt3SHJWZytCTkZWUSt5a1c0CnQyUWMyNy9ENXU0QThhNXU3SW96WFFQbTlTRnNVM3Z0LzF0ZmtkeTJjMjhsY3dJV1BjSWFVdG9OU2t2aFdwRkIKcnI1blN6V1dsaVB1UERhcTF0MnJEOGZlK1JrRm5FSzRpeCttcjhXendldXF6NDU4elFZZWNtdDhLZGJEeVYvNApkV3ZzSWxnV0dCSStJTzRrQnpoZ0ZRSURBUUFCbzFZd1ZEQU9CZ05WSFE4QkFmOEVCQU1DQmFBd0V3WURWUjBsCkJBd3dDZ1lJS3dZQkJRVUhBd0l3REFZRFZSMFRBUUgvQkFJd0FEQWZCZ05WSFNNRUdEQVdnQlI0UVRsTmxJczMKb0hlZE1hSkliVlhhR1RTTW56QU5CZ2txaGtpRzl3MEJBUXNGQUFPQ0FnRUFtd1V1TkhTV0ozcmNQV29IK0pOdgpqcjIzTlNXQmxSTUVBT29HZkZRb1FnckViSXp3aTBFa21iWjFWd0RtbEJ2d0NDM0xQMjZ5NTBQeG5xTHl2UVhGCmZSWlE4dmljN21YZ1p5UXhscmVJaFAvR0FWTkN2YjAzYkVqbkpPdTRrU1RmRndmamZQNURoVkl5MlNDWHgrYW4KM1FmajJWalFxRVJZZStReHIyNEdvdCtDKzhTZy96c2YzNUJaYncyVXc3WU8rbVJrbVhUSVJQZlYwb1hFUUJlSQpXb3pCWWI5dTFwdkNwTGx4WE11bHFFMnRkZWtjSEVOaTJlN1VnM0oxWU1XdVVrSjFsUHZJd0FTay92WHI1ZnlzClNxMGlZUUMyZzE0cDRwelYxczF6TlJRdVZSQnpBUVE4Mll0SHlOM3krZkVjTGIrbG92dGwrUTlNbEExWlgwOXIKMGk2VHJoRDNobDFKTjNlTmJ3NmFHT2YvVkFRK1o3NlRQSTBLUmhUbjF1RExvSnZtbGJ6b28yQ3VROGd1SGJZYwp3aTIwdkN0ejkvTDZ1aWZ2Nko3SmZ1U2NVeExhL0xkL0JsczBvcUp3N05ubENYeWZtRFFxNnBla2RjKzlZRzVqCno0VVFuSm16aDhSMndUVmFIUERpMFNOZGhrL2NHMzhtMlZsVDdFb0pOZXJiN1F3cU5Uei9lWkYweWNUeDByNWgKTkhLZGZyZUNPaHVaTnZPNkd1MElDMHA4Njhsb0VPdjh2ZTk1TnZLVmZYSjU2d1ROTVJVcEFKNjBKSHhIME1oZQpXOXQ5eFQ0OXl1ejRvQXcvUUxsY2o0aVU3NHdhcnVkVW1KdnFXVGptNEo4cnA3RmxJNmFKK1dRMVd0dUJwc0NiCmprNURjMk9jNkJLeTQ5VittVGV0clUwPQotLS0tLUVORCBDRVJUSUZJQ0FURS0tLS0tCg==\n    client-key-data: LS0tLS1CRUdJTiBSU0EgUFJJVkFURSBLRVktLS0tLQpNSUlKS0FJQkFBS0NBZ0VBeWloUEZLMU1aaFZaWEYvK3Z2ckxMNEVzMkgybGY3SzFzYWZoTE5EbzBDOW1mK2tLCkZtNDg3N2hyK0lDcHJMSDlXUEY5YlhwdHc0Y3lCVDhuTVhOU3Q1ejZTZ1NHSHRnTkpqSWNMS0prVkRZM2FZT0IKUmtwbGxZemE3V0RkeEJCcCtMcjgzSldxeDhqdDZCalJvSXJ0MmJ3cU81a3lhblZBOHlmaTZaRXUwRU5HTlA1agpoSlhqV3ZubVc2c3ZMdThHbEdwc2h2eEowRmlzbkp0dURaZEpNbnlGVnVBQjRoZWt0d0NWK0FvaEwwTmRSRFhrClRta3g3UEVQZzZlVytjUnlrb0Q0Q3Z0NlBzZmlrZ08xYmU4d2xZMGdRdnVIdUhLZ25mRmRpa054cEJnQzlhLzgKLzdETEt4UmFnQUpKRlZHb2xWa1pjZTc2dnBkYnErVTIwQ2NtQjlwRHdqRlVDUG11b0RxYmxNNXFqMTQ5V3R6egpVNUk5LzcxT2lFNFNENHk1NE80WjAyODd2akRoRUllUm9mWVZ4M042R1hCSlI4MEpLcTJFZENPSm55RHYwVUxICjYzOWRlSzhYcDIxYWlWcUxJSkJDckE3c3NYTmlndjZTdWphM0w4Ly9IZ2U2RDc3TWwyRTRZdjErUHp2M0ZESHIKZEZMSVZEalQ5Y1A4VkVMRjQ1VXZmc0I2MVlQZ1RSVlVQc3BGdUxka0hOdS93K2J1QVBHdWJ1eUtNMTBENXZVaApiRk43N2Y5Ylg1SGN0bk52SlhNQ0ZqM0NHbExhRFVwTDRWcVJRYTYrWjBzMWxwWWo3ancycXRiZHF3L0gzdmtaCkJaeEN1SXNmcHEvRnM4SHJxcytPZk0wR0huSnJmQ25XdzhsZitIVnI3Q0pZRmhnU1BpRHVKQWM0WUJVQ0F3RUEKQVFLQ0FnQUYxUTloQXBYdGJRakF0a0ZJZTc1UWJzcmZMUkxSQWhRbFhibE1uSE5YREVNS0JpeGxGTVdieWVlTgppaEs3R1lCOGFDMHM4eWNIQ05lNzJJUldOQ1JMQ1ZPY1BwQ3JBNk12ZXFzZTY0bDI5NEIyUWhYQTlDVUZvVVJ3CnJFYUJvVktaV3pXdjNINkttSVNxbVVxMDljVWlic0FPSzUrTmZEZ0ZPOTJiVFBXN2l2RlQxcElDOFhzWGRSVzkKQjgySzdsanpmN1dGV0hKOXVRMHowSFVtbmJwK0l5TUtyRmhKa0ZLUGVBd2JsWms2L3BmS2Y3NklONWM1NVlPRAowaG8wTndOeU1CZlg0MFQxMmpqeWF2cDVRemtVMjNjMmo0Q3RKTnQyNnc5K2pXOFNJNkkwT2VGVDlDTU1hV0FxCkNNYllmMXhjZ0s5UC91dkxnMXpnOHZJM282V0FiOTJqNW0yNk5yYmlCU0prWFZ6MllIbHVKTWF3K2kvRVNJQUYKbUtYSmpwaSt4ODI4NHBKS2s3ZFdVMVFBS0Y3V0IyandieExVLzdFSTVnTW1DWUM3WG91YkdIRVZIU04vazF3VAp6NzdKUmNqc2c4YTd5VFQrZ2ZadGxYTUc0dU5aRGF5MVVSMDR1aWxQcVFJRmVBYklqc0dlSllYWWs5YS9XaVRSClE3QnRzVmxnUWVub0ZIQnhKQWtZTG91bG9pcEUxS3Z0Rno0dHJwNEV2SVpZbEdTRlNuSjQrYTBkcUF1QjI4NVcKUnlUb1NxYTZuZlNzNlpybVRuZHFZRlRJaDhMenF3bE1aNVBnNDVIMEZ4THRBUUlxR2dhbjlqUTNwVUZxYXloQgoxcVdjNzJEZGtqUDBYKzVnbjZ6Y0h2SzRlSTdvRDRDS3B1SE1za3JkSW9CU2RieHZZUUtDQVFFQTZKNWk1YjAyCnJ6WjB5dUtlTGF4cUhqbjJsaUt2a2hCcGVRSm52RERCcjNYZkZpQzk1Ym9KY2tFSXFKcVFjYjZhRTkwRWZBWmoKeGt3bFJNb2lEU0Evb1ZWbTlTVmdKRWFSZXZrL2tzT3pQNmVzOTl5RjZndzRaWk1UNzVPdGY0WVdOTWJ3L3c2UgpnZTErcWIxS015NjFUd1pCSWxZcmFXdXhhbFcxdXk1MFcxSU51TktZK05UWTQrUEVXNlVDN1B6YUFJMTJERDFRCkcxc0J1SUVDWnFMV1gxTWlnMStxY211dGlzZlVzSHVvTnFIRGtRQVcxanVSTFUrKzE2bW5TWDFqL0pmR0VCYksKSlBwN3o1RVdWSWt6YTBVQ1h5RjhQRnl0ZGQwS3NnSG1hYkFFUkRTNUZsMFQrSGgzYi8zbldVeWptMU54Q3Z6cwpJU043Q0l6TjJNeWk5UUtDQVFFQTNub2NieVd0eHBTamg4Um5qQ2J4Z09UZ3RpSURYcTl2a3puTlIwSkErOHBXCk1GRC9qNlN2a0pGNFZDeUVsbEN4SFVZY2J0dzNoMU9BYVBWWXZEdzhYQWYvenMvKy9PZ0c4SGUrYmdXd2ZUb2gKMHFkRUc4UnpYNGZObE9OUTFNL1RieTRvWXdIM0J1Q0syS0RYZElsNkZDNkxXWUtuZnBlS2pUV1d1SVdvSnF4UQpvRERsRGxzaXhwdzBTWGJpaDBtZGZzaWFRM2xCYS9VY2RvalYvNEozNThFcEtLb2Vtb2lxYlpPelRIUElaaW00ClR1VHdjR0t6bklYMkVZaDhpa0pxKzdXVkJ6bXQ0aU1weDk0aG1jTzIwQnVPWlRTNDNsRDdpVmFtQmdmVDJFYmwKTUlmQk9XS0dxVVc5T3FGVGFjTXBNdmdpV1hoRGNMOC9lWWhlcTJmVW9RS0NBUUI1VU5rZEhjQWVRdFZJVmtYTwpaaVAxM1o3bmovRm15TjVvK01NbkYzcDd5b3B0SE9oTW5laDlTTU4rUXhYZjdGcW96MVNlWmlxMDZWTnFlOHlrCmNkUWRqTStrUERqVzBtTGU4b3lnT3lZSnBhWUVvbUxJdkZUUlRKSlNHUCtjQ1U4ZGVUK0lsWTEzYUdmdG1FWFIKU2FQUE1lRFlTbjViZlluS2ZpYklGeU1oMlRwRTBMaHMxWHpENVM2cjZQUU1xcFg3UWN0MStLZ0ZqRUhxZW9YSgpCMVdyNDB5Vm5WZmtVcG53VGVWem9Sb0tXL1VGY3psMXd4MGt0M2s5T2tKL2hrQ1dKSVZzTUtaK0FKQi9vUmczClFGS3J1QkxUa0VBZHJ1dmNFMHFYcVh3RVZJTDFHMVlIL3NVQ2lia29sQStLdC9oL2NsWDdPQXJpQVlJUjVIVWEKZ3liZEFvSUJBUUNGb2FsVXBiZzBzSEZ0aW01OEE2UktQTEF4RmtzWjQ1ek1QUXJ0ZzRGTy9HRTYwbHcvSnJlQgp5YThTT0U5SGpwNWtMQW5HR1NhTmRYMkxEZHZIN1JLQVlSbXBXc3daa3pFZjNYMFh6dmtNcnc5RDNjNk9Nemp0CnA3KzNiN2JNclN5ZCtvYXR1YTlzaFJGQlA1TkszNHpoZEhlbFExSmlPcG94YVgvbncvaVZpaWsvbno3bW1aMVEKMk9DYlEvcWJNbitVZU9BWUtVdy9rVklRYk83RmM5T2I5QzFKeksxbk96SExjYzFmM2FnQW5ZeWtidVZ4VEFnQQp1NEpyVTZVaTB2UTV6djcrQVFwTjY3c2IzM1FsVFNhUTZBeG5BLzBMSkcrQ05mYXhacUE3cDVIZ3pab2xZdVhwCjVRYmRvYXRkdXFrVGdYSDRkY0ZraHF1VXozRzEyVDhoQW9JQkFES05hTGxkVHlnWFVWd21qQ3BIWTQxRjJkRUwKajYzWS9yczBLbjVDTDhwM2VoLzVURXhEaWtPUGlVNVdBaTV2TzZ3SXVlRHdHMDVtTUtZVFQyVUxTYlNqUlRnTgorVC9TMFg5ekhaVDRvYk5WcHlURGdiQ3FkN1pvZVN2RzlUaDI1OVVDRXZyY1h2Wm1jSU1jVTN5aUUyK0k1OHJLCjd3cUd5czdqd3gyMWR6VjFubEtvcWhCUXczaGV3N1dvaHlraVRIeWhBem13SWhoQ3dDVjBGZVZaZmo1aVNWVGwKaThrM28wWjVpVVRaMFdwQVE3RE1OVGxsTlhrZEZZdkIwTTkyZFFwRXA0ZjBiNWlWRytOa1NxMDljcGpVUFRZMgpRcE5vQTJYWUIrbWZzSWpOdUFrSnJnc0txSjNyMzNMbDZEcmVhUC9VbGJuSzdiY3dyUy92NE9BNmVhQT0KLS0tLS1FTkQgUlNBIFBSSVZBVEUgS0VZLS0tLS0K\n    token: c885msbxbfr2dw5v2zzk6haw40q1kxbqjsy4im4ups0wasjaqinw3bkxqqdvdfc0oo92rt8up6krnkn0x8c4oeoi3qhz8n2g5b5ucedihtqqzo09gjvtbevu1ftxhur5\n",
            "kubelet_identity": [
              {
                "client_id": "9e8c09a0-7ae9-4c2f-9d26-027e30231a63",
                "object_id": "ad651339-16a6-420d-a572-84e097b05614",
                "user_assigned_identity_id": "/subscriptions/5d4d78dc-7df6-4f76-b476-f477b34e51eb/resourceGroups/MC_myapp-orders-invoices_myapp-aks-order-invoice_italynorth/providers/Microsoft.ManagedIdentity/userAssignedIdentities/myapp-aks-order-invoice-agentpool"
              }
            ],
            "kubernetes_version": "1.33",
            "linux_profile": [],
            "local_account_disabled": false,
            "location": "italynorth",
            "maintenance_window": [],
            "maintenance_window_auto_upgrade": [],
            "maintenance_window_node_os": [],
            "microsoft_defender": [],
            "monitor_metrics": [],
            "name": "myapp-aks-order-invoice",
            "network_profile": [
              {
                "advanced_networking": [],
                "dns_service_ip": "10.0.0.10",
                "ip_versions": [
                  "IPv4"
                ],
                "load_balancer_profile": [
                  {
                    "backend_pool_type": "NodeIPConfiguration",
                    "effective_outbound_ips": [
                      "/subscriptions/5d4d78dc-7df6-4f76-b476-f477b34e51eb/resourceGroups/MC_myapp-orders-invoices_myapp-aks-order-invoice_italynorth/providers/Microsoft.Network/publicIPAddresses/9762e38b-2114-4565-b4c9-f5cbd68df5eb"
                    ],
                    "idle_timeout_in_minutes": 0,
                    "managed_outbound_ip_count": 1,
                    "managed_outbound_ipv6_count": 0,
                    "outbound_ip_address_ids": [],
                    "outbound_ip_prefix_ids": [],
                    "outbound_ports_allocated": 0
                  }
                ],
                "load_balancer_sku": "standard",
                "nat_gateway_profile": [],
                "network_data_plane": "azure",
                "network_mode": "",
                "network_plugin": "kubenet",
                "network_plugin_mode": "",
                "network_policy": "",
                "outbound_type": "loadBalancer",
                "pod_cidr": "10.244.0.0/16",
                "pod_cidrs": [
                  "10.244.0.0/16"
                ],
                "service_cidr": "10.0.0.0/16",
                "service_cidrs": [
                  "10.0.0.0/16"
                ]
              }
            ],
            "node_os_upgrade_channel": "NodeImage",
            "node_provisioning_profile": [
              {
                "default_node_pools": "Auto",
                "mode": "Manual"
              }
            ],
            "node_resource_group": "MC_myapp-orders-invoices_myapp-aks-order-invoice_italynorth",
            "node_resource_group_id": "/subscriptions/5d4d78dc-7df6-4f76-b476-f477b34e51eb/resourceGroups/MC_myapp-orders-invoices_myapp-aks-order-invoice_italynorth",
            "oidc_issuer_enabled": false,
            "oidc_issuer_url": "",
            "oms_agent": [],
            "open_service_mesh_enabled": false,
            "portal_fqdn": "myapp-z58xp9al.portal.hcp.italynorth.azmk8s.io",
            "private_cluster_enabled": false,
            "private_cluster_public_fqdn_enabled": false,
            "private_dns_zone_id": "",
            "private_fqdn": "",
            "resource_group_name": "myapp-orders-invoices",
            "role_based_access_control_enabled": true,
            "run_command_enabled": true,
            "service_mesh_profile": [],
            "service_principal": [],
            "sku_tier": "Free",
            "storage_profile": [],
            "support_plan": "KubernetesOfficial",
            "tags": {
              "environment": "dev",
              "managed_by": "terraform",
              "project": "order-invoice-system"
            },
            "timeouts": null,
            "upgrade_override": [],
            "web_app_routing": [],
            "windows_profile": [],
            "workload_autoscaler_profile": [],
            "workload_identity_enabled": false
          },
          "sensitive_attributes": [],
          "private": "eyJlMmJmYjczMC1lY2FhLTExZTYtOGY4OC0zNDM2M2JjN2M0YzAiOnsiY3JlYXRlIjo1NDAwMDAwMDAwMDAwLCJkZWxldGUiOjU0MDAwMDAwMDAwMDAsInJlYWQiOjMwMDAwMDAwMDAwMCwidXBkYXRlIjo1NDAwMDAwMDAwMDAwfSwic2NoZW1hX3ZlcnNpb24iOiIyIn0=",
          "dependencies": [
            "azurerm_resource_group.main"
          ]
        }
      ]
    },
    {
      "mode": "managed",
      "type": "azurerm_resource_group",
      "name": "main",
      "provider": "provider[\"registry.terraform.io/hashicorp/azurerm\"]",
      "instances": [
        {
          "schema_version": 0,
          "attributes": {
            "id": "/subscriptions/5d4d78dc-7df6-4f76-b476-f477b34e51eb/resourceGroups/myapp-orders-invoices",
            "location": "italynorth",
            "managed_by": "",
            "name": "myapp-orders-invoices",
            "tags": {
              "environment": "dev",
              "managed_by": "terraform",
              "project": "order-invoice-system"
            },
            "timeouts": null
          },
          "sensitive_attributes": [],
          "private": "eyJlMmJmYjczMC1lY2FhLTExZTYtOGY4OC0zNDM2M2JjN2M0YzAiOnsiY3JlYXRlIjo1NDAwMDAwMDAwMDAwLCJkZWxldGUiOjU0MDAwMDAwMDAwMDAsInJlYWQiOjMwMDAwMDAwMDAwMCwidXBkYXRlIjo1NDAwMDAwMDAwMDAwfX0="
        }
      ]
    },
    {
      "mode": "managed",
      "type": "azurerm_role_assignment",
      "name": "aca_acr_pull",
      "provider": "provider[\"registry.terraform.io/hashicorp/azurerm\"]",
      "instances": [
        {
          "schema_version": 0,
          "attributes": {
            "condition": "",
            "condition_version": "",
            "delegated_managed_identity_resource_id": "",
            "description": "",
            "id": "/subscriptions/5d4d78dc-7df6-4f76-b476-f477b34e51eb/resourceGroups/myapp-orders-invoices/providers/Microsoft.ContainerRegistry/registries/myappacrinv2026/providers/Microsoft.Authorization/roleAssignments/3b2012ab-1c15-20f9-4c3b-b8eb1a689755",
            "name": "3b2012ab-1c15-20f9-4c3b-b8eb1a689755",
            "principal_id": "524dadb1-3cc1-4f48-a97a-ee8d40a91175",
            "principal_type": "ServicePrincipal",
            "role_definition_id": "/subscriptions/5d4d78dc-7df6-4f76-b476-f477b34e51eb/providers/Microsoft.Authorization/roleDefinitions/7f951dda-4ed3-4680-a7ca-43fe172d538d",
            "role_definition_name": "AcrPull",
            "scope": "/subscriptions/5d4d78dc-7df6-4f76-b476-f477b34e51eb/resourceGroups/myapp-orders-invoices/providers/Microsoft.ContainerRegistry/registries/myappacrinv2026",
            "skip_service_principal_aad_check": null,
            "timeouts": null
          },
          "sensitive_attributes": [],
          "private": "eyJlMmJmYjczMC1lY2FhLTExZTYtOGY4OC0zNDM2M2JjN2M0YzAiOnsiY3JlYXRlIjoxODAwMDAwMDAwMDAwLCJkZWxldGUiOjE4MDAwMDAwMDAwMDAsInJlYWQiOjMwMDAwMDAwMDAwMH19",
          "dependencies": [
            "azurerm_container_registry.acr",
            "azurerm_resource_group.main",
            "azurerm_user_assigned_identity.aca_identity"
          ]
        }
      ]
    },
    {
      "mode": "managed",
      "type": "azurerm_role_assignment",
      "name": "aks_acr",
      "provider": "provider[\"registry.terraform.io/hashicorp/azurerm\"]",
      "instances": [
        {
          "schema_version": 0,
          "attributes": {
            "condition": "",
            "condition_version": "",
            "delegated_managed_identity_resource_id": "",
            "description": "",
            "id": "/subscriptions/5d4d78dc-7df6-4f76-b476-f477b34e51eb/resourceGroups/myapp-orders-invoices/providers/Microsoft.ContainerRegistry/registries/myappacrinv2026/providers/Microsoft.Authorization/roleAssignments/8a08504c-0ebe-7d80-b73c-986b13314c1e",
            "name": "8a08504c-0ebe-7d80-b73c-986b13314c1e",
            "principal_id": "ad651339-16a6-420d-a572-84e097b05614",
            "principal_type": "ServicePrincipal",
            "role_definition_id": "/subscriptions/5d4d78dc-7df6-4f76-b476-f477b34e51eb/providers/Microsoft.Authorization/roleDefinitions/7f951dda-4ed3-4680-a7ca-43fe172d538d",
            "role_definition_name": "AcrPull",
            "scope": "/subscriptions/5d4d78dc-7df6-4f76-b476-f477b34e51eb/resourceGroups/myapp-orders-invoices/providers/Microsoft.ContainerRegistry/registries/myappacrinv2026",
            "skip_service_principal_aad_check": true,
            "timeouts": null
          },
          "sensitive_attributes": [],
          "private": "eyJlMmJmYjczMC1lY2FhLTExZTYtOGY4OC0zNDM2M2JjN2M0YzAiOnsiY3JlYXRlIjoxODAwMDAwMDAwMDAwLCJkZWxldGUiOjE4MDAwMDAwMDAwMDAsInJlYWQiOjMwMDAwMDAwMDAwMH19",
          "dependencies": [
            "azurerm_container_registry.acr",
            "azurerm_kubernetes_cluster.aks",
            "azurerm_resource_group.main"
          ]
        }
      ]
    },
    {
      "mode": "managed",
      "type": "azurerm_storage_account",
      "name": "storage",
      "provider": "provider[\"registry.terraform.io/hashicorp/azurerm\"]",
      "instances": [
        {
          "schema_version": 4,
          "attributes": {
            "access_tier": "Hot",
            "account_kind": "StorageV2",
            "account_replication_type": "LRS",
            "account_tier": "Standard",
            "allow_nested_items_to_be_public": true,
            "allowed_copy_scope": "",
            "azure_files_authentication": [],
            "blob_properties": [
              {
                "change_feed_enabled": false,
                "change_feed_retention_in_days": 0,
                "container_delete_retention_policy": [],
                "cors_rule": [],
                "default_service_version": "",
                "delete_retention_policy": [],
                "last_access_time_enabled": false,
                "restore_policy": [],
                "versioning_enabled": false
              }
            ],
            "cross_tenant_replication_enabled": false,
            "custom_domain": [],
            "customer_managed_key": [],
            "default_to_oauth_authentication": false,
            "dns_endpoint_type": "Standard",
            "edge_zone": "",
            "https_traffic_only_enabled": true,
            "id": "/subscriptions/5d4d78dc-7df6-4f76-b476-f477b34e51eb/resourceGroups/myapp-orders-invoices/providers/Microsoft.Storage/storageAccounts/myappstorageinvoice2026",
            "identity": [],
            "immutability_policy": [],
            "infrastructure_encryption_enabled": false,
            "is_hns_enabled": false,
            "large_file_share_enabled": false,
            "local_user_enabled": true,
            "location": "italynorth",
            "min_tls_version": "TLS1_2",
            "name": "myappstorageinvoice2026",
            "network_rules": [],
            "nfsv3_enabled": false,
            "primary_access_key": "4F9UPSicu/JOvpUW3CSmakra7S4ta2dThzxDPzYkGYuGD+X17eI8Y8sU1t68G0LfiliHiHZhy05v+AStQZsZGg==",
            "primary_blob_connection_string": "DefaultEndpointsProtocol=https;BlobEndpoint=https://myappstorageinvoice2026.blob.core.windows.net/;AccountName=myappstorageinvoice2026;AccountKey=4F9UPSicu/JOvpUW3CSmakra7S4ta2dThzxDPzYkGYuGD+X17eI8Y8sU1t68G0LfiliHiHZhy05v+AStQZsZGg==",
            "primary_blob_endpoint": "https://myappstorageinvoice2026.blob.core.windows.net/",
            "primary_blob_host": "myappstorageinvoice2026.blob.core.windows.net",
            "primary_blob_internet_endpoint": "",
            "primary_blob_internet_host": "",
            "primary_blob_microsoft_endpoint": "",
            "primary_blob_microsoft_host": "",
            "primary_connection_string": "DefaultEndpointsProtocol=https;AccountName=myappstorageinvoice2026;AccountKey=4F9UPSicu/JOvpUW3CSmakra7S4ta2dThzxDPzYkGYuGD+X17eI8Y8sU1t68G0LfiliHiHZhy05v+AStQZsZGg==;EndpointSuffix=core.windows.net",
            "primary_dfs_endpoint": "https://myappstorageinvoice2026.dfs.core.windows.net/",
            "primary_dfs_host": "myappstorageinvoice2026.dfs.core.windows.net",
            "primary_dfs_internet_endpoint": "",
            "primary_dfs_internet_host": "",
            "primary_dfs_microsoft_endpoint": "",
            "primary_dfs_microsoft_host": "",
            "primary_file_endpoint": "https://myappstorageinvoice2026.file.core.windows.net/",
            "primary_file_host": "myappstorageinvoice2026.file.core.windows.net",
            "primary_file_internet_endpoint": "",
            "primary_file_internet_host": "",
            "primary_file_microsoft_endpoint": "",
            "primary_file_microsoft_host": "",
            "primary_location": "italynorth",
            "primary_queue_endpoint": "https://myappstorageinvoice2026.queue.core.windows.net/",
            "primary_queue_host": "myappstorageinvoice2026.queue.core.windows.net",
            "primary_queue_microsoft_endpoint": "",
            "primary_queue_microsoft_host": "",
            "primary_table_endpoint": "https://myappstorageinvoice2026.table.core.windows.net/",
            "primary_table_host": "myappstorageinvoice2026.table.core.windows.net",
            "primary_table_microsoft_endpoint": "",
            "primary_table_microsoft_host": "",
            "primary_web_endpoint": "https://myappstorageinvoice2026.z38.web.core.windows.net/",
            "primary_web_host": "myappstorageinvoice2026.z38.web.core.windows.net",
            "primary_web_internet_endpoint": "",
            "primary_web_internet_host": "",
            "primary_web_microsoft_endpoint": "",
            "primary_web_microsoft_host": "",
            "provisioned_billing_model_version": "",
            "public_network_access_enabled": true,
            "queue_encryption_key_type": "Service",
            "queue_properties": [
              {
                "cors_rule": [],
                "hour_metrics": [
                  {
                    "enabled": false,
                    "include_apis": false,
                    "retention_policy_days": 0,
                    "version": "1.0"
                  }
                ],
                "logging": [
                  {
                    "delete": false,
                    "read": false,
                    "retention_policy_days": 0,
                    "version": "1.0",
                    "write": false
                  }
                ],
                "minute_metrics": [
                  {
                    "enabled": false,
                    "include_apis": false,
                    "retention_policy_days": 0,
                    "version": "1.0"
                  }
                ]
              }
            ],
            "resource_group_name": "myapp-orders-invoices",
            "routing": [],
            "sas_policy": [],
            "secondary_access_key": "QFUhIymgqKoXicUdsj9n4HH90AA/hfF6kYgpkK1f9iSZKj9zTZSzBwddWbIy1MPgXhK8TgYYwjJx+ASt4WEhxQ==",
            "secondary_blob_connection_string": "",
            "secondary_blob_endpoint": "",
            "secondary_blob_host": "",
            "secondary_blob_internet_endpoint": "",
            "secondary_blob_internet_host": "",
            "secondary_blob_microsoft_endpoint": "",
            "secondary_blob_microsoft_host": "",
            "secondary_connection_string": "DefaultEndpointsProtocol=https;AccountName=myappstorageinvoice2026;AccountKey=QFUhIymgqKoXicUdsj9n4HH90AA/hfF6kYgpkK1f9iSZKj9zTZSzBwddWbIy1MPgXhK8TgYYwjJx+ASt4WEhxQ==;EndpointSuffix=core.windows.net",
            "secondary_dfs_endpoint": "",
            "secondary_dfs_host": "",
            "secondary_dfs_internet_endpoint": "",
            "secondary_dfs_internet_host": "",
            "secondary_dfs_microsoft_endpoint": "",
            "secondary_dfs_microsoft_host": "",
            "secondary_file_endpoint": "",
            "secondary_file_host": "",
            "secondary_file_internet_endpoint": "",
            "secondary_file_internet_host": "",
            "secondary_file_microsoft_endpoint": "",
            "secondary_file_microsoft_host": "",
            "secondary_location": "",
            "secondary_queue_endpoint": "",
            "secondary_queue_host": "",
            "secondary_queue_microsoft_endpoint": "",
            "secondary_queue_microsoft_host": "",
            "secondary_table_endpoint": "",
            "secondary_table_host": "",
            "secondary_table_microsoft_endpoint": "",
            "secondary_table_microsoft_host": "",
            "secondary_web_endpoint": "",
            "secondary_web_host": "",
            "secondary_web_internet_endpoint": "",
            "secondary_web_internet_host": "",
            "secondary_web_microsoft_endpoint": "",
            "secondary_web_microsoft_host": "",
            "sftp_enabled": false,
            "share_properties": [
              {
                "cors_rule": [],
                "retention_policy": [
                  {
                    "days": 7
                  }
                ],
                "smb": []
              }
            ],
            "shared_access_key_enabled": true,
            "static_website": [],
            "table_encryption_key_type": "Service",
            "tags": {
              "environment": "dev",
              "managed_by": "terraform",
              "project": "order-invoice-system"
            },
            "timeouts": null
          },
          "sensitive_attributes": [],
          "private": "eyJlMmJmYjczMC1lY2FhLTExZTYtOGY4OC0zNDM2M2JjN2M0YzAiOnsiY3JlYXRlIjozNjAwMDAwMDAwMDAwLCJkZWxldGUiOjM2MDAwMDAwMDAwMDAsInJlYWQiOjMwMDAwMDAwMDAwMCwidXBkYXRlIjozNjAwMDAwMDAwMDAwfSwic2NoZW1hX3ZlcnNpb24iOiI0In0=",
          "dependencies": [
            "azurerm_resource_group.main"
          ]
        }
      ]
    },
    {
      "mode": "managed",
      "type": "azurerm_storage_container",
      "name": "images",
      "provider": "provider[\"registry.terraform.io/hashicorp/azurerm\"]",
      "instances": [
        {
          "schema_version": 1,
          "attributes": {
            "container_access_type": "blob",
            "default_encryption_scope": "$account-encryption-key",
            "encryption_scope_override_enabled": true,
            "has_immutability_policy": false,
            "has_legal_hold": false,
            "id": "/subscriptions/5d4d78dc-7df6-4f76-b476-f477b34e51eb/resourceGroups/myapp-orders-invoices/providers/Microsoft.Storage/storageAccounts/myappstorageinvoice2026/blobServices/default/containers/images",
            "metadata": {},
            "name": "images",
            "resource_manager_id": "/subscriptions/5d4d78dc-7df6-4f76-b476-f477b34e51eb/resourceGroups/myapp-orders-invoices/providers/Microsoft.Storage/storageAccounts/myappstorageinvoice2026/blobServices/default/containers/images",
            "storage_account_id": "/subscriptions/5d4d78dc-7df6-4f76-b476-f477b34e51eb/resourceGroups/myapp-orders-invoices/providers/Microsoft.Storage/storageAccounts/myappstorageinvoice2026",
            "storage_account_name": "",
            "timeouts": null
          },
          "sensitive_attributes": [],
          "private": "eyJlMmJmYjczMC1lY2FhLTExZTYtOGY4OC0zNDM2M2JjN2M0YzAiOnsiY3JlYXRlIjoxODAwMDAwMDAwMDAwLCJkZWxldGUiOjE4MDAwMDAwMDAwMDAsInJlYWQiOjMwMDAwMDAwMDAwMCwidXBkYXRlIjoxODAwMDAwMDAwMDAwfSwic2NoZW1hX3ZlcnNpb24iOiIxIn0=",
          "dependencies": [
            "azurerm_storage_account.storage"
          ]
        }
      ]
    },
    {
      "mode": "managed",
      "type": "azurerm_storage_container",
      "name": "invoices",
      "provider": "provider[\"registry.terraform.io/hashicorp/azurerm\"]",
      "instances": [
        {
          "schema_version": 1,
          "attributes": {
            "container_access_type": "private",
            "default_encryption_scope": "$account-encryption-key",
            "encryption_scope_override_enabled": true,
            "has_immutability_policy": false,
            "has_legal_hold": false,
            "id": "/subscriptions/5d4d78dc-7df6-4f76-b476-f477b34e51eb/resourceGroups/myapp-orders-invoices/providers/Microsoft.Storage/storageAccounts/myappstorageinvoice2026/blobServices/default/containers/invoices",
            "metadata": {},
            "name": "invoices",
            "resource_manager_id": "/subscriptions/5d4d78dc-7df6-4f76-b476-f477b34e51eb/resourceGroups/myapp-orders-invoices/providers/Microsoft.Storage/storageAccounts/myappstorageinvoice2026/blobServices/default/containers/invoices",
            "storage_account_id": "/subscriptions/5d4d78dc-7df6-4f76-b476-f477b34e51eb/resourceGroups/myapp-orders-invoices/providers/Microsoft.Storage/storageAccounts/myappstorageinvoice2026",
            "storage_account_name": "",
            "timeouts": null
          },
          "sensitive_attributes": [],
          "private": "eyJlMmJmYjczMC1lY2FhLTExZTYtOGY4OC0zNDM2M2JjN2M0YzAiOnsiY3JlYXRlIjoxODAwMDAwMDAwMDAwLCJkZWxldGUiOjE4MDAwMDAwMDAwMDAsInJlYWQiOjMwMDAwMDAwMDAwMCwidXBkYXRlIjoxODAwMDAwMDAwMDAwfSwic2NoZW1hX3ZlcnNpb24iOiIxIn0=",
          "dependencies": [
            "azurerm_resource_group.main",
            "azurerm_storage_account.storage"
          ]
        }
      ]
    },
    {
      "mode": "managed",
      "type": "azurerm_storage_queue",
      "name": "invoice_queue",
      "provider": "provider[\"registry.terraform.io/hashicorp/azurerm\"]",
      "instances": [
        {
          "schema_version": 1,
          "attributes": {
            "id": "/subscriptions/5d4d78dc-7df6-4f76-b476-f477b34e51eb/resourceGroups/myapp-orders-invoices/providers/Microsoft.Storage/storageAccounts/myappstorageinvoice2026/queueServices/default/queues/invoice-queue",
            "metadata": {},
            "name": "invoice-queue",
            "resource_manager_id": "/subscriptions/5d4d78dc-7df6-4f76-b476-f477b34e51eb/resourceGroups/myapp-orders-invoices/providers/Microsoft.Storage/storageAccounts/myappstorageinvoice2026/queueServices/default/queues/invoice-queue",
            "storage_account_id": "/subscriptions/5d4d78dc-7df6-4f76-b476-f477b34e51eb/resourceGroups/myapp-orders-invoices/providers/Microsoft.Storage/storageAccounts/myappstorageinvoice2026",
            "storage_account_name": "",
            "timeouts": null,
            "url": "https://myappstorageinvoice2026.queue.core.windows.net/invoice-queue"
          },
          "sensitive_attributes": [],
          "private": "eyJlMmJmYjczMC1lY2FhLTExZTYtOGY4OC0zNDM2M2JjN2M0YzAiOnsiY3JlYXRlIjoxODAwMDAwMDAwMDAwLCJkZWxldGUiOjE4MDAwMDAwMDAwMDAsInJlYWQiOjMwMDAwMDAwMDAwMCwidXBkYXRlIjoxODAwMDAwMDAwMDAwfSwic2NoZW1hX3ZlcnNpb24iOiIxIn0=",
          "dependencies": [
            "azurerm_resource_group.main",
            "azurerm_storage_account.storage"
          ]
        }
      ]
    },
    {
      "mode": "managed",
      "type": "azurerm_user_assigned_identity",
      "name": "aca_identity",
      "provider": "provider[\"registry.terraform.io/hashicorp/azurerm\"]",
      "instances": [
        {
          "schema_version": 1,
          "attributes": {
            "client_id": "89c66cf7-9995-4634-8aef-cc944fdeb2f3",
            "id": "/subscriptions/5d4d78dc-7df6-4f76-b476-f477b34e51eb/resourceGroups/myapp-orders-invoices/providers/Microsoft.ManagedIdentity/userAssignedIdentities/myapp-aca-identity",
            "location": "italynorth",
            "name": "myapp-aca-identity",
            "principal_id": "524dadb1-3cc1-4f48-a97a-ee8d40a91175",
            "resource_group_name": "myapp-orders-invoices",
            "tags": {
              "environment": "dev",
              "managed_by": "terraform",
              "project": "order-invoice-system"
            },
            "tenant_id": "ada575f6-4e91-4d1d-aa89-9b2d9f5810e3",
            "timeouts": null
          },
          "sensitive_attributes": [],
          "private": "eyJlMmJmYjczMC1lY2FhLTExZTYtOGY4OC0zNDM2M2JjN2M0YzAiOnsiY3JlYXRlIjoxODAwMDAwMDAwMDAwLCJkZWxldGUiOjE4MDAwMDAwMDAwMDAsInJlYWQiOjMwMDAwMDAwMDAwMCwidXBkYXRlIjoxODAwMDAwMDAwMDAwfSwic2NoZW1hX3ZlcnNpb24iOiIxIn0=",
          "dependencies": [
            "azurerm_resource_group.main"
          ]
        }
      ]
    }
  ],
  "check_results": null
}
