{
  "version": 4,
  "terraform_version": "1.5.7",
  "serial": 69,
  "lineage": "37d8bd48-b2b5-3c6e-1647-527be9e75981",
  "outputs": {
    "acr_admin_password": {
      "value": "CvWarHkt9ENmgIidhi1Q6W5DowtwzDlnmhVWE9e0Jhmh0gKNx5fwJQQJ99CBACgEuAYEqg7NAAACAZCRiqPb",
      "type": "string",
      "sensitive": true
    },
    "acr_admin_username": {
      "value": "myappacrinv2026",
      "type": "string"
    },
    "acr_login_server": {
      "value": "myappacrinv2026.azurecr.io",
      "type": "string"
    },
    "aks_cluster_name": {
      "value": "myapp-aks-order-invoice",
      "type": "string"
    },
    "resource_group_name": {
      "value": "myapp-orders-invoices",
      "type": "string"
    },
    "storage_account_key": {
      "value": "4F9UPSicu/JOvpUW3CSmakra7S4ta2dThzxDPzYkGYuGD+X17eI8Y8sU1t68G0LfiliHiHZhy05v+AStQZsZGg==",
      "type": "string",
      "sensitive": true
    },
    "storage_account_name": {
      "value": "myappstorageinvoice2026",
      "type": "string"
    },
    "storage_connection_string": {
      "value": "DefaultEndpointsProtocol=https;AccountName=myappstorageinvoice2026;AccountKey=4F9UPSicu/JOvpUW3CSmakra7S4ta2dThzxDPzYkGYuGD+X17eI8Y8sU1t68G0LfiliHiHZhy05v+AStQZsZGg==;EndpointSuffix=core.windows.net",
      "type": "string",
      "sensitive": true
    }
  },
  "resources": [
    {
      "mode": "data",
      "type": "azurerm_client_config",
      "name": "current",
      "provider": "provider[\"registry.terraform.io/hashicorp/azurerm\"]",
      "instances": [
        {
          "schema_version": 0,
          "attributes": {
            "client_id": "04b07795-8ddb-461a-bbee-02f9e1bf7b46",
            "id": "Y2xpZW50Q29uZmlncy9jbGllbnRJZD0wNGIwNzc5NS04ZGRiLTQ2MWEtYmJlZS0wMmY5ZTFiZjdiNDY7b2JqZWN0SWQ9MzMyNTUxNDMtYzM0ZS00MDEwLWE0YzEtMWU4M2I0M2ZkMTE2O3N1YnNjcmlwdGlvbklkPTVkNGQ3OGRjLTdkZjYtNGY3Ni1iNDc2LWY0NzdiMzRlNTFlYjt0ZW5hbnRJZD1hZGE1NzVmNi00ZTkxLTRkMWQtYWE4OS05YjJkOWY1ODEwZTM=",
            "object_id": "33255143-c34e-4010-a4c1-1e83b43fd116",
            "subscription_id": "5d4d78dc-7df6-4f76-b476-f477b34e51eb",
            "tenant_id": "ada575f6-4e91-4d1d-aa89-9b2d9f5810e3",
            "timeouts": null
          },
          "sensitive_attributes": []
        }
      ]
    },
    {
      "mode": "managed",
      "type": "azurerm_container_app_environment",
      "name": "env",
      "provider": "provider[\"registry.terraform.io/hashicorp/azurerm\"]",
      "instances": [
        {
          "schema_version": 0,
          "attributes": {
            "custom_domain_verification_id": "16473AB492D3575A2A89FF0CAE62351CF281CBF9B07E843C2C3DF7AB62643016",
            "dapr_application_insights_connection_string": "",
            "default_domain": "proudpond-b08371d7.italynorth.azurecontainerapps.io",
            "docker_bridge_cidr": "",
            "id": "/subscriptions/5d4d78dc-7df6-4f76-b476-f477b34e51eb/resourceGroups/myapp-orders-invoices/providers/Microsoft.App/managedEnvironments/myapp-env",
            "identity": [],
            "infrastructure_resource_group_name": "",
            "infrastructure_subnet_id": "",
            "internal_load_balancer_enabled": false,
            "location": "italynorth",
            "log_analytics_workspace_id": "",
            "logs_destination": "",
            "mutual_tls_enabled": false,
            "name": "myapp-env",
            "platform_reserved_cidr": "",
            "platform_reserved_dns_ip_address": "",
            "public_network_access": "Enabled",
            "resource_group_name": "myapp-orders-invoices",
            "static_ip_address": "4.232.209.189",
            "tags": {
              "environment": "dev",
              "managed_by": "terraform",
              "project": "order-invoice-system"
            },
            "timeouts": null,
            "workload_profile": [],
            "zone_redundancy_enabled": false
          },
          "sensitive_attributes": [],
          "private": "eyJlMmJmYjczMC1lY2FhLTExZTYtOGY4OC0zNDM2M2JjN2M0YzAiOnsiY3JlYXRlIjoxODAwMDAwMDAwMDAwLCJkZWxldGUiOjE4MDAwMDAwMDAwMDAsInJlYWQiOjMwMDAwMDAwMDAwMCwidXBkYXRlIjoxODAwMDAwMDAwMDAwfSwic2NoZW1hX3ZlcnNpb24iOiIwIn0=",
          "dependencies": [
            "azurerm_resource_group.main"
          ]
        }
      ]
    },
    {
      "mode": "managed",
      "type": "azurerm_container_registry",
      "name": "acr",
      "provider": "provider[\"registry.terraform.io/hashicorp/azurerm\"]",
      "instances": [
        {
          "schema_version": 2,
          "attributes": {
            "admin_enabled": true,
            "admin_password": "CvWarHkt9ENmgIidhi1Q6W5DowtwzDlnmhVWE9e0Jhmh0gKNx5fwJQQJ99CBACgEuAYEqg7NAAACAZCRiqPb",
            "admin_username": "myappacrinv2026",
            "anonymous_pull_enabled": false,
            "data_endpoint_enabled": false,
            "data_endpoint_host_names": [],
            "encryption": [],
            "export_policy_enabled": true,
            "georeplications": [],
            "id": "/subscriptions/5d4d78dc-7df6-4f76-b476-f477b34e51eb/resourceGroups/myapp-orders-invoices/providers/Microsoft.ContainerRegistry/registries/myappacrinv2026",
            "identity": [],
            "location": "italynorth",
            "login_server": "myappacrinv2026.azurecr.io",
            "name": "myappacrinv2026",
            "network_rule_bypass_option": "AzureServices",
            "network_rule_set": [],
            "public_network_access_enabled": true,
            "quarantine_policy_enabled": false,
            "resource_group_name": "myapp-orders-invoices",
            "retention_policy_in_days": 0,
            "sku": "Basic",
            "tags": {
              "environment": "dev",
              "managed_by": "terraform",
              "project": "order-invoice-system"
            },
            "timeouts": null,
            "trust_policy_enabled": false,
            "zone_redundancy_enabled": false
          },
          "sensitive_attributes": [],
          "private": "eyJlMmJmYjczMC1lY2FhLTExZTYtOGY4OC0zNDM2M2JjN2M0YzAiOnsiY3JlYXRlIjoxODAwMDAwMDAwMDAwLCJkZWxldGUiOjE4MDAwMDAwMDAwMDAsInJlYWQiOjMwMDAwMDAwMDAwMCwidXBkYXRlIjoxODAwMDAwMDAwMDAwfSwic2NoZW1hX3ZlcnNpb24iOiIyIn0=",
          "dependencies": [
            "azurerm_resource_group.main"
          ]
        }
      ]
    },
    {
      "mode": "managed",
      "type": "azurerm_key_vault",
      "name": "main",
      "provider": "provider[\"registry.terraform.io/hashicorp/azurerm\"]",
      "instances": [
        {
          "schema_version": 2,
          "attributes": {
            "access_policy": [
              {
                "application_id": "",
                "certificate_permissions": [],
                "key_permissions": [],
                "object_id": "524dadb1-3cc1-4f48-a97a-ee8d40a91175",
                "secret_permissions": [
                  "Get",
                  "List"
                ],
                "storage_permissions": [],
                "tenant_id": "ada575f6-4e91-4d1d-aa89-9b2d9f5810e3"
              },
              {
                "application_id": "",
                "certificate_permissions": [],
                "key_permissions": [],
                "object_id": "33255143-c34e-4010-a4c1-1e83b43fd116",
                "secret_permissions": [
                  "Get",
                  "List",
                  "Set",
                  "Delete",
                  "Purge"
                ],
                "storage_permissions": [],
                "tenant_id": "ada575f6-4e91-4d1d-aa89-9b2d9f5810e3"
              },
              {
                "application_id": "",
                "certificate_permissions": [],
                "key_permissions": [],
                "object_id": "dda67452-433a-40da-97ee-dac18fcf3ae3",
                "secret_permissions": [
                  "Get",
                  "List"
                ],
                "storage_permissions": [],
                "tenant_id": "ada575f6-4e91-4d1d-aa89-9b2d9f5810e3"
              }
            ],
            "contact": [],
            "enable_rbac_authorization": false,
            "enabled_for_deployment": false,
            "enabled_for_disk_encryption": false,
            "enabled_for_template_deployment": false,
            "id": "/subscriptions/5d4d78dc-7df6-4f76-b476-f477b34e51eb/resourceGroups/myapp-orders-invoices/providers/Microsoft.KeyVault/vaults/myapp-kv-inv2026",
            "location": "italynorth",
            "name": "myapp-kv-inv2026",
            "network_acls": [
              {
                "bypass": "AzureServices",
                "default_action": "Allow",
                "ip_rules": [],
                "virtual_network_subnet_ids": []
              }
            ],
            "public_network_access_enabled": true,
            "purge_protection_enabled": false,
            "rbac_authorization_enabled": false,
            "resource_group_name": "myapp-orders-invoices",
            "sku_name": "standard",
            "soft_delete_retention_days": 7,
            "tags": {
              "environment": "dev",
              "managed_by": "terraform",
              "project": "order-invoice-system"
            },
            "tenant_id": "ada575f6-4e91-4d1d-aa89-9b2d9f5810e3",
            "timeouts": null,
            "vault_uri": "https://myapp-kv-inv2026.vault.azure.net/"
          },
          "sensitive_attributes": [],
          "private": "eyJlMmJmYjczMC1lY2FhLTExZTYtOGY4OC0zNDM2M2JjN2M0YzAiOnsiY3JlYXRlIjoxODAwMDAwMDAwMDAwLCJkZWxldGUiOjE4MDAwMDAwMDAwMDAsInJlYWQiOjMwMDAwMDAwMDAwMCwidXBkYXRlIjoxODAwMDAwMDAwMDAwfSwic2NoZW1hX3ZlcnNpb24iOiIyIn0=",
          "dependencies": [
            "azurerm_resource_group.main",
            "data.azurerm_client_config.current"
          ]
        }
      ]
    },
    {
      "mode": "managed",
      "type": "azurerm_key_vault_access_policy",
      "name": "aca",
      "provider": "provider[\"registry.terraform.io/hashicorp/azurerm\"]",
      "instances": [
        {
          "schema_version": 0,
          "attributes": {
            "application_id": "",
            "certificate_permissions": [],
            "id": "/subscriptions/5d4d78dc-7df6-4f76-b476-f477b34e51eb/resourceGroups/myapp-orders-invoices/providers/Microsoft.KeyVault/vaults/myapp-kv-inv2026/objectId/524dadb1-3cc1-4f48-a97a-ee8d40a91175",
            "key_permissions": [],
            "key_vault_id": "/subscriptions/5d4d78dc-7df6-4f76-b476-f477b34e51eb/resourceGroups/myapp-orders-invoices/providers/Microsoft.KeyVault/vaults/myapp-kv-inv2026",
            "object_id": "524dadb1-3cc1-4f48-a97a-ee8d40a91175",
            "secret_permissions": [
              "Get",
              "List"
            ],
            "storage_permissions": [],
            "tenant_id": "ada575f6-4e91-4d1d-aa89-9b2d9f5810e3",
            "timeouts": null
          },
          "sensitive_attributes": [],
          "private": "eyJlMmJmYjczMC1lY2FhLTExZTYtOGY4OC0zNDM2M2JjN2M0YzAiOnsiY3JlYXRlIjoxODAwMDAwMDAwMDAwLCJkZWxldGUiOjE4MDAwMDAwMDAwMDAsInJlYWQiOjMwMDAwMDAwMDAwMCwidXBkYXRlIjoxODAwMDAwMDAwMDAwfX0=",
          "dependencies": [
            "azurerm_key_vault.main",
            "azurerm_resource_group.main",
            "azurerm_user_assigned_identity.aca_identity",
            "data.azurerm_client_config.current"
          ]
        }
      ]
    },
    {
      "mode": "managed",
      "type": "azurerm_key_vault_access_policy",
      "name": "aks",
      "provider": "provider[\"registry.terraform.io/hashicorp/azurerm\"]",
      "instances": [
        {
          "schema_version": 0,
          "attributes": {
            "application_id": "",
            "certificate_permissions": [],
            "id": "/subscriptions/5d4d78dc-7df6-4f76-b476-f477b34e51eb/resourceGroups/myapp-orders-invoices/providers/Microsoft.KeyVault/vaults/myapp-kv-inv2026/objectId/dda67452-433a-40da-97ee-dac18fcf3ae3",
            "key_permissions": [],
            "key_vault_id": "/subscriptions/5d4d78dc-7df6-4f76-b476-f477b34e51eb/resourceGroups/myapp-orders-invoices/providers/Microsoft.KeyVault/vaults/myapp-kv-inv2026",
            "object_id": "dda67452-433a-40da-97ee-dac18fcf3ae3",
            "secret_permissions": [
              "Get",
              "List"
            ],
            "storage_permissions": [],
            "tenant_id": "ada575f6-4e91-4d1d-aa89-9b2d9f5810e3",
            "timeouts": null
          },
          "sensitive_attributes": [],
          "private": "eyJlMmJmYjczMC1lY2FhLTExZTYtOGY4OC0zNDM2M2JjN2M0YzAiOnsiY3JlYXRlIjoxODAwMDAwMDAwMDAwLCJkZWxldGUiOjE4MDAwMDAwMDAwMDAsInJlYWQiOjMwMDAwMDAwMDAwMCwidXBkYXRlIjoxODAwMDAwMDAwMDAwfX0=",
          "dependencies": [
            "azurerm_key_vault.main",
            "azurerm_kubernetes_cluster.aks",
            "azurerm_resource_group.main",
            "data.azurerm_client_config.current"
          ]
        }
      ]
    },
    {
      "mode": "managed",
      "type": "azurerm_key_vault_access_policy",
      "name": "terraform",
      "provider": "provider[\"registry.terraform.io/hashicorp/azurerm\"]",
      "instances": [
        {
          "schema_version": 0,
          "attributes": {
            "application_id": "",
            "certificate_permissions": [],
            "id": "/subscriptions/5d4d78dc-7df6-4f76-b476-f477b34e51eb/resourceGroups/myapp-orders-invoices/providers/Microsoft.KeyVault/vaults/myapp-kv-inv2026/objectId/33255143-c34e-4010-a4c1-1e83b43fd116",
            "key_permissions": [],
            "key_vault_id": "/subscriptions/5d4d78dc-7df6-4f76-b476-f477b34e51eb/resourceGroups/myapp-orders-invoices/providers/Microsoft.KeyVault/vaults/myapp-kv-inv2026",
            "object_id": "33255143-c34e-4010-a4c1-1e83b43fd116",
            "secret_permissions": [
              "Get",
              "List",
              "Set",
              "Delete",
              "Purge"
            ],
            "storage_permissions": [],
            "tenant_id": "ada575f6-4e91-4d1d-aa89-9b2d9f5810e3",
            "timeouts": null
          },
          "sensitive_attributes": [],
          "private": "eyJlMmJmYjczMC1lY2FhLTExZTYtOGY4OC0zNDM2M2JjN2M0YzAiOnsiY3JlYXRlIjoxODAwMDAwMDAwMDAwLCJkZWxldGUiOjE4MDAwMDAwMDAwMDAsInJlYWQiOjMwMDAwMDAwMDAwMCwidXBkYXRlIjoxODAwMDAwMDAwMDAwfX0=",
          "dependencies": [
            "azurerm_key_vault.main",
            "azurerm_resource_group.main",
            "data.azurerm_client_config.current"
          ]
        }
      ]
    },
    {
      "mode": "managed",
      "type": "azurerm_key_vault_secret",
      "name": "postgres_db",
      "provider": "provider[\"registry.terraform.io/hashicorp/azurerm\"]",
      "instances": [
        {
          "schema_version": 0,
          "attributes": {
            "content_type": "",
            "expiration_date": "",
            "id": "https://myapp-kv-inv2026.vault.azure.net/secrets/postgres-db/1aba0075a08c459f9d0deb491e6250f0",
            "key_vault_id": "/subscriptions/5d4d78dc-7df6-4f76-b476-f477b34e51eb/resourceGroups/myapp-orders-invoices/providers/Microsoft.KeyVault/vaults/myapp-kv-inv2026",
            "name": "postgres-db",
            "not_before_date": "",
            "resource_id": "/subscriptions/5d4d78dc-7df6-4f76-b476-f477b34e51eb/resourceGroups/myapp-orders-invoices/providers/Microsoft.KeyVault/vaults/myapp-kv-inv2026/secrets/postgres-db/versions/1aba0075a08c459f9d0deb491e6250f0",
            "resource_versionless_id": "/subscriptions/5d4d78dc-7df6-4f76-b476-f477b34e51eb/resourceGroups/myapp-orders-invoices/providers/Microsoft.KeyVault/vaults/myapp-kv-inv2026/secrets/postgres-db",
            "tags": {},
            "timeouts": null,
            "value": "orders",
            "value_wo": null,
            "value_wo_version": 0,
            "version": "1aba0075a08c459f9d0deb491e6250f0",
            "versionless_id": "https://myapp-kv-inv2026.vault.azure.net/secrets/postgres-db"
          },
          "sensitive_attributes": [],
          "private": "eyJlMmJmYjczMC1lY2FhLTExZTYtOGY4OC0zNDM2M2JjN2M0YzAiOnsiY3JlYXRlIjoxODAwMDAwMDAwMDAwLCJkZWxldGUiOjE4MDAwMDAwMDAwMDAsInJlYWQiOjE4MDAwMDAwMDAwMDAsInVwZGF0ZSI6MTgwMDAwMDAwMDAwMH19",
          "dependencies": [
            "azurerm_key_vault.main",
            "azurerm_resource_group.main",
            "data.azurerm_client_config.current"
          ]
        }
      ]
    },
    {
      "mode": "managed",
      "type": "azurerm_key_vault_secret",
      "name": "postgres_password",
      "provider": "provider[\"registry.terraform.io/hashicorp/azurerm\"]",
      "instances": [
        {
          "schema_version": 0,
          "attributes": {
            "content_type": "",
            "expiration_date": "",
            "id": "https://myapp-kv-inv2026.vault.azure.net/secrets/postgres-password/94007488f6f142fa82c8e4f45b524650",
            "key_vault_id": "/subscriptions/5d4d78dc-7df6-4f76-b476-f477b34e51eb/resourceGroups/myapp-orders-invoices/providers/Microsoft.KeyVault/vaults/myapp-kv-inv2026",
            "name": "postgres-password",
            "not_before_date": "",
            "resource_id": "/subscriptions/5d4d78dc-7df6-4f76-b476-f477b34e51eb/resourceGroups/myapp-orders-invoices/providers/Microsoft.KeyVault/vaults/myapp-kv-inv2026/secrets/postgres-password/versions/94007488f6f142fa82c8e4f45b524650",
            "resource_versionless_id": "/subscriptions/5d4d78dc-7df6-4f76-b476-f477b34e51eb/resourceGroups/myapp-orders-invoices/providers/Microsoft.KeyVault/vaults/myapp-kv-inv2026/secrets/postgres-password",
            "tags": {},
            "timeouts": null,
            "value": "SecurePassword123!",
            "value_wo": null,
            "value_wo_version": 0,
            "version": "94007488f6f142fa82c8e4f45b524650",
            "versionless_id": "https://myapp-kv-inv2026.vault.azure.net/secrets/postgres-password"
          },
          "sensitive_attributes": [
            [
              {
                "type": "get_attr",
                "value": "value"
              }
            ]
          ],
          "private": "eyJlMmJmYjczMC1lY2FhLTExZTYtOGY4OC0zNDM2M2JjN2M0YzAiOnsiY3JlYXRlIjoxODAwMDAwMDAwMDAwLCJkZWxldGUiOjE4MDAwMDAwMDAwMDAsInJlYWQiOjE4MDAwMDAwMDAwMDAsInVwZGF0ZSI6MTgwMDAwMDAwMDAwMH19",
          "dependencies": [
            "azurerm_key_vault.main",
            "azurerm_resource_group.main",
            "data.azurerm_client_config.current"
          ]
        }
      ]
    },
    {
      "mode": "managed",
      "type": "azurerm_key_vault_secret",
      "name": "postgres_user",
      "provider": "provider[\"registry.terraform.io/hashicorp/azurerm\"]",
      "instances": [
        {
          "schema_version": 0,
          "attributes": {
            "content_type": "",
            "expiration_date": "",
            "id": "https://myapp-kv-inv2026.vault.azure.net/secrets/postgres-user/e2540ff9abdc4938a8cf1d8e6c35001c",
            "key_vault_id": "/subscriptions/5d4d78dc-7df6-4f76-b476-f477b34e51eb/resourceGroups/myapp-orders-invoices/providers/Microsoft.KeyVault/vaults/myapp-kv-inv2026",
            "name": "postgres-user",
            "not_before_date": "",
            "resource_id": "/subscriptions/5d4d78dc-7df6-4f76-b476-f477b34e51eb/resourceGroups/myapp-orders-invoices/providers/Microsoft.KeyVault/vaults/myapp-kv-inv2026/secrets/postgres-user/versions/e2540ff9abdc4938a8cf1d8e6c35001c",
            "resource_versionless_id": "/subscriptions/5d4d78dc-7df6-4f76-b476-f477b34e51eb/resourceGroups/myapp-orders-invoices/providers/Microsoft.KeyVault/vaults/myapp-kv-inv2026/secrets/postgres-user",
            "tags": {},
            "timeouts": null,
            "value": "postgres",
            "value_wo": null,
            "value_wo_version": 0,
            "version": "e2540ff9abdc4938a8cf1d8e6c35001c",
            "versionless_id": "https://myapp-kv-inv2026.vault.azure.net/secrets/postgres-user"
          },
          "sensitive_attributes": [],
          "private": "eyJlMmJmYjczMC1lY2FhLTExZTYtOGY4OC0zNDM2M2JjN2M0YzAiOnsiY3JlYXRlIjoxODAwMDAwMDAwMDAwLCJkZWxldGUiOjE4MDAwMDAwMDAwMDAsInJlYWQiOjE4MDAwMDAwMDAwMDAsInVwZGF0ZSI6MTgwMDAwMDAwMDAwMH19",
          "dependencies": [
            "azurerm_key_vault.main",
            "azurerm_resource_group.main",
            "data.azurerm_client_config.current"
          ]
        }
      ]
    },
    {
      "mode": "managed",
      "type": "azurerm_key_vault_secret",
      "name": "storage_connection_string",
      "provider": "provider[\"registry.terraform.io/hashicorp/azurerm\"]",
      "instances": [
        {
          "schema_version": 0,
          "attributes": {
            "content_type": "",
            "expiration_date": "",
            "id": "https://myapp-kv-inv2026.vault.azure.net/secrets/storage-connection-string/ba4aa1eac09e4527b2ec218da36bdbea",
            "key_vault_id": "/subscriptions/5d4d78dc-7df6-4f76-b476-f477b34e51eb/resourceGroups/myapp-orders-invoices/providers/Microsoft.KeyVault/vaults/myapp-kv-inv2026",
            "name": "storage-connection-string",
            "not_before_date": "",
            "resource_id": "/subscriptions/5d4d78dc-7df6-4f76-b476-f477b34e51eb/resourceGroups/myapp-orders-invoices/providers/Microsoft.KeyVault/vaults/myapp-kv-inv2026/secrets/storage-connection-string/versions/ba4aa1eac09e4527b2ec218da36bdbea",
            "resource_versionless_id": "/subscriptions/5d4d78dc-7df6-4f76-b476-f477b34e51eb/resourceGroups/myapp-orders-invoices/providers/Microsoft.KeyVault/vaults/myapp-kv-inv2026/secrets/storage-connection-string",
            "tags": {},
            "timeouts": null,
            "value": "DefaultEndpointsProtocol=https;AccountName=myappstorageinvoice2026;AccountKey=4F9UPSicu/JOvpUW3CSmakra7S4ta2dThzxDPzYkGYuGD+X17eI8Y8sU1t68G0LfiliHiHZhy05v+AStQZsZGg==;EndpointSuffix=core.windows.net",
            "value_wo": null,
            "value_wo_version": 0,
            "version": "ba4aa1eac09e4527b2ec218da36bdbea",
            "versionless_id": "https://myapp-kv-inv2026.vault.azure.net/secrets/storage-connection-string"
          },
          "sensitive_attributes": [
            [
              {
                "type": "get_attr",
                "value": "value"
              }
            ]
          ],
          "private": "eyJlMmJmYjczMC1lY2FhLTExZTYtOGY4OC0zNDM2M2JjN2M0YzAiOnsiY3JlYXRlIjoxODAwMDAwMDAwMDAwLCJkZWxldGUiOjE4MDAwMDAwMDAwMDAsInJlYWQiOjE4MDAwMDAwMDAwMDAsInVwZGF0ZSI6MTgwMDAwMDAwMDAwMH19",
          "dependencies": [
            "azurerm_key_vault.main",
            "azurerm_resource_group.main",
            "azurerm_storage_account.storage",
            "data.azurerm_client_config.current"
          ]
        }
      ]
    },
    {
      "mode": "managed",
      "type": "azurerm_kubernetes_cluster",
      "name": "aks",
      "provider": "provider[\"registry.terraform.io/hashicorp/azurerm\"]",
      "instances": [
        {
          "schema_version": 2,
          "attributes": {
            "aci_connector_linux": [],
            "ai_toolchain_operator_enabled": false,
            "api_server_access_profile": [],
            "auto_scaler_profile": [],
            "automatic_upgrade_channel": "",
            "azure_active_directory_role_based_access_control": [],
            "azure_policy_enabled": false,
            "bootstrap_profile": [
              {
                "artifact_source": "Direct",
                "container_registry_id": ""
              }
            ],
            "confidential_computing": [],
            "cost_analysis_enabled": false,
            "current_kubernetes_version": "1.33.6",
            "custom_ca_trust_certificates_base64": [],
            "default_node_pool": [
              {
                "auto_scaling_enabled": false,
                "capacity_reservation_group_id": "",
                "fips_enabled": false,
                "gpu_driver": "",
                "gpu_instance": "",
                "host_encryption_enabled": false,
                "host_group_id": "",
                "kubelet_config": [],
                "kubelet_disk_type": "OS",
                "linux_os_config": [],
                "max_count": 0,
                "max_pods": 110,
                "min_count": 0,
                "name": "default",
                "node_count": 1,
                "node_labels": {},
                "node_network_profile": [],
                "node_public_ip_enabled": false,
                "node_public_ip_prefix_id": "",
                "only_critical_addons_enabled": false,
                "orchestrator_version": "1.33",
                "os_disk_size_gb": 128,
                "os_disk_type": "Managed",
                "os_sku": "Ubuntu",
                "pod_subnet_id": "",
                "proximity_placement_group_id": "",
                "scale_down_mode": "Delete",
                "snapshot_id": "",
                "tags": {},
                "temporary_name_for_rotation": "",
                "type": "VirtualMachineScaleSets",
                "ultra_ssd_enabled": false,
                "upgrade_settings": [
                  {
                    "drain_timeout_in_minutes": 0,
                    "max_surge": "10%",
                    "node_soak_duration_in_minutes": 0,
                    "undrainable_node_behavior": ""
                  }
                ],
                "vm_size": "Standard_D2S_v3",
                "vnet_subnet_id": "",
                "workload_runtime": "",
                "zones": []
              }
            ],
            "disk_encryption_set_id": "",
            "dns_prefix": "myapp",
            "dns_prefix_private_cluster": "",
            "edge_zone": "",
            "fqdn": "myapp-acstxu5e.hcp.italynorth.azmk8s.io",
            "http_application_routing_enabled": false,
            "http_application_routing_zone_name": "",
            "http_proxy_config": [],
            "id": "/subscriptions/5d4d78dc-7df6-4f76-b476-f477b34e51eb/resourceGroups/myapp-orders-invoices/providers/Microsoft.ContainerService/managedClusters/myapp-aks-order-invoice",
            "identity": [
              {
                "identity_ids": [],
                "principal_id": "e0a3f138-a42a-413c-9279-ac8e7092005b",
                "tenant_id": "ada575f6-4e91-4d1d-aa89-9b2d9f5810e3",
                "type": "SystemAssigned"
              }
            ],
            "image_cleaner_enabled": null,
            "image_cleaner_interval_hours": null,
            "ingress_application_gateway": [],
            "key_management_service": [],
            "key_vault_secrets_provider": [
              {
                "secret_identity": [
                  {
                    "client_id": "e5970c8d-be64-4f77-8d95-149b001a0b2b",
                    "object_id": "4e807cf4-55c8-4581-8496-70b199760f8c",
                    "user_assigned_identity_id": "/subscriptions/5d4d78dc-7df6-4f76-b476-f477b34e51eb/resourcegroups/MC_myapp-orders-invoices_myapp-aks-order-invoice_italynorth/providers/Microsoft.ManagedIdentity/userAssignedIdentities/azurekeyvaultsecretsprovider-myapp-aks-order-invoice"
                  }
                ],
                "secret_rotation_enabled": true,
                "secret_rotation_interval": "2m"
              }
            ],
            "kube_admin_config": [],
            "kube_admin_config_raw": "",
            "kube_config": [
              {
                "client_certificate": "LS0tLS1CRUdJTiBDRVJUSUZJQ0FURS0tLS0tCk1JSUZIVENDQXdXZ0F3SUJBZ0lRSCtKem5CQUoxS0pqSjhMdDh1RnhxVEFOQmdrcWhraUc5dzBCQVFzRkFEQU4KTVFzd0NRWURWUVFERXdKallUQWVGdzB5TmpBeU1EY3hNakF6TVRkYUZ3MHlPREF5TURjeE1qRXpNVGRhTURBeApGekFWQmdOVkJBb1REbk41YzNSbGJUcHRZWE4wWlhKek1SVXdFd1lEVlFRREV3eHRZWE4wWlhKamJHbGxiblF3CmdnSWlNQTBHQ1NxR1NJYjNEUUVCQVFVQUE0SUNEd0F3Z2dJS0FvSUNBUURUVUdIWFk1TjN6TTdPdkUzZHdScEkKSUxjTm4rQlUvZUpLVVJRRjJtVEkySks2ODBNUG5qNkd3MFVpUWhtT3ZkZmtVUWwyMUJVVzhHbUwxbUU2b1VIZQpDeWFFTUVhYUNCdktYbG9pcE05bWlXUlNDYUs5bGQyVElWSEpES2RvQlcwcDdGbDBDMnVWMFcwazNnajRLL1lGCnlWYzNCUmoyTnZtUlBIVnI5UDladzhvVlluMzUwYnJiTnludVFFTXB2UGE3Y09ZSFdpRW5XeWFDeWVNNm5YK3oKYTg4MFFFd3NEMXFqbW9IeFJuVWtrWW9WTE5BbE91SHJkcnNxZjVld0hpUUtRUWF2dEtVWGloZ2pvT1RYMFJwZQpFdUhrOHVLcGFEV1MrWDVLSVIwbUc5RHl6WVBBYnhzeXlVYnRQUGhnTHlid2JDaTlORjJJS3ZqR0tmdFFrZHhSClVnbDZIUzRHdjZGUWY2YjFxcmxQV3h0MGtQc3hCcGJGdjhYLzN2cGkvWkt2STlETFZxWHAzMk5LRVh0dXhrcHMKT0VTT2VidFArdUFWbkxiTTQ2VGZ5WGZlNUd2czNjMzI2T2s1allJdnlDSnRlSXRtQ1VjVnFnMUwzWTlBTnExSgpHTU82TC8xdEthN3J2b2RCdFJhZ2s5TGlNNXV4Z2pFU1RPTi9qbDVDSWx3Z253c1NDQjlKK01SZU4ydkV5aE1GClJzRTdzMFNIb05qUVN4QzNqUHRIRmhIeGRueUZHaDZCcGhFZnNTaXptYUFqTDZDZ3VDSnM2dFlPOHVyd1JlYWkKWUJGaEFiNTFTdTZMOUN3QnVYdDRCVUphVlBZME5tTEVsNHdsd1R0VXpBUDMza2pJdTBTeUFVWUJ0dFNLODBzdQpPdkt0ZlVnT2dPY0V6cGQ1RXl0R2N3SURBUUFCbzFZd1ZEQU9CZ05WSFE4QkFmOEVCQU1DQmFBd0V3WURWUjBsCkJBd3dDZ1lJS3dZQkJRVUhBd0l3REFZRFZSMFRBUUgvQkFJd0FEQWZCZ05WSFNNRUdEQVdnQlFyTlFtVnVPalUKMHk5TGlQSGd4cnhUSlVLeUdEQU5CZ2txaGtpRzl3MEJBUXNGQUFPQ0FnRUFMOEdZR1BlVk9tYVNNQjN6cFpsQgptQVEwY0xFTFRxbC9hekNBdHcrM09ZdkFRcGdSWTZ4dXp4NDRBZ2M1Q3Z3ZWhSejY3dXhOcmNPbWRTaGF6SnBzCjc3RUhnSDVENDd4QnEydm1ZcGRpdDJXNDZ2YWovOGxYRGlXdjMwVEswZ1lXMlRYWWREcS9wOWtwUnl6NEZiSmkKb3dObHp4WUtnN2lydnl0VHJTYU9SK3EvQ3RyNHo5TFFWTVJpNXZvcncrSUVOODY2WTFWWmpKcEhyOUxRRTRYUQo1U3NmSnRyelJ5Qkk2TFlTbTVVdWxxUzRkeTBIc1JGbUo0SkszRVFBZmN2RlJYNytzd1pUMU9tdVlvcW5LRmROCmZwemVnNTlEaTJGTzFVMzVqcUl0MWZHN0pyOVBMZTR2c3BXUHFBM2lDT1BrVmxOWU5mUnc1K0w1NGdPVnNoNlAKYnlPbUJ1SXVHd040V0ZNc05Wd0FCN2ovbE9kQ1ZhZHZFWml4UDh5Qk5ob29GZ1p1SFc4NHdlWlp2U2ZPNGQ3cAo5VUV6WXk4L0xmaWJhcE42eHNHL2lvelZUdUR0SlUwKy9qQWJKcjdpaGM3anVIYis3RHloU0dydGhxUHFaUHN6CmdqYUhhOXBzcVZXdGI2MTVIdVRJTmhWdUkzOVlMTTdQV3NmQTQ3M2JkeS9tMFRIYW40YTg1QTNZQWNVRWdxL0QKWmhIVUF6SVVsSFVhbTY2SnZXQ0tCQnU2L3E5d3hCSUV1bzhqMXVMOFVDSm5QeFZwY1F1N3kzUjBGc0orei9iYwpUYWxiWkNoS2krMlF6QlhUTzJhSm81bjdCODJVUzdNWUx6cjNmVktNVURDVW41WnJJem5DN1NXdTFtSVpDS1RsCnZYWEZFbWIrUFNOaXBycWJGRlRnSHRZPQotLS0tLUVORCBDRVJUSUZJQ0FURS0tLS0tCg==",
                "client_key": "LS0tLS1CRUdJTiBSU0EgUFJJVkFURSBLRVktLS0tLQpNSUlKSmdJQkFBS0NBZ0VBMDFCaDEyT1RkOHpPenJ4TjNjRWFTQ0MzRFovZ1ZQM2lTbEVVQmRwa3lOaVN1dk5ECkQ1NCtoc05GSWtJWmpyM1g1RkVKZHRRVkZ2QnBpOVpoT3FGQjNnc21oREJHbWdnYnlsNWFJcVRQWm9sa1VnbWkKdlpYZGt5RlJ5UXluYUFWdEtleFpkQXRybGRGdEpONEkrQ3YyQmNsWE53VVk5amI1a1R4MWEvVC9XY1BLRldKOQorZEc2MnpjcDdrQkRLYnoydTNEbUIxb2hKMXNtZ3Nuak9wMS9zMnZQTkVCTUxBOWFvNXFCOFVaMUpKR0tGU3pRCkpUcmg2M2E3S24rWHNCNGtDa0VHcjdTbEY0b1lJNkRrMTlFYVhoTGg1UExpcVdnMWt2bCtTaUVkSmh2UThzMkQKd0c4Yk1zbEc3VHo0WUM4bThHd292VFJkaUNyNHhpbjdVSkhjVVZJSmVoMHVCcitoVUgrbTlhcTVUMXNiZEpENwpNUWFXeGIvRi85NzZZdjJTcnlQUXkxYWw2ZDlqU2hGN2JzWktiRGhFam5tN1QvcmdGWnkyek9PazM4bDMzdVJyCjdOM045dWpwT1kyQ0w4Z2liWGlMWmdsSEZhb05TOTJQUURhdFNSakR1aS85YlNtdTY3NkhRYlVXb0pQUzRqT2IKc1lJeEVrempmNDVlUWlKY0lKOExFZ2dmU2ZqRVhqZHJ4TW9UQlViQk83TkVoNkRZMEVzUXQ0ejdSeFlSOFhaOApoUm9lZ2FZUkg3RW9zNW1nSXkrZ29MZ2liT3JXRHZMcThFWG1vbUFSWVFHK2RVcnVpL1FzQWJsN2VBVkNXbFQyCk5EWml4SmVNSmNFN1ZNd0Q5OTVJeUx0RXNnRkdBYmJVaXZOTExqcnlyWDFJRG9EbkJNNlhlUk1yUm5NQ0F3RUEKQVFLQ0FmNVdjZ0FnUzRUQ2xOZlhBTlI4eS9hdW9sWnUzMVdnaHBramNNSFhkSmVYd1FGYzdjb2tQR20wNWkwegplWG5qMDhYeVd6UnNyZmtKOVBLcy9FdyttS0lxN2dlOGFScW5YUWJxSDY4ZENLd3M2UjhKNU9jNkcrWmFlTHRaCmhBSTkwVzdXL1h3bVdmb0dPTDJ6YnBZT05oeEFudGRzQjhFWEp0cVVqNXQ1cGRlS2hERGhwZlRMNFFDUDh4aDYKQWRBRG9ETER3VDFCeExTRms2MFdNU1BiTTlrSjZsWjhmZi9Da2loVHJpZEwwcDVIK2xrODNBRUVybGU5bnFZNApqZm5jK3pIRExxaEh4SWRvQW9xWHE1ZG00UXlpaHJuaWtqUldBZTUwWUZhUGNTc0hKaXRydEVveHRMYUMrT3QvClo2QmlvWE1kL3ZLcmkzcTMzSzNvd0ZzbWJDZ1JkV0FtMFJNd1RpTGZyVnpoR2hWaDIranFXdDd5RWpQSmQ4Z1QKRE1GUkdncHBGeGF1ZVR2bDFlSm1tZFVvSDVBMnIxK2xtZ3FiZXVaNlRuYUl3ci9scmtNbnBXOXBKVjNkMGIyUwpEdGVlbEF5em00WVVyRmZwZnRjaHdPT0tKQXdtaGhCamlwWFpmVWY5b091QTJYd1J6dkFubnBOVVhEbE5hckdnCjhKSmh1eDlyRC9uZ0xQUWR4SzEySWhyUlRSU3V3bWhVa3NWV1lmZm5ONmphTzd0d2VnL0VUOTgvNERBaGlVZEUKZkJ2WmhMR3k0R2hZeEhGSmtlRFc1M2t2RUZFUVV4Y0p0U1B0d3Y4Yk5leGlyRlVrWEx5ZmRSTUI3UVE0OHVmKwpQbHJiVitOUHE0NmI1R1VyUEMrLzBvZHhoSDd3ZGtKNWFIT2wwVjhrekFkTHoya0NnZ0VCQU9rOTh0VmIxZjRGCnhja21reUNJbUZzc1hCUmxUQnRaN2JEMjVtL0hRVkhtSk1ZMS9kUDRoRGt5SU0zQTZzZUNYNmVZZnhxNEFPeFEKV3hXcldyR1dFb0dxR3Vac1NNN0hTWnNTRTkwMGVvSHFKRnMrUFd6NGlwcndkV0wwaDJFam5IaXc5V3hhOExmRQpnK0FWdUtzRU1iRG40R3NjWEdHb2pQMWkyWUtZdlR3a1ZmNnFFMytwMmhWSHJleE16V2RkdjRBSE01bGF1R3F0ClRIaFpid3ZndGJYRlFwS2EwZjlqR3BqVUVhQXZVZ1ZBKzdMK0RjN2VmY01IajhzWnhYNldsQVZPVUorem5VT1oKcmNFMHVmaElOVC9MaGJVUjQyNU9RVFljUWZoRXdFTFV2cU1KeE1Qc0JOTXlYM1VYcXo5MXN4QVFUZjVoUzZJZApaRDFKbmQvVHd0a0NnZ0VCQU9mdXRDVFNueWtKR3JsNmxJUFdNckliM29HTllibzFvcVJPNG9OazV1ak0yQXUzCnppTGlSRjVIc2Rzb2NQM3BBTmpLemVBNElZOVNEY3krdVcwa1RnR2kxWXlPWS9pdWJLQ1VNYnlndUFZajB0ZHEKenoxK0FGZCszQ054VnNMOTJlVlRwaXhkVHUzUmRFL0Y0U2lMdmZLdFVjRHZQQ3hLcmI2ZmJTbnl1N2I4Ri9PagpKVVg4dVR3MmtrKzhwR1M3K3B5Qmx3bHhsVWZkN1Y1empvczY3R3U5M1loUjRmRnd1Q3VTTTRpNGtFVFI5UHNLCnNkRWRJanlEUmlHNEVDSGQ5M1FwOUtmVUxXRVIyM2h5N3k5eDcwdUp3WHUrU2xZK1gzY2ZYV3M1T1VZSDJJaXQKNDRqa1RoVnVIY3BrQUhvMFhVVkphdm1HMk9DOWY3WCtoSHZXYkNzQ2dnRUJBS01SSDRSUmg0UG9qMFk1eE9VYQorc0hMZXJqN3RVRHVGNE1BcTB6ODFzc21oeEZZMEJSeGpDZmN4eGh5eHZJalVUTUFKK1VMUGdINWtDVFBQMEluCk5Oc1lqV1FKMHNGV2pUeHdZQmpvUnJvcmM2MmpEeGp2anlBUiswL3F1L2VMQ1N0TU5ObkRuc1lzQ3pNUW5LSmIKOVUzRVg1OGpIZWRkQ3UxZ1BjZlRkNEhqdVllcGFxWjNuclFBQURYVDRFdGpQSzZLMm1WZUNzN3lTQ05nQzRZWApYWk11ellObjRHZVg1eEZ3T3I1dU52N2JWdDNtUnNzWnZIMHMvVGcyMVYvU2NMeGc2M2NzQVVndzJrell5eWd0CmU2VVZhbTZVaWhnbGQrd1h4M3VHdlpBNzR1aGp2UUJwTTFwZ3ZtSkQ0UU1tQzhHd1ZJY0RpUGhYYWl4N0duaFIKT2NrQ2dnRUFURUxMenZQR1M2cm5zNmNmb0QzVkM0Vm9ZemJHdElDZ1N1QjVVSFRrREJZV3o3dVBOeDhwRmNzRApLeW1nQlkwUXJ6ZjMrOHJaRmhRSDM1T3l5clZPUlBGeXdEV3RuMzVTejNZSzZKZjhDbURMR2ZQUDBzdFVkM0NLCkY4bFRtdWYzTnBXTHBUakZGQ056MkNzYmZzWjhIWWhwd2tPbmlIVEJybFVqZ3RDQ2NvZHZwTGUzTU0wSlowZ1cKVWN1WVRsc1U2MU1kQTRqcWFlZ0ovYTJIYURabXVJS0VqaWRHWUtvTWxKOE0vTjZhNlZZVDlGdXUzakJ6S215TApxZGlvelVuNzdLRkRCZEFaWDdxTWJJMTJJaWFYWlVJVmNZZS9UNTVRcTQyUG5Rc0N6d2tUWk5Xd1pEbVZoeXhlCjlVWnVkY0EwRHUwMkZIZ0haZFpKWU9FZ1ZNdkxZd0tDQVFCaU42LzY0U3laUDJ2cHdFT0lzNHVIbVpqTHJYbU4KdXBUQWRsM2drWEFMNFBzdXJvSW9lOENncVdGc0JUQWFpOWhnNklqZkFnN0lwS053bVZnOVVjaE5iNjI4NXNYdQpUcUNncTlpK2lFL1B5UmlodW92MWZKME1NQnRhSnhZTkxKY3l1SlBSUkMxL1NBa013ZDNiaXNqU2VBTkNMRHpKCmJ6K0VvbXhxbzd6VEJMeCszT1A3RFc5b1pkZ0pNUFdNblNmNG1iRWVTamh5bWpTQjFqRUxZVDhvLzFxZ1JPWTMKaHY2MGt1VTZEL1VqZ3NEKzYybXBhYVFDeWh1N0tWYUtKUStvakxyb1hHUUp6RUJRVmJZM2s4YzFWNkFKODltVwpQY3o2UXJsVUJFQzhWcjNOaFVZWjVXeWpYbU95cU51ak9rSUcwQ2ljaURUZ2pLVENTT29KK2J1UQotLS0tLUVORCBSU0EgUFJJVkFURSBLRVktLS0tLQo=",
                "cluster_ca_certificate": "LS0tLS1CRUdJTiBDRVJUSUZJQ0FURS0tLS0tCk1JSUU2VENDQXRHZ0F3SUJBZ0lSQUpLOWVNcTlaSWxuSlFLZmRqcUwxSm93RFFZSktvWklodmNOQVFFTEJRQXcKRFRFTE1Ba0dBMVVFQXhNQ1kyRXdJQmNOTWpZd01qQTNNVEl3TXpFM1doZ1BNakExTmpBeU1EY3hNakV6TVRkYQpNQTB4Q3pBSkJnTlZCQU1UQW1OaE1JSUNJakFOQmdrcWhraUc5dzBCQVFFRkFBT0NBZzhBTUlJQ0NnS0NBZ0VBCnc5RFdiUWZJRW9MaFlsVVh1NnJadUtOU040bkhLR0dsVnFrV3RMVFI4VTIxYVAwVHZoR2t6d2R1TEE2MzRIekUKL3paWHk3aXVmU0dhTWxEUWo3UXMzSTg1VUM4SGlNNnlIWU92bEQ2Tnp3N0Q4VCtITHJVaTNwNG1rLzlzSlZhTApLVFliTzhLZkFYVlU3OXpaMVhwb3pNM3lhZE03QWMxL0NTTUhKSkdNR0VYaG9YOExXRnhCV2srcDU5WEhWU0d4ClRib1pHTTBISjV1VjhKdUx6bm1uMXBQOU82ZTcwNjFuaHR0UGZuaXorbnlrWm9oSENmM2FXMEZEOU9iNVgwZEUKcEV3VXhWOUpSK3RRZXhBT2VBbGFncHR6T3F4Nlc0Y3FobFVDSWNkSWphVWE2WWFENWYvWXJGbkRWNTlhNDE4YgpBSXdrRDNhejJBRmpVeGMyTzN0ZWF0R2I0Q2hLem03OTdtVkVVam9rc01xSHBYSEdxZ2EwcUJRUWpTVDF2a204CnNTYjd6RnV2dlVLdkxkOVYzN1g0UUF2ak10aGoyWXNuOWdFeTkvYmJEbmN3Q09qYlIwbXp4OXVnUEFxU0lBd24KUnBPaDVPem5oWElHWkJxYUd1aU9DZ3hiQlhqU3dGeHRhMVUvbUs1c3pMMlc1R05qQjJwdWNObG5SL3pDYVNGWgowbENsMEEwVTZSNi8vKzI5eVUzWmJXdkI2cWVmcXZ5NDhQamt4cU83MWhZRTZYS2dNODBJbDFJRWd4WTRKSE80Cno3TU5BcmdTS0dueGwvZU5ad1ZVWkV2SW1YbnVSUy8zZ3ZwR2VGcW9lWWQzQXE2amM4VzBDdVJNdzd4TXlFbjgKeDBOSzYvTXJwSDB6N0U1V2tvaTl2UlhFRjdaY0wzcjk4SzZmUnVleDJRMENBd0VBQWFOQ01FQXdEZ1lEVlIwUApBUUgvQkFRREFnS2tNQThHQTFVZEV3RUIvd1FGTUFNQkFmOHdIUVlEVlIwT0JCWUVGQ3MxQ1pXNDZOVFRMMHVJCjhlREd2Rk1sUXJJWU1BMEdDU3FHU0liM0RRRUJDd1VBQTRJQ0FRQjRWNkgvSDNCSG42WkZxRzM4bWQ3SCt4VTEKK2NMYk94N2FjT045V1dmeXVodGt4bUJlVTdqQzkrRGNzMG5TK2NDTmZkZGVoN3lNWTdBblYyS1ZtZEJtd0VucApERTBlQTM3T1dYSmUyL21FMkxHUXdzWWVJaURFRld0OTRZdGc5Q1kyd0w3emphbXh2VGpITnlEWG9iWUorNCsyCmJmcnlwT0ZDRHlPaXF3ZW4zbmJVV3FLTjAyaGFKbEg5TFV0WXJFc3JQZ09HTDJUMDRpbkJ6cy9YWHpkUzI4MnkKVGVmQkhacm1SSU1pTm8xNjdkN0lBcGFiT293QjYrMC9zKzBibGlONC90V1k4UThZLy9oaXQzK2VaYlc5QmhjZgo3VzBXaS9YdUM0ejd5WTV4T1dLNlR5OEJqMDJxZ20xQTh2MkYyZUpWMEcyN0JqVFpGbFFudDN5bTdKa3dvQ0p0Ck5JenJDOTVUL2dWemNoQ0R6RVQrSFdWQ3c4QmJnVDZacDZoQWUwK01HZ1EzQm41MndudWYvRms4SFJVU1IrZGkKM3pZV28zZ1ZTbVp6d0UyWVUvQ0VPa2cwelBzYlhhdWRtSloyMVdlMDBDQ29rOWlEVUxLVEQ4MmhSMi83ZTNteQowbzVReXIwd0xNWXhKTmlJcE1DYlA2YWFUTVZkTUxuL0EvK3JkRHV6R1BoenR3cVdZZHFCL3dDb0JmdU1pMS9PCnFtb05IN3NSZTl4RHBXLzZKMWlKMlJSNUFxcW94RVpOV1g3NXlQT2ZycWtya3hhMTkwa1QxUndPOTU0RlYwb0sKaHA3eDlyeUVmZWg4bDd1b1BTNFhnRnVIWW11UG54dkJUTTk1UzNzcDFxcXpqbEM4L2tmeW9mYW10Q21saTgrdwpEb2ptbUtBckJQR1pyUTB6dlE9PQotLS0tLUVORCBDRVJUSUZJQ0FURS0tLS0tCg==",
                "host": "https://myapp-acstxu5e.hcp.italynorth.azmk8s.io:443",
                "password": "sf380dyy95cu5qcjmbomuodzqp8dmncedxux0th2rk3ppk73t9h0uz9q0lodncklcg2uzicf0l79p63rbkxpqic847tw8iu1hwxhxnofzdsseh9mwq3bgzxn4hx7i2rq",
                "username": "clusterUser_myapp-orders-invoices_myapp-aks-order-invoice"
              }
            ],
            "kube_config_raw": "apiVersion: v1\nclusters:\n- cluster:\n    certificate-authority-data: LS0tLS1CRUdJTiBDRVJUSUZJQ0FURS0tLS0tCk1JSUU2VENDQXRHZ0F3SUJBZ0lSQUpLOWVNcTlaSWxuSlFLZmRqcUwxSm93RFFZSktvWklodmNOQVFFTEJRQXcKRFRFTE1Ba0dBMVVFQXhNQ1kyRXdJQmNOTWpZd01qQTNNVEl3TXpFM1doZ1BNakExTmpBeU1EY3hNakV6TVRkYQpNQTB4Q3pBSkJnTlZCQU1UQW1OaE1JSUNJakFOQmdrcWhraUc5dzBCQVFFRkFBT0NBZzhBTUlJQ0NnS0NBZ0VBCnc5RFdiUWZJRW9MaFlsVVh1NnJadUtOU040bkhLR0dsVnFrV3RMVFI4VTIxYVAwVHZoR2t6d2R1TEE2MzRIekUKL3paWHk3aXVmU0dhTWxEUWo3UXMzSTg1VUM4SGlNNnlIWU92bEQ2Tnp3N0Q4VCtITHJVaTNwNG1rLzlzSlZhTApLVFliTzhLZkFYVlU3OXpaMVhwb3pNM3lhZE03QWMxL0NTTUhKSkdNR0VYaG9YOExXRnhCV2srcDU5WEhWU0d4ClRib1pHTTBISjV1VjhKdUx6bm1uMXBQOU82ZTcwNjFuaHR0UGZuaXorbnlrWm9oSENmM2FXMEZEOU9iNVgwZEUKcEV3VXhWOUpSK3RRZXhBT2VBbGFncHR6T3F4Nlc0Y3FobFVDSWNkSWphVWE2WWFENWYvWXJGbkRWNTlhNDE4YgpBSXdrRDNhejJBRmpVeGMyTzN0ZWF0R2I0Q2hLem03OTdtVkVVam9rc01xSHBYSEdxZ2EwcUJRUWpTVDF2a204CnNTYjd6RnV2dlVLdkxkOVYzN1g0UUF2ak10aGoyWXNuOWdFeTkvYmJEbmN3Q09qYlIwbXp4OXVnUEFxU0lBd24KUnBPaDVPem5oWElHWkJxYUd1aU9DZ3hiQlhqU3dGeHRhMVUvbUs1c3pMMlc1R05qQjJwdWNObG5SL3pDYVNGWgowbENsMEEwVTZSNi8vKzI5eVUzWmJXdkI2cWVmcXZ5NDhQamt4cU83MWhZRTZYS2dNODBJbDFJRWd4WTRKSE80Cno3TU5BcmdTS0dueGwvZU5ad1ZVWkV2SW1YbnVSUy8zZ3ZwR2VGcW9lWWQzQXE2amM4VzBDdVJNdzd4TXlFbjgKeDBOSzYvTXJwSDB6N0U1V2tvaTl2UlhFRjdaY0wzcjk4SzZmUnVleDJRMENBd0VBQWFOQ01FQXdEZ1lEVlIwUApBUUgvQkFRREFnS2tNQThHQTFVZEV3RUIvd1FGTUFNQkFmOHdIUVlEVlIwT0JCWUVGQ3MxQ1pXNDZOVFRMMHVJCjhlREd2Rk1sUXJJWU1BMEdDU3FHU0liM0RRRUJDd1VBQTRJQ0FRQjRWNkgvSDNCSG42WkZxRzM4bWQ3SCt4VTEKK2NMYk94N2FjT045V1dmeXVodGt4bUJlVTdqQzkrRGNzMG5TK2NDTmZkZGVoN3lNWTdBblYyS1ZtZEJtd0VucApERTBlQTM3T1dYSmUyL21FMkxHUXdzWWVJaURFRld0OTRZdGc5Q1kyd0w3emphbXh2VGpITnlEWG9iWUorNCsyCmJmcnlwT0ZDRHlPaXF3ZW4zbmJVV3FLTjAyaGFKbEg5TFV0WXJFc3JQZ09HTDJUMDRpbkJ6cy9YWHpkUzI4MnkKVGVmQkhacm1SSU1pTm8xNjdkN0lBcGFiT293QjYrMC9zKzBibGlONC90V1k4UThZLy9oaXQzK2VaYlc5QmhjZgo3VzBXaS9YdUM0ejd5WTV4T1dLNlR5OEJqMDJxZ20xQTh2MkYyZUpWMEcyN0JqVFpGbFFudDN5bTdKa3dvQ0p0Ck5JenJDOTVUL2dWemNoQ0R6RVQrSFdWQ3c4QmJnVDZacDZoQWUwK01HZ1EzQm41MndudWYvRms4SFJVU1IrZGkKM3pZV28zZ1ZTbVp6d0UyWVUvQ0VPa2cwelBzYlhhdWRtSloyMVdlMDBDQ29rOWlEVUxLVEQ4MmhSMi83ZTNteQowbzVReXIwd0xNWXhKTmlJcE1DYlA2YWFUTVZkTUxuL0EvK3JkRHV6R1BoenR3cVdZZHFCL3dDb0JmdU1pMS9PCnFtb05IN3NSZTl4RHBXLzZKMWlKMlJSNUFxcW94RVpOV1g3NXlQT2ZycWtya3hhMTkwa1QxUndPOTU0RlYwb0sKaHA3eDlyeUVmZWg4bDd1b1BTNFhnRnVIWW11UG54dkJUTTk1UzNzcDFxcXpqbEM4L2tmeW9mYW10Q21saTgrdwpEb2ptbUtBckJQR1pyUTB6dlE9PQotLS0tLUVORCBDRVJUSUZJQ0FURS0tLS0tCg==\n    server: https://myapp-acstxu5e.hcp.italynorth.azmk8s.io:443\n  name: myapp-aks-order-invoice\ncontexts:\n- context:\n    cluster: myapp-aks-order-invoice\n    user: clusterUser_myapp-orders-invoices_myapp-aks-order-invoice\n  name: myapp-aks-order-invoice\ncurrent-context: myapp-aks-order-invoice\nkind: Config\nusers:\n- name: clusterUser_myapp-orders-invoices_myapp-aks-order-invoice\n  user:\n    client-certificate-data: LS0tLS1CRUdJTiBDRVJUSUZJQ0FURS0tLS0tCk1JSUZIVENDQXdXZ0F3SUJBZ0lRSCtKem5CQUoxS0pqSjhMdDh1RnhxVEFOQmdrcWhraUc5dzBCQVFzRkFEQU4KTVFzd0NRWURWUVFERXdKallUQWVGdzB5TmpBeU1EY3hNakF6TVRkYUZ3MHlPREF5TURjeE1qRXpNVGRhTURBeApGekFWQmdOVkJBb1REbk41YzNSbGJUcHRZWE4wWlhKek1SVXdFd1lEVlFRREV3eHRZWE4wWlhKamJHbGxiblF3CmdnSWlNQTBHQ1NxR1NJYjNEUUVCQVFVQUE0SUNEd0F3Z2dJS0FvSUNBUURUVUdIWFk1TjN6TTdPdkUzZHdScEkKSUxjTm4rQlUvZUpLVVJRRjJtVEkySks2ODBNUG5qNkd3MFVpUWhtT3ZkZmtVUWwyMUJVVzhHbUwxbUU2b1VIZQpDeWFFTUVhYUNCdktYbG9pcE05bWlXUlNDYUs5bGQyVElWSEpES2RvQlcwcDdGbDBDMnVWMFcwazNnajRLL1lGCnlWYzNCUmoyTnZtUlBIVnI5UDladzhvVlluMzUwYnJiTnludVFFTXB2UGE3Y09ZSFdpRW5XeWFDeWVNNm5YK3oKYTg4MFFFd3NEMXFqbW9IeFJuVWtrWW9WTE5BbE91SHJkcnNxZjVld0hpUUtRUWF2dEtVWGloZ2pvT1RYMFJwZQpFdUhrOHVLcGFEV1MrWDVLSVIwbUc5RHl6WVBBYnhzeXlVYnRQUGhnTHlid2JDaTlORjJJS3ZqR0tmdFFrZHhSClVnbDZIUzRHdjZGUWY2YjFxcmxQV3h0MGtQc3hCcGJGdjhYLzN2cGkvWkt2STlETFZxWHAzMk5LRVh0dXhrcHMKT0VTT2VidFArdUFWbkxiTTQ2VGZ5WGZlNUd2czNjMzI2T2s1allJdnlDSnRlSXRtQ1VjVnFnMUwzWTlBTnExSgpHTU82TC8xdEthN3J2b2RCdFJhZ2s5TGlNNXV4Z2pFU1RPTi9qbDVDSWx3Z253c1NDQjlKK01SZU4ydkV5aE1GClJzRTdzMFNIb05qUVN4QzNqUHRIRmhIeGRueUZHaDZCcGhFZnNTaXptYUFqTDZDZ3VDSnM2dFlPOHVyd1JlYWkKWUJGaEFiNTFTdTZMOUN3QnVYdDRCVUphVlBZME5tTEVsNHdsd1R0VXpBUDMza2pJdTBTeUFVWUJ0dFNLODBzdQpPdkt0ZlVnT2dPY0V6cGQ1RXl0R2N3SURBUUFCbzFZd1ZEQU9CZ05WSFE4QkFmOEVCQU1DQmFBd0V3WURWUjBsCkJBd3dDZ1lJS3dZQkJRVUhBd0l3REFZRFZSMFRBUUgvQkFJd0FEQWZCZ05WSFNNRUdEQVdnQlFyTlFtVnVPalUKMHk5TGlQSGd4cnhUSlVLeUdEQU5CZ2txaGtpRzl3MEJBUXNGQUFPQ0FnRUFMOEdZR1BlVk9tYVNNQjN6cFpsQgptQVEwY0xFTFRxbC9hekNBdHcrM09ZdkFRcGdSWTZ4dXp4NDRBZ2M1Q3Z3ZWhSejY3dXhOcmNPbWRTaGF6SnBzCjc3RUhnSDVENDd4QnEydm1ZcGRpdDJXNDZ2YWovOGxYRGlXdjMwVEswZ1lXMlRYWWREcS9wOWtwUnl6NEZiSmkKb3dObHp4WUtnN2lydnl0VHJTYU9SK3EvQ3RyNHo5TFFWTVJpNXZvcncrSUVOODY2WTFWWmpKcEhyOUxRRTRYUQo1U3NmSnRyelJ5Qkk2TFlTbTVVdWxxUzRkeTBIc1JGbUo0SkszRVFBZmN2RlJYNytzd1pUMU9tdVlvcW5LRmROCmZwemVnNTlEaTJGTzFVMzVqcUl0MWZHN0pyOVBMZTR2c3BXUHFBM2lDT1BrVmxOWU5mUnc1K0w1NGdPVnNoNlAKYnlPbUJ1SXVHd040V0ZNc05Wd0FCN2ovbE9kQ1ZhZHZFWml4UDh5Qk5ob29GZ1p1SFc4NHdlWlp2U2ZPNGQ3cAo5VUV6WXk4L0xmaWJhcE42eHNHL2lvelZUdUR0SlUwKy9qQWJKcjdpaGM3anVIYis3RHloU0dydGhxUHFaUHN6CmdqYUhhOXBzcVZXdGI2MTVIdVRJTmhWdUkzOVlMTTdQV3NmQTQ3M2JkeS9tMFRIYW40YTg1QTNZQWNVRWdxL0QKWmhIVUF6SVVsSFVhbTY2SnZXQ0tCQnU2L3E5d3hCSUV1bzhqMXVMOFVDSm5QeFZwY1F1N3kzUjBGc0orei9iYwpUYWxiWkNoS2krMlF6QlhUTzJhSm81bjdCODJVUzdNWUx6cjNmVktNVURDVW41WnJJem5DN1NXdTFtSVpDS1RsCnZYWEZFbWIrUFNOaXBycWJGRlRnSHRZPQotLS0tLUVORCBDRVJUSUZJQ0FURS0tLS0tCg==\n    client-key-data: LS0tLS1CRUdJTiBSU0EgUFJJVkFURSBLRVktLS0tLQpNSUlKSmdJQkFBS0NBZ0VBMDFCaDEyT1RkOHpPenJ4TjNjRWFTQ0MzRFovZ1ZQM2lTbEVVQmRwa3lOaVN1dk5ECkQ1NCtoc05GSWtJWmpyM1g1RkVKZHRRVkZ2QnBpOVpoT3FGQjNnc21oREJHbWdnYnlsNWFJcVRQWm9sa1VnbWkKdlpYZGt5RlJ5UXluYUFWdEtleFpkQXRybGRGdEpONEkrQ3YyQmNsWE53VVk5amI1a1R4MWEvVC9XY1BLRldKOQorZEc2MnpjcDdrQkRLYnoydTNEbUIxb2hKMXNtZ3Nuak9wMS9zMnZQTkVCTUxBOWFvNXFCOFVaMUpKR0tGU3pRCkpUcmg2M2E3S24rWHNCNGtDa0VHcjdTbEY0b1lJNkRrMTlFYVhoTGg1UExpcVdnMWt2bCtTaUVkSmh2UThzMkQKd0c4Yk1zbEc3VHo0WUM4bThHd292VFJkaUNyNHhpbjdVSkhjVVZJSmVoMHVCcitoVUgrbTlhcTVUMXNiZEpENwpNUWFXeGIvRi85NzZZdjJTcnlQUXkxYWw2ZDlqU2hGN2JzWktiRGhFam5tN1QvcmdGWnkyek9PazM4bDMzdVJyCjdOM045dWpwT1kyQ0w4Z2liWGlMWmdsSEZhb05TOTJQUURhdFNSakR1aS85YlNtdTY3NkhRYlVXb0pQUzRqT2IKc1lJeEVrempmNDVlUWlKY0lKOExFZ2dmU2ZqRVhqZHJ4TW9UQlViQk83TkVoNkRZMEVzUXQ0ejdSeFlSOFhaOApoUm9lZ2FZUkg3RW9zNW1nSXkrZ29MZ2liT3JXRHZMcThFWG1vbUFSWVFHK2RVcnVpL1FzQWJsN2VBVkNXbFQyCk5EWml4SmVNSmNFN1ZNd0Q5OTVJeUx0RXNnRkdBYmJVaXZOTExqcnlyWDFJRG9EbkJNNlhlUk1yUm5NQ0F3RUEKQVFLQ0FmNVdjZ0FnUzRUQ2xOZlhBTlI4eS9hdW9sWnUzMVdnaHBramNNSFhkSmVYd1FGYzdjb2tQR20wNWkwegplWG5qMDhYeVd6UnNyZmtKOVBLcy9FdyttS0lxN2dlOGFScW5YUWJxSDY4ZENLd3M2UjhKNU9jNkcrWmFlTHRaCmhBSTkwVzdXL1h3bVdmb0dPTDJ6YnBZT05oeEFudGRzQjhFWEp0cVVqNXQ1cGRlS2hERGhwZlRMNFFDUDh4aDYKQWRBRG9ETER3VDFCeExTRms2MFdNU1BiTTlrSjZsWjhmZi9Da2loVHJpZEwwcDVIK2xrODNBRUVybGU5bnFZNApqZm5jK3pIRExxaEh4SWRvQW9xWHE1ZG00UXlpaHJuaWtqUldBZTUwWUZhUGNTc0hKaXRydEVveHRMYUMrT3QvClo2QmlvWE1kL3ZLcmkzcTMzSzNvd0ZzbWJDZ1JkV0FtMFJNd1RpTGZyVnpoR2hWaDIranFXdDd5RWpQSmQ4Z1QKRE1GUkdncHBGeGF1ZVR2bDFlSm1tZFVvSDVBMnIxK2xtZ3FiZXVaNlRuYUl3ci9scmtNbnBXOXBKVjNkMGIyUwpEdGVlbEF5em00WVVyRmZwZnRjaHdPT0tKQXdtaGhCamlwWFpmVWY5b091QTJYd1J6dkFubnBOVVhEbE5hckdnCjhKSmh1eDlyRC9uZ0xQUWR4SzEySWhyUlRSU3V3bWhVa3NWV1lmZm5ONmphTzd0d2VnL0VUOTgvNERBaGlVZEUKZkJ2WmhMR3k0R2hZeEhGSmtlRFc1M2t2RUZFUVV4Y0p0U1B0d3Y4Yk5leGlyRlVrWEx5ZmRSTUI3UVE0OHVmKwpQbHJiVitOUHE0NmI1R1VyUEMrLzBvZHhoSDd3ZGtKNWFIT2wwVjhrekFkTHoya0NnZ0VCQU9rOTh0VmIxZjRGCnhja21reUNJbUZzc1hCUmxUQnRaN2JEMjVtL0hRVkhtSk1ZMS9kUDRoRGt5SU0zQTZzZUNYNmVZZnhxNEFPeFEKV3hXcldyR1dFb0dxR3Vac1NNN0hTWnNTRTkwMGVvSHFKRnMrUFd6NGlwcndkV0wwaDJFam5IaXc5V3hhOExmRQpnK0FWdUtzRU1iRG40R3NjWEdHb2pQMWkyWUtZdlR3a1ZmNnFFMytwMmhWSHJleE16V2RkdjRBSE01bGF1R3F0ClRIaFpid3ZndGJYRlFwS2EwZjlqR3BqVUVhQXZVZ1ZBKzdMK0RjN2VmY01IajhzWnhYNldsQVZPVUorem5VT1oKcmNFMHVmaElOVC9MaGJVUjQyNU9RVFljUWZoRXdFTFV2cU1KeE1Qc0JOTXlYM1VYcXo5MXN4QVFUZjVoUzZJZApaRDFKbmQvVHd0a0NnZ0VCQU9mdXRDVFNueWtKR3JsNmxJUFdNckliM29HTllibzFvcVJPNG9OazV1ak0yQXUzCnppTGlSRjVIc2Rzb2NQM3BBTmpLemVBNElZOVNEY3krdVcwa1RnR2kxWXlPWS9pdWJLQ1VNYnlndUFZajB0ZHEKenoxK0FGZCszQ054VnNMOTJlVlRwaXhkVHUzUmRFL0Y0U2lMdmZLdFVjRHZQQ3hLcmI2ZmJTbnl1N2I4Ri9PagpKVVg4dVR3MmtrKzhwR1M3K3B5Qmx3bHhsVWZkN1Y1empvczY3R3U5M1loUjRmRnd1Q3VTTTRpNGtFVFI5UHNLCnNkRWRJanlEUmlHNEVDSGQ5M1FwOUtmVUxXRVIyM2h5N3k5eDcwdUp3WHUrU2xZK1gzY2ZYV3M1T1VZSDJJaXQKNDRqa1RoVnVIY3BrQUhvMFhVVkphdm1HMk9DOWY3WCtoSHZXYkNzQ2dnRUJBS01SSDRSUmg0UG9qMFk1eE9VYQorc0hMZXJqN3RVRHVGNE1BcTB6ODFzc21oeEZZMEJSeGpDZmN4eGh5eHZJalVUTUFKK1VMUGdINWtDVFBQMEluCk5Oc1lqV1FKMHNGV2pUeHdZQmpvUnJvcmM2MmpEeGp2anlBUiswL3F1L2VMQ1N0TU5ObkRuc1lzQ3pNUW5LSmIKOVUzRVg1OGpIZWRkQ3UxZ1BjZlRkNEhqdVllcGFxWjNuclFBQURYVDRFdGpQSzZLMm1WZUNzN3lTQ05nQzRZWApYWk11ellObjRHZVg1eEZ3T3I1dU52N2JWdDNtUnNzWnZIMHMvVGcyMVYvU2NMeGc2M2NzQVVndzJrell5eWd0CmU2VVZhbTZVaWhnbGQrd1h4M3VHdlpBNzR1aGp2UUJwTTFwZ3ZtSkQ0UU1tQzhHd1ZJY0RpUGhYYWl4N0duaFIKT2NrQ2dnRUFURUxMenZQR1M2cm5zNmNmb0QzVkM0Vm9ZemJHdElDZ1N1QjVVSFRrREJZV3o3dVBOeDhwRmNzRApLeW1nQlkwUXJ6ZjMrOHJaRmhRSDM1T3l5clZPUlBGeXdEV3RuMzVTejNZSzZKZjhDbURMR2ZQUDBzdFVkM0NLCkY4bFRtdWYzTnBXTHBUakZGQ056MkNzYmZzWjhIWWhwd2tPbmlIVEJybFVqZ3RDQ2NvZHZwTGUzTU0wSlowZ1cKVWN1WVRsc1U2MU1kQTRqcWFlZ0ovYTJIYURabXVJS0VqaWRHWUtvTWxKOE0vTjZhNlZZVDlGdXUzakJ6S215TApxZGlvelVuNzdLRkRCZEFaWDdxTWJJMTJJaWFYWlVJVmNZZS9UNTVRcTQyUG5Rc0N6d2tUWk5Xd1pEbVZoeXhlCjlVWnVkY0EwRHUwMkZIZ0haZFpKWU9FZ1ZNdkxZd0tDQVFCaU42LzY0U3laUDJ2cHdFT0lzNHVIbVpqTHJYbU4KdXBUQWRsM2drWEFMNFBzdXJvSW9lOENncVdGc0JUQWFpOWhnNklqZkFnN0lwS053bVZnOVVjaE5iNjI4NXNYdQpUcUNncTlpK2lFL1B5UmlodW92MWZKME1NQnRhSnhZTkxKY3l1SlBSUkMxL1NBa013ZDNiaXNqU2VBTkNMRHpKCmJ6K0VvbXhxbzd6VEJMeCszT1A3RFc5b1pkZ0pNUFdNblNmNG1iRWVTamh5bWpTQjFqRUxZVDhvLzFxZ1JPWTMKaHY2MGt1VTZEL1VqZ3NEKzYybXBhYVFDeWh1N0tWYUtKUStvakxyb1hHUUp6RUJRVmJZM2s4YzFWNkFKODltVwpQY3o2UXJsVUJFQzhWcjNOaFVZWjVXeWpYbU95cU51ak9rSUcwQ2ljaURUZ2pLVENTT29KK2J1UQotLS0tLUVORCBSU0EgUFJJVkFURSBLRVktLS0tLQo=\n    token: sf380dyy95cu5qcjmbomuodzqp8dmncedxux0th2rk3ppk73t9h0uz9q0lodncklcg2uzicf0l79p63rbkxpqic847tw8iu1hwxhxnofzdsseh9mwq3bgzxn4hx7i2rq\n",
            "kubelet_identity": [
              {
                "client_id": "b5b586eb-c7c0-40e4-b7b2-1e231f0a232b",
                "object_id": "dda67452-433a-40da-97ee-dac18fcf3ae3",
                "user_assigned_identity_id": "/subscriptions/5d4d78dc-7df6-4f76-b476-f477b34e51eb/resourceGroups/MC_myapp-orders-invoices_myapp-aks-order-invoice_italynorth/providers/Microsoft.ManagedIdentity/userAssignedIdentities/myapp-aks-order-invoice-agentpool"
              }
            ],
            "kubernetes_version": "1.33",
            "linux_profile": [],
            "local_account_disabled": false,
            "location": "italynorth",
            "maintenance_window": [],
            "maintenance_window_auto_upgrade": [],
            "maintenance_window_node_os": [],
            "microsoft_defender": [],
            "monitor_metrics": [],
            "name": "myapp-aks-order-invoice",
            "network_profile": [
              {
                "advanced_networking": [],
                "dns_service_ip": "10.0.0.10",
                "ip_versions": [
                  "IPv4"
                ],
                "load_balancer_profile": [
                  {
                    "backend_pool_type": "NodeIPConfiguration",
                    "effective_outbound_ips": [
                      "/subscriptions/5d4d78dc-7df6-4f76-b476-f477b34e51eb/resourceGroups/MC_myapp-orders-invoices_myapp-aks-order-invoice_italynorth/providers/Microsoft.Network/publicIPAddresses/48d595e6-ab8f-412e-8ea8-76329bbc0bfb"
                    ],
                    "idle_timeout_in_minutes": 0,
                    "managed_outbound_ip_count": 1,
                    "managed_outbound_ipv6_count": 0,
                    "outbound_ip_address_ids": [],
                    "outbound_ip_prefix_ids": [],
                    "outbound_ports_allocated": 0
                  }
                ],
                "load_balancer_sku": "standard",
                "nat_gateway_profile": [],
                "network_data_plane": "azure",
                "network_mode": "",
                "network_plugin": "kubenet",
                "network_plugin_mode": "",
                "network_policy": "",
                "outbound_type": "loadBalancer",
                "pod_cidr": "10.244.0.0/16",
                "pod_cidrs": [
                  "10.244.0.0/16"
                ],
                "service_cidr": "10.0.0.0/16",
                "service_cidrs": [
                  "10.0.0.0/16"
                ]
              }
            ],
            "node_os_upgrade_channel": "NodeImage",
            "node_provisioning_profile": [
              {
                "default_node_pools": "Auto",
                "mode": "Manual"
              }
            ],
            "node_resource_group": "MC_myapp-orders-invoices_myapp-aks-order-invoice_italynorth",
            "node_resource_group_id": "/subscriptions/5d4d78dc-7df6-4f76-b476-f477b34e51eb/resourceGroups/MC_myapp-orders-invoices_myapp-aks-order-invoice_italynorth",
            "oidc_issuer_enabled": false,
            "oidc_issuer_url": "",
            "oms_agent": [],
            "open_service_mesh_enabled": false,
            "portal_fqdn": "myapp-acstxu5e.portal.hcp.italynorth.azmk8s.io",
            "private_cluster_enabled": false,
            "private_cluster_public_fqdn_enabled": false,
            "private_dns_zone_id": "",
            "private_fqdn": "",
            "resource_group_name": "myapp-orders-invoices",
            "role_based_access_control_enabled": true,
            "run_command_enabled": true,
            "service_mesh_profile": [],
            "service_principal": [],
            "sku_tier": "Free",
            "storage_profile": [],
            "support_plan": "KubernetesOfficial",
            "tags": {
              "environment": "dev",
              "managed_by": "terraform",
              "project": "order-invoice-system"
            },
            "timeouts": null,
            "upgrade_override": [],
            "web_app_routing": [],
            "windows_profile": [],
            "workload_autoscaler_profile": [],
            "workload_identity_enabled": false
          },
          "sensitive_attributes": [],
          "private": "eyJlMmJmYjczMC1lY2FhLTExZTYtOGY4OC0zNDM2M2JjN2M0YzAiOnsiY3JlYXRlIjo1NDAwMDAwMDAwMDAwLCJkZWxldGUiOjU0MDAwMDAwMDAwMDAsInJlYWQiOjMwMDAwMDAwMDAwMCwidXBkYXRlIjo1NDAwMDAwMDAwMDAwfSwic2NoZW1hX3ZlcnNpb24iOiIyIn0=",
          "dependencies": [
            "azurerm_resource_group.main"
          ]
        }
      ]
    },
    {
      "mode": "managed",
      "type": "azurerm_resource_group",
      "name": "main",
      "provider": "provider[\"registry.terraform.io/hashicorp/azurerm\"]",
      "instances": [
        {
          "schema_version": 0,
          "attributes": {
            "id": "/subscriptions/5d4d78dc-7df6-4f76-b476-f477b34e51eb/resourceGroups/myapp-orders-invoices",
            "location": "italynorth",
            "managed_by": "",
            "name": "myapp-orders-invoices",
            "tags": {
              "environment": "dev",
              "managed_by": "terraform",
              "project": "order-invoice-system"
            },
            "timeouts": null
          },
          "sensitive_attributes": [],
          "private": "eyJlMmJmYjczMC1lY2FhLTExZTYtOGY4OC0zNDM2M2JjN2M0YzAiOnsiY3JlYXRlIjo1NDAwMDAwMDAwMDAwLCJkZWxldGUiOjU0MDAwMDAwMDAwMDAsInJlYWQiOjMwMDAwMDAwMDAwMCwidXBkYXRlIjo1NDAwMDAwMDAwMDAwfX0="
        }
      ]
    },
    {
      "mode": "managed",
      "type": "azurerm_role_assignment",
      "name": "aca_acr_pull",
      "provider": "provider[\"registry.terraform.io/hashicorp/azurerm\"]",
      "instances": [
        {
          "schema_version": 0,
          "attributes": {
            "condition": "",
            "condition_version": "",
            "delegated_managed_identity_resource_id": "",
            "description": "",
            "id": "/subscriptions/5d4d78dc-7df6-4f76-b476-f477b34e51eb/resourceGroups/myapp-orders-invoices/providers/Microsoft.ContainerRegistry/registries/myappacrinv2026/providers/Microsoft.Authorization/roleAssignments/3b2012ab-1c15-20f9-4c3b-b8eb1a689755",
            "name": "3b2012ab-1c15-20f9-4c3b-b8eb1a689755",
            "principal_id": "524dadb1-3cc1-4f48-a97a-ee8d40a91175",
            "principal_type": "ServicePrincipal",
            "role_definition_id": "/subscriptions/5d4d78dc-7df6-4f76-b476-f477b34e51eb/providers/Microsoft.Authorization/roleDefinitions/7f951dda-4ed3-4680-a7ca-43fe172d538d",
            "role_definition_name": "AcrPull",
            "scope": "/subscriptions/5d4d78dc-7df6-4f76-b476-f477b34e51eb/resourceGroups/myapp-orders-invoices/providers/Microsoft.ContainerRegistry/registries/myappacrinv2026",
            "skip_service_principal_aad_check": null,
            "timeouts": null
          },
          "sensitive_attributes": [],
          "private": "eyJlMmJmYjczMC1lY2FhLTExZTYtOGY4OC0zNDM2M2JjN2M0YzAiOnsiY3JlYXRlIjoxODAwMDAwMDAwMDAwLCJkZWxldGUiOjE4MDAwMDAwMDAwMDAsInJlYWQiOjMwMDAwMDAwMDAwMH19",
          "dependencies": [
            "azurerm_container_registry.acr",
            "azurerm_resource_group.main",
            "azurerm_user_assigned_identity.aca_identity"
          ]
        }
      ]
    },
    {
      "mode": "managed",
      "type": "azurerm_role_assignment",
      "name": "aks_acr",
      "provider": "provider[\"registry.terraform.io/hashicorp/azurerm\"]",
      "instances": [
        {
          "schema_version": 0,
          "attributes": {
            "condition": "",
            "condition_version": "",
            "delegated_managed_identity_resource_id": "",
            "description": "",
            "id": "/subscriptions/5d4d78dc-7df6-4f76-b476-f477b34e51eb/resourceGroups/myapp-orders-invoices/providers/Microsoft.ContainerRegistry/registries/myappacrinv2026/providers/Microsoft.Authorization/roleAssignments/73d57f6b-9f02-cf7b-6216-c141fae170a0",
            "name": "73d57f6b-9f02-cf7b-6216-c141fae170a0",
            "principal_id": "dda67452-433a-40da-97ee-dac18fcf3ae3",
            "principal_type": "ServicePrincipal",
            "role_definition_id": "/subscriptions/5d4d78dc-7df6-4f76-b476-f477b34e51eb/providers/Microsoft.Authorization/roleDefinitions/7f951dda-4ed3-4680-a7ca-43fe172d538d",
            "role_definition_name": "AcrPull",
            "scope": "/subscriptions/5d4d78dc-7df6-4f76-b476-f477b34e51eb/resourceGroups/myapp-orders-invoices/providers/Microsoft.ContainerRegistry/registries/myappacrinv2026",
            "skip_service_principal_aad_check": true,
            "timeouts": null
          },
          "sensitive_attributes": [],
          "private": "eyJlMmJmYjczMC1lY2FhLTExZTYtOGY4OC0zNDM2M2JjN2M0YzAiOnsiY3JlYXRlIjoxODAwMDAwMDAwMDAwLCJkZWxldGUiOjE4MDAwMDAwMDAwMDAsInJlYWQiOjMwMDAwMDAwMDAwMH19",
          "dependencies": [
            "azurerm_container_registry.acr",
            "azurerm_kubernetes_cluster.aks",
            "azurerm_resource_group.main"
          ]
        }
      ]
    },
    {
      "mode": "managed",
      "type": "azurerm_storage_account",
      "name": "storage",
      "provider": "provider[\"registry.terraform.io/hashicorp/azurerm\"]",
      "instances": [
        {
          "schema_version": 4,
          "attributes": {
            "access_tier": "Hot",
            "account_kind": "StorageV2",
            "account_replication_type": "LRS",
            "account_tier": "Standard",
            "allow_nested_items_to_be_public": true,
            "allowed_copy_scope": "",
            "azure_files_authentication": [],
            "blob_properties": [
              {
                "change_feed_enabled": false,
                "change_feed_retention_in_days": 0,
                "container_delete_retention_policy": [],
                "cors_rule": [],
                "default_service_version": "",
                "delete_retention_policy": [],
                "last_access_time_enabled": false,
                "restore_policy": [],
                "versioning_enabled": false
              }
            ],
            "cross_tenant_replication_enabled": false,
            "custom_domain": [],
            "customer_managed_key": [],
            "default_to_oauth_authentication": false,
            "dns_endpoint_type": "Standard",
            "edge_zone": "",
            "https_traffic_only_enabled": true,
            "id": "/subscriptions/5d4d78dc-7df6-4f76-b476-f477b34e51eb/resourceGroups/myapp-orders-invoices/providers/Microsoft.Storage/storageAccounts/myappstorageinvoice2026",
            "identity": [],
            "immutability_policy": [],
            "infrastructure_encryption_enabled": false,
            "is_hns_enabled": false,
            "large_file_share_enabled": false,
            "local_user_enabled": true,
            "location": "italynorth",
            "min_tls_version": "TLS1_2",
            "name": "myappstorageinvoice2026",
            "network_rules": [],
            "nfsv3_enabled": false,
            "primary_access_key": "4F9UPSicu/JOvpUW3CSmakra7S4ta2dThzxDPzYkGYuGD+X17eI8Y8sU1t68G0LfiliHiHZhy05v+AStQZsZGg==",
            "primary_blob_connection_string": "DefaultEndpointsProtocol=https;BlobEndpoint=https://myappstorageinvoice2026.blob.core.windows.net/;AccountName=myappstorageinvoice2026;AccountKey=4F9UPSicu/JOvpUW3CSmakra7S4ta2dThzxDPzYkGYuGD+X17eI8Y8sU1t68G0LfiliHiHZhy05v+AStQZsZGg==",
            "primary_blob_endpoint": "https://myappstorageinvoice2026.blob.core.windows.net/",
            "primary_blob_host": "myappstorageinvoice2026.blob.core.windows.net",
            "primary_blob_internet_endpoint": "",
            "primary_blob_internet_host": "",
            "primary_blob_microsoft_endpoint": "",
            "primary_blob_microsoft_host": "",
            "primary_connection_string": "DefaultEndpointsProtocol=https;AccountName=myappstorageinvoice2026;AccountKey=4F9UPSicu/JOvpUW3CSmakra7S4ta2dThzxDPzYkGYuGD+X17eI8Y8sU1t68G0LfiliHiHZhy05v+AStQZsZGg==;EndpointSuffix=core.windows.net",
            "primary_dfs_endpoint": "https://myappstorageinvoice2026.dfs.core.windows.net/",
            "primary_dfs_host": "myappstorageinvoice2026.dfs.core.windows.net",
            "primary_dfs_internet_endpoint": "",
            "primary_dfs_internet_host": "",
            "primary_dfs_microsoft_endpoint": "",
            "primary_dfs_microsoft_host": "",
            "primary_file_endpoint": "https://myappstorageinvoice2026.file.core.windows.net/",
            "primary_file_host": "myappstorageinvoice2026.file.core.windows.net",
            "primary_file_internet_endpoint": "",
            "primary_file_internet_host": "",
            "primary_file_microsoft_endpoint": "",
            "primary_file_microsoft_host": "",
            "primary_location": "italynorth",
            "primary_queue_endpoint": "https://myappstorageinvoice2026.queue.core.windows.net/",
            "primary_queue_host": "myappstorageinvoice2026.queue.core.windows.net",
            "primary_queue_microsoft_endpoint": "",
            "primary_queue_microsoft_host": "",
            "primary_table_endpoint": "https://myappstorageinvoice2026.table.core.windows.net/",
            "primary_table_host": "myappstorageinvoice2026.table.core.windows.net",
            "primary_table_microsoft_endpoint": "",
            "primary_table_microsoft_host": "",
            "primary_web_endpoint": "https://myappstorageinvoice2026.z38.web.core.windows.net/",
            "primary_web_host": "myappstorageinvoice2026.z38.web.core.windows.net",
            "primary_web_internet_endpoint": "",
            "primary_web_internet_host": "",
            "primary_web_microsoft_endpoint": "",
            "primary_web_microsoft_host": "",
            "provisioned_billing_model_version": "",
            "public_network_access_enabled": true,
            "queue_encryption_key_type": "Service",
            "queue_properties": [
              {
                "cors_rule": [],
                "hour_metrics": [
                  {
                    "enabled": false,
                    "include_apis": false,
                    "retention_policy_days": 0,
                    "version": "1.0"
                  }
                ],
                "logging": [
                  {
                    "delete": false,
                    "read": false,
                    "retention_policy_days": 0,
                    "version": "1.0",
                    "write": false
                  }
                ],
                "minute_metrics": [
                  {
                    "enabled": false,
                    "include_apis": false,
                    "retention_policy_days": 0,
                    "version": "1.0"
                  }
                ]
              }
            ],
            "resource_group_name": "myapp-orders-invoices",
            "routing": [],
            "sas_policy": [],
            "secondary_access_key": "QFUhIymgqKoXicUdsj9n4HH90AA/hfF6kYgpkK1f9iSZKj9zTZSzBwddWbIy1MPgXhK8TgYYwjJx+ASt4WEhxQ==",
            "secondary_blob_connection_string": "",
            "secondary_blob_endpoint": "",
            "secondary_blob_host": "",
            "secondary_blob_internet_endpoint": "",
            "secondary_blob_internet_host": "",
            "secondary_blob_microsoft_endpoint": "",
            "secondary_blob_microsoft_host": "",
            "secondary_connection_string": "DefaultEndpointsProtocol=https;AccountName=myappstorageinvoice2026;AccountKey=QFUhIymgqKoXicUdsj9n4HH90AA/hfF6kYgpkK1f9iSZKj9zTZSzBwddWbIy1MPgXhK8TgYYwjJx+ASt4WEhxQ==;EndpointSuffix=core.windows.net",
            "secondary_dfs_endpoint": "",
            "secondary_dfs_host": "",
            "secondary_dfs_internet_endpoint": "",
            "secondary_dfs_internet_host": "",
            "secondary_dfs_microsoft_endpoint": "",
            "secondary_dfs_microsoft_host": "",
            "secondary_file_endpoint": "",
            "secondary_file_host": "",
            "secondary_file_internet_endpoint": "",
            "secondary_file_internet_host": "",
            "secondary_file_microsoft_endpoint": "",
            "secondary_file_microsoft_host": "",
            "secondary_location": "",
            "secondary_queue_endpoint": "",
            "secondary_queue_host": "",
            "secondary_queue_microsoft_endpoint": "",
            "secondary_queue_microsoft_host": "",
            "secondary_table_endpoint": "",
            "secondary_table_host": "",
            "secondary_table_microsoft_endpoint": "",
            "secondary_table_microsoft_host": "",
            "secondary_web_endpoint": "",
            "secondary_web_host": "",
            "secondary_web_internet_endpoint": "",
            "secondary_web_internet_host": "",
            "secondary_web_microsoft_endpoint": "",
            "secondary_web_microsoft_host": "",
            "sftp_enabled": false,
            "share_properties": [
              {
                "cors_rule": [],
                "retention_policy": [
                  {
                    "days": 7
                  }
                ],
                "smb": []
              }
            ],
            "shared_access_key_enabled": true,
            "static_website": [],
            "table_encryption_key_type": "Service",
            "tags": {
              "environment": "dev",
              "managed_by": "terraform",
              "project": "order-invoice-system"
            },
            "timeouts": null
          },
          "sensitive_attributes": [],
          "private": "eyJlMmJmYjczMC1lY2FhLTExZTYtOGY4OC0zNDM2M2JjN2M0YzAiOnsiY3JlYXRlIjozNjAwMDAwMDAwMDAwLCJkZWxldGUiOjM2MDAwMDAwMDAwMDAsInJlYWQiOjMwMDAwMDAwMDAwMCwidXBkYXRlIjozNjAwMDAwMDAwMDAwfSwic2NoZW1hX3ZlcnNpb24iOiI0In0=",
          "dependencies": [
            "azurerm_resource_group.main"
          ]
        }
      ]
    },
    {
      "mode": "managed",
      "type": "azurerm_storage_container",
      "name": "invoices",
      "provider": "provider[\"registry.terraform.io/hashicorp/azurerm\"]",
      "instances": [
        {
          "schema_version": 1,
          "attributes": {
            "container_access_type": "private",
            "default_encryption_scope": "$account-encryption-key",
            "encryption_scope_override_enabled": true,
            "has_immutability_policy": false,
            "has_legal_hold": false,
            "id": "/subscriptions/5d4d78dc-7df6-4f76-b476-f477b34e51eb/resourceGroups/myapp-orders-invoices/providers/Microsoft.Storage/storageAccounts/myappstorageinvoice2026/blobServices/default/containers/invoices",
            "metadata": {},
            "name": "invoices",
            "resource_manager_id": "/subscriptions/5d4d78dc-7df6-4f76-b476-f477b34e51eb/resourceGroups/myapp-orders-invoices/providers/Microsoft.Storage/storageAccounts/myappstorageinvoice2026/blobServices/default/containers/invoices",
            "storage_account_id": "/subscriptions/5d4d78dc-7df6-4f76-b476-f477b34e51eb/resourceGroups/myapp-orders-invoices/providers/Microsoft.Storage/storageAccounts/myappstorageinvoice2026",
            "storage_account_name": "",
            "timeouts": null
          },
          "sensitive_attributes": [],
          "private": "eyJlMmJmYjczMC1lY2FhLTExZTYtOGY4OC0zNDM2M2JjN2M0YzAiOnsiY3JlYXRlIjoxODAwMDAwMDAwMDAwLCJkZWxldGUiOjE4MDAwMDAwMDAwMDAsInJlYWQiOjMwMDAwMDAwMDAwMCwidXBkYXRlIjoxODAwMDAwMDAwMDAwfSwic2NoZW1hX3ZlcnNpb24iOiIxIn0=",
          "dependencies": [
            "azurerm_resource_group.main",
            "azurerm_storage_account.storage"
          ]
        }
      ]
    },
    {
      "mode": "managed",
      "type": "azurerm_storage_queue",
      "name": "invoice_queue",
      "provider": "provider[\"registry.terraform.io/hashicorp/azurerm\"]",
      "instances": [
        {
          "schema_version": 1,
          "attributes": {
            "id": "/subscriptions/5d4d78dc-7df6-4f76-b476-f477b34e51eb/resourceGroups/myapp-orders-invoices/providers/Microsoft.Storage/storageAccounts/myappstorageinvoice2026/queueServices/default/queues/invoice-queue",
            "metadata": {},
            "name": "invoice-queue",
            "resource_manager_id": "/subscriptions/5d4d78dc-7df6-4f76-b476-f477b34e51eb/resourceGroups/myapp-orders-invoices/providers/Microsoft.Storage/storageAccounts/myappstorageinvoice2026/queueServices/default/queues/invoice-queue",
            "storage_account_id": "/subscriptions/5d4d78dc-7df6-4f76-b476-f477b34e51eb/resourceGroups/myapp-orders-invoices/providers/Microsoft.Storage/storageAccounts/myappstorageinvoice2026",
            "storage_account_name": "",
            "timeouts": null,
            "url": "https://myappstorageinvoice2026.queue.core.windows.net/invoice-queue"
          },
          "sensitive_attributes": [],
          "private": "eyJlMmJmYjczMC1lY2FhLTExZTYtOGY4OC0zNDM2M2JjN2M0YzAiOnsiY3JlYXRlIjoxODAwMDAwMDAwMDAwLCJkZWxldGUiOjE4MDAwMDAwMDAwMDAsInJlYWQiOjMwMDAwMDAwMDAwMCwidXBkYXRlIjoxODAwMDAwMDAwMDAwfSwic2NoZW1hX3ZlcnNpb24iOiIxIn0=",
          "dependencies": [
            "azurerm_resource_group.main",
            "azurerm_storage_account.storage"
          ]
        }
      ]
    },
    {
      "mode": "managed",
      "type": "azurerm_user_assigned_identity",
      "name": "aca_identity",
      "provider": "provider[\"registry.terraform.io/hashicorp/azurerm\"]",
      "instances": [
        {
          "schema_version": 1,
          "attributes": {
            "client_id": "89c66cf7-9995-4634-8aef-cc944fdeb2f3",
            "id": "/subscriptions/5d4d78dc-7df6-4f76-b476-f477b34e51eb/resourceGroups/myapp-orders-invoices/providers/Microsoft.ManagedIdentity/userAssignedIdentities/myapp-aca-identity",
            "location": "italynorth",
            "name": "myapp-aca-identity",
            "principal_id": "524dadb1-3cc1-4f48-a97a-ee8d40a91175",
            "resource_group_name": "myapp-orders-invoices",
            "tags": {
              "environment": "dev",
              "managed_by": "terraform",
              "project": "order-invoice-system"
            },
            "tenant_id": "ada575f6-4e91-4d1d-aa89-9b2d9f5810e3",
            "timeouts": null
          },
          "sensitive_attributes": [],
          "private": "eyJlMmJmYjczMC1lY2FhLTExZTYtOGY4OC0zNDM2M2JjN2M0YzAiOnsiY3JlYXRlIjoxODAwMDAwMDAwMDAwLCJkZWxldGUiOjE4MDAwMDAwMDAwMDAsInJlYWQiOjMwMDAwMDAwMDAwMCwidXBkYXRlIjoxODAwMDAwMDAwMDAwfSwic2NoZW1hX3ZlcnNpb24iOiIxIn0=",
          "dependencies": [
            "azurerm_resource_group.main"
          ]
        }
      ]
    }
  ],
  "check_results": null
}
